{
  "version": 4,
  "terraform_version": "0.13.5",
  "serial": 29,
  "lineage": "e51edde1-8b5a-684b-0794-022f8a80dc08",
  "outputs": {},
  "resources": [
    {
      "module": "module.vpc",
      "mode": "data",
      "type": "aws_availability_zones",
      "name": "zones",
      "provider": "provider[\"registry.terraform.io/hashicorp/aws\"]",
      "instances": [
        {
          "schema_version": 0,
          "attributes": {
            "all_availability_zones": null,
            "exclude_names": null,
            "exclude_zone_ids": null,
            "filter": null,
            "group_names": [
              "us-east-1"
            ],
            "id": "us-east-1",
            "names": [
              "us-east-1a",
              "us-east-1b",
              "us-east-1c",
              "us-east-1d",
              "us-east-1e",
              "us-east-1f"
            ],
            "state": "available",
            "zone_ids": [
              "use1-az2",
              "use1-az4",
              "use1-az6",
              "use1-az1",
              "use1-az3",
              "use1-az5"
            ]
          }
        }
      ]
    },
    {
      "module": "module.vpc",
      "mode": "managed",
      "type": "aws_default_security_group",
      "name": "this",
      "provider": "provider[\"registry.terraform.io/hashicorp/aws\"]",
      "instances": [
        {
          "schema_version": 1,
          "attributes": {
            "arn": "arn:aws:ec2:us-east-1:149736139555:security-group/sg-060e0119b9facccd2",
            "description": "default VPC security group",
            "egress": [
              {
                "cidr_blocks": [
                  "0.0.0.0/0"
                ],
                "description": "",
                "from_port": 0,
                "ipv6_cidr_blocks": [],
                "prefix_list_ids": [],
                "protocol": "-1",
                "security_groups": [],
                "self": false,
                "to_port": 0
              }
            ],
            "id": "sg-060e0119b9facccd2",
            "ingress": [
              {
                "cidr_blocks": [],
                "description": "",
                "from_port": 0,
                "ipv6_cidr_blocks": [],
                "prefix_list_ids": [],
                "protocol": "-1",
                "security_groups": [],
                "self": true,
                "to_port": 0
              }
            ],
            "name": "default",
            "owner_id": "149736139555",
            "revoke_rules_on_delete": false,
            "tags": {
              "Name": "useast1d_sg_default",
              "app_name": "test",
              "environment": "dev",
              "lob": "it_operations",
              "namespace": "useast1d",
              "team": "sysops"
            },
            "vpc_id": "vpc-09c2ef1a5c7c8c986"
          },
          "private": "eyJzY2hlbWFfdmVyc2lvbiI6IjEifQ==",
          "dependencies": [
            "module.vpc.aws_vpc.this"
          ]
        }
      ]
    },
    {
      "module": "module.vpc",
      "mode": "managed",
      "type": "aws_eip",
      "name": "private",
      "provider": "provider[\"registry.terraform.io/hashicorp/aws\"]",
      "instances": [
        {
          "index_key": 0,
          "schema_version": 0,
          "attributes": {
            "allocation_id": null,
            "associate_with_private_ip": null,
            "association_id": "",
            "customer_owned_ip": "",
            "customer_owned_ipv4_pool": "",
            "domain": "vpc",
            "id": "eipalloc-0eed369fd089b4efe",
            "instance": "",
            "network_interface": "",
            "private_dns": null,
            "private_ip": "",
            "public_dns": "ec2-35-169-143-183.compute-1.amazonaws.com",
            "public_ip": "35.169.143.183",
            "public_ipv4_pool": "amazon",
            "tags": {
              "Name": "useast1d_eip_0",
              "app_name": "test",
              "environment": "dev",
              "lob": "it_operations",
              "namespace": "useast1d",
              "team": "sysops"
            },
            "timeouts": null,
            "vpc": true
          },
          "private": "eyJlMmJmYjczMC1lY2FhLTExZTYtOGY4OC0zNDM2M2JjN2M0YzAiOnsiZGVsZXRlIjoxODAwMDAwMDAwMDAsInJlYWQiOjkwMDAwMDAwMDAwMCwidXBkYXRlIjozMDAwMDAwMDAwMDB9fQ=="
        },
        {
          "index_key": 1,
          "schema_version": 0,
          "attributes": {
            "allocation_id": null,
            "associate_with_private_ip": null,
            "association_id": "",
            "customer_owned_ip": "",
            "customer_owned_ipv4_pool": "",
            "domain": "vpc",
            "id": "eipalloc-0362a90db410b90e8",
            "instance": "",
            "network_interface": "",
            "private_dns": null,
            "private_ip": "",
            "public_dns": "ec2-52-70-179-143.compute-1.amazonaws.com",
            "public_ip": "52.70.179.143",
            "public_ipv4_pool": "amazon",
            "tags": {
              "Name": "useast1d_eip_1",
              "app_name": "test",
              "environment": "dev",
              "lob": "it_operations",
              "namespace": "useast1d",
              "team": "sysops"
            },
            "timeouts": null,
            "vpc": true
          },
          "private": "eyJlMmJmYjczMC1lY2FhLTExZTYtOGY4OC0zNDM2M2JjN2M0YzAiOnsiZGVsZXRlIjoxODAwMDAwMDAwMDAsInJlYWQiOjkwMDAwMDAwMDAwMCwidXBkYXRlIjozMDAwMDAwMDAwMDB9fQ=="
        },
        {
          "index_key": 2,
          "schema_version": 0,
          "attributes": {
            "allocation_id": null,
            "associate_with_private_ip": null,
            "association_id": "",
            "customer_owned_ip": "",
            "customer_owned_ipv4_pool": "",
            "domain": "vpc",
            "id": "eipalloc-07ce54bf8d057e977",
            "instance": "",
            "network_interface": "",
            "private_dns": null,
            "private_ip": "",
            "public_dns": "ec2-34-239-229-100.compute-1.amazonaws.com",
            "public_ip": "34.239.229.100",
            "public_ipv4_pool": "amazon",
            "tags": {
              "Name": "useast1d_eip_2",
              "app_name": "test",
              "environment": "dev",
              "lob": "it_operations",
              "namespace": "useast1d",
              "team": "sysops"
            },
            "timeouts": null,
            "vpc": true
          },
          "private": "eyJlMmJmYjczMC1lY2FhLTExZTYtOGY4OC0zNDM2M2JjN2M0YzAiOnsiZGVsZXRlIjoxODAwMDAwMDAwMDAsInJlYWQiOjkwMDAwMDAwMDAwMCwidXBkYXRlIjozMDAwMDAwMDAwMDB9fQ=="
        }
      ]
    },
    {
      "module": "module.vpc",
      "mode": "managed",
      "type": "aws_internet_gateway",
      "name": "igw",
      "provider": "provider[\"registry.terraform.io/hashicorp/aws\"]",
      "instances": [
        {
          "index_key": 0,
          "schema_version": 0,
          "attributes": {
            "arn": "arn:aws:ec2:us-east-1:149736139555:internet-gateway/igw-02037978d54d8a136",
            "id": "igw-02037978d54d8a136",
            "owner_id": "149736139555",
            "tags": {
              "Name": "useast1d_igw",
              "app_name": "test",
              "environment": "dev",
              "lob": "it_operations",
              "namespace": "useast1d",
              "team": "sysops"
            },
            "vpc_id": "vpc-09c2ef1a5c7c8c986"
          },
          "private": "bnVsbA==",
          "dependencies": [
            "module.vpc.aws_vpc.this"
          ]
        }
      ]
    },
    {
      "module": "module.vpc",
      "mode": "managed",
      "type": "aws_nat_gateway",
      "name": "private",
      "provider": "provider[\"registry.terraform.io/hashicorp/aws\"]",
      "instances": [
        {
          "index_key": 0,
          "schema_version": 0,
          "attributes": {
            "allocation_id": "eipalloc-0eed369fd089b4efe",
            "id": "nat-0fc61cb89b4f8859b",
            "network_interface_id": "eni-0eefe980e60582395",
            "private_ip": "10.0.3.254",
            "public_ip": "35.169.143.183",
            "subnet_id": "subnet-025942ca97aa63f5f",
            "tags": {
              "Name": "useast1d_ngw_0",
              "app_name": "test",
              "environment": "dev",
              "lob": "it_operations",
              "namespace": "useast1d",
              "team": "sysops"
            }
          },
          "private": "bnVsbA==",
          "dependencies": [
            "module.vpc.aws_eip.private",
            "module.vpc.aws_subnet.private",
            "module.vpc.aws_vpc.this",
            "module.vpc.data.aws_availability_zones.zones"
          ]
        },
        {
          "index_key": 1,
          "schema_version": 0,
          "attributes": {
            "allocation_id": "eipalloc-0362a90db410b90e8",
            "id": "nat-082064d76e0212653",
            "network_interface_id": "eni-06d64f99d5e3185fa",
            "private_ip": "10.0.4.163",
            "public_ip": "52.70.179.143",
            "subnet_id": "subnet-03e2cc1d3a7e22652",
            "tags": {
              "Name": "useast1d_ngw_1",
              "app_name": "test",
              "environment": "dev",
              "lob": "it_operations",
              "namespace": "useast1d",
              "team": "sysops"
            }
          },
          "private": "bnVsbA==",
          "dependencies": [
            "module.vpc.aws_eip.private",
            "module.vpc.aws_subnet.private",
            "module.vpc.aws_vpc.this",
            "module.vpc.data.aws_availability_zones.zones"
          ]
        },
        {
          "index_key": 2,
          "schema_version": 0,
          "attributes": {
            "allocation_id": "eipalloc-07ce54bf8d057e977",
            "id": "nat-04b0edf6df7f0b4a8",
            "network_interface_id": "eni-028fe1e9e6ed38ce4",
            "private_ip": "10.0.5.37",
            "public_ip": "34.239.229.100",
            "subnet_id": "subnet-0a24eceaceb928ef4",
            "tags": {
              "Name": "useast1d_ngw_2",
              "app_name": "test",
              "environment": "dev",
              "lob": "it_operations",
              "namespace": "useast1d",
              "team": "sysops"
            }
          },
          "private": "bnVsbA==",
          "dependencies": [
            "module.vpc.aws_eip.private",
            "module.vpc.aws_subnet.private",
            "module.vpc.aws_vpc.this",
            "module.vpc.data.aws_availability_zones.zones"
          ]
        }
      ]
    },
    {
      "module": "module.vpc",
      "mode": "managed",
      "type": "aws_route_table",
      "name": "private",
      "provider": "provider[\"registry.terraform.io/hashicorp/aws\"]",
      "instances": [
        {
          "index_key": 0,
          "schema_version": 0,
          "attributes": {
            "id": "rtb-0e52bfc13bc3608ec",
            "owner_id": "149736139555",
            "propagating_vgws": [],
            "route": [
              {
                "cidr_block": "0.0.0.0/0",
                "egress_only_gateway_id": "",
                "gateway_id": "",
                "instance_id": "",
                "ipv6_cidr_block": "",
                "local_gateway_id": "",
                "nat_gateway_id": "nat-0fc61cb89b4f8859b",
                "network_interface_id": "",
                "transit_gateway_id": "",
                "vpc_peering_connection_id": ""
              }
            ],
            "tags": {
              "Name": "useast1d_rtb_private",
              "app_name": "test",
              "environment": "dev",
              "lob": "it_operations",
              "namespace": "useast1d",
              "team": "sysops"
            },
            "vpc_id": "vpc-09c2ef1a5c7c8c986"
          },
          "private": "bnVsbA==",
          "dependencies": [
            "module.vpc.aws_eip.private",
            "module.vpc.aws_nat_gateway.private",
            "module.vpc.aws_subnet.private",
            "module.vpc.aws_vpc.this",
            "module.vpc.data.aws_availability_zones.zones"
          ]
        },
        {
          "index_key": 1,
          "schema_version": 0,
          "attributes": {
            "id": "rtb-0bc84b52f7874b3d8",
            "owner_id": "149736139555",
            "propagating_vgws": [],
            "route": [
              {
                "cidr_block": "0.0.0.0/0",
                "egress_only_gateway_id": "",
                "gateway_id": "",
                "instance_id": "",
                "ipv6_cidr_block": "",
                "local_gateway_id": "",
                "nat_gateway_id": "nat-082064d76e0212653",
                "network_interface_id": "",
                "transit_gateway_id": "",
                "vpc_peering_connection_id": ""
              }
            ],
            "tags": {
              "Name": "useast1d_rtb_private",
              "app_name": "test",
              "environment": "dev",
              "lob": "it_operations",
              "namespace": "useast1d",
              "team": "sysops"
            },
            "vpc_id": "vpc-09c2ef1a5c7c8c986"
          },
          "private": "bnVsbA==",
          "dependencies": [
            "module.vpc.aws_eip.private",
            "module.vpc.aws_nat_gateway.private",
            "module.vpc.aws_subnet.private",
            "module.vpc.aws_vpc.this",
            "module.vpc.data.aws_availability_zones.zones"
          ]
        },
        {
          "index_key": 2,
          "schema_version": 0,
          "attributes": {
            "id": "rtb-0b280050d53670253",
            "owner_id": "149736139555",
            "propagating_vgws": [],
            "route": [
              {
                "cidr_block": "0.0.0.0/0",
                "egress_only_gateway_id": "",
                "gateway_id": "",
                "instance_id": "",
                "ipv6_cidr_block": "",
                "local_gateway_id": "",
                "nat_gateway_id": "nat-04b0edf6df7f0b4a8",
                "network_interface_id": "",
                "transit_gateway_id": "",
                "vpc_peering_connection_id": ""
              }
            ],
            "tags": {
              "Name": "useast1d_rtb_private",
              "app_name": "test",
              "environment": "dev",
              "lob": "it_operations",
              "namespace": "useast1d",
              "team": "sysops"
            },
            "vpc_id": "vpc-09c2ef1a5c7c8c986"
          },
          "private": "bnVsbA==",
          "dependencies": [
            "module.vpc.aws_eip.private",
            "module.vpc.aws_nat_gateway.private",
            "module.vpc.aws_subnet.private",
            "module.vpc.aws_vpc.this",
            "module.vpc.data.aws_availability_zones.zones"
          ]
        }
      ]
    },
    {
      "module": "module.vpc",
      "mode": "managed",
      "type": "aws_route_table",
      "name": "public",
      "provider": "provider[\"registry.terraform.io/hashicorp/aws\"]",
      "instances": [
        {
          "index_key": 0,
          "schema_version": 0,
          "attributes": {
            "id": "rtb-0590c3813f3844323",
            "owner_id": "149736139555",
            "propagating_vgws": [],
            "route": [
              {
                "cidr_block": "0.0.0.0/0",
                "egress_only_gateway_id": "",
                "gateway_id": "igw-02037978d54d8a136",
                "instance_id": "",
                "ipv6_cidr_block": "",
                "local_gateway_id": "",
                "nat_gateway_id": "",
                "network_interface_id": "",
                "transit_gateway_id": "",
                "vpc_peering_connection_id": ""
              }
            ],
            "tags": {
              "Name": "useast1d_rtb_public",
              "app_name": "test",
              "environment": "dev",
              "lob": "it_operations",
              "namespace": "useast1d",
              "team": "sysops"
            },
            "vpc_id": "vpc-09c2ef1a5c7c8c986"
          },
          "private": "bnVsbA==",
          "dependencies": [
            "module.vpc.aws_internet_gateway.igw",
            "module.vpc.aws_vpc.this"
          ]
        }
      ]
    },
    {
      "module": "module.vpc",
      "mode": "managed",
      "type": "aws_route_table_association",
      "name": "private",
      "provider": "provider[\"registry.terraform.io/hashicorp/aws\"]",
      "instances": [
        {
          "index_key": 0,
          "schema_version": 0,
          "attributes": {
            "gateway_id": null,
            "id": "rtbassoc-0b2564111805c7262",
            "route_table_id": "rtb-0e52bfc13bc3608ec",
            "subnet_id": "subnet-025942ca97aa63f5f"
          },
          "private": "bnVsbA==",
          "dependencies": [
            "module.vpc.aws_eip.private",
            "module.vpc.aws_nat_gateway.private",
            "module.vpc.aws_route_table.private",
            "module.vpc.aws_subnet.private",
            "module.vpc.aws_vpc.this",
            "module.vpc.data.aws_availability_zones.zones"
          ]
        },
        {
          "index_key": 1,
          "schema_version": 0,
          "attributes": {
            "gateway_id": null,
            "id": "rtbassoc-01738f15f611028e4",
            "route_table_id": "rtb-0bc84b52f7874b3d8",
            "subnet_id": "subnet-03e2cc1d3a7e22652"
          },
          "private": "bnVsbA==",
          "dependencies": [
            "module.vpc.aws_eip.private",
            "module.vpc.aws_nat_gateway.private",
            "module.vpc.aws_route_table.private",
            "module.vpc.aws_subnet.private",
            "module.vpc.aws_vpc.this",
            "module.vpc.data.aws_availability_zones.zones"
          ]
        },
        {
          "index_key": 2,
          "schema_version": 0,
          "attributes": {
            "gateway_id": null,
            "id": "rtbassoc-061507938ad60a1bb",
            "route_table_id": "rtb-0b280050d53670253",
            "subnet_id": "subnet-0a24eceaceb928ef4"
          },
          "private": "bnVsbA==",
          "dependencies": [
            "module.vpc.aws_eip.private",
            "module.vpc.aws_nat_gateway.private",
            "module.vpc.aws_route_table.private",
            "module.vpc.aws_subnet.private",
            "module.vpc.aws_vpc.this",
            "module.vpc.data.aws_availability_zones.zones"
          ]
        }
      ]
    },
    {
      "module": "module.vpc",
      "mode": "managed",
      "type": "aws_route_table_association",
      "name": "public",
      "provider": "provider[\"registry.terraform.io/hashicorp/aws\"]",
      "instances": [
        {
          "index_key": 0,
          "schema_version": 0,
          "attributes": {
            "gateway_id": null,
            "id": "rtbassoc-043dea032573a9375",
            "route_table_id": "rtb-0590c3813f3844323",
            "subnet_id": "subnet-02e5292d22dea7125"
          },
          "private": "bnVsbA==",
          "dependencies": [
            "module.vpc.aws_internet_gateway.igw",
            "module.vpc.aws_route_table.public",
            "module.vpc.aws_subnet.public",
            "module.vpc.aws_vpc.this"
          ]
        },
        {
          "index_key": 1,
          "schema_version": 0,
          "attributes": {
            "gateway_id": null,
            "id": "rtbassoc-0ed79ef7c6c2f3d79",
            "route_table_id": "rtb-0590c3813f3844323",
            "subnet_id": "subnet-08c9dbd928dc31335"
          },
          "private": "bnVsbA==",
          "dependencies": [
            "module.vpc.aws_internet_gateway.igw",
            "module.vpc.aws_route_table.public",
            "module.vpc.aws_subnet.public",
            "module.vpc.aws_vpc.this"
          ]
        },
        {
          "index_key": 2,
          "schema_version": 0,
          "attributes": {
            "gateway_id": null,
            "id": "rtbassoc-08ce5ebc2690143e7",
            "route_table_id": "rtb-0590c3813f3844323",
            "subnet_id": "subnet-008e71e0531922984"
          },
          "private": "bnVsbA==",
          "dependencies": [
            "module.vpc.aws_internet_gateway.igw",
            "module.vpc.aws_route_table.public",
            "module.vpc.aws_subnet.public",
            "module.vpc.aws_vpc.this"
          ]
        }
      ]
    },
    {
      "module": "module.vpc",
      "mode": "managed",
      "type": "aws_subnet",
      "name": "private",
      "provider": "provider[\"registry.terraform.io/hashicorp/aws\"]",
      "instances": [
        {
          "index_key": 0,
          "schema_version": 1,
          "attributes": {
            "arn": "arn:aws:ec2:us-east-1:149736139555:subnet/subnet-025942ca97aa63f5f",
            "assign_ipv6_address_on_creation": false,
            "availability_zone": "us-east-1a",
            "availability_zone_id": "use1-az2",
            "cidr_block": "10.0.3.0/24",
            "id": "subnet-025942ca97aa63f5f",
            "ipv6_cidr_block": "",
            "ipv6_cidr_block_association_id": "",
            "map_public_ip_on_launch": false,
            "outpost_arn": "",
            "owner_id": "149736139555",
            "tags": {
              "Name": "useast1d_private_0",
              "app_name": "test",
              "environment": "dev",
              "lob": "it_operations",
              "namespace": "useast1d",
              "team": "sysops"
            },
            "timeouts": null,
            "vpc_id": "vpc-09c2ef1a5c7c8c986"
          },
          "private": "eyJlMmJmYjczMC1lY2FhLTExZTYtOGY4OC0zNDM2M2JjN2M0YzAiOnsiY3JlYXRlIjo2MDAwMDAwMDAwMDAsImRlbGV0ZSI6MTIwMDAwMDAwMDAwMH0sInNjaGVtYV92ZXJzaW9uIjoiMSJ9",
          "dependencies": [
            "module.vpc.aws_vpc.this",
            "module.vpc.data.aws_availability_zones.zones"
          ]
        },
        {
          "index_key": 1,
          "schema_version": 1,
          "attributes": {
            "arn": "arn:aws:ec2:us-east-1:149736139555:subnet/subnet-03e2cc1d3a7e22652",
            "assign_ipv6_address_on_creation": false,
            "availability_zone": "us-east-1b",
            "availability_zone_id": "use1-az4",
            "cidr_block": "10.0.4.0/24",
            "id": "subnet-03e2cc1d3a7e22652",
            "ipv6_cidr_block": "",
            "ipv6_cidr_block_association_id": "",
            "map_public_ip_on_launch": false,
            "outpost_arn": "",
            "owner_id": "149736139555",
            "tags": {
              "Name": "useast1d_private_1",
              "app_name": "test",
              "environment": "dev",
              "lob": "it_operations",
              "namespace": "useast1d",
              "team": "sysops"
            },
            "timeouts": null,
            "vpc_id": "vpc-09c2ef1a5c7c8c986"
          },
          "private": "eyJlMmJmYjczMC1lY2FhLTExZTYtOGY4OC0zNDM2M2JjN2M0YzAiOnsiY3JlYXRlIjo2MDAwMDAwMDAwMDAsImRlbGV0ZSI6MTIwMDAwMDAwMDAwMH0sInNjaGVtYV92ZXJzaW9uIjoiMSJ9",
          "dependencies": [
            "module.vpc.aws_vpc.this",
            "module.vpc.data.aws_availability_zones.zones"
          ]
        },
        {
          "index_key": 2,
          "schema_version": 1,
          "attributes": {
            "arn": "arn:aws:ec2:us-east-1:149736139555:subnet/subnet-0a24eceaceb928ef4",
            "assign_ipv6_address_on_creation": false,
            "availability_zone": "us-east-1c",
            "availability_zone_id": "use1-az6",
            "cidr_block": "10.0.5.0/24",
            "id": "subnet-0a24eceaceb928ef4",
            "ipv6_cidr_block": "",
            "ipv6_cidr_block_association_id": "",
            "map_public_ip_on_launch": false,
            "outpost_arn": "",
            "owner_id": "149736139555",
            "tags": {
              "Name": "useast1d_private_2",
              "app_name": "test",
              "environment": "dev",
              "lob": "it_operations",
              "namespace": "useast1d",
              "team": "sysops"
            },
            "timeouts": null,
            "vpc_id": "vpc-09c2ef1a5c7c8c986"
          },
          "private": "eyJlMmJmYjczMC1lY2FhLTExZTYtOGY4OC0zNDM2M2JjN2M0YzAiOnsiY3JlYXRlIjo2MDAwMDAwMDAwMDAsImRlbGV0ZSI6MTIwMDAwMDAwMDAwMH0sInNjaGVtYV92ZXJzaW9uIjoiMSJ9",
          "dependencies": [
            "module.vpc.aws_vpc.this",
            "module.vpc.data.aws_availability_zones.zones"
          ]
        }
      ]
    },
    {
      "module": "module.vpc",
      "mode": "managed",
      "type": "aws_subnet",
      "name": "public",
      "provider": "provider[\"registry.terraform.io/hashicorp/aws\"]",
      "instances": [
        {
          "index_key": 0,
          "schema_version": 1,
          "attributes": {
            "arn": "arn:aws:ec2:us-east-1:149736139555:subnet/subnet-02e5292d22dea7125",
            "assign_ipv6_address_on_creation": false,
            "availability_zone": "us-east-1a",
            "availability_zone_id": "use1-az2",
            "cidr_block": "10.0.0.0/24",
            "id": "subnet-02e5292d22dea7125",
            "ipv6_cidr_block": "",
            "ipv6_cidr_block_association_id": "",
            "map_public_ip_on_launch": true,
            "outpost_arn": "",
            "owner_id": "149736139555",
            "tags": {
              "Name": "useast1d_public_0",
              "app_name": "test",
              "environment": "dev",
              "lob": "it_operations",
              "namespace": "useast1d",
              "team": "sysops"
            },
            "timeouts": null,
            "vpc_id": "vpc-09c2ef1a5c7c8c986"
          },
          "private": "eyJlMmJmYjczMC1lY2FhLTExZTYtOGY4OC0zNDM2M2JjN2M0YzAiOnsiY3JlYXRlIjo2MDAwMDAwMDAwMDAsImRlbGV0ZSI6MTIwMDAwMDAwMDAwMH0sInNjaGVtYV92ZXJzaW9uIjoiMSJ9",
          "dependencies": [
            "module.vpc.aws_vpc.this",
            "module.vpc.data.aws_availability_zones.zones"
          ]
        },
        {
          "index_key": 1,
          "schema_version": 1,
          "attributes": {
            "arn": "arn:aws:ec2:us-east-1:149736139555:subnet/subnet-08c9dbd928dc31335",
            "assign_ipv6_address_on_creation": false,
            "availability_zone": "us-east-1b",
            "availability_zone_id": "use1-az4",
            "cidr_block": "10.0.1.0/24",
            "id": "subnet-08c9dbd928dc31335",
            "ipv6_cidr_block": "",
            "ipv6_cidr_block_association_id": "",
            "map_public_ip_on_launch": true,
            "outpost_arn": "",
            "owner_id": "149736139555",
            "tags": {
              "Name": "useast1d_public_1",
              "app_name": "test",
              "environment": "dev",
              "lob": "it_operations",
              "namespace": "useast1d",
              "team": "sysops"
            },
            "timeouts": null,
            "vpc_id": "vpc-09c2ef1a5c7c8c986"
          },
          "private": "eyJlMmJmYjczMC1lY2FhLTExZTYtOGY4OC0zNDM2M2JjN2M0YzAiOnsiY3JlYXRlIjo2MDAwMDAwMDAwMDAsImRlbGV0ZSI6MTIwMDAwMDAwMDAwMH0sInNjaGVtYV92ZXJzaW9uIjoiMSJ9",
          "dependencies": [
            "module.vpc.aws_vpc.this",
            "module.vpc.data.aws_availability_zones.zones"
          ]
        },
        {
          "index_key": 2,
          "schema_version": 1,
          "attributes": {
            "arn": "arn:aws:ec2:us-east-1:149736139555:subnet/subnet-008e71e0531922984",
            "assign_ipv6_address_on_creation": false,
            "availability_zone": "us-east-1c",
            "availability_zone_id": "use1-az6",
            "cidr_block": "10.0.2.0/24",
            "id": "subnet-008e71e0531922984",
            "ipv6_cidr_block": "",
            "ipv6_cidr_block_association_id": "",
            "map_public_ip_on_launch": true,
            "outpost_arn": "",
            "owner_id": "149736139555",
            "tags": {
              "Name": "useast1d_public_2",
              "app_name": "test",
              "environment": "dev",
              "lob": "it_operations",
              "namespace": "useast1d",
              "team": "sysops"
            },
            "timeouts": null,
            "vpc_id": "vpc-09c2ef1a5c7c8c986"
          },
          "private": "eyJlMmJmYjczMC1lY2FhLTExZTYtOGY4OC0zNDM2M2JjN2M0YzAiOnsiY3JlYXRlIjo2MDAwMDAwMDAwMDAsImRlbGV0ZSI6MTIwMDAwMDAwMDAwMH0sInNjaGVtYV92ZXJzaW9uIjoiMSJ9",
          "dependencies": [
            "module.vpc.aws_vpc.this",
            "module.vpc.data.aws_availability_zones.zones"
          ]
        }
      ]
    },
    {
      "module": "module.vpc",
      "mode": "managed",
      "type": "aws_vpc",
      "name": "this",
      "provider": "provider[\"registry.terraform.io/hashicorp/aws\"]",
      "instances": [
        {
          "schema_version": 1,
          "attributes": {
            "arn": "arn:aws:ec2:us-east-1:149736139555:vpc/vpc-09c2ef1a5c7c8c986",
            "assign_generated_ipv6_cidr_block": false,
            "cidr_block": "10.0.0.0/16",
            "default_network_acl_id": "acl-08a4ca21da2ab61e4",
            "default_route_table_id": "rtb-040c9f482472be44d",
            "default_security_group_id": "sg-060e0119b9facccd2",
            "dhcp_options_id": "dopt-beacc2c4",
            "enable_classiclink": false,
            "enable_classiclink_dns_support": false,
            "enable_dns_hostnames": false,
            "enable_dns_support": false,
            "id": "vpc-09c2ef1a5c7c8c986",
            "instance_tenancy": "default",
            "ipv6_association_id": "",
            "ipv6_cidr_block": "",
            "main_route_table_id": "rtb-040c9f482472be44d",
            "owner_id": "149736139555",
            "tags": {
              "Name": "useast1d_vpc",
              "app_name": "test",
              "environment": "dev",
              "lob": "it_operations",
              "namespace": "useast1d",
              "team": "sysops"
            }
          },
          "private": "eyJzY2hlbWFfdmVyc2lvbiI6IjEifQ=="
        }
      ]
    }
  ]
}
