{
  "version": 4,
  "terraform_version": "0.13.5",
  "serial": 144,
  "lineage": "e51edde1-8b5a-684b-0794-022f8a80dc08",
  "outputs": {},
  "resources": [
    {
      "mode": "data",
      "type": "aws_ami",
      "name": "amazon_linux_2",
      "provider": "provider[\"registry.terraform.io/hashicorp/aws\"]",
      "instances": [
        {
          "schema_version": 0,
          "attributes": {
            "architecture": "x86_64",
            "arn": "arn:aws:ec2:us-east-1::image/ami-0947d2ba12ee1ff75",
            "block_device_mappings": [
              {
                "device_name": "/dev/xvda",
                "ebs": {
                  "delete_on_termination": "true",
                  "encrypted": "false",
                  "iops": "0",
                  "snapshot_id": "snap-0299d083f0ce6cd12",
                  "volume_size": "8",
                  "volume_type": "gp2"
                },
                "no_device": "",
                "virtual_name": ""
              }
            ],
            "creation_date": "2020-09-22T02:10:06.000Z",
            "description": "Amazon Linux 2 AMI 2.0.20200917.0 x86_64 HVM gp2",
            "executable_users": null,
            "filter": [
              {
                "name": "name",
                "values": [
                  "amzn2-ami-hvm*"
                ]
              }
            ],
            "hypervisor": "xen",
            "id": "ami-0947d2ba12ee1ff75",
            "image_id": "ami-0947d2ba12ee1ff75",
            "image_location": "amazon/amzn2-ami-hvm-2.0.20200917.0-x86_64-gp2",
            "image_owner_alias": "amazon",
            "image_type": "machine",
            "kernel_id": null,
            "most_recent": true,
            "name": "amzn2-ami-hvm-2.0.20200917.0-x86_64-gp2",
            "name_regex": null,
            "owner_id": "137112412989",
            "owners": [
              "amazon"
            ],
            "platform": null,
            "product_codes": [],
            "public": true,
            "ramdisk_id": null,
            "root_device_name": "/dev/xvda",
            "root_device_type": "ebs",
            "root_snapshot_id": "snap-0299d083f0ce6cd12",
            "sriov_net_support": "simple",
            "state": "available",
            "state_reason": {
              "code": "UNSET",
              "message": "UNSET"
            },
            "tags": {},
            "virtualization_type": "hvm"
          }
        }
      ]
    },
    {
      "module": "module.vpc",
      "mode": "data",
      "type": "aws_availability_zones",
      "name": "zones",
      "provider": "provider[\"registry.terraform.io/hashicorp/aws\"]",
      "instances": [
        {
          "schema_version": 0,
          "attributes": {
            "all_availability_zones": null,
            "exclude_names": null,
            "exclude_zone_ids": null,
            "filter": null,
            "group_names": [
              "us-east-1"
            ],
            "id": "us-east-1",
            "names": [
              "us-east-1a",
              "us-east-1b",
              "us-east-1c",
              "us-east-1d",
              "us-east-1e",
              "us-east-1f"
            ],
            "state": "available",
            "zone_ids": [
              "use1-az2",
              "use1-az4",
              "use1-az6",
              "use1-az1",
              "use1-az3",
              "use1-az5"
            ]
          }
        }
      ]
    },
    {
      "module": "module.vpc",
      "mode": "managed",
      "type": "aws_default_security_group",
      "name": "this",
      "provider": "provider[\"registry.terraform.io/hashicorp/aws\"]",
      "instances": [
        {
          "schema_version": 1,
          "attributes": {
            "arn": "arn:aws:ec2:us-east-1:149736139555:security-group/sg-032de0e594fb94c4b",
            "description": "default VPC security group",
            "egress": [
              {
                "cidr_blocks": [
                  "0.0.0.0/0"
                ],
                "description": "",
                "from_port": 0,
                "ipv6_cidr_blocks": [],
                "prefix_list_ids": [],
                "protocol": "-1",
                "security_groups": [],
                "self": false,
                "to_port": 0
              }
            ],
            "id": "sg-032de0e594fb94c4b",
            "ingress": [
              {
                "cidr_blocks": [],
                "description": "",
                "from_port": 0,
                "ipv6_cidr_blocks": [],
                "prefix_list_ids": [],
                "protocol": "-1",
                "security_groups": [],
                "self": true,
                "to_port": 0
              }
            ],
            "name": "default",
            "owner_id": "149736139555",
            "revoke_rules_on_delete": false,
            "tags": {
              "Name": "useast1d_sg_default",
              "app_name": "test",
              "environment": "dev",
              "lob": "it_operations",
              "namespace": "useast1d",
              "team": "sysops"
            },
            "vpc_id": "vpc-0b5333d172b3169f9"
          },
          "private": "eyJzY2hlbWFfdmVyc2lvbiI6IjEifQ==",
          "dependencies": [
            "module.vpc.aws_vpc.this"
          ]
        }
      ]
    },
    {
      "module": "module.vpc",
      "mode": "managed",
      "type": "aws_eip",
      "name": "private",
      "provider": "provider[\"registry.terraform.io/hashicorp/aws\"]",
      "instances": [
        {
          "index_key": 0,
          "schema_version": 0,
          "attributes": {
            "allocation_id": null,
            "associate_with_private_ip": null,
            "association_id": "eipassoc-05165541b3576136f",
            "customer_owned_ip": "",
            "customer_owned_ipv4_pool": "",
            "domain": "vpc",
            "id": "eipalloc-07d4924245b8b3e64",
            "instance": "",
            "network_interface": "eni-06ee3274d2408e1ae",
            "private_dns": "ip-10-0-3-228.ec2.internal",
            "private_ip": "10.0.3.228",
            "public_dns": "ec2-23-22-19-18.compute-1.amazonaws.com",
            "public_ip": "23.22.19.18",
            "public_ipv4_pool": "amazon",
            "tags": {
              "Name": "useast1d_eip_0",
              "app_name": "test",
              "environment": "dev",
              "lob": "it_operations",
              "namespace": "useast1d",
              "team": "sysops"
            },
            "timeouts": null,
            "vpc": true
          },
          "private": "eyJlMmJmYjczMC1lY2FhLTExZTYtOGY4OC0zNDM2M2JjN2M0YzAiOnsiZGVsZXRlIjoxODAwMDAwMDAwMDAsInJlYWQiOjkwMDAwMDAwMDAwMCwidXBkYXRlIjozMDAwMDAwMDAwMDB9fQ=="
        },
        {
          "index_key": 1,
          "schema_version": 0,
          "attributes": {
            "allocation_id": null,
            "associate_with_private_ip": null,
            "association_id": "eipassoc-0defd096561d123ab",
            "customer_owned_ip": "",
            "customer_owned_ipv4_pool": "",
            "domain": "vpc",
            "id": "eipalloc-0681f28ccc5c72cd9",
            "instance": "",
            "network_interface": "eni-06d954b3999aa4ace",
            "private_dns": "ip-10-0-4-29.ec2.internal",
            "private_ip": "10.0.4.29",
            "public_dns": "ec2-52-204-230-62.compute-1.amazonaws.com",
            "public_ip": "52.204.230.62",
            "public_ipv4_pool": "amazon",
            "tags": {
              "Name": "useast1d_eip_1",
              "app_name": "test",
              "environment": "dev",
              "lob": "it_operations",
              "namespace": "useast1d",
              "team": "sysops"
            },
            "timeouts": null,
            "vpc": true
          },
          "private": "eyJlMmJmYjczMC1lY2FhLTExZTYtOGY4OC0zNDM2M2JjN2M0YzAiOnsiZGVsZXRlIjoxODAwMDAwMDAwMDAsInJlYWQiOjkwMDAwMDAwMDAwMCwidXBkYXRlIjozMDAwMDAwMDAwMDB9fQ=="
        },
        {
          "index_key": 2,
          "schema_version": 0,
          "attributes": {
            "allocation_id": null,
            "associate_with_private_ip": null,
            "association_id": "eipassoc-08307143e1e78edfb",
            "customer_owned_ip": "",
            "customer_owned_ipv4_pool": "",
            "domain": "vpc",
            "id": "eipalloc-023a5d940736e793b",
            "instance": "",
            "network_interface": "eni-0f86700d0b0b730c5",
            "private_dns": "ip-10-0-5-44.ec2.internal",
            "private_ip": "10.0.5.44",
            "public_dns": "ec2-52-44-246-27.compute-1.amazonaws.com",
            "public_ip": "52.44.246.27",
            "public_ipv4_pool": "amazon",
            "tags": {
              "Name": "useast1d_eip_2",
              "app_name": "test",
              "environment": "dev",
              "lob": "it_operations",
              "namespace": "useast1d",
              "team": "sysops"
            },
            "timeouts": null,
            "vpc": true
          },
          "private": "eyJlMmJmYjczMC1lY2FhLTExZTYtOGY4OC0zNDM2M2JjN2M0YzAiOnsiZGVsZXRlIjoxODAwMDAwMDAwMDAsInJlYWQiOjkwMDAwMDAwMDAwMCwidXBkYXRlIjozMDAwMDAwMDAwMDB9fQ=="
        }
      ]
    },
    {
      "module": "module.vpc",
      "mode": "managed",
      "type": "aws_internet_gateway",
      "name": "igw",
      "provider": "provider[\"registry.terraform.io/hashicorp/aws\"]",
      "instances": [
        {
          "index_key": 0,
          "schema_version": 0,
          "attributes": {
            "arn": "arn:aws:ec2:us-east-1:149736139555:internet-gateway/igw-06f4ad9f2869e19ac",
            "id": "igw-06f4ad9f2869e19ac",
            "owner_id": "149736139555",
            "tags": {
              "Name": "useast1d_igw",
              "app_name": "test",
              "environment": "dev",
              "lob": "it_operations",
              "namespace": "useast1d",
              "team": "sysops"
            },
            "vpc_id": "vpc-0b5333d172b3169f9"
          },
          "private": "bnVsbA==",
          "dependencies": [
            "module.vpc.aws_vpc.this"
          ]
        }
      ]
    },
    {
      "module": "module.vpc",
      "mode": "managed",
      "type": "aws_nat_gateway",
      "name": "private",
      "provider": "provider[\"registry.terraform.io/hashicorp/aws\"]",
      "instances": [
        {
          "index_key": 0,
          "schema_version": 0,
          "attributes": {
            "allocation_id": "eipalloc-07d4924245b8b3e64",
            "id": "nat-0cf86620d1e474daa",
            "network_interface_id": "eni-06ee3274d2408e1ae",
            "private_ip": "10.0.3.228",
            "public_ip": "23.22.19.18",
            "subnet_id": "subnet-0c6bedc183dea98fe",
            "tags": {
              "Name": "useast1d_ngw_0",
              "app_name": "test",
              "environment": "dev",
              "lob": "it_operations",
              "namespace": "useast1d",
              "team": "sysops"
            }
          },
          "private": "bnVsbA==",
          "dependencies": [
            "module.vpc.aws_eip.private",
            "module.vpc.aws_subnet.private",
            "module.vpc.aws_vpc.this",
            "module.vpc.data.aws_availability_zones.zones"
          ]
        },
        {
          "index_key": 1,
          "schema_version": 0,
          "attributes": {
            "allocation_id": "eipalloc-0681f28ccc5c72cd9",
            "id": "nat-0f98d5e1973f9acbe",
            "network_interface_id": "eni-06d954b3999aa4ace",
            "private_ip": "10.0.4.29",
            "public_ip": "52.204.230.62",
            "subnet_id": "subnet-07c1dde3494844282",
            "tags": {
              "Name": "useast1d_ngw_1",
              "app_name": "test",
              "environment": "dev",
              "lob": "it_operations",
              "namespace": "useast1d",
              "team": "sysops"
            }
          },
          "private": "bnVsbA==",
          "dependencies": [
            "module.vpc.aws_eip.private",
            "module.vpc.aws_subnet.private",
            "module.vpc.aws_vpc.this",
            "module.vpc.data.aws_availability_zones.zones"
          ]
        },
        {
          "index_key": 2,
          "schema_version": 0,
          "attributes": {
            "allocation_id": "eipalloc-023a5d940736e793b",
            "id": "nat-0b4d9dc964f827eb7",
            "network_interface_id": "eni-0f86700d0b0b730c5",
            "private_ip": "10.0.5.44",
            "public_ip": "52.44.246.27",
            "subnet_id": "subnet-06541c6dd720260a3",
            "tags": {
              "Name": "useast1d_ngw_2",
              "app_name": "test",
              "environment": "dev",
              "lob": "it_operations",
              "namespace": "useast1d",
              "team": "sysops"
            }
          },
          "private": "bnVsbA==",
          "dependencies": [
            "module.vpc.aws_eip.private",
            "module.vpc.aws_subnet.private",
            "module.vpc.aws_vpc.this",
            "module.vpc.data.aws_availability_zones.zones"
          ]
        }
      ]
    },
    {
      "module": "module.vpc",
      "mode": "managed",
      "type": "aws_route_table",
      "name": "private",
      "provider": "provider[\"registry.terraform.io/hashicorp/aws\"]",
      "instances": [
        {
          "index_key": 0,
          "schema_version": 0,
          "attributes": {
            "id": "rtb-051747e3211d77a1d",
            "owner_id": "149736139555",
            "propagating_vgws": [],
            "route": [
              {
                "cidr_block": "0.0.0.0/0",
                "egress_only_gateway_id": "",
                "gateway_id": "",
                "instance_id": "",
                "ipv6_cidr_block": "",
                "local_gateway_id": "",
                "nat_gateway_id": "nat-0cf86620d1e474daa",
                "network_interface_id": "",
                "transit_gateway_id": "",
                "vpc_peering_connection_id": ""
              }
            ],
            "tags": {
              "Name": "useast1d_rtb_private",
              "app_name": "test",
              "environment": "dev",
              "lob": "it_operations",
              "namespace": "useast1d",
              "team": "sysops"
            },
            "vpc_id": "vpc-0b5333d172b3169f9"
          },
          "private": "bnVsbA==",
          "dependencies": [
            "module.vpc.aws_eip.private",
            "module.vpc.aws_nat_gateway.private",
            "module.vpc.aws_subnet.private",
            "module.vpc.aws_vpc.this",
            "module.vpc.data.aws_availability_zones.zones"
          ]
        },
        {
          "index_key": 1,
          "schema_version": 0,
          "attributes": {
            "id": "rtb-00416125b015a7d67",
            "owner_id": "149736139555",
            "propagating_vgws": [],
            "route": [
              {
                "cidr_block": "0.0.0.0/0",
                "egress_only_gateway_id": "",
                "gateway_id": "",
                "instance_id": "",
                "ipv6_cidr_block": "",
                "local_gateway_id": "",
                "nat_gateway_id": "nat-0f98d5e1973f9acbe",
                "network_interface_id": "",
                "transit_gateway_id": "",
                "vpc_peering_connection_id": ""
              }
            ],
            "tags": {
              "Name": "useast1d_rtb_private",
              "app_name": "test",
              "environment": "dev",
              "lob": "it_operations",
              "namespace": "useast1d",
              "team": "sysops"
            },
            "vpc_id": "vpc-0b5333d172b3169f9"
          },
          "private": "bnVsbA==",
          "dependencies": [
            "module.vpc.aws_eip.private",
            "module.vpc.aws_nat_gateway.private",
            "module.vpc.aws_subnet.private",
            "module.vpc.aws_vpc.this",
            "module.vpc.data.aws_availability_zones.zones"
          ]
        },
        {
          "index_key": 2,
          "schema_version": 0,
          "attributes": {
            "id": "rtb-04c31d7804b851ee0",
            "owner_id": "149736139555",
            "propagating_vgws": [],
            "route": [
              {
                "cidr_block": "0.0.0.0/0",
                "egress_only_gateway_id": "",
                "gateway_id": "",
                "instance_id": "",
                "ipv6_cidr_block": "",
                "local_gateway_id": "",
                "nat_gateway_id": "nat-0b4d9dc964f827eb7",
                "network_interface_id": "",
                "transit_gateway_id": "",
                "vpc_peering_connection_id": ""
              }
            ],
            "tags": {
              "Name": "useast1d_rtb_private",
              "app_name": "test",
              "environment": "dev",
              "lob": "it_operations",
              "namespace": "useast1d",
              "team": "sysops"
            },
            "vpc_id": "vpc-0b5333d172b3169f9"
          },
          "private": "bnVsbA==",
          "dependencies": [
            "module.vpc.aws_eip.private",
            "module.vpc.aws_nat_gateway.private",
            "module.vpc.aws_subnet.private",
            "module.vpc.aws_vpc.this",
            "module.vpc.data.aws_availability_zones.zones"
          ]
        }
      ]
    },
    {
      "module": "module.vpc",
      "mode": "managed",
      "type": "aws_route_table",
      "name": "protected",
      "provider": "provider[\"registry.terraform.io/hashicorp/aws\"]",
      "instances": [
        {
          "index_key": 0,
          "schema_version": 0,
          "attributes": {
            "id": "rtb-074c41ad995af71c0",
            "owner_id": "149736139555",
            "propagating_vgws": [],
            "route": [],
            "tags": {
              "Name": "useast1d_rtb_protected",
              "app_name": "test",
              "environment": "dev",
              "lob": "it_operations",
              "namespace": "useast1d",
              "team": "sysops"
            },
            "vpc_id": "vpc-0b5333d172b3169f9"
          },
          "private": "bnVsbA==",
          "dependencies": [
            "module.vpc.aws_vpc.this"
          ]
        },
        {
          "index_key": 1,
          "schema_version": 0,
          "attributes": {
            "id": "rtb-01a747f0742ab7405",
            "owner_id": "149736139555",
            "propagating_vgws": [],
            "route": [],
            "tags": {
              "Name": "useast1d_rtb_protected",
              "app_name": "test",
              "environment": "dev",
              "lob": "it_operations",
              "namespace": "useast1d",
              "team": "sysops"
            },
            "vpc_id": "vpc-0b5333d172b3169f9"
          },
          "private": "bnVsbA==",
          "dependencies": [
            "module.vpc.aws_vpc.this"
          ]
        },
        {
          "index_key": 2,
          "schema_version": 0,
          "attributes": {
            "id": "rtb-0f678483938a2ef85",
            "owner_id": "149736139555",
            "propagating_vgws": [],
            "route": [],
            "tags": {
              "Name": "useast1d_rtb_protected",
              "app_name": "test",
              "environment": "dev",
              "lob": "it_operations",
              "namespace": "useast1d",
              "team": "sysops"
            },
            "vpc_id": "vpc-0b5333d172b3169f9"
          },
          "private": "bnVsbA==",
          "dependencies": [
            "module.vpc.aws_vpc.this"
          ]
        }
      ]
    },
    {
      "module": "module.vpc",
      "mode": "managed",
      "type": "aws_route_table",
      "name": "public",
      "provider": "provider[\"registry.terraform.io/hashicorp/aws\"]",
      "instances": [
        {
          "index_key": 0,
          "schema_version": 0,
          "attributes": {
            "id": "rtb-064c2447a8f658e86",
            "owner_id": "149736139555",
            "propagating_vgws": [],
            "route": [
              {
                "cidr_block": "0.0.0.0/0",
                "egress_only_gateway_id": "",
                "gateway_id": "igw-06f4ad9f2869e19ac",
                "instance_id": "",
                "ipv6_cidr_block": "",
                "local_gateway_id": "",
                "nat_gateway_id": "",
                "network_interface_id": "",
                "transit_gateway_id": "",
                "vpc_peering_connection_id": ""
              }
            ],
            "tags": {
              "Name": "useast1d_rtb_public",
              "app_name": "test",
              "environment": "dev",
              "lob": "it_operations",
              "namespace": "useast1d",
              "team": "sysops"
            },
            "vpc_id": "vpc-0b5333d172b3169f9"
          },
          "private": "bnVsbA==",
          "dependencies": [
            "module.vpc.aws_internet_gateway.igw",
            "module.vpc.aws_vpc.this"
          ]
        }
      ]
    },
    {
      "module": "module.vpc",
      "mode": "managed",
      "type": "aws_route_table_association",
      "name": "private",
      "provider": "provider[\"registry.terraform.io/hashicorp/aws\"]",
      "instances": [
        {
          "index_key": 0,
          "schema_version": 0,
          "attributes": {
            "gateway_id": null,
            "id": "rtbassoc-073e2e715b11b0871",
            "route_table_id": "rtb-051747e3211d77a1d",
            "subnet_id": "subnet-0c6bedc183dea98fe"
          },
          "private": "bnVsbA==",
          "dependencies": [
            "module.vpc.aws_eip.private",
            "module.vpc.aws_nat_gateway.private",
            "module.vpc.aws_route_table.private",
            "module.vpc.aws_subnet.private",
            "module.vpc.aws_vpc.this",
            "module.vpc.data.aws_availability_zones.zones"
          ]
        },
        {
          "index_key": 1,
          "schema_version": 0,
          "attributes": {
            "gateway_id": null,
            "id": "rtbassoc-0473c6f6a44cd646e",
            "route_table_id": "rtb-00416125b015a7d67",
            "subnet_id": "subnet-07c1dde3494844282"
          },
          "private": "bnVsbA==",
          "dependencies": [
            "module.vpc.aws_eip.private",
            "module.vpc.aws_nat_gateway.private",
            "module.vpc.aws_route_table.private",
            "module.vpc.aws_subnet.private",
            "module.vpc.aws_vpc.this",
            "module.vpc.data.aws_availability_zones.zones"
          ]
        },
        {
          "index_key": 2,
          "schema_version": 0,
          "attributes": {
            "gateway_id": null,
            "id": "rtbassoc-07c1be8da40c4b0c5",
            "route_table_id": "rtb-04c31d7804b851ee0",
            "subnet_id": "subnet-06541c6dd720260a3"
          },
          "private": "bnVsbA==",
          "dependencies": [
            "module.vpc.aws_eip.private",
            "module.vpc.aws_nat_gateway.private",
            "module.vpc.aws_route_table.private",
            "module.vpc.aws_subnet.private",
            "module.vpc.aws_vpc.this",
            "module.vpc.data.aws_availability_zones.zones"
          ]
        }
      ]
    },
    {
      "module": "module.vpc",
      "mode": "managed",
      "type": "aws_route_table_association",
      "name": "protected",
      "provider": "provider[\"registry.terraform.io/hashicorp/aws\"]",
      "instances": [
        {
          "index_key": 0,
          "schema_version": 0,
          "attributes": {
            "gateway_id": null,
            "id": "rtbassoc-00d17be4d5d774f41",
            "route_table_id": "rtb-074c41ad995af71c0",
            "subnet_id": "subnet-091d7764f9ac7985c"
          },
          "private": "bnVsbA==",
          "dependencies": [
            "module.vpc.aws_route_table.protected",
            "module.vpc.aws_subnet.protected",
            "module.vpc.aws_vpc.this",
            "module.vpc.data.aws_availability_zones.zones"
          ]
        },
        {
          "index_key": 1,
          "schema_version": 0,
          "attributes": {
            "gateway_id": null,
            "id": "rtbassoc-0127e562cc9b0b46e",
            "route_table_id": "rtb-01a747f0742ab7405",
            "subnet_id": "subnet-022e6b533987ef3f1"
          },
          "private": "bnVsbA==",
          "dependencies": [
            "module.vpc.aws_route_table.protected",
            "module.vpc.aws_subnet.protected",
            "module.vpc.aws_vpc.this",
            "module.vpc.data.aws_availability_zones.zones"
          ]
        },
        {
          "index_key": 2,
          "schema_version": 0,
          "attributes": {
            "gateway_id": null,
            "id": "rtbassoc-0ba22af91d3e90b9e",
            "route_table_id": "rtb-0f678483938a2ef85",
            "subnet_id": "subnet-086321ba95136fdd1"
          },
          "private": "bnVsbA==",
          "dependencies": [
            "module.vpc.aws_route_table.protected",
            "module.vpc.aws_subnet.protected",
            "module.vpc.aws_vpc.this",
            "module.vpc.data.aws_availability_zones.zones"
          ]
        }
      ]
    },
    {
      "module": "module.vpc",
      "mode": "managed",
      "type": "aws_route_table_association",
      "name": "public",
      "provider": "provider[\"registry.terraform.io/hashicorp/aws\"]",
      "instances": [
        {
          "index_key": 0,
          "schema_version": 0,
          "attributes": {
            "gateway_id": null,
            "id": "rtbassoc-0333b9522ad01f4f4",
            "route_table_id": "rtb-064c2447a8f658e86",
            "subnet_id": "subnet-088f2a97d052ec109"
          },
          "private": "bnVsbA==",
          "dependencies": [
            "module.vpc.aws_internet_gateway.igw",
            "module.vpc.aws_route_table.public",
            "module.vpc.aws_subnet.public",
            "module.vpc.aws_vpc.this",
            "module.vpc.data.aws_availability_zones.zones"
          ]
        },
        {
          "index_key": 1,
          "schema_version": 0,
          "attributes": {
            "gateway_id": null,
            "id": "rtbassoc-097445a9c058f2830",
            "route_table_id": "rtb-064c2447a8f658e86",
            "subnet_id": "subnet-04673728d7a7deeb9"
          },
          "private": "bnVsbA==",
          "dependencies": [
            "module.vpc.aws_internet_gateway.igw",
            "module.vpc.aws_route_table.public",
            "module.vpc.aws_subnet.public",
            "module.vpc.aws_vpc.this",
            "module.vpc.data.aws_availability_zones.zones"
          ]
        },
        {
          "index_key": 2,
          "schema_version": 0,
          "attributes": {
            "gateway_id": null,
            "id": "rtbassoc-0ce646d7bfb269f4e",
            "route_table_id": "rtb-064c2447a8f658e86",
            "subnet_id": "subnet-01489152dc8cc0a84"
          },
          "private": "bnVsbA==",
          "dependencies": [
            "module.vpc.aws_internet_gateway.igw",
            "module.vpc.aws_route_table.public",
            "module.vpc.aws_subnet.public",
            "module.vpc.aws_vpc.this",
            "module.vpc.data.aws_availability_zones.zones"
          ]
        }
      ]
    },
    {
      "module": "module.vpc",
      "mode": "managed",
      "type": "aws_subnet",
      "name": "private",
      "provider": "provider[\"registry.terraform.io/hashicorp/aws\"]",
      "instances": [
        {
          "index_key": 0,
          "schema_version": 1,
          "attributes": {
            "arn": "arn:aws:ec2:us-east-1:149736139555:subnet/subnet-0c6bedc183dea98fe",
            "assign_ipv6_address_on_creation": false,
            "availability_zone": "us-east-1a",
            "availability_zone_id": "use1-az2",
            "cidr_block": "10.0.3.0/24",
            "id": "subnet-0c6bedc183dea98fe",
            "ipv6_cidr_block": "",
            "ipv6_cidr_block_association_id": "",
            "map_public_ip_on_launch": false,
            "outpost_arn": "",
            "owner_id": "149736139555",
            "tags": {
              "Name": "useast1d_private_0",
              "app_name": "test",
              "environment": "dev",
              "lob": "it_operations",
              "namespace": "useast1d",
              "team": "sysops"
            },
            "timeouts": null,
            "vpc_id": "vpc-0b5333d172b3169f9"
          },
          "private": "eyJlMmJmYjczMC1lY2FhLTExZTYtOGY4OC0zNDM2M2JjN2M0YzAiOnsiY3JlYXRlIjo2MDAwMDAwMDAwMDAsImRlbGV0ZSI6MTIwMDAwMDAwMDAwMH0sInNjaGVtYV92ZXJzaW9uIjoiMSJ9",
          "dependencies": [
            "module.vpc.aws_vpc.this",
            "module.vpc.data.aws_availability_zones.zones"
          ]
        },
        {
          "index_key": 1,
          "schema_version": 1,
          "attributes": {
            "arn": "arn:aws:ec2:us-east-1:149736139555:subnet/subnet-07c1dde3494844282",
            "assign_ipv6_address_on_creation": false,
            "availability_zone": "us-east-1b",
            "availability_zone_id": "use1-az4",
            "cidr_block": "10.0.4.0/24",
            "id": "subnet-07c1dde3494844282",
            "ipv6_cidr_block": "",
            "ipv6_cidr_block_association_id": "",
            "map_public_ip_on_launch": false,
            "outpost_arn": "",
            "owner_id": "149736139555",
            "tags": {
              "Name": "useast1d_private_1",
              "app_name": "test",
              "environment": "dev",
              "lob": "it_operations",
              "namespace": "useast1d",
              "team": "sysops"
            },
            "timeouts": null,
            "vpc_id": "vpc-0b5333d172b3169f9"
          },
          "private": "eyJlMmJmYjczMC1lY2FhLTExZTYtOGY4OC0zNDM2M2JjN2M0YzAiOnsiY3JlYXRlIjo2MDAwMDAwMDAwMDAsImRlbGV0ZSI6MTIwMDAwMDAwMDAwMH0sInNjaGVtYV92ZXJzaW9uIjoiMSJ9",
          "dependencies": [
            "module.vpc.aws_vpc.this",
            "module.vpc.data.aws_availability_zones.zones"
          ]
        },
        {
          "index_key": 2,
          "schema_version": 1,
          "attributes": {
            "arn": "arn:aws:ec2:us-east-1:149736139555:subnet/subnet-06541c6dd720260a3",
            "assign_ipv6_address_on_creation": false,
            "availability_zone": "us-east-1c",
            "availability_zone_id": "use1-az6",
            "cidr_block": "10.0.5.0/24",
            "id": "subnet-06541c6dd720260a3",
            "ipv6_cidr_block": "",
            "ipv6_cidr_block_association_id": "",
            "map_public_ip_on_launch": false,
            "outpost_arn": "",
            "owner_id": "149736139555",
            "tags": {
              "Name": "useast1d_private_2",
              "app_name": "test",
              "environment": "dev",
              "lob": "it_operations",
              "namespace": "useast1d",
              "team": "sysops"
            },
            "timeouts": null,
            "vpc_id": "vpc-0b5333d172b3169f9"
          },
          "private": "eyJlMmJmYjczMC1lY2FhLTExZTYtOGY4OC0zNDM2M2JjN2M0YzAiOnsiY3JlYXRlIjo2MDAwMDAwMDAwMDAsImRlbGV0ZSI6MTIwMDAwMDAwMDAwMH0sInNjaGVtYV92ZXJzaW9uIjoiMSJ9",
          "dependencies": [
            "module.vpc.aws_vpc.this",
            "module.vpc.data.aws_availability_zones.zones"
          ]
        }
      ]
    },
    {
      "module": "module.vpc",
      "mode": "managed",
      "type": "aws_subnet",
      "name": "protected",
      "provider": "provider[\"registry.terraform.io/hashicorp/aws\"]",
      "instances": [
        {
          "index_key": 0,
          "schema_version": 1,
          "attributes": {
            "arn": "arn:aws:ec2:us-east-1:149736139555:subnet/subnet-091d7764f9ac7985c",
            "assign_ipv6_address_on_creation": false,
            "availability_zone": "us-east-1a",
            "availability_zone_id": "use1-az2",
            "cidr_block": "10.0.6.0/24",
            "id": "subnet-091d7764f9ac7985c",
            "ipv6_cidr_block": "",
            "ipv6_cidr_block_association_id": "",
            "map_public_ip_on_launch": false,
            "outpost_arn": "",
            "owner_id": "149736139555",
            "tags": {
              "Name": "useast1d_protected_0",
              "app_name": "test",
              "environment": "dev",
              "lob": "it_operations",
              "namespace": "useast1d",
              "team": "sysops"
            },
            "timeouts": null,
            "vpc_id": "vpc-0b5333d172b3169f9"
          },
          "private": "eyJlMmJmYjczMC1lY2FhLTExZTYtOGY4OC0zNDM2M2JjN2M0YzAiOnsiY3JlYXRlIjo2MDAwMDAwMDAwMDAsImRlbGV0ZSI6MTIwMDAwMDAwMDAwMH0sInNjaGVtYV92ZXJzaW9uIjoiMSJ9",
          "dependencies": [
            "module.vpc.aws_vpc.this",
            "module.vpc.data.aws_availability_zones.zones"
          ]
        },
        {
          "index_key": 1,
          "schema_version": 1,
          "attributes": {
            "arn": "arn:aws:ec2:us-east-1:149736139555:subnet/subnet-022e6b533987ef3f1",
            "assign_ipv6_address_on_creation": false,
            "availability_zone": "us-east-1b",
            "availability_zone_id": "use1-az4",
            "cidr_block": "10.0.7.0/24",
            "id": "subnet-022e6b533987ef3f1",
            "ipv6_cidr_block": "",
            "ipv6_cidr_block_association_id": "",
            "map_public_ip_on_launch": false,
            "outpost_arn": "",
            "owner_id": "149736139555",
            "tags": {
              "Name": "useast1d_protected_1",
              "app_name": "test",
              "environment": "dev",
              "lob": "it_operations",
              "namespace": "useast1d",
              "team": "sysops"
            },
            "timeouts": null,
            "vpc_id": "vpc-0b5333d172b3169f9"
          },
          "private": "eyJlMmJmYjczMC1lY2FhLTExZTYtOGY4OC0zNDM2M2JjN2M0YzAiOnsiY3JlYXRlIjo2MDAwMDAwMDAwMDAsImRlbGV0ZSI6MTIwMDAwMDAwMDAwMH0sInNjaGVtYV92ZXJzaW9uIjoiMSJ9",
          "dependencies": [
            "module.vpc.aws_vpc.this",
            "module.vpc.data.aws_availability_zones.zones"
          ]
        },
        {
          "index_key": 2,
          "schema_version": 1,
          "attributes": {
            "arn": "arn:aws:ec2:us-east-1:149736139555:subnet/subnet-086321ba95136fdd1",
            "assign_ipv6_address_on_creation": false,
            "availability_zone": "us-east-1c",
            "availability_zone_id": "use1-az6",
            "cidr_block": "10.0.8.0/24",
            "id": "subnet-086321ba95136fdd1",
            "ipv6_cidr_block": "",
            "ipv6_cidr_block_association_id": "",
            "map_public_ip_on_launch": false,
            "outpost_arn": "",
            "owner_id": "149736139555",
            "tags": {
              "Name": "useast1d_protected_2",
              "app_name": "test",
              "environment": "dev",
              "lob": "it_operations",
              "namespace": "useast1d",
              "team": "sysops"
            },
            "timeouts": null,
            "vpc_id": "vpc-0b5333d172b3169f9"
          },
          "private": "eyJlMmJmYjczMC1lY2FhLTExZTYtOGY4OC0zNDM2M2JjN2M0YzAiOnsiY3JlYXRlIjo2MDAwMDAwMDAwMDAsImRlbGV0ZSI6MTIwMDAwMDAwMDAwMH0sInNjaGVtYV92ZXJzaW9uIjoiMSJ9",
          "dependencies": [
            "module.vpc.aws_vpc.this",
            "module.vpc.data.aws_availability_zones.zones"
          ]
        }
      ]
    },
    {
      "module": "module.vpc",
      "mode": "managed",
      "type": "aws_subnet",
      "name": "public",
      "provider": "provider[\"registry.terraform.io/hashicorp/aws\"]",
      "instances": [
        {
          "index_key": 0,
          "schema_version": 1,
          "attributes": {
            "arn": "arn:aws:ec2:us-east-1:149736139555:subnet/subnet-088f2a97d052ec109",
            "assign_ipv6_address_on_creation": false,
            "availability_zone": "us-east-1a",
            "availability_zone_id": "use1-az2",
            "cidr_block": "10.0.0.0/24",
            "id": "subnet-088f2a97d052ec109",
            "ipv6_cidr_block": "",
            "ipv6_cidr_block_association_id": "",
            "map_public_ip_on_launch": true,
            "outpost_arn": "",
            "owner_id": "149736139555",
            "tags": {
              "Name": "useast1d_public_0",
              "app_name": "test",
              "environment": "dev",
              "lob": "it_operations",
              "namespace": "useast1d",
              "team": "sysops"
            },
            "timeouts": null,
            "vpc_id": "vpc-0b5333d172b3169f9"
          },
          "private": "eyJlMmJmYjczMC1lY2FhLTExZTYtOGY4OC0zNDM2M2JjN2M0YzAiOnsiY3JlYXRlIjo2MDAwMDAwMDAwMDAsImRlbGV0ZSI6MTIwMDAwMDAwMDAwMH0sInNjaGVtYV92ZXJzaW9uIjoiMSJ9",
          "dependencies": [
            "module.vpc.aws_vpc.this",
            "module.vpc.data.aws_availability_zones.zones"
          ]
        },
        {
          "index_key": 1,
          "schema_version": 1,
          "attributes": {
            "arn": "arn:aws:ec2:us-east-1:149736139555:subnet/subnet-04673728d7a7deeb9",
            "assign_ipv6_address_on_creation": false,
            "availability_zone": "us-east-1b",
            "availability_zone_id": "use1-az4",
            "cidr_block": "10.0.1.0/24",
            "id": "subnet-04673728d7a7deeb9",
            "ipv6_cidr_block": "",
            "ipv6_cidr_block_association_id": "",
            "map_public_ip_on_launch": true,
            "outpost_arn": "",
            "owner_id": "149736139555",
            "tags": {
              "Name": "useast1d_public_1",
              "app_name": "test",
              "environment": "dev",
              "lob": "it_operations",
              "namespace": "useast1d",
              "team": "sysops"
            },
            "timeouts": null,
            "vpc_id": "vpc-0b5333d172b3169f9"
          },
          "private": "eyJlMmJmYjczMC1lY2FhLTExZTYtOGY4OC0zNDM2M2JjN2M0YzAiOnsiY3JlYXRlIjo2MDAwMDAwMDAwMDAsImRlbGV0ZSI6MTIwMDAwMDAwMDAwMH0sInNjaGVtYV92ZXJzaW9uIjoiMSJ9",
          "dependencies": [
            "module.vpc.aws_vpc.this",
            "module.vpc.data.aws_availability_zones.zones"
          ]
        },
        {
          "index_key": 2,
          "schema_version": 1,
          "attributes": {
            "arn": "arn:aws:ec2:us-east-1:149736139555:subnet/subnet-01489152dc8cc0a84",
            "assign_ipv6_address_on_creation": false,
            "availability_zone": "us-east-1c",
            "availability_zone_id": "use1-az6",
            "cidr_block": "10.0.2.0/24",
            "id": "subnet-01489152dc8cc0a84",
            "ipv6_cidr_block": "",
            "ipv6_cidr_block_association_id": "",
            "map_public_ip_on_launch": true,
            "outpost_arn": "",
            "owner_id": "149736139555",
            "tags": {
              "Name": "useast1d_public_2",
              "app_name": "test",
              "environment": "dev",
              "lob": "it_operations",
              "namespace": "useast1d",
              "team": "sysops"
            },
            "timeouts": null,
            "vpc_id": "vpc-0b5333d172b3169f9"
          },
          "private": "eyJlMmJmYjczMC1lY2FhLTExZTYtOGY4OC0zNDM2M2JjN2M0YzAiOnsiY3JlYXRlIjo2MDAwMDAwMDAwMDAsImRlbGV0ZSI6MTIwMDAwMDAwMDAwMH0sInNjaGVtYV92ZXJzaW9uIjoiMSJ9",
          "dependencies": [
            "module.vpc.aws_vpc.this",
            "module.vpc.data.aws_availability_zones.zones"
          ]
        }
      ]
    },
    {
      "module": "module.vpc",
      "mode": "managed",
      "type": "aws_vpc",
      "name": "this",
      "provider": "provider[\"registry.terraform.io/hashicorp/aws\"]",
      "instances": [
        {
          "schema_version": 1,
          "attributes": {
            "arn": "arn:aws:ec2:us-east-1:149736139555:vpc/vpc-0b5333d172b3169f9",
            "assign_generated_ipv6_cidr_block": false,
            "cidr_block": "10.0.0.0/16",
            "default_network_acl_id": "acl-046a5152cae830edd",
            "default_route_table_id": "rtb-055f30f96f35b36b9",
            "default_security_group_id": "sg-032de0e594fb94c4b",
            "dhcp_options_id": "dopt-beacc2c4",
            "enable_classiclink": false,
            "enable_classiclink_dns_support": false,
            "enable_dns_hostnames": false,
            "enable_dns_support": false,
            "id": "vpc-0b5333d172b3169f9",
            "instance_tenancy": "default",
            "ipv6_association_id": "",
            "ipv6_cidr_block": "",
            "main_route_table_id": "rtb-055f30f96f35b36b9",
            "owner_id": "149736139555",
            "tags": {
              "Name": "useast1d_vpc",
              "app_name": "test",
              "environment": "dev",
              "lob": "it_operations",
              "namespace": "useast1d",
              "team": "sysops"
            }
          },
          "private": "eyJzY2hlbWFfdmVyc2lvbiI6IjEifQ=="
        }
      ]
    }
  ]
}
