{
  "version": 4,
  "terraform_version": "0.12.25",
  "serial": 153,
  "lineage": "f0dbe8a7-de5f-5d56-67bb-510a8e29dbc5",
  "outputs": {},
  "resources": [
    {
      "mode": "data",
      "type": "aws_ami",
      "name": "amazon_linux_2",
      "provider": "provider.aws",
      "instances": [
        {
          "schema_version": 0,
          "attributes": {
            "architecture": "x86_64",
            "block_device_mappings": [
              {
                "device_name": "/dev/xvda",
                "ebs": {
                  "delete_on_termination": "true",
                  "encrypted": "false",
                  "iops": "0",
                  "snapshot_id": "snap-0e1167baa50e9c0ff",
                  "volume_size": "8",
                  "volume_type": "gp2"
                },
                "no_device": "",
                "virtual_name": ""
              }
            ],
            "creation_date": "2020-04-07T17:30:33.000Z",
            "description": "Amazon Linux 2 AMI 2.0.20200406.0 x86_64 HVM gp2",
            "executable_users": null,
            "filter": [
              {
                "name": "name",
                "values": [
                  "amzn2-ami-hvm-2.0*"
                ]
              }
            ],
            "hypervisor": "xen",
            "id": "ami-0323c3dd2da7fb37d",
            "image_id": "ami-0323c3dd2da7fb37d",
            "image_location": "amazon/amzn2-ami-hvm-2.0.20200406.0-x86_64-gp2",
            "image_owner_alias": "amazon",
            "image_type": "machine",
            "kernel_id": null,
            "most_recent": true,
            "name": "amzn2-ami-hvm-2.0.20200406.0-x86_64-gp2",
            "name_regex": null,
            "owner_id": "137112412989",
            "owners": [
              "137112412989"
            ],
            "platform": null,
            "product_codes": [],
            "public": true,
            "ramdisk_id": null,
            "root_device_name": "/dev/xvda",
            "root_device_type": "ebs",
            "root_snapshot_id": "snap-0e1167baa50e9c0ff",
            "sriov_net_support": "simple",
            "state": "available",
            "state_reason": {
              "code": "UNSET",
              "message": "UNSET"
            },
            "tags": {},
            "virtualization_type": "hvm"
          }
        }
      ]
    },
    {
      "mode": "data",
      "type": "aws_caller_identity",
      "name": "current",
      "provider": "provider.aws",
      "instances": [
        {
          "schema_version": 0,
          "attributes": {
            "account_id": "411395035331",
            "arn": "arn:aws:sts::411395035331:assumed-role/Admin/awsml-Isengard",
            "id": "2020-05-22 18:54:56.5661595 +0000 UTC",
            "user_id": "AROAV7SIOCDBXZRGIK22A:awsml-Isengard"
          }
        }
      ]
    },
    {
      "mode": "data",
      "type": "aws_security_group",
      "name": "allow_office_http",
      "provider": "provider.aws",
      "instances": [
        {
          "schema_version": 0,
          "attributes": {
            "arn": "arn:aws:ec2:us-east-1:411395035331:security-group/sg-0d73641d929723837",
            "description": "Allow HTTP inbound traffic from Office",
            "filter": null,
            "id": "sg-0d73641d929723837",
            "name": "useast1d_allow_office_http",
            "tags": {
              "Environment": "dev",
              "Name": "useast1d_allow_office_http",
              "Namespace": "useast1d"
            },
            "vpc_id": "vpc-0bf2700a887db25fd"
          }
        }
      ]
    },
    {
      "mode": "data",
      "type": "aws_security_group",
      "name": "allow_office_ssh",
      "provider": "provider.aws",
      "instances": [
        {
          "schema_version": 0,
          "attributes": {
            "arn": "arn:aws:ec2:us-east-1:411395035331:security-group/sg-00e4846ac77e3f455",
            "description": "Allow SSH inbound traffic from Office",
            "filter": null,
            "id": "sg-00e4846ac77e3f455",
            "name": "useast1d_allow_office_ssh",
            "tags": {
              "Environment": "dev",
              "Name": "useast1d_allow_office_ssh",
              "Namespace": "useast1d"
            },
            "vpc_id": "vpc-0bf2700a887db25fd"
          }
        }
      ]
    },
    {
      "mode": "data",
      "type": "aws_security_group",
      "name": "allow_vpc_http",
      "provider": "provider.aws",
      "instances": [
        {
          "schema_version": 0,
          "attributes": {
            "arn": "arn:aws:ec2:us-east-1:411395035331:security-group/sg-0bf7956f092c26456",
            "description": "Allow HTTP inbound traffic from VPC",
            "filter": null,
            "id": "sg-0bf7956f092c26456",
            "name": "useast1d_allow_vpc_http",
            "tags": {
              "Environment": "dev",
              "Name": "useast1d_allow_vpc_http",
              "Namespace": "useast1d"
            },
            "vpc_id": "vpc-0bf2700a887db25fd"
          }
        }
      ]
    },
    {
      "mode": "data",
      "type": "aws_security_group",
      "name": "allow_vpc_ssh",
      "provider": "provider.aws",
      "instances": [
        {
          "schema_version": 0,
          "attributes": {
            "arn": "arn:aws:ec2:us-east-1:411395035331:security-group/sg-08e036c842971fca0",
            "description": "Allow SSH inbound traffic from VPC",
            "filter": null,
            "id": "sg-08e036c842971fca0",
            "name": "useast1d_allow_vpc_ssh",
            "tags": {
              "Environment": "dev",
              "Name": "useast1d_allow_vpc_ssh",
              "Namespace": "useast1d"
            },
            "vpc_id": "vpc-0bf2700a887db25fd"
          }
        }
      ]
    },
    {
      "mode": "data",
      "type": "aws_subnet",
      "name": "subnets_private_list",
      "each": "map",
      "provider": "provider.aws",
      "instances": [
        {
          "index_key": "subnet-0164421d52b4e9b6b",
          "schema_version": 0,
          "attributes": {
            "arn": "arn:aws:ec2:us-east-1:411395035331:subnet/subnet-0164421d52b4e9b6b",
            "assign_ipv6_address_on_creation": false,
            "availability_zone": "us-east-1a",
            "availability_zone_id": "use1-az2",
            "cidr_block": "10.0.11.0/24",
            "default_for_az": false,
            "filter": null,
            "id": "subnet-0164421d52b4e9b6b",
            "ipv6_cidr_block": null,
            "ipv6_cidr_block_association_id": null,
            "map_public_ip_on_launch": false,
            "outpost_arn": "",
            "owner_id": "411395035331",
            "state": "available",
            "tags": {
              "Environment": "dev",
              "Name": "useast1d_private_a",
              "Namespace": "useast1d",
              "Tier": "private"
            },
            "vpc_id": "vpc-0bf2700a887db25fd"
          }
        },
        {
          "index_key": "subnet-08f87e877ece823dc",
          "schema_version": 0,
          "attributes": {
            "arn": "arn:aws:ec2:us-east-1:411395035331:subnet/subnet-08f87e877ece823dc",
            "assign_ipv6_address_on_creation": false,
            "availability_zone": "us-east-1c",
            "availability_zone_id": "use1-az6",
            "cidr_block": "10.0.13.0/24",
            "default_for_az": false,
            "filter": null,
            "id": "subnet-08f87e877ece823dc",
            "ipv6_cidr_block": null,
            "ipv6_cidr_block_association_id": null,
            "map_public_ip_on_launch": false,
            "outpost_arn": "",
            "owner_id": "411395035331",
            "state": "available",
            "tags": {
              "Environment": "dev",
              "Name": "useast1d_private_c",
              "Namespace": "useast1d",
              "Tier": "private"
            },
            "vpc_id": "vpc-0bf2700a887db25fd"
          }
        },
        {
          "index_key": "subnet-0d225e0e0f936a33b",
          "schema_version": 0,
          "attributes": {
            "arn": "arn:aws:ec2:us-east-1:411395035331:subnet/subnet-0d225e0e0f936a33b",
            "assign_ipv6_address_on_creation": false,
            "availability_zone": "us-east-1b",
            "availability_zone_id": "use1-az4",
            "cidr_block": "10.0.12.0/24",
            "default_for_az": false,
            "filter": null,
            "id": "subnet-0d225e0e0f936a33b",
            "ipv6_cidr_block": null,
            "ipv6_cidr_block_association_id": null,
            "map_public_ip_on_launch": false,
            "outpost_arn": "",
            "owner_id": "411395035331",
            "state": "available",
            "tags": {
              "Environment": "dev",
              "Name": "useast1d_private_b",
              "Namespace": "useast1d",
              "Tier": "private"
            },
            "vpc_id": "vpc-0bf2700a887db25fd"
          }
        }
      ]
    },
    {
      "mode": "data",
      "type": "aws_subnet_ids",
      "name": "subnets_private",
      "provider": "provider.aws",
      "instances": [
        {
          "schema_version": 0,
          "attributes": {
            "filter": null,
            "id": "vpc-0bf2700a887db25fd",
            "ids": [
              "subnet-0164421d52b4e9b6b",
              "subnet-08f87e877ece823dc",
              "subnet-0d225e0e0f936a33b"
            ],
            "tags": {
              "Environment": "dev",
              "Namespace": "useast1d",
              "Tier": "private"
            },
            "vpc_id": "vpc-0bf2700a887db25fd"
          }
        }
      ]
    },
    {
      "mode": "data",
      "type": "aws_subnet_ids",
      "name": "subnets_public",
      "provider": "provider.aws",
      "instances": [
        {
          "schema_version": 0,
          "attributes": {
            "filter": null,
            "id": "vpc-0bf2700a887db25fd",
            "ids": [
              "subnet-07e76814f1543d4e3",
              "subnet-08274650c7309b6d2",
              "subnet-0aafb89244145f716"
            ],
            "tags": {
              "Environment": "dev",
              "Namespace": "useast1d",
              "Tier": "public"
            },
            "vpc_id": "vpc-0bf2700a887db25fd"
          }
        }
      ]
    },
    {
      "mode": "data",
      "type": "aws_vpc",
      "name": "vpc",
      "provider": "provider.aws",
      "instances": [
        {
          "schema_version": 0,
          "attributes": {
            "arn": "arn:aws:ec2:us-east-1:411395035331:vpc/vpc-0bf2700a887db25fd",
            "cidr_block": "10.0.0.0/16",
            "cidr_block_associations": [
              {
                "association_id": "vpc-cidr-assoc-00c255356b13d38f2",
                "cidr_block": "10.0.0.0/16",
                "state": "associated"
              }
            ],
            "default": false,
            "dhcp_options_id": "dopt-8f56eaf5",
            "enable_dns_hostnames": true,
            "enable_dns_support": true,
            "filter": null,
            "id": "vpc-0bf2700a887db25fd",
            "instance_tenancy": "default",
            "ipv6_association_id": null,
            "ipv6_cidr_block": null,
            "main_route_table_id": "rtb-017ff455094a31f52",
            "owner_id": "411395035331",
            "state": "available",
            "tags": {
              "Environment": "dev",
              "Name": "useast1d_vpc",
              "Namespace": "useast1d"
            }
          }
        }
      ]
    },
    {
      "mode": "managed",
      "type": "aws_autoscaling_group",
      "name": "linuxwordpress",
      "provider": "provider.aws",
      "instances": [
        {
          "schema_version": 0,
          "attributes": {
            "arn": "arn:aws:autoscaling:us-east-1:411395035331:autoScalingGroup:6392d985-f8ca-4f43-9136-39690844379b:autoScalingGroupName/useast1d_linuxwordpress_autoscalinggroup",
            "availability_zones": [
              "us-east-1a",
              "us-east-1b",
              "us-east-1c"
            ],
            "default_cooldown": 300,
            "desired_capacity": 1,
            "enabled_metrics": [],
            "force_delete": true,
            "health_check_grace_period": 300,
            "health_check_type": "EC2",
            "id": "useast1d_linuxwordpress_autoscalinggroup",
            "initial_lifecycle_hook": [],
            "launch_configuration": "",
            "launch_template": [
              {
                "id": "lt-02dfe28585d0ee1d6",
                "name": "useast1d_linuxwordpress_launchtemplate",
                "version": "$Latest"
              }
            ],
            "load_balancers": [],
            "max_instance_lifetime": 0,
            "max_size": 5,
            "metrics_granularity": "1Minute",
            "min_elb_capacity": null,
            "min_size": 1,
            "mixed_instances_policy": [],
            "name": "useast1d_linuxwordpress_autoscalinggroup",
            "name_prefix": null,
            "placement_group": "",
            "protect_from_scale_in": false,
            "service_linked_role_arn": "arn:aws:iam::411395035331:role/aws-service-role/autoscaling.amazonaws.com/AWSServiceRoleForAutoScaling",
            "suspended_processes": [],
            "tag": [
              {
                "key": "Name",
                "propagate_at_launch": true,
                "value": "useast1d_linuxwordpress"
              },
              {
                "key": "environment",
                "propagate_at_launch": true,
                "value": "dev"
              },
              {
                "key": "namespace",
                "propagate_at_launch": true,
                "value": "useast1d"
              }
            ],
            "tags": null,
            "target_group_arns": [
              "arn:aws:elasticloadbalancing:us-east-1:411395035331:targetgroup/useast1d-linuxwordpress/45caadf10ef40447"
            ],
            "termination_policies": [
              "OldestLaunchConfiguration",
              "OldestInstance"
            ],
            "timeouts": {
              "delete": "15m"
            },
            "vpc_zone_identifier": [
              "subnet-0164421d52b4e9b6b",
              "subnet-08f87e877ece823dc",
              "subnet-0d225e0e0f936a33b"
            ],
            "wait_for_capacity_timeout": "10m",
            "wait_for_elb_capacity": null
          },
          "private": "eyJlMmJmYjczMC1lY2FhLTExZTYtOGY4OC0zNDM2M2JjN2M0YzAiOnsiZGVsZXRlIjo5MDAwMDAwMDAwMDB9fQ==",
          "dependencies": [
            "aws_launch_template.linuxwordpress",
            "aws_lb_target_group.linuxwordpress"
          ]
        }
      ]
    },
    {
      "mode": "managed",
      "type": "aws_db_instance",
      "name": "linuxwordpress",
      "provider": "provider.aws",
      "instances": [
        {
          "schema_version": 1,
          "attributes": {
            "address": "useast1dlinuxwordpress.cyk6jqpw0bsf.us-east-1.rds.amazonaws.com",
            "allocated_storage": 20,
            "allow_major_version_upgrade": null,
            "apply_immediately": true,
            "arn": "arn:aws:rds:us-east-1:411395035331:db:useast1dlinuxwordpress",
            "auto_minor_version_upgrade": true,
            "availability_zone": "us-east-1b",
            "backup_retention_period": 0,
            "backup_window": "05:27-05:57",
            "ca_cert_identifier": "rds-ca-2019",
            "character_set_name": null,
            "copy_tags_to_snapshot": false,
            "db_subnet_group_name": "useast1d_linuxwordpress_subnetgroup",
            "delete_automated_backups": true,
            "deletion_protection": false,
            "domain": "",
            "domain_iam_role_name": "",
            "enabled_cloudwatch_logs_exports": [],
            "endpoint": "useast1dlinuxwordpress.cyk6jqpw0bsf.us-east-1.rds.amazonaws.com:3306",
            "engine": "mysql",
            "engine_version": "5.7.22",
            "final_snapshot_identifier": null,
            "hosted_zone_id": "Z2R2ITUGPM61AM",
            "iam_database_authentication_enabled": false,
            "id": "useast1dlinuxwordpress",
            "identifier": "useast1dlinuxwordpress",
            "identifier_prefix": null,
            "instance_class": "db.t2.micro",
            "iops": 0,
            "kms_key_id": "",
            "license_model": "general-public-license",
            "maintenance_window": "fri:06:19-fri:06:49",
            "max_allocated_storage": 100,
            "monitoring_interval": 0,
            "monitoring_role_arn": "",
            "multi_az": true,
            "name": "useast1dlinuxwordpress",
            "option_group_name": "default:mysql-5-7",
            "parameter_group_name": "default.mysql5.7",
            "password": "_zDdOBrtA9rvgoXa",
            "performance_insights_enabled": false,
            "performance_insights_kms_key_id": "",
            "performance_insights_retention_period": 0,
            "port": 3306,
            "publicly_accessible": false,
            "replicas": [],
            "replicate_source_db": "",
            "resource_id": "db-VDD3Y3ULBEYF7GKITLM456F5IQ",
            "s3_import": [],
            "security_group_names": [],
            "skip_final_snapshot": true,
            "snapshot_identifier": null,
            "status": "available",
            "storage_encrypted": false,
            "storage_type": "gp2",
            "tags": {
              "Environment": "dev",
              "Name": "useast1d_linuxwordpress_rds",
              "Namespace": "useast1d"
            },
            "timeouts": null,
            "timezone": "",
            "username": "bbY5JBLImQyW",
            "vpc_security_group_ids": [
              "sg-02e26a68aa09fa77b"
            ]
          },
          "private": "eyJlMmJmYjczMC1lY2FhLTExZTYtOGY4OC0zNDM2M2JjN2M0YzAiOnsiY3JlYXRlIjoyNDAwMDAwMDAwMDAwLCJkZWxldGUiOjI0MDAwMDAwMDAwMDAsInVwZGF0ZSI6NDgwMDAwMDAwMDAwMH0sInNjaGVtYV92ZXJzaW9uIjoiMSJ9",
          "dependencies": [
            "aws_db_subnet_group.linuxwordpress",
            "aws_security_group.allow_vpc_mysql",
            "random_password.linuxwordpress_password",
            "random_string.linuxwordpress_username"
          ]
        }
      ]
    },
    {
      "mode": "managed",
      "type": "aws_db_subnet_group",
      "name": "linuxwordpress",
      "provider": "provider.aws",
      "instances": [
        {
          "schema_version": 0,
          "attributes": {
            "arn": "arn:aws:rds:us-east-1:411395035331:subgrp:useast1d_linuxwordpress_subnetgroup",
            "description": "Managed by Terraform",
            "id": "useast1d_linuxwordpress_subnetgroup",
            "name": "useast1d_linuxwordpress_subnetgroup",
            "name_prefix": null,
            "subnet_ids": [
              "subnet-0164421d52b4e9b6b",
              "subnet-08f87e877ece823dc",
              "subnet-0d225e0e0f936a33b"
            ],
            "tags": {
              "Environment": "dev",
              "Name": "useast1d_linuxwordpress_subnetgroup",
              "Namespace": "useast1d"
            }
          },
          "private": "bnVsbA=="
        }
      ]
    },
    {
      "mode": "managed",
      "type": "aws_iam_instance_profile",
      "name": "linuxwordpress",
      "provider": "provider.aws",
      "instances": [
        {
          "schema_version": 0,
          "attributes": {
            "arn": "arn:aws:iam::411395035331:instance-profile/useast1d_ec2_linuxwordpress",
            "create_date": "2020-05-22T18:22:07Z",
            "id": "useast1d_ec2_linuxwordpress",
            "name": "useast1d_ec2_linuxwordpress",
            "name_prefix": null,
            "path": "/",
            "role": "useast1d_ec2_linuxwordpress",
            "roles": [
              "useast1d_ec2_linuxwordpress"
            ],
            "unique_id": "AIPAV7SIOCDBZ2I2BNPVD"
          },
          "private": "bnVsbA==",
          "dependencies": [
            "aws_iam_role.linuxwordpress"
          ]
        }
      ]
    },
    {
      "mode": "managed",
      "type": "aws_iam_role",
      "name": "linuxwordpress",
      "provider": "provider.aws",
      "instances": [
        {
          "schema_version": 0,
          "attributes": {
            "arn": "arn:aws:iam::411395035331:role/app/useast1d_ec2_linuxwordpress",
            "assume_role_policy": "{\"Version\":\"2012-10-17\",\"Statement\":[{\"Sid\":\"\",\"Effect\":\"Allow\",\"Principal\":{\"Service\":\"ec2.amazonaws.com\"},\"Action\":\"sts:AssumeRole\"}]}",
            "create_date": "2020-05-22T18:22:06Z",
            "description": "",
            "force_detach_policies": true,
            "id": "useast1d_ec2_linuxwordpress",
            "max_session_duration": 3600,
            "name": "useast1d_ec2_linuxwordpress",
            "name_prefix": null,
            "path": "/app/",
            "permissions_boundary": null,
            "tags": {},
            "unique_id": "AROAV7SIOCDBWEE3OO3AV"
          },
          "private": "bnVsbA=="
        }
      ]
    },
    {
      "mode": "managed",
      "type": "aws_iam_role_policy",
      "name": "linuxwordpress_copyobject",
      "provider": "provider.aws",
      "instances": [
        {
          "schema_version": 0,
          "attributes": {
            "id": "useast1d_ec2_linuxwordpress:GrantS3CopyObject",
            "name": "GrantS3CopyObject",
            "name_prefix": null,
            "policy": "{\r\n  \"Version\": \"2012-10-17\",\r\n  \"Statement\": [\r\n    {\r\n\t\t\t\"Sid\": \"GrantS3CopyObject\",\r\n\t\t\t\"Effect\": \"Allow\",\r\n\t\t\t\"Action\": [\r\n\t\t\t\t\"s3:Get*\",\r\n\t\t\t\t\"s3:List*\",\r\n                \"s3:CopyObject\",\r\n                \"s3:GetBucketLocation\"\r\n\t\t\t],\r\n      \"Resource\": \"*\"\r\n    }\r\n  ]\r\n}\r\n",
            "role": "useast1d_ec2_linuxwordpress"
          },
          "private": "bnVsbA==",
          "dependencies": [
            "aws_iam_role.linuxwordpress"
          ]
        }
      ]
    },
    {
      "mode": "managed",
      "type": "aws_iam_role_policy",
      "name": "linuxwordpress_describetags",
      "provider": "provider.aws",
      "instances": [
        {
          "schema_version": 0,
          "attributes": {
            "id": "useast1d_ec2_linuxwordpress:GrantEC2DescribeTags",
            "name": "GrantEC2DescribeTags",
            "name_prefix": null,
            "policy": "{\r\n  \"Version\": \"2012-10-17\",\r\n  \"Statement\": [\r\n    {\r\n      \"Sid\": \"GrantEC2DescribeTags\",\r\n      \"Effect\": \"Allow\",\r\n      \"Action\": [\r\n        \"ec2:DescribeTags\"\r\n      ],\r\n      \"Resource\": \"*\"\r\n    }\r\n  ]\r\n}\r\n",
            "role": "useast1d_ec2_linuxwordpress"
          },
          "private": "bnVsbA==",
          "dependencies": [
            "aws_iam_role.linuxwordpress"
          ]
        }
      ]
    },
    {
      "mode": "managed",
      "type": "aws_iam_role_policy_attachment",
      "name": "linuxwordpress_cloudwatch",
      "provider": "provider.aws",
      "instances": [
        {
          "schema_version": 0,
          "attributes": {
            "id": "useast1d_ec2_linuxwordpress-20200522182207116800000001",
            "policy_arn": "arn:aws:iam::aws:policy/CloudWatchAgentServerPolicy",
            "role": "useast1d_ec2_linuxwordpress"
          },
          "private": "bnVsbA==",
          "dependencies": [
            "aws_iam_role.linuxwordpress"
          ]
        }
      ]
    },
    {
      "mode": "managed",
      "type": "aws_iam_role_policy_attachment",
      "name": "linuxwordpress_ssm",
      "provider": "provider.aws",
      "instances": [
        {
          "schema_version": 0,
          "attributes": {
            "id": "useast1d_ec2_linuxwordpress-20200522182207320500000002",
            "policy_arn": "arn:aws:iam::aws:policy/AmazonSSMManagedInstanceCore",
            "role": "useast1d_ec2_linuxwordpress"
          },
          "private": "bnVsbA==",
          "dependencies": [
            "aws_iam_role.linuxwordpress"
          ]
        }
      ]
    },
    {
      "mode": "managed",
      "type": "aws_key_pair",
      "name": "linuxwordpress",
      "provider": "provider.aws",
      "instances": [
        {
          "schema_version": 1,
          "attributes": {
            "fingerprint": "96:ba:ac:5c:df:c6:1c:b6:dd:82:6a:cf:01:ee:d6:00",
            "id": "useast1d_linuxwordpress_keypair",
            "key_name": "useast1d_linuxwordpress_keypair",
            "key_name_prefix": null,
            "key_pair_id": "key-0cb9d51c92822087d",
            "public_key": "ssh-rsa AAAAB3NzaC1yc2EAAAADAQABAAACAQDY8q+gmo6silx1M0HPK3skBkK64UZXK9zEH8eE7i3MkVZDNa0xl84xC/OMikjYOEc+99wlNERr5FsakLxmIL6H+RmYlENKrTnE6E+qeqQ/yCa4zwer23rXghjgmRVORYsOuH2sLo/EDdu/vy/Cxxjv740pFLeEBHrX94T6uIzMsBL25E9dyPDYOkF99kGLzPlLMsEYhu0Jsvtp5wNjJPSeG9YYuuDeTlE+JDZZmgYZBbWxTbNxRevoocDUxEx63RIJM8YWtGcvO9w2YZs1lr+QrAukpyQgHOPuXTDarypAZ3109kUiwxEpIiWWeM+nPqmEb8/mLI+lnAqu+soosEkHFY6KGJvm3ScR4EdkxfoNAgXQERMSSRu0y4ODlTs+T4lc6UNkCFBmEdd7q3zJazuVOF2WfcuWXZTQouk7g/00EOx+4A8GF1mn+Oz2wLMOyzf55vRHm+tlq8CrWLINeVUk/gyMFA7XpLulEDlkzzqWwBv9l+ehv634/V5Pqpddtz57kkOcmVU7j9VKsb1/3pjLDj/6lxFSL2h3HXNFzVwhIa8QvgEQ6jIQTW1JEMWtlI0GpYZ9h2MkEub+gnlQqvyVtPbNR/tMt2RF8ymhTXiNSaV1Jjb9st39+WdHItE5qIZA5lWXE2uJ1eaxBKDZdqfH2Rq94cmV0gG4ALWnDyvgMw== mlynch1985@gmail.com",
            "tags": {}
          },
          "private": "eyJzY2hlbWFfdmVyc2lvbiI6IjEifQ=="
        }
      ]
    },
    {
      "mode": "managed",
      "type": "aws_launch_template",
      "name": "linuxwordpress",
      "provider": "provider.aws",
      "instances": [
        {
          "schema_version": 0,
          "attributes": {
            "arn": "arn:aws:ec2:us-east-1:411395035331:launch-template/lt-02dfe28585d0ee1d6",
            "block_device_mappings": [],
            "capacity_reservation_specification": [],
            "cpu_options": [],
            "credit_specification": [],
            "default_version": 1,
            "description": "",
            "disable_api_termination": false,
            "ebs_optimized": "",
            "elastic_gpu_specifications": [],
            "elastic_inference_accelerator": [],
            "hibernation_options": [],
            "iam_instance_profile": [
              {
                "arn": "",
                "name": "useast1d_ec2_linuxwordpress"
              }
            ],
            "id": "lt-02dfe28585d0ee1d6",
            "image_id": "ami-0323c3dd2da7fb37d",
            "instance_initiated_shutdown_behavior": "",
            "instance_market_options": [],
            "instance_type": "t2.medium",
            "kernel_id": "",
            "key_name": "useast1d_linuxwordpress_keypair",
            "latest_version": 1,
            "license_specification": [],
            "metadata_options": [],
            "monitoring": [],
            "name": "useast1d_linuxwordpress_launchtemplate",
            "name_prefix": null,
            "network_interfaces": [],
            "placement": [],
            "ram_disk_id": "",
            "security_group_names": [],
            "tag_specifications": [],
            "tags": {},
            "user_data": "IyEvYmluL2Jhc2gNCg0KIyMgUGVyZm9ybSBzeXN0ZW0gdXBkYXRlcyBmaXJzdA0KeXVtIHVwZGF0ZSAteQ0KDQojIyBDYXB0dXJlIGN1cnJlbnQgSW5zdGFuY2UgSUQgYW5kIFJlZ2lvbg0KSU5TVEFOQ0VfSUQ9JChjdXJsIC1zICdodHRwOi8vMTY5LjI1NC4xNjkuMjU0L2xhdGVzdC9tZXRhLWRhdGEvaW5zdGFuY2UtaWQnKQ0KSU5TVEFOQ0VfUkVHSU9OPSQoY3VybCAtcyAnaHR0cDovLzE2OS4yNTQuMTY5LjI1NC9sYXRlc3QvZHluYW1pYy9pbnN0YW5jZS1pZGVudGl0eS9kb2N1bWVudCcgfCBweXRob24gLWMgImltcG9ydCBzeXMsIGpzb247IHByaW50IGpzb24ubG9hZChzeXMuc3RkaW4pWydyZWdpb24nXSIpDQoNCiMjIEluc3RhbGwgdGhlIENsb3Vkd2F0Y2hBZ2VudCBpZiBub3QgYWxyZWFkeSBwcmVzZW50DQppZiBbICEgLWQgIi9vcHQvYXdzL2FtYXpvbi1jbG91ZHdhdGNoLWFnZW50IiBdDQp0aGVuDQogICAgd2dldCBodHRwczovL3MzLiR7SU5TVEFOQ0VfUkVHSU9OfS5hbWF6b25hd3MuY29tL2FtYXpvbmNsb3Vkd2F0Y2gtYWdlbnQtJHtJTlNUQU5DRV9SRUdJT059L2FtYXpvbl9saW51eC9hbWQ2NC9sYXRlc3QvYW1hem9uLWNsb3Vkd2F0Y2gtYWdlbnQucnBtDQogICAgcnBtIC1VIC4vYW1hem9uLWNsb3Vkd2F0Y2gtYWdlbnQucnBtDQogICAgcm0gLXJmIGFtYXpvbi1jbG91ZHdhdGNoLWFnZW50LnJwbQ0KZmkNCg0KIyMgVXBkYXRlIG91ciBzaGVsbCBzZXNzaW9uIGFuZCBzZXQgdGhlIGN1cnJlbnQgcmVnaW9uDQpleHBvcnQgQVdTX0RFRkFVTFRfUkVHSU9OPSRJTlNUQU5DRV9SRUdJT04NCg0KIyMgUXVlcnkgRUMyIEFQSSBmb3IgbmFtZXNwYWNlIGluc3RhbmNlIHRhZw0KTkFNRVNQQUNFPSQoYXdzIGVjMiBkZXNjcmliZS10YWdzIC0tZmlsdGVycyAiTmFtZT1yZXNvdXJjZS1pZCxWYWx1ZXM9JHtJTlNUQU5DRV9JRH0iICJOYW1lPWtleSxWYWx1ZXM9bmFtZXNwYWNlIiAtLXF1ZXJ5ICdUYWdzWzBdLlZhbHVlJyAtLW91dHB1dCB0ZXh0KQ0KDQojIyBEZWZpbmUgd2hlcmUgdG8gZG93bmxvYWQgdGhlIENsb3Vkd2F0Y2hBZ2VudCBjb25maWcgZnJvbSBhbmQgd2hlcmUgdG8gc2F2ZSBpdA0KQ1dBX1NPVVJDRT0iJHtOQU1FU1BBQ0V9LW1sdGVtcC9DbG91ZFdhdGNoQ29uZmlncy9saW51eC1hbWF6b24tY2xvdWR3YXRjaC1hZ2VudC5qc29uIg0KQ1dBX0RFU1RJTkFUSU9OPSIvb3B0L2F3cy9hbWF6b24tY2xvdWR3YXRjaC1hZ2VudC9ldGMvYW1hem9uLWNsb3Vkd2F0Y2gtYWdlbnQuanNvbiINCg0KIyMgRGVmaW5lIHdoZXJlIHRoZSBDbG91ZHdhdGNoQWdlbnQgYmluYXJ5IGxpdmVzDQpDV0FfQklOQVJZPSIvb3B0L2F3cy9hbWF6b24tY2xvdWR3YXRjaC1hZ2VudC9iaW4vYW1hem9uLWNsb3Vkd2F0Y2gtYWdlbnQtY3RsIg0KDQojIyBDb3B5IGRvd24gdGhlIENsdW9kV2F0Y2hBZ2VudCBjb25maWcgZmlsZQ0KYXdzIHMzIGNwICJzMzovLyRDV0FfU09VUkNFIiAkQ1dBX0RFU1RJTkFUSU9ODQoNCiMjIENvbmZpZ3VyZSBhbmQgc3RhcnQgdGhlIENsb3Vkd2F0Y2hBZ2VudA0KJENXQV9CSU5BUlkgLWEgZmV0Y2gtY29uZmlnIC1tIGVjMiAtYyBmaWxlOiRDV0FfREVTVElOQVRJT04gLXMNCg0KIyMgSW5zdGFsbCBBcGFjaGUgYW5kIFBIUA0KeXVtIGluc3RhbGwgaHR0cGQgLXkNCmFtYXpvbi1saW51eC1leHRyYXMgaW5zdGFsbCBwaHA3LjIgLXkNCnl1bSBpbnN0YWxsIHBocDcyLWdkIC15DQoNCiMjIERvd25sb2FkIGFuZCBleHRyYWN0IHRoZSBsYXRlc3QgdmVyc2lvbiBvZiBXb3JkcHJlc3MNCndnZXQgaHR0cHM6Ly93b3JkcHJlc3Mub3JnL2xhdGVzdC50YXIuZ3oNCnRhciAteHp2ZiBsYXRlc3QudGFyLmd6DQoNCiMjIFNldHVwIENvbmZpZyBmaWxlIGFuZCB0aGVuIG1vdmUgaXQgaW50byBIVFRQRCBXZWJSb290DQpjcCB3b3JkcHJlc3Mvd3AtY29uZmlnLXNhbXBsZS5waHAgd29yZHByZXNzL3dwLWNvbmZpZy5waHANCmNwIC1yIHdvcmRwcmVzcy8qIC92YXIvd3d3L2h0bWwvDQoNCiMjIFF1ZXJ5IEFXUyBBUEkgdG8gb2J0YWluIERhdGFiYXNlIENyZWRlbnRpYWxzDQpEQkhPU1Q9JChhd3Mgc3NtIGdldC1wYXJhbWV0ZXIgLS1yZWdpb24gJElOU1RBTkNFX1JFR0lPTiAtLW91dHB1dCB0ZXh0IC0tcXVlcnkgIlBhcmFtZXRlci5WYWx1ZSIgLS1uYW1lICIke05BTUVTUEFDRX1fbGludXh3b3JkcHJlc3NfaG9zdG5hbWUiKQ0KREJOQU1FPSQoYXdzIHNzbSBnZXQtcGFyYW1ldGVyIC0tcmVnaW9uICRJTlNUQU5DRV9SRUdJT04gLS1vdXRwdXQgdGV4dCAtLXF1ZXJ5ICJQYXJhbWV0ZXIuVmFsdWUiIC0tbmFtZSAiJHtOQU1FU1BBQ0V9X2xpbnV4d29yZHByZXNzX2RibmFtZSIpDQpEQlVTRVI9JChhd3Mgc3NtIGdldC1wYXJhbWV0ZXIgLS1yZWdpb24gJElOU1RBTkNFX1JFR0lPTiAtLW91dHB1dCB0ZXh0IC0tcXVlcnkgIlBhcmFtZXRlci5WYWx1ZSIgLS1uYW1lICIke05BTUVTUEFDRX1fbGludXh3b3JkcHJlc3NfdXNlcm5hbWUiKQ0KREJQQVNTPSQoYXdzIHNzbSBnZXQtcGFyYW1ldGVyIC0tcmVnaW9uICRJTlNUQU5DRV9SRUdJT04gLS1vdXRwdXQgdGV4dCAtLXF1ZXJ5ICJQYXJhbWV0ZXIuVmFsdWUiIC0tbmFtZSAiJHtOQU1FU1BBQ0V9X2xpbnV4d29yZHByZXNzX3Bhc3N3b3JkIikNCg0KIyMgVXBkYXRlIFdQIENvbmZpZyB0byBpbmNsdWRlIERhdGFiYXNlIENvbm5lY3Rpb24gRGV0YWlscw0Kc2VkIC1pICJzL2xvY2FsaG9zdC8kREJIT1NUL2ciIC92YXIvd3d3L2h0bWwvd3AtY29uZmlnLnBocA0Kc2VkIC1pICJzL2RhdGFiYXNlX25hbWVfaGVyZS8kREJOQU1FL2ciIC92YXIvd3d3L2h0bWwvd3AtY29uZmlnLnBocA0Kc2VkIC1pICJzL3VzZXJuYW1lX2hlcmUvJERCVVNFUi9nIiAvdmFyL3d3dy9odG1sL3dwLWNvbmZpZy5waHANCnNlZCAtaSAicy9wYXNzd29yZF9oZXJlLyREQlBBU1MvZyIgL3Zhci93d3cvaHRtbC93cC1jb25maWcucGhwDQoNCiMjIEdlbmVyYXRlIG5ldyBDb29raWUgU2VlZCBLZXlzIGFuZCB1cGRhdGUgdGhlIFdQIENvbmZpZyBmaWxlDQplY2hvICIiID4+IC92YXIvd3d3L2h0bWwvd3AtY29uZmlnLnBocA0KY3VybCAtcyAnaHR0cHM6Ly9hcGkud29yZHByZXNzLm9yZy9zZWNyZXQta2V5LzEuMS9zYWx0LycgPj4gL3Zhci93d3cvaHRtbC93cC1jb25maWcucGhwDQoNCiMjIFJlc2V0IHBlcm1pc3Npb25zIG9uIHRoZSBIVFRQRCBXZWJSb290DQpjaG93biAtUiBhcGFjaGU6YXBhY2hlIC92YXIvd3d3DQpjaG1vZCAyNzc1IC92YXIvd3d3DQpmaW5kIC92YXIvd3d3IC10eXBlIGQgLWV4ZWMgY2htb2QgMjc3NSB7fSBcOw0KZmluZCAvdmFyL3d3dyAtdHlwZSBmIC1leGVjIGNobW9kIDA2NjQge30gXDsNCg0KIyMgU3RhcnQgSFRUUEQgYW5kIGVuYWJsZSBpdCBhcyBhIHN0YXJ0dXAgc2VydmljZQ0Kc3lzdGVtY3RsIHN0YXJ0IGh0dHBkDQpzeXN0ZW1jdGwgZW5hYmxlIGh0dHBkDQo=",
            "vpc_security_group_ids": [
              "sg-08e036c842971fca0",
              "sg-0bf7956f092c26456"
            ]
          },
          "private": "bnVsbA==",
          "dependencies": [
            "aws_iam_instance_profile.linuxwordpress",
            "aws_iam_role.linuxwordpress",
            "aws_key_pair.linuxwordpress"
          ]
        }
      ]
    },
    {
      "mode": "managed",
      "type": "aws_lb",
      "name": "linuxwordpress",
      "provider": "provider.aws",
      "instances": [
        {
          "schema_version": 0,
          "attributes": {
            "access_logs": [
              {
                "bucket": "",
                "enabled": false,
                "prefix": ""
              }
            ],
            "arn": "arn:aws:elasticloadbalancing:us-east-1:411395035331:loadbalancer/app/useast1d-linuxwordpress/f010da4719a2a9f7",
            "arn_suffix": "app/useast1d-linuxwordpress/f010da4719a2a9f7",
            "dns_name": "useast1d-linuxwordpress-1296390454.us-east-1.elb.amazonaws.com",
            "drop_invalid_header_fields": false,
            "enable_cross_zone_load_balancing": null,
            "enable_deletion_protection": false,
            "enable_http2": true,
            "id": "arn:aws:elasticloadbalancing:us-east-1:411395035331:loadbalancer/app/useast1d-linuxwordpress/f010da4719a2a9f7",
            "idle_timeout": 60,
            "internal": false,
            "ip_address_type": "ipv4",
            "load_balancer_type": "application",
            "name": "useast1d-linuxwordpress",
            "name_prefix": null,
            "security_groups": [
              "sg-0bf7956f092c26456",
              "sg-0d73641d929723837"
            ],
            "subnet_mapping": [
              {
                "allocation_id": "",
                "subnet_id": "subnet-07e76814f1543d4e3"
              },
              {
                "allocation_id": "",
                "subnet_id": "subnet-08274650c7309b6d2"
              },
              {
                "allocation_id": "",
                "subnet_id": "subnet-0aafb89244145f716"
              }
            ],
            "subnets": [
              "subnet-07e76814f1543d4e3",
              "subnet-08274650c7309b6d2",
              "subnet-0aafb89244145f716"
            ],
            "tags": {
              "Environment": "dev",
              "Name": "useast1d_alb_linuxwordpress",
              "Namespace": "useast1d"
            },
            "timeouts": null,
            "vpc_id": "vpc-0bf2700a887db25fd",
            "zone_id": "Z35SXDOTRQ7X7K"
          },
          "private": "eyJlMmJmYjczMC1lY2FhLTExZTYtOGY4OC0zNDM2M2JjN2M0YzAiOnsiY3JlYXRlIjo2MDAwMDAwMDAwMDAsImRlbGV0ZSI6NjAwMDAwMDAwMDAwLCJ1cGRhdGUiOjYwMDAwMDAwMDAwMH19"
        }
      ]
    },
    {
      "mode": "managed",
      "type": "aws_lb_listener",
      "name": "linuxwordpress",
      "provider": "provider.aws",
      "instances": [
        {
          "schema_version": 0,
          "attributes": {
            "arn": "arn:aws:elasticloadbalancing:us-east-1:411395035331:listener/app/useast1d-linuxwordpress/f010da4719a2a9f7/6c7b710debbd6fa5",
            "certificate_arn": null,
            "default_action": [
              {
                "authenticate_cognito": [],
                "authenticate_oidc": [],
                "fixed_response": [],
                "order": 1,
                "redirect": [],
                "target_group_arn": "arn:aws:elasticloadbalancing:us-east-1:411395035331:targetgroup/useast1d-linuxwordpress/45caadf10ef40447",
                "type": "forward"
              }
            ],
            "id": "arn:aws:elasticloadbalancing:us-east-1:411395035331:listener/app/useast1d-linuxwordpress/f010da4719a2a9f7/6c7b710debbd6fa5",
            "load_balancer_arn": "arn:aws:elasticloadbalancing:us-east-1:411395035331:loadbalancer/app/useast1d-linuxwordpress/f010da4719a2a9f7",
            "port": 80,
            "protocol": "HTTP",
            "ssl_policy": "",
            "timeouts": null
          },
          "private": "eyJlMmJmYjczMC1lY2FhLTExZTYtOGY4OC0zNDM2M2JjN2M0YzAiOnsicmVhZCI6NjAwMDAwMDAwMDAwfX0=",
          "dependencies": [
            "aws_lb.linuxwordpress",
            "aws_lb_target_group.linuxwordpress"
          ]
        }
      ]
    },
    {
      "mode": "managed",
      "type": "aws_lb_target_group",
      "name": "linuxwordpress",
      "provider": "provider.aws",
      "instances": [
        {
          "schema_version": 0,
          "attributes": {
            "arn": "arn:aws:elasticloadbalancing:us-east-1:411395035331:targetgroup/useast1d-linuxwordpress/45caadf10ef40447",
            "arn_suffix": "targetgroup/useast1d-linuxwordpress/45caadf10ef40447",
            "deregistration_delay": 300,
            "health_check": [
              {
                "enabled": true,
                "healthy_threshold": 5,
                "interval": 30,
                "matcher": "200",
                "path": "/",
                "port": "traffic-port",
                "protocol": "HTTP",
                "timeout": 5,
                "unhealthy_threshold": 2
              }
            ],
            "id": "arn:aws:elasticloadbalancing:us-east-1:411395035331:targetgroup/useast1d-linuxwordpress/45caadf10ef40447",
            "lambda_multi_value_headers_enabled": false,
            "load_balancing_algorithm_type": "round_robin",
            "name": "useast1d-linuxwordpress",
            "name_prefix": null,
            "port": 80,
            "protocol": "HTTP",
            "proxy_protocol_v2": false,
            "slow_start": 0,
            "stickiness": [
              {
                "cookie_duration": 86400,
                "enabled": false,
                "type": "lb_cookie"
              }
            ],
            "tags": {
              "Environment": "dev",
              "Name": "useast1d_linuxwordpress_targetgroup",
              "Namespace": "useast1d"
            },
            "target_type": "instance",
            "vpc_id": "vpc-0bf2700a887db25fd"
          },
          "private": "bnVsbA=="
        }
      ]
    },
    {
      "mode": "managed",
      "type": "aws_security_group",
      "name": "allow_vpc_mysql",
      "provider": "provider.aws",
      "instances": [
        {
          "schema_version": 1,
          "attributes": {
            "arn": "arn:aws:ec2:us-east-1:411395035331:security-group/sg-02e26a68aa09fa77b",
            "description": "Allow MySQL inbound traffic from Private Servers",
            "egress": [
              {
                "cidr_blocks": [
                  "0.0.0.0/0"
                ],
                "description": "",
                "from_port": 0,
                "ipv6_cidr_blocks": [],
                "prefix_list_ids": [],
                "protocol": "-1",
                "security_groups": [],
                "self": false,
                "to_port": 0
              }
            ],
            "id": "sg-02e26a68aa09fa77b",
            "ingress": [
              {
                "cidr_blocks": [
                  "10.0.11.0/24",
                  "10.0.13.0/24",
                  "10.0.12.0/24"
                ],
                "description": "Allow MySQL inbound traffic from Private Servers",
                "from_port": 3306,
                "ipv6_cidr_blocks": [],
                "prefix_list_ids": [],
                "protocol": "tcp",
                "security_groups": [],
                "self": false,
                "to_port": 3306
              }
            ],
            "name": "useast1d_allow_vpc_mysql",
            "name_prefix": null,
            "owner_id": "411395035331",
            "revoke_rules_on_delete": false,
            "tags": {
              "Environment": "dev",
              "Name": "useast1d_allow_vpc_mysql",
              "Namespace": "useast1d"
            },
            "timeouts": null,
            "vpc_id": "vpc-0bf2700a887db25fd"
          },
          "private": "eyJlMmJmYjczMC1lY2FhLTExZTYtOGY4OC0zNDM2M2JjN2M0YzAiOnsiY3JlYXRlIjo2MDAwMDAwMDAwMDAsImRlbGV0ZSI6NjAwMDAwMDAwMDAwfSwic2NoZW1hX3ZlcnNpb24iOiIxIn0="
        }
      ]
    },
    {
      "mode": "managed",
      "type": "aws_ssm_parameter",
      "name": "linuxwordpress_dbname",
      "provider": "provider.aws",
      "instances": [
        {
          "schema_version": 0,
          "attributes": {
            "allowed_pattern": "",
            "arn": "arn:aws:ssm:us-east-1:411395035331:parameter/useast1d_linuxwordpress_dbname",
            "description": "",
            "id": "useast1d_linuxwordpress_dbname",
            "key_id": "",
            "name": "useast1d_linuxwordpress_dbname",
            "overwrite": null,
            "tags": {},
            "tier": "Standard",
            "type": "String",
            "value": "useast1dlinuxwordpress",
            "version": 1
          },
          "private": "bnVsbA==",
          "dependencies": [
            "aws_db_instance.linuxwordpress",
            "aws_db_subnet_group.linuxwordpress",
            "aws_security_group.allow_vpc_mysql",
            "random_password.linuxwordpress_password",
            "random_string.linuxwordpress_username"
          ]
        }
      ]
    },
    {
      "mode": "managed",
      "type": "aws_ssm_parameter",
      "name": "linuxwordpress_hostname",
      "provider": "provider.aws",
      "instances": [
        {
          "schema_version": 0,
          "attributes": {
            "allowed_pattern": "",
            "arn": "arn:aws:ssm:us-east-1:411395035331:parameter/useast1d_linuxwordpress_hostname",
            "description": "",
            "id": "useast1d_linuxwordpress_hostname",
            "key_id": "",
            "name": "useast1d_linuxwordpress_hostname",
            "overwrite": null,
            "tags": {},
            "tier": "Standard",
            "type": "String",
            "value": "useast1dlinuxwordpress.cyk6jqpw0bsf.us-east-1.rds.amazonaws.com",
            "version": 1
          },
          "private": "bnVsbA==",
          "dependencies": [
            "aws_db_instance.linuxwordpress",
            "aws_db_subnet_group.linuxwordpress",
            "aws_security_group.allow_vpc_mysql",
            "random_password.linuxwordpress_password",
            "random_string.linuxwordpress_username"
          ]
        }
      ]
    },
    {
      "mode": "managed",
      "type": "aws_ssm_parameter",
      "name": "linuxwordpress_password",
      "provider": "provider.aws",
      "instances": [
        {
          "schema_version": 0,
          "attributes": {
            "allowed_pattern": "",
            "arn": "arn:aws:ssm:us-east-1:411395035331:parameter/useast1d_linuxwordpress_password",
            "description": "",
            "id": "useast1d_linuxwordpress_password",
            "key_id": "",
            "name": "useast1d_linuxwordpress_password",
            "overwrite": null,
            "tags": {},
            "tier": "Standard",
            "type": "String",
            "value": "_zDdOBrtA9rvgoXa",
            "version": 1
          },
          "private": "bnVsbA==",
          "dependencies": [
            "random_password.linuxwordpress_password"
          ]
        }
      ]
    },
    {
      "mode": "managed",
      "type": "aws_ssm_parameter",
      "name": "linuxwordpress_username",
      "provider": "provider.aws",
      "instances": [
        {
          "schema_version": 0,
          "attributes": {
            "allowed_pattern": "",
            "arn": "arn:aws:ssm:us-east-1:411395035331:parameter/useast1d_linuxwordpress_username",
            "description": "",
            "id": "useast1d_linuxwordpress_username",
            "key_id": "",
            "name": "useast1d_linuxwordpress_username",
            "overwrite": null,
            "tags": {},
            "tier": "Standard",
            "type": "String",
            "value": "bbY5JBLImQyW",
            "version": 2
          },
          "private": "bnVsbA==",
          "dependencies": [
            "random_string.linuxwordpress_username"
          ]
        }
      ]
    },
    {
      "mode": "managed",
      "type": "random_password",
      "name": "linuxwordpress_password",
      "provider": "provider.random",
      "instances": [
        {
          "schema_version": 0,
          "attributes": {
            "id": "none",
            "keepers": null,
            "length": 16,
            "lower": true,
            "min_lower": 0,
            "min_numeric": 0,
            "min_special": 0,
            "min_upper": 0,
            "number": true,
            "override_special": "_%@",
            "result": "_zDdOBrtA9rvgoXa",
            "special": true,
            "upper": true
          },
          "private": "bnVsbA=="
        }
      ]
    },
    {
      "mode": "managed",
      "type": "random_string",
      "name": "linuxwordpress_username",
      "provider": "provider.random",
      "instances": [
        {
          "schema_version": 1,
          "attributes": {
            "id": "bbY5JBLImQyW",
            "keepers": null,
            "length": 12,
            "lower": true,
            "min_lower": 0,
            "min_numeric": 0,
            "min_special": 0,
            "min_upper": 0,
            "number": true,
            "override_special": null,
            "result": "bbY5JBLImQyW",
            "special": false,
            "upper": true
          },
          "private": "eyJzY2hlbWFfdmVyc2lvbiI6IjEifQ=="
        }
      ]
    }
  ]
}
