{
  "version": 4,
  "terraform_version": "0.12.25",
  "serial": 89,
  "lineage": "f0dbe8a7-de5f-5d56-67bb-510a8e29dbc5",
  "outputs": {},
  "resources": [
    {
      "mode": "data",
      "type": "aws_ami",
      "name": "amazon-linux-2",
      "provider": "provider.aws",
      "instances": [
        {
          "schema_version": 0,
          "attributes": {
            "architecture": "x86_64",
            "block_device_mappings": [
              {
                "device_name": "/dev/xvda",
                "ebs": {
                  "delete_on_termination": "true",
                  "encrypted": "false",
                  "iops": "0",
                  "snapshot_id": "snap-0e1167baa50e9c0ff",
                  "volume_size": "8",
                  "volume_type": "gp2"
                },
                "no_device": "",
                "virtual_name": ""
              }
            ],
            "creation_date": "2020-04-07T17:30:33.000Z",
            "description": "Amazon Linux 2 AMI 2.0.20200406.0 x86_64 HVM gp2",
            "executable_users": null,
            "filter": [
              {
                "name": "name",
                "values": [
                  "amzn2-ami-hvm-2.0*"
                ]
              }
            ],
            "hypervisor": "xen",
            "id": "ami-0323c3dd2da7fb37d",
            "image_id": "ami-0323c3dd2da7fb37d",
            "image_location": "amazon/amzn2-ami-hvm-2.0.20200406.0-x86_64-gp2",
            "image_owner_alias": "amazon",
            "image_type": "machine",
            "kernel_id": null,
            "most_recent": true,
            "name": "amzn2-ami-hvm-2.0.20200406.0-x86_64-gp2",
            "name_regex": null,
            "owner_id": "137112412989",
            "owners": [
              "137112412989"
            ],
            "platform": null,
            "product_codes": [],
            "public": true,
            "ramdisk_id": null,
            "root_device_name": "/dev/xvda",
            "root_device_type": "ebs",
            "root_snapshot_id": "snap-0e1167baa50e9c0ff",
            "sriov_net_support": "simple",
            "state": "available",
            "state_reason": {
              "code": "UNSET",
              "message": "UNSET"
            },
            "tags": {},
            "virtualization_type": "hvm"
          }
        }
      ]
    },
    {
      "mode": "data",
      "type": "aws_caller_identity",
      "name": "current",
      "provider": "provider.aws",
      "instances": [
        {
          "schema_version": 0,
          "attributes": {
            "account_id": "411395035331",
            "arn": "arn:aws:sts::411395035331:assumed-role/Admin/awsml-Isengard",
            "id": "2020-05-19 01:49:07.1395801 +0000 UTC",
            "user_id": "AROAV7SIOCDBXZRGIK22A:awsml-Isengard"
          }
        }
      ]
    },
    {
      "mode": "data",
      "type": "aws_security_group",
      "name": "sg-allow-http",
      "provider": "provider.aws",
      "instances": [
        {
          "schema_version": 0,
          "attributes": {
            "arn": "arn:aws:ec2:us-east-1:411395035331:security-group/sg-07513fb424af34de5",
            "description": "Allow HTTP inbound traffic from VPC",
            "filter": null,
            "id": "sg-07513fb424af34de5",
            "name": "allow-http",
            "tags": {
              "Environment": "dev",
              "Name": "useast1d-allow-http",
              "Namespace": "useast1d"
            },
            "vpc_id": "vpc-01442b319a4afaf7d"
          }
        }
      ]
    },
    {
      "mode": "data",
      "type": "aws_security_group",
      "name": "sg-allow-ssh",
      "provider": "provider.aws",
      "instances": [
        {
          "schema_version": 0,
          "attributes": {
            "arn": "arn:aws:ec2:us-east-1:411395035331:security-group/sg-06b96af31b7774635",
            "description": "Allow SSH inbound traffic from VPC",
            "filter": null,
            "id": "sg-06b96af31b7774635",
            "name": "allow-ssh",
            "tags": {
              "Environment": "dev",
              "Name": "useast1d-allow-ssh",
              "Namespace": "useast1d"
            },
            "vpc_id": "vpc-01442b319a4afaf7d"
          }
        }
      ]
    },
    {
      "mode": "data",
      "type": "aws_subnet",
      "name": "private-subnets-list",
      "each": "map",
      "provider": "provider.aws",
      "instances": [
        {
          "index_key": "subnet-0b86cedba1283090c",
          "schema_version": 0,
          "attributes": {
            "arn": "arn:aws:ec2:us-east-1:411395035331:subnet/subnet-0b86cedba1283090c",
            "assign_ipv6_address_on_creation": false,
            "availability_zone": "us-east-1b",
            "availability_zone_id": "use1-az4",
            "cidr_block": "10.0.12.0/24",
            "default_for_az": false,
            "filter": null,
            "id": "subnet-0b86cedba1283090c",
            "ipv6_cidr_block": null,
            "ipv6_cidr_block_association_id": null,
            "map_public_ip_on_launch": false,
            "outpost_arn": "",
            "owner_id": "411395035331",
            "state": "available",
            "tags": {
              "Environment": "dev",
              "Name": "useast1d-private-b",
              "Namespace": "useast1d",
              "Tier": "private"
            },
            "vpc_id": "vpc-01442b319a4afaf7d"
          }
        },
        {
          "index_key": "subnet-0c7979373cffdd8dc",
          "schema_version": 0,
          "attributes": {
            "arn": "arn:aws:ec2:us-east-1:411395035331:subnet/subnet-0c7979373cffdd8dc",
            "assign_ipv6_address_on_creation": false,
            "availability_zone": "us-east-1a",
            "availability_zone_id": "use1-az2",
            "cidr_block": "10.0.11.0/24",
            "default_for_az": false,
            "filter": null,
            "id": "subnet-0c7979373cffdd8dc",
            "ipv6_cidr_block": null,
            "ipv6_cidr_block_association_id": null,
            "map_public_ip_on_launch": false,
            "outpost_arn": "",
            "owner_id": "411395035331",
            "state": "available",
            "tags": {
              "Environment": "dev",
              "Name": "useast1d-private-a",
              "Namespace": "useast1d",
              "Tier": "private"
            },
            "vpc_id": "vpc-01442b319a4afaf7d"
          }
        },
        {
          "index_key": "subnet-0cf774f60f0537e0a",
          "schema_version": 0,
          "attributes": {
            "arn": "arn:aws:ec2:us-east-1:411395035331:subnet/subnet-0cf774f60f0537e0a",
            "assign_ipv6_address_on_creation": false,
            "availability_zone": "us-east-1c",
            "availability_zone_id": "use1-az6",
            "cidr_block": "10.0.13.0/24",
            "default_for_az": false,
            "filter": null,
            "id": "subnet-0cf774f60f0537e0a",
            "ipv6_cidr_block": null,
            "ipv6_cidr_block_association_id": null,
            "map_public_ip_on_launch": false,
            "outpost_arn": "",
            "owner_id": "411395035331",
            "state": "available",
            "tags": {
              "Environment": "dev",
              "Name": "useast1d-private-c",
              "Namespace": "useast1d",
              "Tier": "private"
            },
            "vpc_id": "vpc-01442b319a4afaf7d"
          }
        }
      ]
    },
    {
      "mode": "data",
      "type": "aws_subnet_ids",
      "name": "private-subnets",
      "provider": "provider.aws",
      "instances": [
        {
          "schema_version": 0,
          "attributes": {
            "filter": null,
            "id": "vpc-01442b319a4afaf7d",
            "ids": [
              "subnet-0b86cedba1283090c",
              "subnet-0c7979373cffdd8dc",
              "subnet-0cf774f60f0537e0a"
            ],
            "tags": {
              "Environment": "dev",
              "Namespace": "useast1d",
              "Tier": "private"
            },
            "vpc_id": "vpc-01442b319a4afaf7d"
          }
        }
      ]
    },
    {
      "mode": "data",
      "type": "aws_subnet_ids",
      "name": "public-subnets",
      "provider": "provider.aws",
      "instances": [
        {
          "schema_version": 0,
          "attributes": {
            "filter": null,
            "id": "vpc-01442b319a4afaf7d",
            "ids": [
              "subnet-0296e948ab5e8ba36",
              "subnet-0c74901ecb2f9bbf0",
              "subnet-0ede4bd635738fa26"
            ],
            "tags": {
              "Environment": "dev",
              "Namespace": "useast1d",
              "Tier": "public"
            },
            "vpc_id": "vpc-01442b319a4afaf7d"
          }
        }
      ]
    },
    {
      "mode": "data",
      "type": "aws_vpc",
      "name": "vpc",
      "provider": "provider.aws",
      "instances": [
        {
          "schema_version": 0,
          "attributes": {
            "arn": "arn:aws:ec2:us-east-1:411395035331:vpc/vpc-01442b319a4afaf7d",
            "cidr_block": "10.0.0.0/16",
            "cidr_block_associations": [
              {
                "association_id": "vpc-cidr-assoc-0e45164cc4c8d93e1",
                "cidr_block": "10.0.0.0/16",
                "state": "associated"
              }
            ],
            "default": false,
            "dhcp_options_id": "dopt-8f56eaf5",
            "enable_dns_hostnames": true,
            "enable_dns_support": true,
            "filter": null,
            "id": "vpc-01442b319a4afaf7d",
            "instance_tenancy": "default",
            "ipv6_association_id": null,
            "ipv6_cidr_block": null,
            "main_route_table_id": "rtb-0d9a23caf0f1e004d",
            "owner_id": "411395035331",
            "state": "available",
            "tags": {
              "Environment": "dev",
              "Name": "useast1d-vpc",
              "Namespace": "useast1d"
            }
          }
        }
      ]
    },
    {
      "mode": "managed",
      "type": "aws_autoscaling_group",
      "name": "asg-linuxwordpress",
      "provider": "provider.aws",
      "instances": [
        {
          "schema_version": 0,
          "attributes": {
            "arn": "arn:aws:autoscaling:us-east-1:411395035331:autoScalingGroup:23bc3e9f-7254-4f04-80bd-8b99d3f281cb:autoScalingGroupName/useast1d-linuxwordpress",
            "availability_zones": [
              "us-east-1a",
              "us-east-1b",
              "us-east-1c"
            ],
            "default_cooldown": 300,
            "desired_capacity": 1,
            "enabled_metrics": [],
            "force_delete": true,
            "health_check_grace_period": 300,
            "health_check_type": "EC2",
            "id": "useast1d-linuxwordpress",
            "initial_lifecycle_hook": [],
            "launch_configuration": "",
            "launch_template": [
              {
                "id": "lt-0a8405e180bc55a2d",
                "name": "useast1d-linuxwordpress",
                "version": "$Latest"
              }
            ],
            "load_balancers": [],
            "max_instance_lifetime": 0,
            "max_size": 5,
            "metrics_granularity": "1Minute",
            "min_elb_capacity": null,
            "min_size": 1,
            "mixed_instances_policy": [],
            "name": "useast1d-linuxwordpress",
            "name_prefix": null,
            "placement_group": "",
            "protect_from_scale_in": false,
            "service_linked_role_arn": "arn:aws:iam::411395035331:role/aws-service-role/autoscaling.amazonaws.com/AWSServiceRoleForAutoScaling",
            "suspended_processes": [],
            "tag": [
              {
                "key": "Name",
                "propagate_at_launch": true,
                "value": "useast1d-linuxwordpress"
              },
              {
                "key": "environment",
                "propagate_at_launch": true,
                "value": "dev"
              },
              {
                "key": "namespace",
                "propagate_at_launch": true,
                "value": "useast1d"
              }
            ],
            "tags": null,
            "target_group_arns": [
              "arn:aws:elasticloadbalancing:us-east-1:411395035331:targetgroup/useast1d-targetgroup-wordpress/1d7f1a2c7a9375cc"
            ],
            "termination_policies": [
              "OldestLaunchConfiguration",
              "OldestInstance"
            ],
            "timeouts": {
              "delete": "15m"
            },
            "vpc_zone_identifier": [
              "subnet-0b86cedba1283090c",
              "subnet-0c7979373cffdd8dc",
              "subnet-0cf774f60f0537e0a"
            ],
            "wait_for_capacity_timeout": "10m",
            "wait_for_elb_capacity": null
          },
          "private": "eyJlMmJmYjczMC1lY2FhLTExZTYtOGY4OC0zNDM2M2JjN2M0YzAiOnsiZGVsZXRlIjo5MDAwMDAwMDAwMDB9fQ==",
          "dependencies": [
            "aws_iam_instance_profile.ec2-linuxwordpress-instance-profile",
            "aws_iam_role.role-ec2-linuxwordpress",
            "aws_key_pair.keypair-linuxwordpress",
            "aws_launch_template.launchtemplate-linuxwordpress",
            "aws_lb_target_group.targetgroup-linuxwordpress"
          ]
        }
      ]
    },
    {
      "mode": "managed",
      "type": "aws_db_instance",
      "name": "rds-linuxwordpress",
      "provider": "provider.aws",
      "instances": [
        {
          "schema_version": 1,
          "attributes": {
            "address": "useast1dlinuxwordpress.cyk6jqpw0bsf.us-east-1.rds.amazonaws.com",
            "allocated_storage": 20,
            "allow_major_version_upgrade": null,
            "apply_immediately": true,
            "arn": "arn:aws:rds:us-east-1:411395035331:db:useast1dlinuxwordpress",
            "auto_minor_version_upgrade": true,
            "availability_zone": "us-east-1c",
            "backup_retention_period": 0,
            "backup_window": "03:35-04:05",
            "ca_cert_identifier": "rds-ca-2019",
            "character_set_name": null,
            "copy_tags_to_snapshot": false,
            "db_subnet_group_name": "useast1d-linuxwordpress",
            "delete_automated_backups": true,
            "deletion_protection": false,
            "domain": "",
            "domain_iam_role_name": "",
            "enabled_cloudwatch_logs_exports": [],
            "endpoint": "useast1dlinuxwordpress.cyk6jqpw0bsf.us-east-1.rds.amazonaws.com:3306",
            "engine": "mysql",
            "engine_version": "5.7.22",
            "final_snapshot_identifier": null,
            "hosted_zone_id": "Z2R2ITUGPM61AM",
            "iam_database_authentication_enabled": false,
            "id": "useast1dlinuxwordpress",
            "identifier": "useast1dlinuxwordpress",
            "identifier_prefix": null,
            "instance_class": "db.t2.micro",
            "iops": 0,
            "kms_key_id": "",
            "license_model": "general-public-license",
            "maintenance_window": "mon:06:02-mon:06:32",
            "max_allocated_storage": 100,
            "monitoring_interval": 0,
            "monitoring_role_arn": "",
            "multi_az": true,
            "name": "useast1dlinuxwordpress",
            "option_group_name": "default:mysql-5-7",
            "parameter_group_name": "default.mysql5.7",
            "password": "0BdGPIGHGlSQkIXN",
            "performance_insights_enabled": false,
            "performance_insights_kms_key_id": "",
            "performance_insights_retention_period": 0,
            "port": 3306,
            "publicly_accessible": false,
            "replicas": [],
            "replicate_source_db": "",
            "resource_id": "db-SHO5HQSHYBIR6R7BPJQQ7HIBCQ",
            "s3_import": [],
            "security_group_names": [],
            "skip_final_snapshot": true,
            "snapshot_identifier": null,
            "status": "available",
            "storage_encrypted": false,
            "storage_type": "gp2",
            "tags": {
              "Environment": "dev",
              "Name": "useast1d-rds-linuxwordpress",
              "Namespace": "useast1d"
            },
            "timeouts": null,
            "timezone": "",
            "username": "gKLyLe8wWw4Mmian",
            "vpc_security_group_ids": [
              "sg-045cce3089450e340"
            ]
          },
          "private": "eyJlMmJmYjczMC1lY2FhLTExZTYtOGY4OC0zNDM2M2JjN2M0YzAiOnsiY3JlYXRlIjoyNDAwMDAwMDAwMDAwLCJkZWxldGUiOjI0MDAwMDAwMDAwMDAsInVwZGF0ZSI6NDgwMDAwMDAwMDAwMH0sInNjaGVtYV92ZXJzaW9uIjoiMSJ9",
          "dependencies": [
            "aws_db_subnet_group.subnet-group-linuxwordpress",
            "aws_security_group.allow-vpc-mysql",
            "random_password.rds-password-linuxwordpress",
            "random_string.rds-user-linuxwordpress"
          ]
        }
      ]
    },
    {
      "mode": "managed",
      "type": "aws_db_subnet_group",
      "name": "subnet-group-linuxwordpress",
      "provider": "provider.aws",
      "instances": [
        {
          "schema_version": 0,
          "attributes": {
            "arn": "arn:aws:rds:us-east-1:411395035331:subgrp:useast1d-linuxwordpress",
            "description": "Managed by Terraform",
            "id": "useast1d-linuxwordpress",
            "name": "useast1d-linuxwordpress",
            "name_prefix": null,
            "subnet_ids": [
              "subnet-0b86cedba1283090c",
              "subnet-0c7979373cffdd8dc",
              "subnet-0cf774f60f0537e0a"
            ],
            "tags": {
              "Environment": "dev",
              "Name": "useast1d-subnet-group-linuxwordpress",
              "Namespace": "useast1d"
            }
          },
          "private": "bnVsbA=="
        }
      ]
    },
    {
      "mode": "managed",
      "type": "aws_iam_instance_profile",
      "name": "ec2-linuxwordpress-instance-profile",
      "provider": "provider.aws",
      "instances": [
        {
          "schema_version": 0,
          "attributes": {
            "arn": "arn:aws:iam::411395035331:instance-profile/useast1d-ec2-linuxwordpress",
            "create_date": "2020-05-19T00:45:38Z",
            "id": "useast1d-ec2-linuxwordpress",
            "name": "useast1d-ec2-linuxwordpress",
            "name_prefix": null,
            "path": "/",
            "role": "useast1d-role-ec2-linuxwordpress",
            "roles": [
              "useast1d-role-ec2-linuxwordpress"
            ],
            "unique_id": "AIPAV7SIOCDBXYO2LC4M6"
          },
          "private": "bnVsbA==",
          "dependencies": [
            "aws_iam_role.role-ec2-linuxwordpress"
          ]
        }
      ]
    },
    {
      "mode": "managed",
      "type": "aws_iam_role",
      "name": "role-ec2-linuxwordpress",
      "provider": "provider.aws",
      "instances": [
        {
          "schema_version": 0,
          "attributes": {
            "arn": "arn:aws:iam::411395035331:role/app/useast1d-role-ec2-linuxwordpress",
            "assume_role_policy": "{\"Version\":\"2012-10-17\",\"Statement\":[{\"Sid\":\"\",\"Effect\":\"Allow\",\"Principal\":{\"Service\":\"ec2.amazonaws.com\"},\"Action\":\"sts:AssumeRole\"}]}",
            "create_date": "2020-05-19T00:45:38Z",
            "description": "",
            "force_detach_policies": true,
            "id": "useast1d-role-ec2-linuxwordpress",
            "max_session_duration": 3600,
            "name": "useast1d-role-ec2-linuxwordpress",
            "name_prefix": null,
            "path": "/app/",
            "permissions_boundary": null,
            "tags": {},
            "unique_id": "AROAV7SIOCDB5QEDQ5UYI"
          },
          "private": "bnVsbA=="
        }
      ]
    },
    {
      "mode": "managed",
      "type": "aws_iam_role_policy",
      "name": "inline-ec2-linuxwordpress-describetags",
      "provider": "provider.aws",
      "instances": [
        {
          "schema_version": 0,
          "attributes": {
            "id": "useast1d-role-ec2-linuxwordpress:GrantEC2DescribeTags",
            "name": "GrantEC2DescribeTags",
            "name_prefix": null,
            "policy": "{\r\n  \"Version\": \"2012-10-17\",\r\n  \"Statement\": [\r\n    {\r\n      \"Sid\": \"GrantEC2DescribeTags\",\r\n      \"Effect\": \"Allow\",\r\n      \"Action\": [\r\n        \"ec2:DescribeTags\"\r\n      ],\r\n      \"Resource\": \"*\"\r\n    }\r\n  ]\r\n}\r\n",
            "role": "useast1d-role-ec2-linuxwordpress"
          },
          "private": "bnVsbA==",
          "dependencies": [
            "aws_iam_role.role-ec2-linuxwordpress"
          ]
        }
      ]
    },
    {
      "mode": "managed",
      "type": "aws_iam_role_policy",
      "name": "inline-ec2-linuxwordpress-s3copyobject",
      "provider": "provider.aws",
      "instances": [
        {
          "schema_version": 0,
          "attributes": {
            "id": "useast1d-role-ec2-linuxwordpress:GrantS3CopyObject",
            "name": "GrantS3CopyObject",
            "name_prefix": null,
            "policy": "{\r\n  \"Version\": \"2012-10-17\",\r\n  \"Statement\": [\r\n    {\r\n\t\t\t\"Sid\": \"GrantS3CopyObject\",\r\n\t\t\t\"Effect\": \"Allow\",\r\n\t\t\t\"Action\": [\r\n\t\t\t\t\"s3:Get*\",\r\n\t\t\t\t\"s3:List*\",\r\n                \"s3:CopyObject\",\r\n                \"s3:GetBucketLocation\"\r\n\t\t\t],\r\n      \"Resource\": \"*\"\r\n    }\r\n  ]\r\n}\r\n",
            "role": "useast1d-role-ec2-linuxwordpress"
          },
          "private": "bnVsbA==",
          "dependencies": [
            "aws_iam_role.role-ec2-linuxwordpress"
          ]
        }
      ]
    },
    {
      "mode": "managed",
      "type": "aws_iam_role_policy_attachment",
      "name": "attach-ec2-linuxwordpress-cloudwatch",
      "provider": "provider.aws",
      "instances": [
        {
          "schema_version": 0,
          "attributes": {
            "id": "useast1d-role-ec2-linuxwordpress-20200519004538863500000002",
            "policy_arn": "arn:aws:iam::aws:policy/CloudWatchAgentServerPolicy",
            "role": "useast1d-role-ec2-linuxwordpress"
          },
          "private": "bnVsbA==",
          "dependencies": [
            "aws_iam_role.role-ec2-linuxwordpress"
          ]
        }
      ]
    },
    {
      "mode": "managed",
      "type": "aws_iam_role_policy_attachment",
      "name": "attach-ec2-linuxwordpress-ssm",
      "provider": "provider.aws",
      "instances": [
        {
          "schema_version": 0,
          "attributes": {
            "id": "useast1d-role-ec2-linuxwordpress-20200519004538860500000001",
            "policy_arn": "arn:aws:iam::aws:policy/AmazonSSMManagedInstanceCore",
            "role": "useast1d-role-ec2-linuxwordpress"
          },
          "private": "bnVsbA==",
          "dependencies": [
            "aws_iam_role.role-ec2-linuxwordpress"
          ]
        }
      ]
    },
    {
      "mode": "managed",
      "type": "aws_key_pair",
      "name": "keypair-linuxwordpress",
      "provider": "provider.aws",
      "instances": [
        {
          "schema_version": 1,
          "attributes": {
            "fingerprint": "96:ba:ac:5c:df:c6:1c:b6:dd:82:6a:cf:01:ee:d6:00",
            "id": "useast1d-linuxwordpress",
            "key_name": "useast1d-linuxwordpress",
            "key_name_prefix": null,
            "key_pair_id": "key-0174b0ae40d728022",
            "public_key": "ssh-rsa AAAAB3NzaC1yc2EAAAADAQABAAACAQDY8q+gmo6silx1M0HPK3skBkK64UZXK9zEH8eE7i3MkVZDNa0xl84xC/OMikjYOEc+99wlNERr5FsakLxmIL6H+RmYlENKrTnE6E+qeqQ/yCa4zwer23rXghjgmRVORYsOuH2sLo/EDdu/vy/Cxxjv740pFLeEBHrX94T6uIzMsBL25E9dyPDYOkF99kGLzPlLMsEYhu0Jsvtp5wNjJPSeG9YYuuDeTlE+JDZZmgYZBbWxTbNxRevoocDUxEx63RIJM8YWtGcvO9w2YZs1lr+QrAukpyQgHOPuXTDarypAZ3109kUiwxEpIiWWeM+nPqmEb8/mLI+lnAqu+soosEkHFY6KGJvm3ScR4EdkxfoNAgXQERMSSRu0y4ODlTs+T4lc6UNkCFBmEdd7q3zJazuVOF2WfcuWXZTQouk7g/00EOx+4A8GF1mn+Oz2wLMOyzf55vRHm+tlq8CrWLINeVUk/gyMFA7XpLulEDlkzzqWwBv9l+ehv634/V5Pqpddtz57kkOcmVU7j9VKsb1/3pjLDj/6lxFSL2h3HXNFzVwhIa8QvgEQ6jIQTW1JEMWtlI0GpYZ9h2MkEub+gnlQqvyVtPbNR/tMt2RF8ymhTXiNSaV1Jjb9st39+WdHItE5qIZA5lWXE2uJ1eaxBKDZdqfH2Rq94cmV0gG4ALWnDyvgMw== mlynch1985@gmail.com",
            "tags": {}
          },
          "private": "eyJzY2hlbWFfdmVyc2lvbiI6IjEifQ=="
        }
      ]
    },
    {
      "mode": "managed",
      "type": "aws_launch_template",
      "name": "launchtemplate-linuxwordpress",
      "provider": "provider.aws",
      "instances": [
        {
          "schema_version": 0,
          "attributes": {
            "arn": "arn:aws:ec2:us-east-1:411395035331:launch-template/lt-0a8405e180bc55a2d",
            "block_device_mappings": [],
            "capacity_reservation_specification": [],
            "cpu_options": [],
            "credit_specification": [],
            "default_version": 1,
            "description": "",
            "disable_api_termination": false,
            "ebs_optimized": "",
            "elastic_gpu_specifications": [],
            "elastic_inference_accelerator": [],
            "hibernation_options": [],
            "iam_instance_profile": [
              {
                "arn": "",
                "name": "useast1d-ec2-linuxwordpress"
              }
            ],
            "id": "lt-0a8405e180bc55a2d",
            "image_id": "ami-0323c3dd2da7fb37d",
            "instance_initiated_shutdown_behavior": "",
            "instance_market_options": [],
            "instance_type": "t2.medium",
            "kernel_id": "",
            "key_name": "useast1d-linuxwordpress",
            "latest_version": 1,
            "license_specification": [],
            "metadata_options": [],
            "monitoring": [],
            "name": "useast1d-linuxwordpress",
            "name_prefix": null,
            "network_interfaces": [],
            "placement": [],
            "ram_disk_id": "",
            "security_group_names": [],
            "tag_specifications": [],
            "tags": {},
            "user_data": "IyEvYmluL2Jhc2gNCg0KIyMgUGVyZm9ybSBzeXN0ZW0gdXBkYXRlcyBmaXJzdCBhbmQgaW5zdGFsbCBzb21lIGJhc2ljIGNvbXBvbmVudHMNCnl1bSB1cGRhdGUgLXkNCnl1bSBpbnN0YWxsIHRtdXggLXkNCnl1bSBpbnN0YWxsIHRlbG5ldCAteQ0KeXVtIGluc3RhbGwganEgLXkNCg0KIyMgQ2FwdHVyZSBjdXJyZW50IEluc3RhbmNlIElEIGFuZCBSZWdpb24NCklOU1RBTkNFX0lEPSQoY3VybCAtcyAnaHR0cDovLzE2OS4yNTQuMTY5LjI1NC9sYXRlc3QvbWV0YS1kYXRhL2luc3RhbmNlLWlkJykNCklOU1RBTkNFX1JFR0lPTj0kKGN1cmwgLXMgJ2h0dHA6Ly8xNjkuMjU0LjE2OS4yNTQvbGF0ZXN0L2R5bmFtaWMvaW5zdGFuY2UtaWRlbnRpdHkvZG9jdW1lbnQnIHwgcHl0aG9uIC1jICJpbXBvcnQgc3lzLCBqc29uOyBwcmludCBqc29uLmxvYWQoc3lzLnN0ZGluKVsncmVnaW9uJ10iKQ0KDQojIyBJbnN0YWxsIHRoZSBDbG91ZHdhdGNoQWdlbnQgaWYgbm90IGFscmVhZHkgcHJlc2VudA0KaWYgWyAhIC1kICIvb3B0L2F3cy9hbWF6b24tY2xvdWR3YXRjaC1hZ2VudCIgXQ0KdGhlbg0KICAgIHdnZXQgaHR0cHM6Ly9zMy4ke0lOU1RBTkNFX1JFR0lPTn0uYW1hem9uYXdzLmNvbS9hbWF6b25jbG91ZHdhdGNoLWFnZW50LSR7SU5TVEFOQ0VfUkVHSU9OfS9hbWF6b25fbGludXgvYW1kNjQvbGF0ZXN0L2FtYXpvbi1jbG91ZHdhdGNoLWFnZW50LnJwbQ0KICAgIHJwbSAtVSAuL2FtYXpvbi1jbG91ZHdhdGNoLWFnZW50LnJwbQ0KICAgIHJtIC1yZiBhbWF6b24tY2xvdWR3YXRjaC1hZ2VudC5ycG0NCmZpDQoNCiMjIFVwZGF0ZSBvdXIgc2hlbGwgc2Vzc2lvbiBhbmQgc2V0IHRoZSBjdXJyZW50IHJlZ2lvbg0KZXhwb3J0IEFXU19ERUZBVUxUX1JFR0lPTj0kSU5TVEFOQ0VfUkVHSU9ODQoNCiMjIFF1ZXJ5IEVDMiBBUEkgZm9yIG5hbWVzcGFjZSBpbnN0YW5jZSB0YWcNCk5BTUVTUEFDRT0kKGF3cyBlYzIgZGVzY3JpYmUtdGFncyAtLWZpbHRlcnMgIk5hbWU9cmVzb3VyY2UtaWQsVmFsdWVzPSRJTlNUQU5DRV9JRCIgIk5hbWU9a2V5LFZhbHVlcz1uYW1lc3BhY2UiIC0tcXVlcnkgJ1RhZ3NbMF0uVmFsdWUnIC0tb3V0cHV0IHRleHQpDQoNCiMjIERlZmluZSB3aGVyZSB0byBkb3dubG9hZCB0aGUgQ2xvdWR3YXRjaEFnZW50IGNvbmZpZyBmcm9tIGFuZCB3aGVyZSB0byBzYXZlIGl0DQpDV0FfU09VUkNFPSIkTkFNRVNQQUNFLW1sdGVtcC9DbG91ZFdhdGNoQ29uZmlncy9saW51eC1hbWF6b24tY2xvdWR3YXRjaC1hZ2VudC5qc29uIg0KQ1dBX0RFU1RJTkFUSU9OPSIvb3B0L2F3cy9hbWF6b24tY2xvdWR3YXRjaC1hZ2VudC9ldGMvYW1hem9uLWNsb3Vkd2F0Y2gtYWdlbnQuanNvbiINCg0KIyMgRGVmaW5lIHdoZXJlIHRoZSBDbG91ZHdhdGNoQWdlbnQgYmluYXJ5IGxpdmVzDQpDV0FfQklOQVJZPSIvb3B0L2F3cy9hbWF6b24tY2xvdWR3YXRjaC1hZ2VudC9iaW4vYW1hem9uLWNsb3Vkd2F0Y2gtYWdlbnQtY3RsIg0KDQojIyBDb3B5IGRvd24gdGhlIENsdW9kV2F0Y2hBZ2VudCBjb25maWcgZmlsZQ0KYXdzIHMzIGNwICJzMzovLyRDV0FfU09VUkNFIiAkQ1dBX0RFU1RJTkFUSU9ODQoNCiMjIENvbmZpZ3VyZSBhbmQgc3RhcnQgdGhlIENsb3Vkd2F0Y2hBZ2VudA0KJENXQV9CSU5BUlkgLWEgZmV0Y2gtY29uZmlnIC1tIGVjMiAtYyBmaWxlOiRDV0FfREVTVElOQVRJT04gLXMNCg0KIyMgSW5zdGFsbCBBcGFjaGUgYW5kIFBIUA0KeXVtIGluc3RhbGwgaHR0cGQgLXkNCmFtYXpvbi1saW51eC1leHRyYXMgaW5zdGFsbCBwaHA3LjIgLXkNCnl1bSBpbnN0YWxsIHBocDcyLWdkIC15DQoNCiMjIERvd25sb2FkIGFuZCBleHRyYWN0IHRoZSBsYXRlc3QgdmVyc2lvbiBvZiBXb3JkcHJlc3MNCiMgd2dldCBodHRwczovL3dvcmRwcmVzcy5vcmcvbGF0ZXN0LnRhci5neg0KIyB0YXIgLXh6dmYgbGF0ZXN0LnRhci5neg0KIyBjcCB3b3JkcHJlc3Mvd3AtY29uZmlnLXNhbXBsZS5waHAgd29yZHByZXNzL3dwLWNvbmZpZy5waHANCg0KIyBjcCAtciB3b3JkcHJlc3MvKiAvdmFyL3d3dy9odG1sLw0KDQojIG5hbm8gL2V0Yy9odHRwZC9jb25mL2h0dHBkLmNvbmYNCiMgICAgIEFsbG93T3ZlcnJpZGUgQWxsDQoNCiMgY2hvd24gLVIgYXBhY2hlOmFwYWNoZSAvdmFyL3d3dw0KDQojIGNobW9kIDI3NzUgL3Zhci93d3cNCiMgZmluZCAvdmFyL3d3dyAtdHlwZSBkIC1leGVjIGNobW9kIDI3NzUge30gXDsNCiMgZmluZCAvdmFyL3d3dyAtdHlwZSBmIC1leGVjIGNobW9kIDA2NjQge30gXDsNCg0KIyBzeXN0ZW1jdGwgc3RhcnQgaHR0cGQNCiMgc3lzdGVtY3RsIGVuYWJsZSBodHRwZA0K",
            "vpc_security_group_ids": [
              "sg-06b96af31b7774635",
              "sg-07513fb424af34de5"
            ]
          },
          "private": "bnVsbA==",
          "dependencies": [
            "aws_iam_instance_profile.ec2-linuxwordpress-instance-profile",
            "aws_iam_role.role-ec2-linuxwordpress",
            "aws_key_pair.keypair-linuxwordpress"
          ]
        }
      ]
    },
    {
      "mode": "managed",
      "type": "aws_lb",
      "name": "alb-linuxwordpress",
      "provider": "provider.aws",
      "instances": [
        {
          "schema_version": 0,
          "attributes": {
            "access_logs": [
              {
                "bucket": "",
                "enabled": false,
                "prefix": ""
              }
            ],
            "arn": "arn:aws:elasticloadbalancing:us-east-1:411395035331:loadbalancer/app/useast1d-alb-linuxwordpress/fadf781ba37af4f0",
            "arn_suffix": "app/useast1d-alb-linuxwordpress/fadf781ba37af4f0",
            "dns_name": "useast1d-alb-linuxwordpress-1270917364.us-east-1.elb.amazonaws.com",
            "drop_invalid_header_fields": false,
            "enable_cross_zone_load_balancing": null,
            "enable_deletion_protection": false,
            "enable_http2": true,
            "id": "arn:aws:elasticloadbalancing:us-east-1:411395035331:loadbalancer/app/useast1d-alb-linuxwordpress/fadf781ba37af4f0",
            "idle_timeout": 60,
            "internal": false,
            "ip_address_type": "ipv4",
            "load_balancer_type": "application",
            "name": "useast1d-alb-linuxwordpress",
            "name_prefix": null,
            "security_groups": [
              "sg-03c3c0091d715b595",
              "sg-07513fb424af34de5"
            ],
            "subnet_mapping": [
              {
                "allocation_id": "",
                "subnet_id": "subnet-0296e948ab5e8ba36"
              },
              {
                "allocation_id": "",
                "subnet_id": "subnet-0c74901ecb2f9bbf0"
              },
              {
                "allocation_id": "",
                "subnet_id": "subnet-0ede4bd635738fa26"
              }
            ],
            "subnets": [
              "subnet-0296e948ab5e8ba36",
              "subnet-0c74901ecb2f9bbf0",
              "subnet-0ede4bd635738fa26"
            ],
            "tags": {
              "Environment": "dev",
              "Name": "useast1d-alb-linuxwordpress",
              "Namespace": "useast1d"
            },
            "timeouts": null,
            "vpc_id": "vpc-01442b319a4afaf7d",
            "zone_id": "Z35SXDOTRQ7X7K"
          },
          "private": "eyJlMmJmYjczMC1lY2FhLTExZTYtOGY4OC0zNDM2M2JjN2M0YzAiOnsiY3JlYXRlIjo2MDAwMDAwMDAwMDAsImRlbGV0ZSI6NjAwMDAwMDAwMDAwLCJ1cGRhdGUiOjYwMDAwMDAwMDAwMH19",
          "dependencies": [
            "aws_security_group.allow-remote-http"
          ]
        }
      ]
    },
    {
      "mode": "managed",
      "type": "aws_lb_listener",
      "name": "listener-linuxwordpress",
      "provider": "provider.aws",
      "instances": [
        {
          "schema_version": 0,
          "attributes": {
            "arn": "arn:aws:elasticloadbalancing:us-east-1:411395035331:listener/app/useast1d-alb-linuxwordpress/fadf781ba37af4f0/596adc6315f8717f",
            "certificate_arn": null,
            "default_action": [
              {
                "authenticate_cognito": [],
                "authenticate_oidc": [],
                "fixed_response": [],
                "order": 1,
                "redirect": [],
                "target_group_arn": "arn:aws:elasticloadbalancing:us-east-1:411395035331:targetgroup/useast1d-targetgroup-wordpress/1d7f1a2c7a9375cc",
                "type": "forward"
              }
            ],
            "id": "arn:aws:elasticloadbalancing:us-east-1:411395035331:listener/app/useast1d-alb-linuxwordpress/fadf781ba37af4f0/596adc6315f8717f",
            "load_balancer_arn": "arn:aws:elasticloadbalancing:us-east-1:411395035331:loadbalancer/app/useast1d-alb-linuxwordpress/fadf781ba37af4f0",
            "port": 80,
            "protocol": "HTTP",
            "ssl_policy": "",
            "timeouts": null
          },
          "private": "eyJlMmJmYjczMC1lY2FhLTExZTYtOGY4OC0zNDM2M2JjN2M0YzAiOnsicmVhZCI6NjAwMDAwMDAwMDAwfX0=",
          "dependencies": [
            "aws_lb.alb-linuxwordpress",
            "aws_lb_target_group.targetgroup-linuxwordpress",
            "aws_security_group.allow-remote-http"
          ]
        }
      ]
    },
    {
      "mode": "managed",
      "type": "aws_lb_target_group",
      "name": "targetgroup-linuxwordpress",
      "provider": "provider.aws",
      "instances": [
        {
          "schema_version": 0,
          "attributes": {
            "arn": "arn:aws:elasticloadbalancing:us-east-1:411395035331:targetgroup/useast1d-targetgroup-wordpress/1d7f1a2c7a9375cc",
            "arn_suffix": "targetgroup/useast1d-targetgroup-wordpress/1d7f1a2c7a9375cc",
            "deregistration_delay": 300,
            "health_check": [
              {
                "enabled": true,
                "healthy_threshold": 5,
                "interval": 30,
                "matcher": "200",
                "path": "/",
                "port": "traffic-port",
                "protocol": "HTTP",
                "timeout": 5,
                "unhealthy_threshold": 2
              }
            ],
            "id": "arn:aws:elasticloadbalancing:us-east-1:411395035331:targetgroup/useast1d-targetgroup-wordpress/1d7f1a2c7a9375cc",
            "lambda_multi_value_headers_enabled": false,
            "load_balancing_algorithm_type": "round_robin",
            "name": "useast1d-targetgroup-wordpress",
            "name_prefix": null,
            "port": 80,
            "protocol": "HTTP",
            "proxy_protocol_v2": false,
            "slow_start": 0,
            "stickiness": [
              {
                "cookie_duration": 86400,
                "enabled": false,
                "type": "lb_cookie"
              }
            ],
            "tags": {
              "Environment": "dev",
              "Name": "useast1d-targetgroup-linuxwordpress",
              "Namespace": "useast1d"
            },
            "target_type": "instance",
            "vpc_id": "vpc-01442b319a4afaf7d"
          },
          "private": "bnVsbA=="
        }
      ]
    },
    {
      "mode": "managed",
      "type": "aws_security_group",
      "name": "allow-remote-http",
      "provider": "provider.aws",
      "instances": [
        {
          "schema_version": 1,
          "attributes": {
            "arn": "arn:aws:ec2:us-east-1:411395035331:security-group/sg-03c3c0091d715b595",
            "description": "Allow HTTP inbound traffic from Home Office",
            "egress": [
              {
                "cidr_blocks": [
                  "0.0.0.0/0"
                ],
                "description": "",
                "from_port": 0,
                "ipv6_cidr_blocks": [],
                "prefix_list_ids": [],
                "protocol": "-1",
                "security_groups": [],
                "self": false,
                "to_port": 0
              }
            ],
            "id": "sg-03c3c0091d715b595",
            "ingress": [
              {
                "cidr_blocks": [
                  "100.11.0.0/16"
                ],
                "description": "Allow HTTP inbound traffic from Home Office",
                "from_port": 80,
                "ipv6_cidr_blocks": [],
                "prefix_list_ids": [],
                "protocol": "tcp",
                "security_groups": [],
                "self": false,
                "to_port": 80
              }
            ],
            "name": "allow-remote-http",
            "name_prefix": null,
            "owner_id": "411395035331",
            "revoke_rules_on_delete": false,
            "tags": {
              "Environment": "dev",
              "Name": "useast1d-allow-remote-http",
              "Namespace": "useast1d"
            },
            "timeouts": null,
            "vpc_id": "vpc-01442b319a4afaf7d"
          },
          "private": "eyJlMmJmYjczMC1lY2FhLTExZTYtOGY4OC0zNDM2M2JjN2M0YzAiOnsiY3JlYXRlIjo2MDAwMDAwMDAwMDAsImRlbGV0ZSI6NjAwMDAwMDAwMDAwfSwic2NoZW1hX3ZlcnNpb24iOiIxIn0="
        }
      ]
    },
    {
      "mode": "managed",
      "type": "aws_security_group",
      "name": "allow-vpc-mysql",
      "provider": "provider.aws",
      "instances": [
        {
          "schema_version": 1,
          "attributes": {
            "arn": "arn:aws:ec2:us-east-1:411395035331:security-group/sg-045cce3089450e340",
            "description": "Allow MySQL inbound traffic from Private Servers",
            "egress": [
              {
                "cidr_blocks": [
                  "0.0.0.0/0"
                ],
                "description": "",
                "from_port": 0,
                "ipv6_cidr_blocks": [],
                "prefix_list_ids": [],
                "protocol": "-1",
                "security_groups": [],
                "self": false,
                "to_port": 0
              }
            ],
            "id": "sg-045cce3089450e340",
            "ingress": [
              {
                "cidr_blocks": [
                  "10.0.12.0/24",
                  "10.0.11.0/24",
                  "10.0.13.0/24"
                ],
                "description": "Allow MySQL inbound traffic from Private Servers",
                "from_port": 3306,
                "ipv6_cidr_blocks": [],
                "prefix_list_ids": [],
                "protocol": "tcp",
                "security_groups": [],
                "self": false,
                "to_port": 3306
              }
            ],
            "name": "allow-vpc-mysql",
            "name_prefix": null,
            "owner_id": "411395035331",
            "revoke_rules_on_delete": false,
            "tags": {
              "Environment": "dev",
              "Name": "useast1d-allow-remote-http",
              "Namespace": "useast1d"
            },
            "timeouts": null,
            "vpc_id": "vpc-01442b319a4afaf7d"
          },
          "private": "eyJlMmJmYjczMC1lY2FhLTExZTYtOGY4OC0zNDM2M2JjN2M0YzAiOnsiY3JlYXRlIjo2MDAwMDAwMDAwMDAsImRlbGV0ZSI6NjAwMDAwMDAwMDAwfSwic2NoZW1hX3ZlcnNpb24iOiIxIn0="
        }
      ]
    },
    {
      "mode": "managed",
      "type": "aws_ssm_parameter",
      "name": "ps-hostname-linuxwordpress",
      "provider": "provider.aws",
      "instances": [
        {
          "schema_version": 0,
          "attributes": {
            "allowed_pattern": "",
            "arn": "arn:aws:ssm:us-east-1:411395035331:parameter/useast1d-hostname-linuxwordpress",
            "description": "",
            "id": "useast1d-hostname-linuxwordpress",
            "key_id": "",
            "name": "useast1d-hostname-linuxwordpress",
            "overwrite": null,
            "tags": null,
            "tier": "Standard",
            "type": "String",
            "value": "useast1dlinuxwordpress.cyk6jqpw0bsf.us-east-1.rds.amazonaws.com:3306",
            "version": 1
          },
          "private": "bnVsbA==",
          "dependencies": [
            "aws_db_instance.rds-linuxwordpress"
          ]
        }
      ]
    },
    {
      "mode": "managed",
      "type": "aws_ssm_parameter",
      "name": "ps-name-linuxwordpress",
      "provider": "provider.aws",
      "instances": [
        {
          "schema_version": 0,
          "attributes": {
            "allowed_pattern": "",
            "arn": "arn:aws:ssm:us-east-1:411395035331:parameter/useast1d-name-linuxwordpress",
            "description": "",
            "id": "useast1d-name-linuxwordpress",
            "key_id": "",
            "name": "useast1d-name-linuxwordpress",
            "overwrite": null,
            "tags": null,
            "tier": "Standard",
            "type": "String",
            "value": "useast1dlinuxwordpress",
            "version": 1
          },
          "private": "bnVsbA==",
          "dependencies": [
            "aws_db_instance.rds-linuxwordpress"
          ]
        }
      ]
    },
    {
      "mode": "managed",
      "type": "aws_ssm_parameter",
      "name": "ps-password-linuxwordpress",
      "provider": "provider.aws",
      "instances": [
        {
          "schema_version": 0,
          "attributes": {
            "allowed_pattern": "",
            "arn": "arn:aws:ssm:us-east-1:411395035331:parameter/useast1d-password-linuxwordpress",
            "description": "",
            "id": "useast1d-password-linuxwordpress",
            "key_id": "",
            "name": "useast1d-password-linuxwordpress",
            "overwrite": null,
            "tags": {},
            "tier": "Standard",
            "type": "String",
            "value": "0BdGPIGHGlSQkIXN",
            "version": 1
          },
          "private": "bnVsbA==",
          "dependencies": [
            "random_password.rds-password-linuxwordpress"
          ]
        }
      ]
    },
    {
      "mode": "managed",
      "type": "aws_ssm_parameter",
      "name": "ps-user-linuxwordpress",
      "provider": "provider.aws",
      "instances": [
        {
          "schema_version": 0,
          "attributes": {
            "allowed_pattern": "",
            "arn": "arn:aws:ssm:us-east-1:411395035331:parameter/useast1d-user-linuxwordpress",
            "description": "",
            "id": "useast1d-user-linuxwordpress",
            "key_id": "",
            "name": "useast1d-user-linuxwordpress",
            "overwrite": null,
            "tags": {},
            "tier": "Standard",
            "type": "String",
            "value": "gKLyLe8wWw4Mmian",
            "version": 1
          },
          "private": "bnVsbA==",
          "dependencies": [
            "random_string.rds-user-linuxwordpress"
          ]
        }
      ]
    },
    {
      "mode": "managed",
      "type": "random_password",
      "name": "rds-password-linuxwordpress",
      "provider": "provider.random",
      "instances": [
        {
          "schema_version": 0,
          "attributes": {
            "id": "none",
            "keepers": null,
            "length": 16,
            "lower": true,
            "min_lower": 0,
            "min_numeric": 0,
            "min_special": 0,
            "min_upper": 0,
            "number": true,
            "override_special": "_%@",
            "result": "0BdGPIGHGlSQkIXN",
            "special": true,
            "upper": true
          },
          "private": "bnVsbA=="
        }
      ]
    },
    {
      "mode": "managed",
      "type": "random_string",
      "name": "rds-user-linuxwordpress",
      "provider": "provider.random",
      "instances": [
        {
          "schema_version": 1,
          "attributes": {
            "id": "gKLyLe8wWw4Mmian",
            "keepers": null,
            "length": 16,
            "lower": true,
            "min_lower": 0,
            "min_numeric": 0,
            "min_special": 0,
            "min_upper": 0,
            "number": true,
            "override_special": null,
            "result": "gKLyLe8wWw4Mmian",
            "special": false,
            "upper": true
          },
          "private": "eyJzY2hlbWFfdmVyc2lvbiI6IjEifQ=="
        }
      ]
    }
  ]
}
