{
  "version": 4,
  "terraform_version": "0.12.25",
  "serial": 64,
  "lineage": "29bd4c17-571d-6133-881f-aea41a86418a",
  "outputs": {},
  "resources": [
    {
      "mode": "data",
      "type": "aws_ami",
      "name": "amazon_linux_2",
      "provider": "provider.aws",
      "instances": [
        {
          "schema_version": 0,
          "attributes": {
            "architecture": "x86_64",
            "block_device_mappings": [
              {
                "device_name": "/dev/xvda",
                "ebs": {
                  "delete_on_termination": "true",
                  "encrypted": "false",
                  "iops": "0",
                  "snapshot_id": "snap-0e1167baa50e9c0ff",
                  "volume_size": "8",
                  "volume_type": "gp2"
                },
                "no_device": "",
                "virtual_name": ""
              }
            ],
            "creation_date": "2020-04-07T17:30:33.000Z",
            "description": "Amazon Linux 2 AMI 2.0.20200406.0 x86_64 HVM gp2",
            "executable_users": null,
            "filter": [
              {
                "name": "name",
                "values": [
                  "amzn2-ami-hvm-2.0*"
                ]
              }
            ],
            "hypervisor": "xen",
            "id": "ami-0323c3dd2da7fb37d",
            "image_id": "ami-0323c3dd2da7fb37d",
            "image_location": "amazon/amzn2-ami-hvm-2.0.20200406.0-x86_64-gp2",
            "image_owner_alias": "amazon",
            "image_type": "machine",
            "kernel_id": null,
            "most_recent": true,
            "name": "amzn2-ami-hvm-2.0.20200406.0-x86_64-gp2",
            "name_regex": null,
            "owner_id": "137112412989",
            "owners": [
              "137112412989"
            ],
            "platform": null,
            "product_codes": [],
            "public": true,
            "ramdisk_id": null,
            "root_device_name": "/dev/xvda",
            "root_device_type": "ebs",
            "root_snapshot_id": "snap-0e1167baa50e9c0ff",
            "sriov_net_support": "simple",
            "state": "available",
            "state_reason": {
              "code": "UNSET",
              "message": "UNSET"
            },
            "tags": {},
            "virtualization_type": "hvm"
          }
        }
      ]
    },
    {
      "mode": "data",
      "type": "aws_caller_identity",
      "name": "current",
      "provider": "provider.aws",
      "instances": [
        {
          "schema_version": 0,
          "attributes": {
            "account_id": "411395035331",
            "arn": "arn:aws:sts::411395035331:assumed-role/Admin/awsml-Isengard",
            "id": "2020-05-22 21:38:52.1257559 +0000 UTC",
            "user_id": "AROAV7SIOCDBXZRGIK22A:awsml-Isengard"
          }
        }
      ]
    },
    {
      "mode": "data",
      "type": "aws_iam_policy_document",
      "name": "autoscaling_events",
      "provider": "provider.aws",
      "instances": [
        {
          "schema_version": 0,
          "attributes": {
            "id": "2531694799",
            "json": "{\n  \"Version\": \"2012-10-17\",\n  \"Statement\": [\n    {\n      \"Sid\": \"\",\n      \"Effect\": \"Allow\",\n      \"Action\": \"SNS:Publish\",\n      \"Resource\": \"arn:aws:sns:us-east-1:411395035331:useast1d-autoscaling_events\",\n      \"Principal\": {\n        \"Service\": [\n          \"events.amazonaws.com\",\n          \"cloudwatch.amazonaws.com\"\n        ]\n      }\n    }\n  ]\n}",
            "override_json": null,
            "policy_id": null,
            "source_json": null,
            "statement": [
              {
                "actions": [
                  "SNS:Publish"
                ],
                "condition": [],
                "effect": "Allow",
                "not_actions": [],
                "not_principals": [],
                "not_resources": [],
                "principals": [
                  {
                    "identifiers": [
                      "cloudwatch.amazonaws.com",
                      "events.amazonaws.com"
                    ],
                    "type": "Service"
                  }
                ],
                "resources": [
                  "arn:aws:sns:us-east-1:411395035331:useast1d-autoscaling_events"
                ],
                "sid": ""
              }
            ],
            "version": "2012-10-17"
          }
        }
      ]
    },
    {
      "mode": "data",
      "type": "aws_security_group",
      "name": "allow_office_http",
      "provider": "provider.aws",
      "instances": [
        {
          "schema_version": 0,
          "attributes": {
            "arn": "arn:aws:ec2:us-east-1:411395035331:security-group/sg-0d73641d929723837",
            "description": "Allow HTTP inbound traffic from Office",
            "filter": null,
            "id": "sg-0d73641d929723837",
            "name": "useast1d_allow_office_http",
            "tags": {
              "Environment": "dev",
              "Name": "useast1d_allow_office_http",
              "Namespace": "useast1d"
            },
            "vpc_id": "vpc-0bf2700a887db25fd"
          }
        }
      ]
    },
    {
      "mode": "data",
      "type": "aws_security_group",
      "name": "allow_office_ssh",
      "provider": "provider.aws",
      "instances": [
        {
          "schema_version": 0,
          "attributes": {
            "arn": "arn:aws:ec2:us-east-1:411395035331:security-group/sg-00e4846ac77e3f455",
            "description": "Allow SSH inbound traffic from Office",
            "filter": null,
            "id": "sg-00e4846ac77e3f455",
            "name": "useast1d_allow_office_ssh",
            "tags": {
              "Environment": "dev",
              "Name": "useast1d_allow_office_ssh",
              "Namespace": "useast1d"
            },
            "vpc_id": "vpc-0bf2700a887db25fd"
          }
        }
      ]
    },
    {
      "mode": "data",
      "type": "aws_security_group",
      "name": "allow_vpc_http",
      "provider": "provider.aws",
      "instances": [
        {
          "schema_version": 0,
          "attributes": {
            "arn": "arn:aws:ec2:us-east-1:411395035331:security-group/sg-0bf7956f092c26456",
            "description": "Allow HTTP inbound traffic from VPC",
            "filter": null,
            "id": "sg-0bf7956f092c26456",
            "name": "useast1d_allow_vpc_http",
            "tags": {
              "Environment": "dev",
              "Name": "useast1d_allow_vpc_http",
              "Namespace": "useast1d"
            },
            "vpc_id": "vpc-0bf2700a887db25fd"
          }
        }
      ]
    },
    {
      "mode": "data",
      "type": "aws_security_group",
      "name": "allow_vpc_ssh",
      "provider": "provider.aws",
      "instances": [
        {
          "schema_version": 0,
          "attributes": {
            "arn": "arn:aws:ec2:us-east-1:411395035331:security-group/sg-08e036c842971fca0",
            "description": "Allow SSH inbound traffic from VPC",
            "filter": null,
            "id": "sg-08e036c842971fca0",
            "name": "useast1d_allow_vpc_ssh",
            "tags": {
              "Environment": "dev",
              "Name": "useast1d_allow_vpc_ssh",
              "Namespace": "useast1d"
            },
            "vpc_id": "vpc-0bf2700a887db25fd"
          }
        }
      ]
    },
    {
      "mode": "data",
      "type": "aws_subnet",
      "name": "subnets_private_list",
      "each": "map",
      "provider": "provider.aws",
      "instances": [
        {
          "index_key": "subnet-0164421d52b4e9b6b",
          "schema_version": 0,
          "attributes": {
            "arn": "arn:aws:ec2:us-east-1:411395035331:subnet/subnet-0164421d52b4e9b6b",
            "assign_ipv6_address_on_creation": false,
            "availability_zone": "us-east-1a",
            "availability_zone_id": "use1-az2",
            "cidr_block": "10.0.11.0/24",
            "default_for_az": false,
            "filter": null,
            "id": "subnet-0164421d52b4e9b6b",
            "ipv6_cidr_block": null,
            "ipv6_cidr_block_association_id": null,
            "map_public_ip_on_launch": false,
            "outpost_arn": "",
            "owner_id": "411395035331",
            "state": "available",
            "tags": {
              "Environment": "dev",
              "Name": "useast1d_private_a",
              "Namespace": "useast1d",
              "Tier": "private"
            },
            "vpc_id": "vpc-0bf2700a887db25fd"
          }
        },
        {
          "index_key": "subnet-08f87e877ece823dc",
          "schema_version": 0,
          "attributes": {
            "arn": "arn:aws:ec2:us-east-1:411395035331:subnet/subnet-08f87e877ece823dc",
            "assign_ipv6_address_on_creation": false,
            "availability_zone": "us-east-1c",
            "availability_zone_id": "use1-az6",
            "cidr_block": "10.0.13.0/24",
            "default_for_az": false,
            "filter": null,
            "id": "subnet-08f87e877ece823dc",
            "ipv6_cidr_block": null,
            "ipv6_cidr_block_association_id": null,
            "map_public_ip_on_launch": false,
            "outpost_arn": "",
            "owner_id": "411395035331",
            "state": "available",
            "tags": {
              "Environment": "dev",
              "Name": "useast1d_private_c",
              "Namespace": "useast1d",
              "Tier": "private"
            },
            "vpc_id": "vpc-0bf2700a887db25fd"
          }
        },
        {
          "index_key": "subnet-0d225e0e0f936a33b",
          "schema_version": 0,
          "attributes": {
            "arn": "arn:aws:ec2:us-east-1:411395035331:subnet/subnet-0d225e0e0f936a33b",
            "assign_ipv6_address_on_creation": false,
            "availability_zone": "us-east-1b",
            "availability_zone_id": "use1-az4",
            "cidr_block": "10.0.12.0/24",
            "default_for_az": false,
            "filter": null,
            "id": "subnet-0d225e0e0f936a33b",
            "ipv6_cidr_block": null,
            "ipv6_cidr_block_association_id": null,
            "map_public_ip_on_launch": false,
            "outpost_arn": "",
            "owner_id": "411395035331",
            "state": "available",
            "tags": {
              "Environment": "dev",
              "Name": "useast1d_private_b",
              "Namespace": "useast1d",
              "Tier": "private"
            },
            "vpc_id": "vpc-0bf2700a887db25fd"
          }
        }
      ]
    },
    {
      "mode": "data",
      "type": "aws_subnet_ids",
      "name": "subnets_private",
      "provider": "provider.aws",
      "instances": [
        {
          "schema_version": 0,
          "attributes": {
            "filter": null,
            "id": "vpc-0bf2700a887db25fd",
            "ids": [
              "subnet-0164421d52b4e9b6b",
              "subnet-08f87e877ece823dc",
              "subnet-0d225e0e0f936a33b"
            ],
            "tags": {
              "Environment": "dev",
              "Namespace": "useast1d",
              "Tier": "private"
            },
            "vpc_id": "vpc-0bf2700a887db25fd"
          }
        }
      ]
    },
    {
      "mode": "data",
      "type": "aws_subnet_ids",
      "name": "subnets_public",
      "provider": "provider.aws",
      "instances": [
        {
          "schema_version": 0,
          "attributes": {
            "filter": null,
            "id": "vpc-0bf2700a887db25fd",
            "ids": [
              "subnet-07e76814f1543d4e3",
              "subnet-08274650c7309b6d2",
              "subnet-0aafb89244145f716"
            ],
            "tags": {
              "Environment": "dev",
              "Namespace": "useast1d",
              "Tier": "public"
            },
            "vpc_id": "vpc-0bf2700a887db25fd"
          }
        }
      ]
    },
    {
      "mode": "data",
      "type": "aws_vpc",
      "name": "vpc",
      "provider": "provider.aws",
      "instances": [
        {
          "schema_version": 0,
          "attributes": {
            "arn": "arn:aws:ec2:us-east-1:411395035331:vpc/vpc-0bf2700a887db25fd",
            "cidr_block": "10.0.0.0/16",
            "cidr_block_associations": [
              {
                "association_id": "vpc-cidr-assoc-00c255356b13d38f2",
                "cidr_block": "10.0.0.0/16",
                "state": "associated"
              }
            ],
            "default": false,
            "dhcp_options_id": "dopt-8f56eaf5",
            "enable_dns_hostnames": true,
            "enable_dns_support": true,
            "filter": null,
            "id": "vpc-0bf2700a887db25fd",
            "instance_tenancy": "default",
            "ipv6_association_id": null,
            "ipv6_cidr_block": null,
            "main_route_table_id": "rtb-017ff455094a31f52",
            "owner_id": "411395035331",
            "state": "available",
            "tags": {
              "Environment": "dev",
              "Name": "useast1d_vpc",
              "Namespace": "useast1d"
            }
          }
        }
      ]
    },
    {
      "mode": "managed",
      "type": "aws_autoscaling_group",
      "name": "elasticsearch",
      "provider": "provider.aws",
      "instances": [
        {
          "schema_version": 0,
          "attributes": {
            "arn": "arn:aws:autoscaling:us-east-1:411395035331:autoScalingGroup:0d46181d-802f-4560-82ee-032feb30a335:autoScalingGroupName/useast1d_elasticsearch_autoscalinggroup",
            "availability_zones": [
              "us-east-1a",
              "us-east-1b",
              "us-east-1c"
            ],
            "default_cooldown": 300,
            "desired_capacity": 1,
            "enabled_metrics": [],
            "force_delete": true,
            "health_check_grace_period": 300,
            "health_check_type": "EC2",
            "id": "useast1d_elasticsearch_autoscalinggroup",
            "initial_lifecycle_hook": [],
            "launch_configuration": "",
            "launch_template": [
              {
                "id": "lt-065cd70cc87e40bb3",
                "name": "useast1d_elasticsearch_launchtemplate",
                "version": "$Latest"
              }
            ],
            "load_balancers": [],
            "max_instance_lifetime": 0,
            "max_size": 5,
            "metrics_granularity": "1Minute",
            "min_elb_capacity": null,
            "min_size": 1,
            "mixed_instances_policy": [],
            "name": "useast1d_elasticsearch_autoscalinggroup",
            "name_prefix": null,
            "placement_group": "",
            "protect_from_scale_in": false,
            "service_linked_role_arn": "arn:aws:iam::411395035331:role/aws-service-role/autoscaling.amazonaws.com/AWSServiceRoleForAutoScaling",
            "suspended_processes": [],
            "tag": [
              {
                "key": "Name",
                "propagate_at_launch": true,
                "value": "useast1d_elasticsearch"
              },
              {
                "key": "environment",
                "propagate_at_launch": true,
                "value": "dev"
              },
              {
                "key": "namespace",
                "propagate_at_launch": true,
                "value": "useast1d"
              }
            ],
            "tags": null,
            "target_group_arns": [
              "arn:aws:elasticloadbalancing:us-east-1:411395035331:targetgroup/useast1d-elasticsearch/85f76d9a868ca905"
            ],
            "termination_policies": [
              "OldestLaunchConfiguration",
              "OldestInstance"
            ],
            "timeouts": {
              "delete": "15m"
            },
            "vpc_zone_identifier": [
              "subnet-0164421d52b4e9b6b",
              "subnet-08f87e877ece823dc",
              "subnet-0d225e0e0f936a33b"
            ],
            "wait_for_capacity_timeout": "10m",
            "wait_for_elb_capacity": null
          },
          "private": "eyJlMmJmYjczMC1lY2FhLTExZTYtOGY4OC0zNDM2M2JjN2M0YzAiOnsiZGVsZXRlIjo5MDAwMDAwMDAwMDB9fQ==",
          "dependencies": [
            "aws_launch_template.elasticsearch",
            "aws_lb_target_group.elasticsearch"
          ]
        }
      ]
    },
    {
      "mode": "managed",
      "type": "aws_cloudwatch_event_rule",
      "name": "autoscaling_events",
      "provider": "provider.aws",
      "instances": [
        {
          "schema_version": 0,
          "attributes": {
            "arn": "arn:aws:events:us-east-1:411395035331:rule/useast1d_autoscaling_events",
            "description": "Notify for AutoScaling Event",
            "event_pattern": "{\"detail-type\":[\"EC2 Instance Launch Successful\",\"EC2 Instance Terminate Successful\",\"EC2 Instance Launch Unsuccessful\",\"EC2 Instance Terminate Unsuccessful\",\"EC2 Instance-launch Lifecycle Action\",\"EC2 Instance-terminate Lifecycle Action\"],\"source\":[\"aws.autoscaling\"]}",
            "id": "useast1d_autoscaling_events",
            "is_enabled": true,
            "name": "useast1d_autoscaling_events",
            "name_prefix": null,
            "role_arn": "",
            "schedule_expression": "",
            "tags": {}
          },
          "private": "bnVsbA=="
        }
      ]
    },
    {
      "mode": "managed",
      "type": "aws_cloudwatch_event_target",
      "name": "autoscaling_events",
      "provider": "provider.aws",
      "instances": [
        {
          "schema_version": 0,
          "attributes": {
            "arn": "arn:aws:sns:us-east-1:411395035331:useast1d-autoscaling_events",
            "batch_target": [],
            "ecs_target": [],
            "id": "useast1d_autoscaling_events-useast1d_autoscaling_events",
            "input": "",
            "input_path": "",
            "input_transformer": [],
            "kinesis_target": [],
            "role_arn": "",
            "rule": "useast1d_autoscaling_events",
            "run_command_targets": [],
            "sqs_target": [],
            "target_id": "useast1d_autoscaling_events"
          },
          "private": "bnVsbA==",
          "dependencies": [
            "aws_cloudwatch_event_rule.autoscaling_events",
            "aws_sns_topic.autoscaling_events"
          ]
        }
      ]
    },
    {
      "mode": "managed",
      "type": "aws_cloudwatch_log_group",
      "name": "vpc-flow-logs-group",
      "provider": "provider.aws",
      "instances": [
        {
          "schema_version": 0,
          "attributes": {
            "arn": "arn:aws:logs:us-east-1:411395035331:log-group:useast1d-vpc-flow-logs:*",
            "id": "useast1d-vpc-flow-logs",
            "kms_key_id": "",
            "name": "useast1d-vpc-flow-logs",
            "name_prefix": null,
            "retention_in_days": 7,
            "tags": {
              "Environment": "dev",
              "Name": "useast1d-vpc-flow-logs",
              "Namespace": "useast1d"
            }
          },
          "private": "bnVsbA=="
        }
      ]
    },
    {
      "mode": "managed",
      "type": "aws_cloudwatch_log_group",
      "name": "windows_eventlogs",
      "provider": "provider.aws",
      "instances": [
        {
          "schema_version": 0,
          "attributes": {
            "arn": "arn:aws:logs:us-east-1:411395035331:log-group:useast1d_windows_eventlogs:*",
            "id": "useast1d_windows_eventlogs",
            "kms_key_id": "",
            "name": "useast1d_windows_eventlogs",
            "name_prefix": null,
            "retention_in_days": 14,
            "tags": {
              "Environment": "dev",
              "Name": "useast1d_windows_eventlogs",
              "Namespace": "useast1d"
            }
          },
          "private": "bnVsbA=="
        }
      ]
    },
    {
      "mode": "managed",
      "type": "aws_cloudwatch_log_subscription_filter",
      "name": "windows_eventlogs",
      "provider": "provider.aws",
      "instances": [
        {
          "schema_version": 0,
          "attributes": {
            "destination_arn": "arn:aws:kinesis:us-east-1:411395035331:stream/useast1d_windows_eventlogs",
            "distribution": "Random",
            "filter_pattern": "",
            "id": "cwlsf-2821721976",
            "log_group_name": "useast1d_windows_eventlogs",
            "name": "useast1d_windows_eventlogs",
            "role_arn": "arn:aws:iam::411395035331:role/app/useast1d_cw_windows_eventlogs"
          },
          "private": "bnVsbA==",
          "dependencies": [
            "aws_iam_role.subscription_filter_windows_eventlogs",
            "aws_kinesis_stream.windows_eventlogs"
          ]
        }
      ]
    },
    {
      "mode": "managed",
      "type": "aws_cloudwatch_metric_alarm",
      "name": "alarm_ec2_diskspace",
      "provider": "provider.aws",
      "instances": [
        {
          "schema_version": 1,
          "attributes": {
            "actions_enabled": true,
            "alarm_actions": [
              "arn:aws:sns:us-east-1:411395035331:useast1d-autoscaling_events"
            ],
            "alarm_description": "This metric monitors ec2 free disk space",
            "alarm_name": "useast1d_ec2_diskspace",
            "arn": "arn:aws:cloudwatch:us-east-1:411395035331:alarm:useast1d_ec2_diskspace",
            "comparison_operator": "LessThanOrEqualToThreshold",
            "datapoints_to_alarm": 0,
            "dimensions": {},
            "evaluate_low_sample_count_percentiles": "",
            "evaluation_periods": 2,
            "extended_statistic": "",
            "id": "useast1d_ec2_diskspace",
            "insufficient_data_actions": [],
            "metric_name": "DISK_FREE",
            "metric_query": [],
            "namespace": "CWAgent",
            "ok_actions": [],
            "period": 60,
            "statistic": "Average",
            "tags": {
              "Environment": "dev",
              "Name": "useast1d_ec2_diskspace",
              "Namespace": "useast1d"
            },
            "threshold": 5000000000,
            "threshold_metric_id": "",
            "treat_missing_data": "missing",
            "unit": ""
          },
          "private": "eyJzY2hlbWFfdmVyc2lvbiI6IjEifQ==",
          "dependencies": [
            "aws_cloudwatch_event_rule.autoscaling_events",
            "aws_cloudwatch_event_target.autoscaling_events",
            "aws_sns_topic.autoscaling_events"
          ]
        }
      ]
    },
    {
      "mode": "managed",
      "type": "aws_cloudwatch_metric_alarm",
      "name": "alarm_ec2_highcpu",
      "provider": "provider.aws",
      "instances": [
        {
          "schema_version": 1,
          "attributes": {
            "actions_enabled": true,
            "alarm_actions": [
              "arn:aws:sns:us-east-1:411395035331:useast1d-autoscaling_events"
            ],
            "alarm_description": "This metric monitors ec2 cpu utilization",
            "alarm_name": "useast1d_ec2_highcpu",
            "arn": "arn:aws:cloudwatch:us-east-1:411395035331:alarm:useast1d_ec2_highcpu",
            "comparison_operator": "LessThanOrEqualToThreshold",
            "datapoints_to_alarm": 0,
            "dimensions": {},
            "evaluate_low_sample_count_percentiles": "",
            "evaluation_periods": 2,
            "extended_statistic": "",
            "id": "useast1d_ec2_highcpu",
            "insufficient_data_actions": [],
            "metric_name": "CPU_USAGE_IDLE",
            "metric_query": [],
            "namespace": "CWAgent",
            "ok_actions": [],
            "period": 60,
            "statistic": "Average",
            "tags": {
              "Environment": "dev",
              "Name": "useast1d_ec2_highcpu",
              "Namespace": "useast1d"
            },
            "threshold": 20,
            "threshold_metric_id": "",
            "treat_missing_data": "missing",
            "unit": ""
          },
          "private": "eyJzY2hlbWFfdmVyc2lvbiI6IjEifQ==",
          "dependencies": [
            "aws_cloudwatch_event_rule.autoscaling_events",
            "aws_cloudwatch_event_target.autoscaling_events",
            "aws_sns_topic.autoscaling_events"
          ]
        }
      ]
    },
    {
      "mode": "managed",
      "type": "aws_flow_log",
      "name": "vpc-flow-logs",
      "provider": "provider.aws",
      "instances": [
        {
          "schema_version": 0,
          "attributes": {
            "eni_id": null,
            "iam_role_arn": "arn:aws:iam::411395035331:role/app/useast1d-role-vpc-flowlogs",
            "id": "fl-059a509839023cf5f",
            "log_destination": "arn:aws:logs:us-east-1:411395035331:log-group:useast1d-vpc-flow-logs",
            "log_destination_type": "cloud-watch-logs",
            "log_format": "${version} ${account-id} ${interface-id} ${srcaddr} ${dstaddr} ${srcport} ${dstport} ${protocol} ${packets} ${bytes} ${start} ${end} ${action} ${log-status}",
            "log_group_name": "useast1d-vpc-flow-logs",
            "max_aggregation_interval": 600,
            "subnet_id": null,
            "tags": {},
            "traffic_type": "ALL",
            "vpc_id": "vpc-0bf2700a887db25fd"
          },
          "private": "bnVsbA==",
          "dependencies": [
            "aws_cloudwatch_log_group.vpc-flow-logs-group",
            "aws_iam_role.vpc-flow-logs-role"
          ]
        }
      ]
    },
    {
      "mode": "managed",
      "type": "aws_iam_instance_profile",
      "name": "elasticsearch",
      "provider": "provider.aws",
      "instances": [
        {
          "schema_version": 0,
          "attributes": {
            "arn": "arn:aws:iam::411395035331:instance-profile/useast1d_ec2_elasticsearch",
            "create_date": "2020-05-22T18:29:37Z",
            "id": "useast1d_ec2_elasticsearch",
            "name": "useast1d_ec2_elasticsearch",
            "name_prefix": null,
            "path": "/",
            "role": "useast1d_ec2_elasticsearch",
            "roles": [
              "useast1d_ec2_elasticsearch"
            ],
            "unique_id": "AIPAV7SIOCDB5KO67K5VX"
          },
          "private": "bnVsbA==",
          "dependencies": [
            "aws_iam_role.elasticsearch"
          ]
        }
      ]
    },
    {
      "mode": "managed",
      "type": "aws_iam_role",
      "name": "elasticsearch",
      "provider": "provider.aws",
      "instances": [
        {
          "schema_version": 0,
          "attributes": {
            "arn": "arn:aws:iam::411395035331:role/app/useast1d_ec2_elasticsearch",
            "assume_role_policy": "{\"Version\":\"2012-10-17\",\"Statement\":[{\"Sid\":\"\",\"Effect\":\"Allow\",\"Principal\":{\"Service\":\"ec2.amazonaws.com\"},\"Action\":\"sts:AssumeRole\"}]}",
            "create_date": "2020-05-22T18:29:36Z",
            "description": "",
            "force_detach_policies": true,
            "id": "useast1d_ec2_elasticsearch",
            "max_session_duration": 3600,
            "name": "useast1d_ec2_elasticsearch",
            "name_prefix": null,
            "path": "/app/",
            "permissions_boundary": null,
            "tags": {},
            "unique_id": "AROAV7SIOCDBZ4AK7S6XA"
          },
          "private": "bnVsbA=="
        }
      ]
    },
    {
      "mode": "managed",
      "type": "aws_iam_role",
      "name": "subscription_filter_windows_eventlogs",
      "provider": "provider.aws",
      "instances": [
        {
          "schema_version": 0,
          "attributes": {
            "arn": "arn:aws:iam::411395035331:role/app/useast1d_cw_windows_eventlogs",
            "assume_role_policy": "{\"Version\":\"2012-10-17\",\"Statement\":[{\"Effect\":\"Allow\",\"Principal\":{\"Service\":\"logs.us-east-1.amazonaws.com\"},\"Action\":\"sts:AssumeRole\"}]}",
            "create_date": "2020-05-22T20:06:38Z",
            "description": "",
            "force_detach_policies": true,
            "id": "useast1d_cw_windows_eventlogs",
            "max_session_duration": 3600,
            "name": "useast1d_cw_windows_eventlogs",
            "name_prefix": null,
            "path": "/app/",
            "permissions_boundary": null,
            "tags": {},
            "unique_id": "AROAV7SIOCDBRNG76XULA"
          },
          "private": "bnVsbA=="
        }
      ]
    },
    {
      "mode": "managed",
      "type": "aws_iam_role",
      "name": "vpc-flow-logs-role",
      "provider": "provider.aws",
      "instances": [
        {
          "schema_version": 0,
          "attributes": {
            "arn": "arn:aws:iam::411395035331:role/app/useast1d-role-vpc-flowlogs",
            "assume_role_policy": "{\"Version\":\"2012-10-17\",\"Statement\":[{\"Sid\":\"\",\"Effect\":\"Allow\",\"Principal\":{\"Service\":\"vpc-flow-logs.amazonaws.com\"},\"Action\":\"sts:AssumeRole\"}]}",
            "create_date": "2020-05-22T18:29:36Z",
            "description": "",
            "force_detach_policies": true,
            "id": "useast1d-role-vpc-flowlogs",
            "max_session_duration": 3600,
            "name": "useast1d-role-vpc-flowlogs",
            "name_prefix": null,
            "path": "/app/",
            "permissions_boundary": null,
            "tags": {},
            "unique_id": "AROAV7SIOCDB63X2K262P"
          },
          "private": "bnVsbA=="
        }
      ]
    },
    {
      "mode": "managed",
      "type": "aws_iam_role_policy",
      "name": "elasticsearch_cloudwatch",
      "provider": "provider.aws",
      "instances": [
        {
          "schema_version": 0,
          "attributes": {
            "id": "useast1d_ec2_elasticsearch:GrantCloudwatchReadOnly",
            "name": "GrantCloudwatchReadOnly",
            "name_prefix": null,
            "policy": "{\r\n  \"Version\": \"2012-10-17\",\r\n  \"Statement\": [\r\n    {\r\n      \"Sid\": \"GrantCloudwatchReadOnly\",\r\n      \"Effect\": \"Allow\",\r\n      \"Action\": [\r\n        \"cloudwatch:List*\",\r\n        \"cloudwatch:Describe*\",\r\n        \"cloudwatch:Get*\"\r\n      ],\r\n      \"Resource\": \"*\"\r\n    }\r\n  ]\r\n}\r\n",
            "role": "useast1d_ec2_elasticsearch"
          },
          "private": "bnVsbA==",
          "dependencies": [
            "aws_iam_role.elasticsearch"
          ]
        }
      ]
    },
    {
      "mode": "managed",
      "type": "aws_iam_role_policy",
      "name": "elasticsearch_copyobject",
      "provider": "provider.aws",
      "instances": [
        {
          "schema_version": 0,
          "attributes": {
            "id": "useast1d_ec2_elasticsearch:GrantS3CopyObject",
            "name": "GrantS3CopyObject",
            "name_prefix": null,
            "policy": "{\r\n  \"Version\": \"2012-10-17\",\r\n  \"Statement\": [\r\n    {\r\n\t\t\t\"Sid\": \"GrantS3CopyObject\",\r\n\t\t\t\"Effect\": \"Allow\",\r\n\t\t\t\"Action\": [\r\n\t\t\t\t\"s3:Get*\",\r\n\t\t\t\t\"s3:List*\",\r\n                \"s3:CopyObject\",\r\n                \"s3:GetBucketLocation\"\r\n\t\t\t],\r\n      \"Resource\": \"*\"\r\n    }\r\n  ]\r\n}\r\n",
            "role": "useast1d_ec2_elasticsearch"
          },
          "private": "bnVsbA==",
          "dependencies": [
            "aws_iam_role.elasticsearch"
          ]
        }
      ]
    },
    {
      "mode": "managed",
      "type": "aws_iam_role_policy",
      "name": "elasticsearch_describeinstances",
      "provider": "provider.aws",
      "instances": [
        {
          "schema_version": 0,
          "attributes": {
            "id": "useast1d_ec2_elasticsearch:GrantEC2DescribeIntances",
            "name": "GrantEC2DescribeIntances",
            "name_prefix": null,
            "policy": "{\r\n  \"Version\": \"2012-10-17\",\r\n  \"Statement\": [\r\n    {\r\n      \"Sid\": \"GrantEC2DescribeInstances\",\r\n      \"Effect\": \"Allow\",\r\n      \"Action\": [\r\n        \"ec2:DescribeInstances\"\r\n      ],\r\n      \"Resource\": \"*\"\r\n    }\r\n  ]\r\n}\r\n",
            "role": "useast1d_ec2_elasticsearch"
          },
          "private": "bnVsbA==",
          "dependencies": [
            "aws_iam_role.elasticsearch"
          ]
        }
      ]
    },
    {
      "mode": "managed",
      "type": "aws_iam_role_policy",
      "name": "elasticsearch_describetags",
      "provider": "provider.aws",
      "instances": [
        {
          "schema_version": 0,
          "attributes": {
            "id": "useast1d_ec2_elasticsearch:GrantEC2DescribeTags",
            "name": "GrantEC2DescribeTags",
            "name_prefix": null,
            "policy": "{\r\n  \"Version\": \"2012-10-17\",\r\n  \"Statement\": [\r\n    {\r\n      \"Sid\": \"GrantEC2DescribeTags\",\r\n      \"Effect\": \"Allow\",\r\n      \"Action\": [\r\n        \"ec2:DescribeTags\"\r\n      ],\r\n      \"Resource\": \"*\"\r\n    }\r\n  ]\r\n}\r\n",
            "role": "useast1d_ec2_elasticsearch"
          },
          "private": "bnVsbA==",
          "dependencies": [
            "aws_iam_role.elasticsearch"
          ]
        }
      ]
    },
    {
      "mode": "managed",
      "type": "aws_iam_role_policy",
      "name": "subscription_filter_windows_eventlogs",
      "provider": "provider.aws",
      "instances": [
        {
          "schema_version": 0,
          "attributes": {
            "id": "useast1d_cw_windows_eventlogs:GrantKinesisPutRecords",
            "name": "GrantKinesisPutRecords",
            "name_prefix": null,
            "policy": "{\r\n    \"Version\": \"2012-10-17\",\r\n    \"Statement\": [\r\n        {\r\n            \"Sid\": \"GrantKinesisReadOnly\",\r\n            \"Effect\": \"Allow\",\r\n            \"Action\": [\r\n                \"kinesis:ListStreams\",\r\n                \"kinesis:PutRecord\",\r\n                \"kinesis:PutRecords\",\r\n                \"kinesis:DescribeStream\"\r\n            ],\r\n            \"Resource\": \"arn:aws:kinesis:us-east-1:411395035331:stream/useast1d_windows_eventlogs\"\r\n        }\r\n    ]\r\n}\r\n",
            "role": "useast1d_cw_windows_eventlogs"
          },
          "private": "bnVsbA==",
          "dependencies": [
            "aws_iam_role.subscription_filter_windows_eventlogs",
            "aws_kinesis_stream.windows_eventlogs"
          ]
        }
      ]
    },
    {
      "mode": "managed",
      "type": "aws_iam_role_policy",
      "name": "vpc-flow-logs-policy",
      "provider": "provider.aws",
      "instances": [
        {
          "schema_version": 0,
          "attributes": {
            "id": "useast1d-role-vpc-flowlogs:GrantCloudwatchLogs",
            "name": "GrantCloudwatchLogs",
            "name_prefix": null,
            "policy": "{\r\n  \"Version\": \"2012-10-17\",\r\n  \"Statement\": [\r\n    {\r\n      \"Sid\": \"GrantCloudwatchLogs\",\r\n      \"Action\": [\r\n        \"logs:CreateLogGroup\",\r\n        \"logs:CreateLogStream\",\r\n        \"logs:PutLogEvents\",\r\n        \"logs:DescribeLogGroups\",\r\n        \"logs:DescribeLogStreams\"\r\n      ],\r\n      \"Effect\": \"Allow\",\r\n      \"Resource\": \"*\"\r\n    }\r\n  ]\r\n}\r\n",
            "role": "useast1d-role-vpc-flowlogs"
          },
          "private": "bnVsbA==",
          "dependencies": [
            "aws_iam_role.vpc-flow-logs-role"
          ]
        }
      ]
    },
    {
      "mode": "managed",
      "type": "aws_iam_role_policy_attachment",
      "name": "elasticsearch_cloudwatch",
      "provider": "provider.aws",
      "instances": [
        {
          "schema_version": 0,
          "attributes": {
            "id": "useast1d_ec2_elasticsearch-20200522182937347500000001",
            "policy_arn": "arn:aws:iam::aws:policy/CloudWatchAgentServerPolicy",
            "role": "useast1d_ec2_elasticsearch"
          },
          "private": "bnVsbA==",
          "dependencies": [
            "aws_iam_role.elasticsearch"
          ]
        }
      ]
    },
    {
      "mode": "managed",
      "type": "aws_iam_role_policy_attachment",
      "name": "elasticsearch_dynamodb",
      "provider": "provider.aws",
      "instances": [
        {
          "schema_version": 0,
          "attributes": {
            "id": "useast1d_ec2_elasticsearch-20200522213857619800000001",
            "policy_arn": "arn:aws:iam::aws:policy/AmazonDynamoDBFullAccess",
            "role": "useast1d_ec2_elasticsearch"
          },
          "private": "bnVsbA==",
          "dependencies": [
            "aws_iam_role.elasticsearch"
          ]
        }
      ]
    },
    {
      "mode": "managed",
      "type": "aws_iam_role_policy_attachment",
      "name": "elasticsearch_kinesis",
      "provider": "provider.aws",
      "instances": [
        {
          "schema_version": 0,
          "attributes": {
            "id": "useast1d_ec2_elasticsearch-20200522213857627800000002",
            "policy_arn": "arn:aws:iam::aws:policy/AmazonKinesisFullAccess",
            "role": "useast1d_ec2_elasticsearch"
          },
          "private": "bnVsbA==",
          "dependencies": [
            "aws_iam_role.elasticsearch"
          ]
        }
      ]
    },
    {
      "mode": "managed",
      "type": "aws_iam_role_policy_attachment",
      "name": "elasticsearch_ssm",
      "provider": "provider.aws",
      "instances": [
        {
          "schema_version": 0,
          "attributes": {
            "id": "useast1d_ec2_elasticsearch-20200522182937429100000002",
            "policy_arn": "arn:aws:iam::aws:policy/AmazonSSMManagedInstanceCore",
            "role": "useast1d_ec2_elasticsearch"
          },
          "private": "bnVsbA==",
          "dependencies": [
            "aws_iam_role.elasticsearch"
          ]
        }
      ]
    },
    {
      "mode": "managed",
      "type": "aws_key_pair",
      "name": "elasticsearch",
      "provider": "provider.aws",
      "instances": [
        {
          "schema_version": 1,
          "attributes": {
            "fingerprint": "96:ba:ac:5c:df:c6:1c:b6:dd:82:6a:cf:01:ee:d6:00",
            "id": "useast1d_elasticsearch_kaypair",
            "key_name": "useast1d_elasticsearch_kaypair",
            "key_name_prefix": null,
            "key_pair_id": "key-0bbfc2ab2ed88bc8c",
            "public_key": "ssh-rsa AAAAB3NzaC1yc2EAAAADAQABAAACAQDY8q+gmo6silx1M0HPK3skBkK64UZXK9zEH8eE7i3MkVZDNa0xl84xC/OMikjYOEc+99wlNERr5FsakLxmIL6H+RmYlENKrTnE6E+qeqQ/yCa4zwer23rXghjgmRVORYsOuH2sLo/EDdu/vy/Cxxjv740pFLeEBHrX94T6uIzMsBL25E9dyPDYOkF99kGLzPlLMsEYhu0Jsvtp5wNjJPSeG9YYuuDeTlE+JDZZmgYZBbWxTbNxRevoocDUxEx63RIJM8YWtGcvO9w2YZs1lr+QrAukpyQgHOPuXTDarypAZ3109kUiwxEpIiWWeM+nPqmEb8/mLI+lnAqu+soosEkHFY6KGJvm3ScR4EdkxfoNAgXQERMSSRu0y4ODlTs+T4lc6UNkCFBmEdd7q3zJazuVOF2WfcuWXZTQouk7g/00EOx+4A8GF1mn+Oz2wLMOyzf55vRHm+tlq8CrWLINeVUk/gyMFA7XpLulEDlkzzqWwBv9l+ehv634/V5Pqpddtz57kkOcmVU7j9VKsb1/3pjLDj/6lxFSL2h3HXNFzVwhIa8QvgEQ6jIQTW1JEMWtlI0GpYZ9h2MkEub+gnlQqvyVtPbNR/tMt2RF8ymhTXiNSaV1Jjb9st39+WdHItE5qIZA5lWXE2uJ1eaxBKDZdqfH2Rq94cmV0gG4ALWnDyvgMw== mlynch1985@gmail.com",
            "tags": {}
          },
          "private": "eyJzY2hlbWFfdmVyc2lvbiI6IjEifQ=="
        }
      ]
    },
    {
      "mode": "managed",
      "type": "aws_kinesis_stream",
      "name": "windows_eventlogs",
      "provider": "provider.aws",
      "instances": [
        {
          "schema_version": 1,
          "attributes": {
            "arn": "arn:aws:kinesis:us-east-1:411395035331:stream/useast1d_windows_eventlogs",
            "encryption_type": "NONE",
            "enforce_consumer_deletion": false,
            "id": "arn:aws:kinesis:us-east-1:411395035331:stream/useast1d_windows_eventlogs",
            "kms_key_id": "",
            "name": "useast1d_windows_eventlogs",
            "retention_period": 24,
            "shard_count": 1,
            "shard_level_metrics": null,
            "tags": {
              "Environment": "dev",
              "Name": "useast1d_windows_eventlogs",
              "Namespace": "useast1d"
            },
            "timeouts": null
          },
          "private": "eyJlMmJmYjczMC1lY2FhLTExZTYtOGY4OC0zNDM2M2JjN2M0YzAiOnsiY3JlYXRlIjozMDAwMDAwMDAwMDAsImRlbGV0ZSI6NzIwMDAwMDAwMDAwMCwidXBkYXRlIjo3MjAwMDAwMDAwMDAwfSwic2NoZW1hX3ZlcnNpb24iOiIxIn0="
        }
      ]
    },
    {
      "mode": "managed",
      "type": "aws_launch_template",
      "name": "elasticsearch",
      "provider": "provider.aws",
      "instances": [
        {
          "schema_version": 0,
          "attributes": {
            "arn": "arn:aws:ec2:us-east-1:411395035331:launch-template/lt-065cd70cc87e40bb3",
            "block_device_mappings": [],
            "capacity_reservation_specification": [],
            "cpu_options": [],
            "credit_specification": [],
            "default_version": 1,
            "description": "",
            "disable_api_termination": false,
            "ebs_optimized": "",
            "elastic_gpu_specifications": [],
            "elastic_inference_accelerator": [],
            "hibernation_options": [],
            "iam_instance_profile": [
              {
                "arn": "",
                "name": "useast1d_ec2_elasticsearch"
              }
            ],
            "id": "lt-065cd70cc87e40bb3",
            "image_id": "ami-0323c3dd2da7fb37d",
            "instance_initiated_shutdown_behavior": "",
            "instance_market_options": [],
            "instance_type": "t2.medium",
            "kernel_id": "",
            "key_name": "useast1d_elasticsearch_kaypair",
            "latest_version": 7,
            "license_specification": [],
            "metadata_options": [],
            "monitoring": [],
            "name": "useast1d_elasticsearch_launchtemplate",
            "name_prefix": null,
            "network_interfaces": [],
            "placement": [],
            "ram_disk_id": "",
            "security_group_names": [],
            "tag_specifications": [],
            "tags": {},
            "user_data": "IyEvYmluL2Jhc2gNCg0KIyMgUGVyZm9ybSBzeXN0ZW0gdXBkYXRlcyBmaXJzdCBhbmQgaW5zdGFsbCBzb21lIGJhc2ljIGNvbXBvbmVudHMNCnl1bSB1cGRhdGUgLXkNCg0KIyMgQ2FwdHVyZSBjdXJyZW50IEluc3RhbmNlIElEIGFuZCBSZWdpb24NCklOU1RBTkNFX0lEPSQoY3VybCAtcyAnaHR0cDovLzE2OS4yNTQuMTY5LjI1NC9sYXRlc3QvbWV0YS1kYXRhL2luc3RhbmNlLWlkJykNCklOU1RBTkNFX1JFR0lPTj0kKGN1cmwgLXMgJ2h0dHA6Ly8xNjkuMjU0LjE2OS4yNTQvbGF0ZXN0L2R5bmFtaWMvaW5zdGFuY2UtaWRlbnRpdHkvZG9jdW1lbnQnIHwgcHl0aG9uIC1jICJpbXBvcnQgc3lzLCBqc29uOyBwcmludCBqc29uLmxvYWQoc3lzLnN0ZGluKVsncmVnaW9uJ10iKQ0KDQojIyBJbnN0YWxsIHRoZSBDbG91ZHdhdGNoQWdlbnQgaWYgbm90IGFscmVhZHkgcHJlc2VudA0KaWYgWyAhIC1kICIvb3B0L2F3cy9hbWF6b24tY2xvdWR3YXRjaC1hZ2VudCIgXQ0KdGhlbg0KICAgIHdnZXQgaHR0cHM6Ly9zMy4ke0lOU1RBTkNFX1JFR0lPTn0uYW1hem9uYXdzLmNvbS9hbWF6b25jbG91ZHdhdGNoLWFnZW50LSR7SU5TVEFOQ0VfUkVHSU9OfS9hbWF6b25fbGludXgvYW1kNjQvbGF0ZXN0L2FtYXpvbi1jbG91ZHdhdGNoLWFnZW50LnJwbQ0KICAgIHJwbSAtVSAuL2FtYXpvbi1jbG91ZHdhdGNoLWFnZW50LnJwbQ0KICAgIHJtIC1yZiBhbWF6b24tY2xvdWR3YXRjaC1hZ2VudC5ycG0NCmZpDQoNCiMjIFVwZGF0ZSBvdXIgc2hlbGwgc2Vzc2lvbiBhbmQgc2V0IHRoZSBjdXJyZW50IHJlZ2lvbg0KZXhwb3J0IEFXU19ERUZBVUxUX1JFR0lPTj0kSU5TVEFOQ0VfUkVHSU9ODQoNCiMjIFF1ZXJ5IEVDMiBBUEkgZm9yIG5hbWVzcGFjZSBpbnN0YW5jZSB0YWcNCk5BTUVTUEFDRT0kKGF3cyBlYzIgZGVzY3JpYmUtdGFncyAtLWZpbHRlcnMgIk5hbWU9cmVzb3VyY2UtaWQsVmFsdWVzPSRJTlNUQU5DRV9JRCIgIk5hbWU9a2V5LFZhbHVlcz1uYW1lc3BhY2UiIC0tcXVlcnkgJ1RhZ3NbMF0uVmFsdWUnIC0tb3V0cHV0IHRleHQpDQoNCiMjIERlZmluZSB3aGVyZSB0byBkb3dubG9hZCB0aGUgQ2xvdWR3YXRjaEFnZW50IGNvbmZpZyBmcm9tIGFuZCB3aGVyZSB0byBzYXZlIGl0DQpDV0FfU09VUkNFPSIkTkFNRVNQQUNFLW1sdGVtcC9DbG91ZFdhdGNoQ29uZmlncy9saW51eC1hbWF6b24tY2xvdWR3YXRjaC1hZ2VudC5qc29uIg0KQ1dBX0RFU1RJTkFUSU9OPSIvb3B0L2F3cy9hbWF6b24tY2xvdWR3YXRjaC1hZ2VudC9ldGMvYW1hem9uLWNsb3Vkd2F0Y2gtYWdlbnQuanNvbiINCg0KIyMgRGVmaW5lIHdoZXJlIHRoZSBDbG91ZHdhdGNoQWdlbnQgYmluYXJ5IGxpdmVzDQpDV0FfQklOQVJZPSIvb3B0L2F3cy9hbWF6b24tY2xvdWR3YXRjaC1hZ2VudC9iaW4vYW1hem9uLWNsb3Vkd2F0Y2gtYWdlbnQtY3RsIg0KDQojIyBDb3B5IGRvd24gdGhlIENsdW9kV2F0Y2hBZ2VudCBjb25maWcgZmlsZQ0KYXdzIHMzIGNwICJzMzovLyRDV0FfU09VUkNFIiAkQ1dBX0RFU1RJTkFUSU9ODQoNCiMjIENvbmZpZ3VyZSBhbmQgc3RhcnQgdGhlIENsb3Vkd2F0Y2hBZ2VudA0KJENXQV9CSU5BUlkgLWEgZmV0Y2gtY29uZmlnIC1tIGVjMiAtYyBmaWxlOiRDV0FfREVTVElOQVRJT04gLXMNCg0KDQojIyBJbnN0YWxsIEJhc2UgRWxhc3RpYyBTZWFyY2ggQ29tcG9uZW50cw0KYW1hem9uLWxpbnV4LWV4dHJhcyBpbnN0YWxsIGphdmEtb3BlbmpkazExIC15DQoNCiMjIEFkZCB0aGUgRWxhc3RpYyBTZWFyY2ggUmVwb3NpdG9yeQ0KcnBtIC0taW1wb3J0IGh0dHBzOi8vYXJ0aWZhY3RzLmVsYXN0aWMuY28vR1BHLUtFWS1lbGFzdGljc2VhcmNoDQoNCmNhdCA+PiAvZXRjL3l1bS5yZXBvcy5kL2VsYXN0aWNzZWFyY2gucmVwbyA8PEVPRg0KW2VsYXN0aWNzZWFyY2hdDQpuYW1lPUVsYXN0aWNzZWFyY2ggcmVwb3NpdG9yeSBmb3IgNy54IHBhY2thZ2VzDQpiYXNldXJsPWh0dHBzOi8vYXJ0aWZhY3RzLmVsYXN0aWMuY28vcGFja2FnZXMvNy54L3l1bQ0KZ3BnY2hlY2s9MQ0KZ3Bna2V5PWh0dHBzOi8vYXJ0aWZhY3RzLmVsYXN0aWMuY28vR1BHLUtFWS1lbGFzdGljc2VhcmNoDQplbmFibGVkPTANCmF1dG9yZWZyZXNoPTENCnR5cGU9cnBtLW1kDQpFT0YNCg0KDQojIyBDYXB0dXJlIEN1cnJlbnQgTG9jYWwgSVAgQWRkcmVzcw0KTE9DQUxfSVA9JChob3N0bmFtZSAtSSkNCg0KIyMgSW5zdGFsbCBsYXRlc3QgdmVyc2lvbiBvZiBFbGFzdGljU2VhcmNoDQp5dW0gaW5zdGFsbCAtLWVuYWJsZXJlcG89ZWxhc3RpY3NlYXJjaCBlbGFzdGljc2VhcmNoIC15DQp5dW0gaW5zdGFsbCAtLWVuYWJsZXJlcG89ZWxhc3RpY3NlYXJjaCBraWJhbmEgLXkNCnl1bSBpbnN0YWxsIC0tZW5hYmxlcmVwbz1lbGFzdGljc2VhcmNoIGxvZ3N0YXNoIC15DQoNCiMjIENvbmZpZ3VyZSBFbGFzdGljU2VhcmNoDQpzZWQgLWkgInMvI2NsdXN0ZXIubmFtZTogbXktYXBwbGljYXRpb24vY2x1c3Rlci5uYW1lOiAkTkFNRVNQQUNFLUNsdXN0ZXIvZyIgL2V0Yy9lbGFzdGljc2VhcmNoL2VsYXN0aWNzZWFyY2gueW1sDQpzZWQgLWkgInMvI25vZGUubmFtZTogbm9kZS0xL25vZGUubmFtZTogJElOU1RBTkNFX0lEL2ciIC9ldGMvZWxhc3RpY3NlYXJjaC9lbGFzdGljc2VhcmNoLnltbA0Kc2VkIC1pICJzLyNuZXR3b3JrLmhvc3Q6IDE5Mi4xNjguMC4xL25ldHdvcmsuaG9zdDogMC4wLjAuMC9nIiAvZXRjL2VsYXN0aWNzZWFyY2gvZWxhc3RpY3NlYXJjaC55bWwNCnNlZCAtaSAicy8jaHR0cC5wb3J0OiA5MjAwL2h0dHAucG9ydDogOTIwMC9nIiAvZXRjL2VsYXN0aWNzZWFyY2gvZWxhc3RpY3NlYXJjaC55bWwNCnNlZCAtaSAicy8jZGlzY292ZXJ5LnNlZWRfaG9zdHM6IFxbXCJob3N0MVwiLCBcImhvc3QyXCJcXS9kaXNjb3Zlcnkuc2VlZF9ob3N0czogXFtcIiRMT0NBTF9JUFwiXF0vZyIgL2V0Yy9lbGFzdGljc2VhcmNoL2VsYXN0aWNzZWFyY2gueW1sDQpzZWQgLWkgInMvI2NsdXN0ZXIuaW5pdGlhbF9tYXN0ZXJfbm9kZXM6IFxbXCJub2RlLTFcIiwgXCJub2RlLTJcIlxdL2NsdXN0ZXIuaW5pdGlhbF9tYXN0ZXJfbm9kZXM6IFxbXCIkSU5TVEFOQ0VfSURcIlxdL2ciIC9ldGMvZWxhc3RpY3NlYXJjaC9lbGFzdGljc2VhcmNoLnltbA0KDQojIyBTZXR1cCBFbGFzdGljU2VhcmNoIHRvIGJlIGF1dG9zdGFydCBzZXJ2aWNlcw0Kc3VkbyAvYmluL3N5c3RlbWN0bCBkYWVtb24tcmVsb2FkDQpzdWRvIC9iaW4vc3lzdGVtY3RsIGVuYWJsZSBlbGFzdGljc2VhcmNoLnNlcnZpY2UNCg0KIyMgU3RhcnQgRWxhc3RpY1NlYXJjaA0Kc3lzdGVtY3RsIHN0YXJ0IGVsYXN0aWNzZWFyY2guc2VydmljZQ0KDQoNCiMjIENvbmZpZ3VyZSBLaWJhbmENCnNlZCAtaSAicy8jc2VydmVyLnBvcnQ6IDU2MDEvc2VydmVyLnBvcnQ6IDU2MDEvZyIgL2V0Yy9raWJhbmEva2liYW5hLnltbA0Kc2VkIC1pICJzLyNzZXJ2ZXIuaG9zdDogXCJsb2NhbGhvc3RcIi9zZXJ2ZXIuaG9zdDogXCIwLjAuMC4wXCIvZyIgL2V0Yy9raWJhbmEva2liYW5hLnltbA0Kc2VkIC1pICJzLyNzZXJ2ZXIubmFtZTogXCJ5b3VyLWhvc3RuYW1lXCIvc2VydmVyLm5hbWU6IFwiJElOU1RBTkNFX0lEXCIvZyIgL2V0Yy9raWJhbmEva2liYW5hLnltbA0Kc2VkIC1pICJzLyNlbGFzdGljc2VhcmNoLmhvc3RzOiBcW1wiaHR0cDpcL1wvbG9jYWxob3N0OjkyMDBcIlxdL2VsYXN0aWNzZWFyY2guaG9zdHM6IFxbXCJodHRwOlwvXC9sb2NhbGhvc3Q6OTIwMFwiXF0vZyIgL2V0Yy9raWJhbmEva2liYW5hLnltbA0Kc2VkIC1pICJzLy9nIiAvZXRjL2tpYmFuYS9raWJhbmEueW1sDQoNCiMjIFNldHVwIEtpYmFuYSB0byBiZSBhdXRvc3RhcnQgc2VydmljZXMNCnN1ZG8gL2Jpbi9zeXN0ZW1jdGwgZGFlbW9uLXJlbG9hZA0Kc3VkbyAvYmluL3N5c3RlbWN0bCBlbmFibGUga2liYW5hLnNlcnZpY2UNCg0KIyMgU3RhcnQgS2liYW5hDQpzeXN0ZW1jdGwgc3RhcnQga2liYW5hLnNlcnZpY2UNCg0KDQojIyBDb25maWdyZSBMb2dzdGFzaA0KL3Vzci9zaGFyZS9sb2dzdGFzaC9iaW4vbG9nc3Rhc2gtcGx1Z2luIGluc3RhbGwgbG9nc3Rhc2gtaW5wdXQta2luZXNpcw0KL3Vzci9zaGFyZS9sb2dzdGFzaC9iaW4vbG9nc3Rhc2gtcGx1Z2luIGluc3RhbGwgbG9nc3Rhc2gtaW5wdXQtY2xvdWR3YXRjaA0KL3Vzci9zaGFyZS9sb2dzdGFzaC9iaW4vbG9nc3Rhc2gtcGx1Z2luIGluc3RhbGwgbG9nc3Rhc2gtY29kZWMtY2xvdWR3YXRjaF9sb2dzDQoNCmNhdCA+IC9ldGMvbG9nc3Rhc2gvY29uZi5kL3dpbmRvd3MtZXZlbnRsb2dzLmNvbmYgPDxFT0YNCmlucHV0IHsNCiAga2luZXNpcyB7DQogICAga2luZXNpc19zdHJlYW1fbmFtZSA9PiAiJHtOQU1FU1BBQ0V9X3dpbmRvd3NfZXZlbnRsb2dzIg0KICAgIGNvZGVjID0+IGNsb3Vkd2F0Y2hfbG9ncw0KICB9DQp9DQpvdXRwdXQgew0KICAgIGVsYXN0aWNzZWFyY2ggew0KICAgICAgICBpbmRleCA9PiAid2luZG93cy1ldmVudGxvZ3MiDQogICAgfQ0KfQ0KRU9GDQoNCmNhdCA+IC9ldGMvbG9nc3Rhc2gvY29uZi5kL2Nsb3Vkd2F0Y2gtbWV0cmljcy5jb25mIDw8RU9GDQppbnB1dCB7DQogIGNsb3Vkd2F0Y2ggew0KICAgICAgbmFtZXNwYWNlID0+ICJBV1MvRUMyIg0KICAgICAgbWV0cmljcyA9PiBbICJDUFVVdGlsaXphdGlvbiIgXQ0KICAgICAgcmVnaW9uID0+ICIke0lOU1RBTkNFX1JFR0lPTn0iDQogIH0NCn0NCm91dHB1dCB7DQogICAgZWxhc3RpY3NlYXJjaCB7DQogICAgICAgIGluZGV4ID0+ICJjbG91ZHdhdGNoLW1ldHJpY3MiDQogICAgfQ0KfQ0KRU9GDQoNCiMjIFNldHVwIExvZ3N0YXNoIHRvIGJlIGF1dG9zdGFydCBzZXJ2aWNlcw0Kc3VkbyAvYmluL3N5c3RlbWN0bCBkYWVtb24tcmVsb2FkDQpzdWRvIC9iaW4vc3lzdGVtY3RsIGVuYWJsZSBsb2dzdGFzaC5zZXJ2aWNlDQoNCiMjIFN0YXJ0IExvZ3N0YXNoDQpzeXN0ZW1jdGwgc3RhcnQgbG9nc3Rhc2guc2VydmljZQ0K",
            "vpc_security_group_ids": [
              "sg-030fca1bd7f44a1e4",
              "sg-08e036c842971fca0",
              "sg-0f5b135e659567d53"
            ]
          },
          "private": "bnVsbA==",
          "dependencies": [
            "aws_iam_instance_profile.elasticsearch",
            "aws_key_pair.elasticsearch",
            "aws_security_group.allow_vpc_elasticsearch",
            "aws_security_group.allow_vpc_kibana"
          ]
        }
      ]
    },
    {
      "mode": "managed",
      "type": "aws_lb",
      "name": "elasticsearch",
      "provider": "provider.aws",
      "instances": [
        {
          "schema_version": 0,
          "attributes": {
            "access_logs": [
              {
                "bucket": "",
                "enabled": false,
                "prefix": ""
              }
            ],
            "arn": "arn:aws:elasticloadbalancing:us-east-1:411395035331:loadbalancer/app/useast1d-elasticsearch/558601a2b9f62b67",
            "arn_suffix": "app/useast1d-elasticsearch/558601a2b9f62b67",
            "dns_name": "useast1d-elasticsearch-744669076.us-east-1.elb.amazonaws.com",
            "drop_invalid_header_fields": false,
            "enable_cross_zone_load_balancing": null,
            "enable_deletion_protection": false,
            "enable_http2": true,
            "id": "arn:aws:elasticloadbalancing:us-east-1:411395035331:loadbalancer/app/useast1d-elasticsearch/558601a2b9f62b67",
            "idle_timeout": 60,
            "internal": false,
            "ip_address_type": "ipv4",
            "load_balancer_type": "application",
            "name": "useast1d-elasticsearch",
            "name_prefix": null,
            "security_groups": [
              "sg-0bf7956f092c26456",
              "sg-0d73641d929723837"
            ],
            "subnet_mapping": [
              {
                "allocation_id": "",
                "subnet_id": "subnet-07e76814f1543d4e3"
              },
              {
                "allocation_id": "",
                "subnet_id": "subnet-08274650c7309b6d2"
              },
              {
                "allocation_id": "",
                "subnet_id": "subnet-0aafb89244145f716"
              }
            ],
            "subnets": [
              "subnet-07e76814f1543d4e3",
              "subnet-08274650c7309b6d2",
              "subnet-0aafb89244145f716"
            ],
            "tags": {
              "Environment": "dev",
              "Name": "useast1d_alb_elasticsearch",
              "Namespace": "useast1d"
            },
            "timeouts": null,
            "vpc_id": "vpc-0bf2700a887db25fd",
            "zone_id": "Z35SXDOTRQ7X7K"
          },
          "private": "eyJlMmJmYjczMC1lY2FhLTExZTYtOGY4OC0zNDM2M2JjN2M0YzAiOnsiY3JlYXRlIjo2MDAwMDAwMDAwMDAsImRlbGV0ZSI6NjAwMDAwMDAwMDAwLCJ1cGRhdGUiOjYwMDAwMDAwMDAwMH19"
        }
      ]
    },
    {
      "mode": "managed",
      "type": "aws_lb_listener",
      "name": "elasticsearch",
      "provider": "provider.aws",
      "instances": [
        {
          "schema_version": 0,
          "attributes": {
            "arn": "arn:aws:elasticloadbalancing:us-east-1:411395035331:listener/app/useast1d-elasticsearch/558601a2b9f62b67/b80cd3f5194ed66e",
            "certificate_arn": null,
            "default_action": [
              {
                "authenticate_cognito": [],
                "authenticate_oidc": [],
                "fixed_response": [],
                "order": 1,
                "redirect": [],
                "target_group_arn": "arn:aws:elasticloadbalancing:us-east-1:411395035331:targetgroup/useast1d-elasticsearch/85f76d9a868ca905",
                "type": "forward"
              }
            ],
            "id": "arn:aws:elasticloadbalancing:us-east-1:411395035331:listener/app/useast1d-elasticsearch/558601a2b9f62b67/b80cd3f5194ed66e",
            "load_balancer_arn": "arn:aws:elasticloadbalancing:us-east-1:411395035331:loadbalancer/app/useast1d-elasticsearch/558601a2b9f62b67",
            "port": 80,
            "protocol": "HTTP",
            "ssl_policy": "",
            "timeouts": null
          },
          "private": "eyJlMmJmYjczMC1lY2FhLTExZTYtOGY4OC0zNDM2M2JjN2M0YzAiOnsicmVhZCI6NjAwMDAwMDAwMDAwfX0=",
          "dependencies": [
            "aws_lb.elasticsearch",
            "aws_lb_target_group.elasticsearch"
          ]
        }
      ]
    },
    {
      "mode": "managed",
      "type": "aws_lb_target_group",
      "name": "elasticsearch",
      "provider": "provider.aws",
      "instances": [
        {
          "schema_version": 0,
          "attributes": {
            "arn": "arn:aws:elasticloadbalancing:us-east-1:411395035331:targetgroup/useast1d-elasticsearch/85f76d9a868ca905",
            "arn_suffix": "targetgroup/useast1d-elasticsearch/85f76d9a868ca905",
            "deregistration_delay": 300,
            "health_check": [
              {
                "enabled": true,
                "healthy_threshold": 2,
                "interval": 15,
                "matcher": "200-302",
                "path": "/",
                "port": "5601",
                "protocol": "HTTP",
                "timeout": 5,
                "unhealthy_threshold": 3
              }
            ],
            "id": "arn:aws:elasticloadbalancing:us-east-1:411395035331:targetgroup/useast1d-elasticsearch/85f76d9a868ca905",
            "lambda_multi_value_headers_enabled": false,
            "load_balancing_algorithm_type": "round_robin",
            "name": "useast1d-elasticsearch",
            "name_prefix": null,
            "port": 5601,
            "protocol": "HTTP",
            "proxy_protocol_v2": false,
            "slow_start": 0,
            "stickiness": [
              {
                "cookie_duration": 86400,
                "enabled": false,
                "type": "lb_cookie"
              }
            ],
            "tags": {
              "Environment": "dev",
              "Name": "useast1d_elasticsearch_targetgroup",
              "Namespace": "useast1d"
            },
            "target_type": "instance",
            "vpc_id": "vpc-0bf2700a887db25fd"
          },
          "private": "bnVsbA=="
        }
      ]
    },
    {
      "mode": "managed",
      "type": "aws_security_group",
      "name": "allow_vpc_elasticsearch",
      "provider": "provider.aws",
      "instances": [
        {
          "schema_version": 1,
          "attributes": {
            "arn": "arn:aws:ec2:us-east-1:411395035331:security-group/sg-030fca1bd7f44a1e4",
            "description": "Allow ElasticSearch inbound traffic from VPC",
            "egress": [
              {
                "cidr_blocks": [
                  "0.0.0.0/0"
                ],
                "description": "",
                "from_port": 0,
                "ipv6_cidr_blocks": [],
                "prefix_list_ids": [],
                "protocol": "-1",
                "security_groups": [],
                "self": false,
                "to_port": 0
              }
            ],
            "id": "sg-030fca1bd7f44a1e4",
            "ingress": [
              {
                "cidr_blocks": [
                  "10.0.11.0/24",
                  "10.0.13.0/24",
                  "10.0.12.0/24"
                ],
                "description": "Allow ElasticSearch inbound traffic from VPC",
                "from_port": 9200,
                "ipv6_cidr_blocks": [],
                "prefix_list_ids": [],
                "protocol": "tcp",
                "security_groups": [],
                "self": false,
                "to_port": 9200
              }
            ],
            "name": "useast1d_allow_vpc_elasticsearch",
            "name_prefix": null,
            "owner_id": "411395035331",
            "revoke_rules_on_delete": false,
            "tags": {
              "Environment": "dev",
              "Name": "useast1d_allow_vpc_elasticsearch",
              "Namespace": "useast1d"
            },
            "timeouts": null,
            "vpc_id": "vpc-0bf2700a887db25fd"
          },
          "private": "eyJlMmJmYjczMC1lY2FhLTExZTYtOGY4OC0zNDM2M2JjN2M0YzAiOnsiY3JlYXRlIjo2MDAwMDAwMDAwMDAsImRlbGV0ZSI6NjAwMDAwMDAwMDAwfSwic2NoZW1hX3ZlcnNpb24iOiIxIn0="
        }
      ]
    },
    {
      "mode": "managed",
      "type": "aws_security_group",
      "name": "allow_vpc_kibana",
      "provider": "provider.aws",
      "instances": [
        {
          "schema_version": 1,
          "attributes": {
            "arn": "arn:aws:ec2:us-east-1:411395035331:security-group/sg-0f5b135e659567d53",
            "description": "Allow Kibana inbound traffic from VPC",
            "egress": [
              {
                "cidr_blocks": [
                  "0.0.0.0/0"
                ],
                "description": "",
                "from_port": 0,
                "ipv6_cidr_blocks": [],
                "prefix_list_ids": [],
                "protocol": "-1",
                "security_groups": [],
                "self": false,
                "to_port": 0
              }
            ],
            "id": "sg-0f5b135e659567d53",
            "ingress": [
              {
                "cidr_blocks": [
                  "10.0.0.0/16"
                ],
                "description": "Allow Kibana inbound traffic from VPC",
                "from_port": 5601,
                "ipv6_cidr_blocks": [],
                "prefix_list_ids": [],
                "protocol": "tcp",
                "security_groups": [],
                "self": false,
                "to_port": 5601
              }
            ],
            "name": "useast1d_allow_vpc_kibana",
            "name_prefix": null,
            "owner_id": "411395035331",
            "revoke_rules_on_delete": false,
            "tags": {
              "Environment": "dev",
              "Name": "useast1d_allow_vpc_kibana",
              "Namespace": "useast1d"
            },
            "timeouts": null,
            "vpc_id": "vpc-0bf2700a887db25fd"
          },
          "private": "eyJlMmJmYjczMC1lY2FhLTExZTYtOGY4OC0zNDM2M2JjN2M0YzAiOnsiY3JlYXRlIjo2MDAwMDAwMDAwMDAsImRlbGV0ZSI6NjAwMDAwMDAwMDAwfSwic2NoZW1hX3ZlcnNpb24iOiIxIn0="
        }
      ]
    },
    {
      "mode": "managed",
      "type": "aws_sns_topic",
      "name": "autoscaling_events",
      "provider": "provider.aws",
      "instances": [
        {
          "schema_version": 0,
          "attributes": {
            "application_failure_feedback_role_arn": "",
            "application_success_feedback_role_arn": "",
            "application_success_feedback_sample_rate": 0,
            "arn": "arn:aws:sns:us-east-1:411395035331:useast1d-autoscaling_events",
            "delivery_policy": "",
            "display_name": "",
            "http_failure_feedback_role_arn": "",
            "http_success_feedback_role_arn": "",
            "http_success_feedback_sample_rate": 0,
            "id": "arn:aws:sns:us-east-1:411395035331:useast1d-autoscaling_events",
            "kms_master_key_id": "",
            "lambda_failure_feedback_role_arn": "",
            "lambda_success_feedback_role_arn": "",
            "lambda_success_feedback_sample_rate": 0,
            "name": "useast1d-autoscaling_events",
            "name_prefix": null,
            "policy": "{\"Version\":\"2012-10-17\",\"Statement\":[{\"Sid\":\"\",\"Effect\":\"Allow\",\"Principal\":{\"Service\":[\"cloudwatch.amazonaws.com\",\"events.amazonaws.com\"]},\"Action\":\"SNS:Publish\",\"Resource\":\"arn:aws:sns:us-east-1:411395035331:useast1d-autoscaling_events\"}]}",
            "sqs_failure_feedback_role_arn": "",
            "sqs_success_feedback_role_arn": "",
            "sqs_success_feedback_sample_rate": 0,
            "tags": {
              "Environment": "dev",
              "Name": "useast1d-autoscaling_events",
              "Namespace": "useast1d"
            }
          },
          "private": "bnVsbA=="
        }
      ]
    },
    {
      "mode": "managed",
      "type": "aws_sns_topic_policy",
      "name": "autoscaling_events",
      "provider": "provider.aws",
      "instances": [
        {
          "schema_version": 0,
          "attributes": {
            "arn": "arn:aws:sns:us-east-1:411395035331:useast1d-autoscaling_events",
            "id": "arn:aws:sns:us-east-1:411395035331:useast1d-autoscaling_events",
            "policy": "{\"Version\":\"2012-10-17\",\"Statement\":[{\"Sid\":\"\",\"Effect\":\"Allow\",\"Principal\":{\"Service\":[\"events.amazonaws.com\",\"cloudwatch.amazonaws.com\"]},\"Action\":\"SNS:Publish\",\"Resource\":\"arn:aws:sns:us-east-1:411395035331:useast1d-autoscaling_events\"}]}"
          },
          "private": "bnVsbA==",
          "dependencies": [
            "aws_sns_topic.autoscaling_events"
          ]
        }
      ]
    }
  ]
}
