{
  "version": 4,
  "terraform_version": "0.12.25",
  "serial": 156,
  "lineage": "2c568fe9-aeba-d1c1-b77f-d7dd92da7bad",
  "outputs": {},
  "resources": [
    {
      "mode": "data",
      "type": "aws_caller_identity",
      "name": "current",
      "provider": "provider.aws",
      "instances": [
        {
          "schema_version": 0,
          "attributes": {
            "account_id": "411395035331",
            "arn": "arn:aws:sts::411395035331:assumed-role/Admin/awsml-Isengard",
            "id": "2020-05-20 14:23:25.4603829 +0000 UTC",
            "user_id": "AROAV7SIOCDBXZRGIK22A:awsml-Isengard"
          }
        }
      ]
    },
    {
      "mode": "data",
      "type": "aws_iam_policy_document",
      "name": "sns-iam-asg-events",
      "provider": "provider.aws",
      "instances": [
        {
          "schema_version": 0,
          "attributes": {
            "id": "3917862261",
            "json": "{\n  \"Version\": \"2012-10-17\",\n  \"Statement\": [\n    {\n      \"Sid\": \"\",\n      \"Effect\": \"Allow\",\n      \"Action\": \"SNS:Publish\",\n      \"Resource\": \"arn:aws:sns:us-east-1:411395035331:useast1d-asg-events\",\n      \"Principal\": {\n        \"Service\": [\n          \"events.amazonaws.com\",\n          \"cloudwatch.amazonaws.com\"\n        ]\n      }\n    }\n  ]\n}",
            "override_json": null,
            "policy_id": null,
            "source_json": null,
            "statement": [
              {
                "actions": [
                  "SNS:Publish"
                ],
                "condition": [],
                "effect": "Allow",
                "not_actions": [],
                "not_principals": [],
                "not_resources": [],
                "principals": [
                  {
                    "identifiers": [
                      "cloudwatch.amazonaws.com",
                      "events.amazonaws.com"
                    ],
                    "type": "Service"
                  }
                ],
                "resources": [
                  "arn:aws:sns:us-east-1:411395035331:useast1d-asg-events"
                ],
                "sid": ""
              }
            ],
            "version": "2012-10-17"
          }
        }
      ]
    },
    {
      "mode": "data",
      "type": "aws_vpc",
      "name": "vpc",
      "provider": "provider.aws",
      "instances": [
        {
          "schema_version": 0,
          "attributes": {
            "arn": "arn:aws:ec2:us-east-1:411395035331:vpc/vpc-0bdde9e0e5a7e70cb",
            "cidr_block": "10.0.0.0/16",
            "cidr_block_associations": [
              {
                "association_id": "vpc-cidr-assoc-0d23f50a1c089ded0",
                "cidr_block": "10.0.0.0/16",
                "state": "associated"
              }
            ],
            "default": false,
            "dhcp_options_id": "dopt-8f56eaf5",
            "enable_dns_hostnames": true,
            "enable_dns_support": true,
            "filter": null,
            "id": "vpc-0bdde9e0e5a7e70cb",
            "instance_tenancy": "default",
            "ipv6_association_id": null,
            "ipv6_cidr_block": null,
            "main_route_table_id": "rtb-0d811af0d94ee1acb",
            "owner_id": "411395035331",
            "state": "available",
            "tags": {
              "Environment": "dev",
              "Name": "useast1d-vpc",
              "Namespace": "useast1d"
            }
          }
        }
      ]
    },
    {
      "mode": "managed",
      "type": "aws_cloudwatch_event_rule",
      "name": "cw-asg-events",
      "provider": "provider.aws",
      "instances": [
        {
          "schema_version": 0,
          "attributes": {
            "arn": "arn:aws:events:us-east-1:411395035331:rule/useast1d-cw-asg-events",
            "description": "Notify for AutoScaling Event",
            "event_pattern": "{\"detail-type\":[\"EC2 Instance Launch Successful\",\"EC2 Instance Terminate Successful\",\"EC2 Instance Launch Unsuccessful\",\"EC2 Instance Terminate Unsuccessful\",\"EC2 Instance-launch Lifecycle Action\",\"EC2 Instance-terminate Lifecycle Action\"],\"source\":[\"aws.autoscaling\"]}",
            "id": "useast1d-cw-asg-events",
            "is_enabled": true,
            "name": "useast1d-cw-asg-events",
            "name_prefix": null,
            "role_arn": "",
            "schedule_expression": "",
            "tags": {}
          },
          "private": "bnVsbA=="
        }
      ]
    },
    {
      "mode": "managed",
      "type": "aws_cloudwatch_event_target",
      "name": "cw-asg-events-targets",
      "provider": "provider.aws",
      "instances": [
        {
          "schema_version": 0,
          "attributes": {
            "arn": "arn:aws:sns:us-east-1:411395035331:useast1d-asg-events",
            "batch_target": [],
            "ecs_target": [],
            "id": "useast1d-cw-asg-events-sns-topic-asg-events",
            "input": "",
            "input_path": "",
            "input_transformer": [],
            "kinesis_target": [],
            "role_arn": "",
            "rule": "useast1d-cw-asg-events",
            "run_command_targets": [],
            "sqs_target": [],
            "target_id": "sns-topic-asg-events"
          },
          "private": "bnVsbA==",
          "dependencies": [
            "aws_cloudwatch_event_rule.cw-asg-events",
            "aws_sns_topic.sns-topic-asg-events"
          ]
        }
      ]
    },
    {
      "mode": "managed",
      "type": "aws_cloudwatch_log_group",
      "name": "cloudwatch-windows-eventlogs",
      "provider": "provider.aws",
      "instances": [
        {
          "schema_version": 0,
          "attributes": {
            "arn": "arn:aws:logs:us-east-1:411395035331:log-group:useast1d-windows-eventlogs:*",
            "id": "useast1d-windows-eventlogs",
            "kms_key_id": "",
            "name": "useast1d-windows-eventlogs",
            "name_prefix": null,
            "retention_in_days": 1,
            "tags": {
              "Environment": "dev",
              "Name": "useast1d-cloudwatch-eventlogs",
              "Namespace": "useast1d"
            }
          },
          "private": "bnVsbA=="
        }
      ]
    },
    {
      "mode": "managed",
      "type": "aws_cloudwatch_log_group",
      "name": "vpc-flow-logs-group",
      "provider": "provider.aws",
      "instances": [
        {
          "schema_version": 0,
          "attributes": {
            "arn": "arn:aws:logs:us-east-1:411395035331:log-group:useast1d-vpc-flow-logs:*",
            "id": "useast1d-vpc-flow-logs",
            "kms_key_id": "",
            "name": "useast1d-vpc-flow-logs",
            "name_prefix": null,
            "retention_in_days": 7,
            "tags": {
              "Environment": "dev",
              "Name": "useast1d-vpc-flow-logs",
              "Namespace": "useast1d"
            }
          },
          "private": "bnVsbA=="
        }
      ]
    },
    {
      "mode": "managed",
      "type": "aws_cloudwatch_log_subscription_filter",
      "name": "kinesis-cloudwatch-subscription-filter",
      "provider": "provider.aws",
      "instances": [
        {
          "schema_version": 0,
          "attributes": {
            "destination_arn": "arn:aws:kinesis:us-east-1:411395035331:stream/useast1d-cloudwatch-logs",
            "distribution": "Random",
            "filter_pattern": "\"*\"",
            "id": "cwlsf-33833869",
            "log_group_name": "useast1d-windows-eventlogs",
            "name": "useast1d-kinesis-filter",
            "role_arn": "arn:aws:iam::411395035331:role/app/useast1d-role-cloudwatch-kinesis"
          },
          "private": "bnVsbA==",
          "dependencies": [
            "aws_iam_role.role-cloudwatch-kinesis",
            "aws_kinesis_stream.kinesis-logs-stream"
          ]
        }
      ]
    },
    {
      "mode": "managed",
      "type": "aws_cloudwatch_metric_alarm",
      "name": "cw-alarm-ec2-diskspace",
      "provider": "provider.aws",
      "instances": [
        {
          "schema_version": 1,
          "attributes": {
            "actions_enabled": true,
            "alarm_actions": [
              "arn:aws:sns:us-east-1:411395035331:useast1d-asg-events"
            ],
            "alarm_description": "This metric monitors ec2 free disk space",
            "alarm_name": "useast1d-ec2-disk-space",
            "arn": "arn:aws:cloudwatch:us-east-1:411395035331:alarm:useast1d-ec2-disk-space",
            "comparison_operator": "LessThanOrEqualToThreshold",
            "datapoints_to_alarm": 0,
            "dimensions": {},
            "evaluate_low_sample_count_percentiles": "",
            "evaluation_periods": 2,
            "extended_statistic": "",
            "id": "useast1d-ec2-disk-space",
            "insufficient_data_actions": [],
            "metric_name": "DISK_FREE",
            "metric_query": [],
            "namespace": "CWAgent",
            "ok_actions": [],
            "period": 60,
            "statistic": "Average",
            "tags": {
              "Environment": "dev",
              "Name": "useast1d-cw-alarm-ec2-diskspace",
              "Namespace": "useast1d"
            },
            "threshold": 5000000000,
            "threshold_metric_id": "",
            "treat_missing_data": "missing",
            "unit": ""
          },
          "private": "eyJzY2hlbWFfdmVyc2lvbiI6IjEifQ==",
          "dependencies": [
            "aws_cloudwatch_event_rule.cw-asg-events",
            "aws_cloudwatch_event_target.cw-asg-events-targets",
            "aws_sns_topic.sns-topic-asg-events"
          ]
        }
      ]
    },
    {
      "mode": "managed",
      "type": "aws_cloudwatch_metric_alarm",
      "name": "cw-alarm-ec2-highcpu",
      "provider": "provider.aws",
      "instances": [
        {
          "schema_version": 1,
          "attributes": {
            "actions_enabled": true,
            "alarm_actions": [
              "arn:aws:sns:us-east-1:411395035331:useast1d-asg-events"
            ],
            "alarm_description": "This metric monitors ec2 cpu utilization",
            "alarm_name": "useast1d-ec2-high-cpu",
            "arn": "arn:aws:cloudwatch:us-east-1:411395035331:alarm:useast1d-ec2-high-cpu",
            "comparison_operator": "LessThanOrEqualToThreshold",
            "datapoints_to_alarm": 0,
            "dimensions": {},
            "evaluate_low_sample_count_percentiles": "",
            "evaluation_periods": 2,
            "extended_statistic": "",
            "id": "useast1d-ec2-high-cpu",
            "insufficient_data_actions": [],
            "metric_name": "CPU_USAGE_IDLE",
            "metric_query": [],
            "namespace": "CWAgent",
            "ok_actions": [],
            "period": 60,
            "statistic": "Average",
            "tags": {
              "Environment": "dev",
              "Name": "useast1d-cw-alarm-ec2-highcpu",
              "Namespace": "useast1d"
            },
            "threshold": 20,
            "threshold_metric_id": "",
            "treat_missing_data": "missing",
            "unit": ""
          },
          "private": "eyJzY2hlbWFfdmVyc2lvbiI6IjEifQ==",
          "dependencies": [
            "aws_cloudwatch_event_rule.cw-asg-events",
            "aws_cloudwatch_event_target.cw-asg-events-targets",
            "aws_sns_topic.sns-topic-asg-events"
          ]
        }
      ]
    },
    {
      "mode": "managed",
      "type": "aws_flow_log",
      "name": "vpc-flow-logs",
      "provider": "provider.aws",
      "instances": [
        {
          "schema_version": 0,
          "attributes": {
            "eni_id": null,
            "iam_role_arn": "arn:aws:iam::411395035331:role/app/useast1d-role-vpc-flowlogs",
            "id": "fl-026b66408168740c0",
            "log_destination": "arn:aws:logs:us-east-1:411395035331:log-group:useast1d-vpc-flow-logs",
            "log_destination_type": "cloud-watch-logs",
            "log_format": "${version} ${account-id} ${interface-id} ${srcaddr} ${dstaddr} ${srcport} ${dstport} ${protocol} ${packets} ${bytes} ${start} ${end} ${action} ${log-status}",
            "log_group_name": "useast1d-vpc-flow-logs",
            "max_aggregation_interval": 600,
            "subnet_id": null,
            "tags": {},
            "traffic_type": "ALL",
            "vpc_id": "vpc-0bdde9e0e5a7e70cb"
          },
          "private": "bnVsbA==",
          "dependencies": [
            "aws_cloudwatch_log_group.vpc-flow-logs-group",
            "aws_iam_role.vpc-flow-logs-role"
          ]
        }
      ]
    },
    {
      "mode": "managed",
      "type": "aws_iam_role",
      "name": "role-cloudwatch-kinesis",
      "provider": "provider.aws",
      "instances": [
        {
          "schema_version": 0,
          "attributes": {
            "arn": "arn:aws:iam::411395035331:role/app/useast1d-role-cloudwatch-kinesis",
            "assume_role_policy": "{\"Version\":\"2012-10-17\",\"Statement\":[{\"Effect\":\"Allow\",\"Principal\":{\"Service\":\"logs.us-east-1.amazonaws.com\"},\"Action\":\"sts:AssumeRole\"}]}",
            "create_date": "2020-05-20T13:34:56Z",
            "description": "",
            "force_detach_policies": true,
            "id": "useast1d-role-cloudwatch-kinesis",
            "max_session_duration": 3600,
            "name": "useast1d-role-cloudwatch-kinesis",
            "name_prefix": null,
            "path": "/app/",
            "permissions_boundary": null,
            "tags": {},
            "unique_id": "AROAV7SIOCDBSRG2G6DLK"
          },
          "private": "bnVsbA=="
        }
      ]
    },
    {
      "mode": "managed",
      "type": "aws_iam_role",
      "name": "vpc-flow-logs-role",
      "provider": "provider.aws",
      "instances": [
        {
          "schema_version": 0,
          "attributes": {
            "arn": "arn:aws:iam::411395035331:role/app/useast1d-role-vpc-flowlogs",
            "assume_role_policy": "{\"Version\":\"2012-10-17\",\"Statement\":[{\"Sid\":\"\",\"Effect\":\"Allow\",\"Principal\":{\"Service\":\"vpc-flow-logs.amazonaws.com\"},\"Action\":\"sts:AssumeRole\"}]}",
            "create_date": "2020-05-20T13:34:56Z",
            "description": "",
            "force_detach_policies": true,
            "id": "useast1d-role-vpc-flowlogs",
            "max_session_duration": 3600,
            "name": "useast1d-role-vpc-flowlogs",
            "name_prefix": null,
            "path": "/app/",
            "permissions_boundary": null,
            "tags": {},
            "unique_id": "AROAV7SIOCDBSITH2WNCK"
          },
          "private": "bnVsbA=="
        }
      ]
    },
    {
      "mode": "managed",
      "type": "aws_iam_role_policy",
      "name": "inline-cloudwatch-kinesis",
      "provider": "provider.aws",
      "instances": [
        {
          "schema_version": 0,
          "attributes": {
            "id": "useast1d-role-cloudwatch-kinesis:GrantKinesisPutRecords",
            "name": "GrantKinesisPutRecords",
            "name_prefix": null,
            "policy": "{\r\n  \"Version\": \"2012-10-17\",\r\n  \"Statement\": [\r\n    {\r\n      \"Sid\": \"GrantKinesisPutRecords\",\r\n      \"Effect\": \"Allow\",\r\n      \"Action\": [\r\n        \"kinesis:PutRecord\",\r\n        \"kinesis:PutRecords\"\r\n      ],\r\n      \"Resource\": \"arn:aws:kinesis:us-east-1:411395035331:stream/useast1d-cloudwatch-logs\"\r\n    },\r\n    {\r\n      \"Sid\": \"GrantKMSDecrypt\",\r\n      \"Effect\": \"Allow\",\r\n      \"Action\": [\r\n        \"kms:GenerateDataKey\"\r\n      ],\r\n      \"Resource\": \"arn:aws:kms:us-east-1:411395035331:key/4a59a5d8-7b6c-4eeb-92ae-61fd455a3133\"\r\n    }\r\n  ]\r\n}\r\n",
            "role": "useast1d-role-cloudwatch-kinesis"
          },
          "private": "bnVsbA==",
          "dependencies": [
            "aws_iam_role.role-cloudwatch-kinesis",
            "aws_kinesis_stream.kinesis-logs-stream",
            "aws_kms_key.kms-key-kinesis"
          ]
        }
      ]
    },
    {
      "mode": "managed",
      "type": "aws_iam_role_policy",
      "name": "vpc-flow-logs-policy",
      "provider": "provider.aws",
      "instances": [
        {
          "schema_version": 0,
          "attributes": {
            "id": "useast1d-role-vpc-flowlogs:GrantCloudwatchLogs",
            "name": "GrantCloudwatchLogs",
            "name_prefix": null,
            "policy": "{\r\n  \"Version\": \"2012-10-17\",\r\n  \"Statement\": [\r\n    {\r\n      \"Sid\": \"GrantCloudwatchLogs\",\r\n      \"Action\": [\r\n        \"logs:CreateLogGroup\",\r\n        \"logs:CreateLogStream\",\r\n        \"logs:PutLogEvents\",\r\n        \"logs:DescribeLogGroups\",\r\n        \"logs:DescribeLogStreams\"\r\n      ],\r\n      \"Effect\": \"Allow\",\r\n      \"Resource\": \"*\"\r\n    }\r\n  ]\r\n}\r\n",
            "role": "useast1d-role-vpc-flowlogs"
          },
          "private": "bnVsbA==",
          "dependencies": [
            "aws_iam_role.vpc-flow-logs-role"
          ]
        }
      ]
    },
    {
      "mode": "managed",
      "type": "aws_kinesis_stream",
      "name": "kinesis-logs-stream",
      "provider": "provider.aws",
      "instances": [
        {
          "schema_version": 1,
          "attributes": {
            "arn": "arn:aws:kinesis:us-east-1:411395035331:stream/useast1d-cloudwatch-logs",
            "encryption_type": "KMS",
            "enforce_consumer_deletion": true,
            "id": "arn:aws:kinesis:us-east-1:411395035331:stream/useast1d-cloudwatch-logs",
            "kms_key_id": "4a59a5d8-7b6c-4eeb-92ae-61fd455a3133",
            "name": "useast1d-cloudwatch-logs",
            "retention_period": 48,
            "shard_count": 1,
            "shard_level_metrics": null,
            "tags": {
              "Environment": "dev",
              "Name": "useast1d-cloudwatch-logs",
              "Namespace": "useast1d"
            },
            "timeouts": null
          },
          "private": "eyJlMmJmYjczMC1lY2FhLTExZTYtOGY4OC0zNDM2M2JjN2M0YzAiOnsiY3JlYXRlIjozMDAwMDAwMDAwMDAsImRlbGV0ZSI6NzIwMDAwMDAwMDAwMCwidXBkYXRlIjo3MjAwMDAwMDAwMDAwfSwic2NoZW1hX3ZlcnNpb24iOiIxIn0=",
          "dependencies": [
            "aws_kms_key.kms-key-kinesis"
          ]
        }
      ]
    },
    {
      "mode": "managed",
      "type": "aws_kms_alias",
      "name": "kms-alias-kinesis",
      "provider": "provider.aws",
      "instances": [
        {
          "schema_version": 0,
          "attributes": {
            "arn": "arn:aws:kms:us-east-1:411395035331:alias/useast1d-kms-kinesis",
            "id": "alias/useast1d-kms-kinesis",
            "name": "alias/useast1d-kms-kinesis",
            "name_prefix": null,
            "target_key_arn": "arn:aws:kms:us-east-1:411395035331:key/4a59a5d8-7b6c-4eeb-92ae-61fd455a3133",
            "target_key_id": "4a59a5d8-7b6c-4eeb-92ae-61fd455a3133"
          },
          "private": "bnVsbA==",
          "dependencies": [
            "aws_kms_key.kms-key-kinesis"
          ]
        }
      ]
    },
    {
      "mode": "managed",
      "type": "aws_kms_key",
      "name": "kms-key-kinesis",
      "provider": "provider.aws",
      "instances": [
        {
          "schema_version": 0,
          "attributes": {
            "arn": "arn:aws:kms:us-east-1:411395035331:key/4a59a5d8-7b6c-4eeb-92ae-61fd455a3133",
            "customer_master_key_spec": "SYMMETRIC_DEFAULT",
            "deletion_window_in_days": 7,
            "description": "kms-kinesis",
            "enable_key_rotation": false,
            "id": "4a59a5d8-7b6c-4eeb-92ae-61fd455a3133",
            "is_enabled": true,
            "key_id": "4a59a5d8-7b6c-4eeb-92ae-61fd455a3133",
            "key_usage": "ENCRYPT_DECRYPT",
            "policy": "{\"Id\":\"useast1d-kms-kinesis\",\"Statement\":[{\"Action\":\"kms:*\",\"Effect\":\"Allow\",\"Principal\":{\"AWS\":\"arn:aws:iam::411395035331:root\"},\"Resource\":\"*\",\"Sid\":\"Enable IAM User Permissions\"},{\"Action\":[\"kms:Create*\",\"kms:Describe*\",\"kms:Enable*\",\"kms:List*\",\"kms:Put*\",\"kms:Update*\",\"kms:Revoke*\",\"kms:Disable*\",\"kms:Get*\",\"kms:Delete*\",\"kms:TagResource\",\"kms:UntagResource\",\"kms:ScheduleKeyDeletion\",\"kms:CancelKeyDeletion\"],\"Effect\":\"Allow\",\"Principal\":{\"AWS\":\"arn:aws:iam::411395035331:role/Admin\"},\"Resource\":\"*\",\"Sid\":\"Allow access for Key Administrators\"},{\"Action\":[\"kms:Decrypt\",\"kms:DescribeKey\"],\"Effect\":\"Allow\",\"Principal\":{\"AWS\":\"arn:aws:iam::411395035331:role/app/useast1d-role-cloudwatch-kinesis\",\"Service\":\"logs.us-east-1.amazonaws.com\"},\"Resource\":\"*\",\"Sid\":\"Allow use of the key\"},{\"Action\":[\"kms:CreateGrant\",\"kms:ListGrants\",\"kms:RevokeGrant\"],\"Condition\":{\"Bool\":{\"kms:GrantIsForAWSResource\":\"true\"}},\"Effect\":\"Allow\",\"Principal\":{\"AWS\":\"arn:aws:iam::411395035331:role/app/useast1d-role-cloudwatch-kinesis\",\"Service\":\"logs.us-east-1.amazonaws.com\"},\"Resource\":\"*\",\"Sid\":\"Allow attachment of persistent resources\"}],\"Version\":\"2012-10-17\"}",
            "tags": {
              "Environment": "dev",
              "Name": "useast1d-kms-kinesis",
              "Namespace": "useast1d"
            }
          },
          "private": "bnVsbA==",
          "dependencies": [
            "aws_iam_role.role-cloudwatch-kinesis"
          ]
        }
      ]
    },
    {
      "mode": "managed",
      "type": "aws_sns_topic",
      "name": "sns-topic-asg-events",
      "provider": "provider.aws",
      "instances": [
        {
          "schema_version": 0,
          "attributes": {
            "application_failure_feedback_role_arn": "",
            "application_success_feedback_role_arn": "",
            "application_success_feedback_sample_rate": 0,
            "arn": "arn:aws:sns:us-east-1:411395035331:useast1d-asg-events",
            "delivery_policy": "",
            "display_name": "",
            "http_failure_feedback_role_arn": "",
            "http_success_feedback_role_arn": "",
            "http_success_feedback_sample_rate": 0,
            "id": "arn:aws:sns:us-east-1:411395035331:useast1d-asg-events",
            "kms_master_key_id": "",
            "lambda_failure_feedback_role_arn": "",
            "lambda_success_feedback_role_arn": "",
            "lambda_success_feedback_sample_rate": 0,
            "name": "useast1d-asg-events",
            "name_prefix": null,
            "policy": "{\"Version\":\"2012-10-17\",\"Statement\":[{\"Sid\":\"\",\"Effect\":\"Allow\",\"Principal\":{\"Service\":[\"cloudwatch.amazonaws.com\",\"events.amazonaws.com\"]},\"Action\":\"SNS:Publish\",\"Resource\":\"arn:aws:sns:us-east-1:411395035331:useast1d-asg-events\"}]}",
            "sqs_failure_feedback_role_arn": "",
            "sqs_success_feedback_role_arn": "",
            "sqs_success_feedback_sample_rate": 0,
            "tags": {
              "Environment": "dev",
              "Name": "useast1d-sns-topic-asg-events",
              "Namespace": "useast1d"
            }
          },
          "private": "bnVsbA=="
        }
      ]
    },
    {
      "mode": "managed",
      "type": "aws_sns_topic_policy",
      "name": "sns-policy-asg-events",
      "provider": "provider.aws",
      "instances": [
        {
          "schema_version": 0,
          "attributes": {
            "arn": "arn:aws:sns:us-east-1:411395035331:useast1d-asg-events",
            "id": "arn:aws:sns:us-east-1:411395035331:useast1d-asg-events",
            "policy": "{\"Version\":\"2012-10-17\",\"Statement\":[{\"Sid\":\"\",\"Effect\":\"Allow\",\"Principal\":{\"Service\":[\"events.amazonaws.com\",\"cloudwatch.amazonaws.com\"]},\"Action\":\"SNS:Publish\",\"Resource\":\"arn:aws:sns:us-east-1:411395035331:useast1d-asg-events\"}]}"
          },
          "private": "bnVsbA==",
          "dependencies": [
            "aws_sns_topic.sns-topic-asg-events"
          ]
        }
      ]
    }
  ]
}
