{
  "version": 4,
  "terraform_version": "0.12.25",
  "serial": 111,
  "lineage": "6618b69e-ad14-3980-ba13-bd98a95c088a",
  "outputs": {},
  "resources": [
    {
      "mode": "data",
      "type": "aws_ami",
      "name": "amazon-linux-2",
      "provider": "provider.aws",
      "instances": [
        {
          "schema_version": 0,
          "attributes": {
            "architecture": "x86_64",
            "block_device_mappings": [
              {
                "device_name": "/dev/xvda",
                "ebs": {
                  "delete_on_termination": "true",
                  "encrypted": "false",
                  "iops": "0",
                  "snapshot_id": "snap-0e1167baa50e9c0ff",
                  "volume_size": "8",
                  "volume_type": "gp2"
                },
                "no_device": "",
                "virtual_name": ""
              }
            ],
            "creation_date": "2020-04-07T17:30:33.000Z",
            "description": "Amazon Linux 2 AMI 2.0.20200406.0 x86_64 HVM gp2",
            "executable_users": null,
            "filter": [
              {
                "name": "name",
                "values": [
                  "amzn2-ami-hvm-2.0*"
                ]
              }
            ],
            "hypervisor": "xen",
            "id": "ami-0323c3dd2da7fb37d",
            "image_id": "ami-0323c3dd2da7fb37d",
            "image_location": "amazon/amzn2-ami-hvm-2.0.20200406.0-x86_64-gp2",
            "image_owner_alias": "amazon",
            "image_type": "machine",
            "kernel_id": null,
            "most_recent": true,
            "name": "amzn2-ami-hvm-2.0.20200406.0-x86_64-gp2",
            "name_regex": null,
            "owner_id": "137112412989",
            "owners": [
              "137112412989"
            ],
            "platform": null,
            "product_codes": [],
            "public": true,
            "ramdisk_id": null,
            "root_device_name": "/dev/xvda",
            "root_device_type": "ebs",
            "root_snapshot_id": "snap-0e1167baa50e9c0ff",
            "sriov_net_support": "simple",
            "state": "available",
            "state_reason": {
              "code": "UNSET",
              "message": "UNSET"
            },
            "tags": {},
            "virtualization_type": "hvm"
          }
        }
      ]
    },
    {
      "mode": "data",
      "type": "aws_caller_identity",
      "name": "current",
      "provider": "provider.aws",
      "instances": [
        {
          "schema_version": 0,
          "attributes": {
            "account_id": "411395035331",
            "arn": "arn:aws:sts::411395035331:assumed-role/Admin/awsml-Isengard",
            "id": "2020-05-18 00:33:28.9632847 +0000 UTC",
            "user_id": "AROAV7SIOCDBXZRGIK22A:awsml-Isengard"
          }
        }
      ]
    },
    {
      "mode": "data",
      "type": "aws_security_group",
      "name": "sg-allow-ssh",
      "provider": "provider.aws",
      "instances": [
        {
          "schema_version": 0,
          "attributes": {
            "arn": "arn:aws:ec2:us-east-1:411395035331:security-group/sg-04c3f38d2c90474f6",
            "description": "Allow SSH inbound traffic from VPC",
            "filter": null,
            "id": "sg-04c3f38d2c90474f6",
            "name": "allow-ssh",
            "tags": {
              "Environment": "dev",
              "Name": "useast1d-allow-ssh",
              "Namespace": "useast1d"
            },
            "vpc_id": "vpc-0042c053ab1e7a598"
          }
        }
      ]
    },
    {
      "mode": "data",
      "type": "aws_subnet_ids",
      "name": "private-subnets",
      "provider": "provider.aws",
      "instances": [
        {
          "schema_version": 0,
          "attributes": {
            "filter": null,
            "id": "vpc-0042c053ab1e7a598",
            "ids": [
              "subnet-03e988f3f152c8496",
              "subnet-056b2915f52898644",
              "subnet-0b411d71c8e21aaae"
            ],
            "tags": {
              "Environment": "dev",
              "Namespace": "useast1d",
              "Tier": "private"
            },
            "vpc_id": "vpc-0042c053ab1e7a598"
          }
        }
      ]
    },
    {
      "mode": "data",
      "type": "aws_subnet_ids",
      "name": "public-subnets",
      "provider": "provider.aws",
      "instances": [
        {
          "schema_version": 0,
          "attributes": {
            "filter": null,
            "id": "vpc-0042c053ab1e7a598",
            "ids": [
              "subnet-051d934e40d2b293c",
              "subnet-0665be9e48fab06d9",
              "subnet-07b0e1eae13522a7c"
            ],
            "tags": {
              "Environment": "dev",
              "Namespace": "useast1d",
              "Tier": "public"
            },
            "vpc_id": "vpc-0042c053ab1e7a598"
          }
        }
      ]
    },
    {
      "mode": "data",
      "type": "aws_vpc",
      "name": "vpc",
      "provider": "provider.aws",
      "instances": [
        {
          "schema_version": 0,
          "attributes": {
            "arn": "arn:aws:ec2:us-east-1:411395035331:vpc/vpc-0042c053ab1e7a598",
            "cidr_block": "10.0.0.0/16",
            "cidr_block_associations": [
              {
                "association_id": "vpc-cidr-assoc-0bed7d96daaccfba3",
                "cidr_block": "10.0.0.0/16",
                "state": "associated"
              }
            ],
            "default": false,
            "dhcp_options_id": "dopt-8f56eaf5",
            "enable_dns_hostnames": true,
            "enable_dns_support": true,
            "filter": null,
            "id": "vpc-0042c053ab1e7a598",
            "instance_tenancy": "default",
            "ipv6_association_id": null,
            "ipv6_cidr_block": null,
            "main_route_table_id": "rtb-0a6184a63c45564d0",
            "owner_id": "411395035331",
            "state": "available",
            "tags": {
              "Environment": "dev",
              "Name": "useast1d-vpc",
              "Namespace": "useast1d"
            }
          }
        }
      ]
    },
    {
      "mode": "managed",
      "type": "aws_autoscaling_group",
      "name": "asg-linuxjump",
      "provider": "provider.aws",
      "instances": [
        {
          "schema_version": 0,
          "attributes": {
            "arn": "arn:aws:autoscaling:us-east-1:411395035331:autoScalingGroup:53a23d44-8c20-47fa-8e53-4cf74895c9a9:autoScalingGroupName/useast1d-linuxjump",
            "availability_zones": [
              "us-east-1a",
              "us-east-1b",
              "us-east-1c"
            ],
            "default_cooldown": 300,
            "desired_capacity": 1,
            "enabled_metrics": null,
            "force_delete": true,
            "health_check_grace_period": 300,
            "health_check_type": "EC2",
            "id": "useast1d-linuxjump",
            "initial_lifecycle_hook": [],
            "launch_configuration": "",
            "launch_template": [
              {
                "id": "lt-080b6fc9398dce9c1",
                "name": "useast1d-linuxjump",
                "version": "$Latest"
              }
            ],
            "load_balancers": [],
            "max_instance_lifetime": 0,
            "max_size": 5,
            "metrics_granularity": "1Minute",
            "min_elb_capacity": null,
            "min_size": 1,
            "mixed_instances_policy": [],
            "name": "useast1d-linuxjump",
            "name_prefix": null,
            "placement_group": "",
            "protect_from_scale_in": false,
            "service_linked_role_arn": "arn:aws:iam::411395035331:role/aws-service-role/autoscaling.amazonaws.com/AWSServiceRoleForAutoScaling",
            "suspended_processes": null,
            "tag": [
              {
                "key": "Name",
                "propagate_at_launch": true,
                "value": "useast1d-linuxjump"
              },
              {
                "key": "environment",
                "propagate_at_launch": true,
                "value": "dev"
              },
              {
                "key": "namespace",
                "propagate_at_launch": true,
                "value": "useast1d"
              }
            ],
            "tags": null,
            "target_group_arns": [
              "arn:aws:elasticloadbalancing:us-east-1:411395035331:targetgroup/useast1d-targetgroup-linuxjump/be4f245488e32466"
            ],
            "termination_policies": [
              "OldestLaunchConfiguration",
              "OldestInstance"
            ],
            "timeouts": {
              "delete": "15m"
            },
            "vpc_zone_identifier": [
              "subnet-03e988f3f152c8496",
              "subnet-056b2915f52898644",
              "subnet-0b411d71c8e21aaae"
            ],
            "wait_for_capacity_timeout": "10m",
            "wait_for_elb_capacity": null
          },
          "private": "eyJlMmJmYjczMC1lY2FhLTExZTYtOGY4OC0zNDM2M2JjN2M0YzAiOnsiZGVsZXRlIjo5MDAwMDAwMDAwMDB9fQ==",
          "dependencies": [
            "aws_iam_instance_profile.ec2-linuxjump-instance-profile",
            "aws_iam_role.role-ec2-linuxjump",
            "aws_key_pair.keypair-linuxjump",
            "aws_launch_template.launchtemplate-linuxjump",
            "aws_lb_target_group.targetgroup-linuxjump",
            "aws_security_group.allow-remote-ssh"
          ]
        }
      ]
    },
    {
      "mode": "managed",
      "type": "aws_iam_instance_profile",
      "name": "ec2-linuxjump-instance-profile",
      "provider": "provider.aws",
      "instances": [
        {
          "schema_version": 0,
          "attributes": {
            "arn": "arn:aws:iam::411395035331:instance-profile/useast1d-ec2-linuxjump",
            "create_date": "2020-05-18T00:33:39Z",
            "id": "useast1d-ec2-linuxjump",
            "name": "useast1d-ec2-linuxjump",
            "name_prefix": null,
            "path": "/",
            "role": "useast1d-role-ec2-linuxjump",
            "roles": [],
            "unique_id": "AIPAV7SIOCDB3ZIM3GUML"
          },
          "private": "bnVsbA==",
          "dependencies": [
            "aws_iam_role.role-ec2-linuxjump"
          ]
        }
      ]
    },
    {
      "mode": "managed",
      "type": "aws_iam_role",
      "name": "role-ec2-linuxjump",
      "provider": "provider.aws",
      "instances": [
        {
          "schema_version": 0,
          "attributes": {
            "arn": "arn:aws:iam::411395035331:role/app/useast1d-role-ec2-linuxjump",
            "assume_role_policy": "{\"Version\":\"2012-10-17\",\"Statement\":[{\"Sid\":\"\",\"Effect\":\"Allow\",\"Principal\":{\"Service\":\"ec2.amazonaws.com\"},\"Action\":\"sts:AssumeRole\"}]}",
            "create_date": "2020-05-18T00:33:39Z",
            "description": "",
            "force_detach_policies": true,
            "id": "useast1d-role-ec2-linuxjump",
            "max_session_duration": 3600,
            "name": "useast1d-role-ec2-linuxjump",
            "name_prefix": null,
            "path": "/app/",
            "permissions_boundary": null,
            "tags": null,
            "unique_id": "AROAV7SIOCDB6V2TUXMQP"
          },
          "private": "bnVsbA=="
        }
      ]
    },
    {
      "mode": "managed",
      "type": "aws_iam_role_policy",
      "name": "inline-ec2-linuxjump-describetags",
      "provider": "provider.aws",
      "instances": [
        {
          "schema_version": 0,
          "attributes": {
            "id": "useast1d-role-ec2-linuxjump:GrantEC2DescribeTags",
            "name": "GrantEC2DescribeTags",
            "name_prefix": null,
            "policy": "{\r\n  \"Version\": \"2012-10-17\",\r\n  \"Statement\": [\r\n    {\r\n      \"Sid\": \"GrantEC2DescribeTags\",\r\n      \"Effect\": \"Allow\",\r\n      \"Action\": [\r\n        \"ec2:DescribeTags\"\r\n      ],\r\n      \"Resource\": \"*\"\r\n    }\r\n  ]\r\n}\r\n",
            "role": "useast1d-role-ec2-linuxjump"
          },
          "private": "bnVsbA==",
          "dependencies": [
            "aws_iam_role.role-ec2-linuxjump"
          ]
        }
      ]
    },
    {
      "mode": "managed",
      "type": "aws_iam_role_policy",
      "name": "inline-ec2-linuxjump-s3copyobject",
      "provider": "provider.aws",
      "instances": [
        {
          "schema_version": 0,
          "attributes": {
            "id": "useast1d-role-ec2-linuxjump:GrantS3CopyObject",
            "name": "GrantS3CopyObject",
            "name_prefix": null,
            "policy": "{\r\n  \"Version\": \"2012-10-17\",\r\n  \"Statement\": [\r\n    {\r\n\t\t\t\"Sid\": \"GrantS3CopyObject\",\r\n\t\t\t\"Effect\": \"Allow\",\r\n\t\t\t\"Action\": [\r\n\t\t\t\t\"s3:Get*\",\r\n\t\t\t\t\"s3:List*\",\r\n                \"s3:CopyObject\",\r\n                \"s3:GetBucketLocation\"\r\n\t\t\t],\r\n      \"Resource\": \"*\"\r\n    }\r\n  ]\r\n}\r\n",
            "role": "useast1d-role-ec2-linuxjump"
          },
          "private": "bnVsbA==",
          "dependencies": [
            "aws_iam_role.role-ec2-linuxjump"
          ]
        }
      ]
    },
    {
      "mode": "managed",
      "type": "aws_iam_role_policy_attachment",
      "name": "attach-ec2-linuxjump-cloudwatch",
      "provider": "provider.aws",
      "instances": [
        {
          "schema_version": 0,
          "attributes": {
            "id": "useast1d-role-ec2-linuxjump-20200518003338945900000002",
            "policy_arn": "arn:aws:iam::aws:policy/CloudWatchAgentServerPolicy",
            "role": "useast1d-role-ec2-linuxjump"
          },
          "private": "bnVsbA==",
          "dependencies": [
            "aws_iam_role.role-ec2-linuxjump"
          ]
        }
      ]
    },
    {
      "mode": "managed",
      "type": "aws_iam_role_policy_attachment",
      "name": "attach-ec2-linuxjump-ssm",
      "provider": "provider.aws",
      "instances": [
        {
          "schema_version": 0,
          "attributes": {
            "id": "useast1d-role-ec2-linuxjump-20200518003338914000000001",
            "policy_arn": "arn:aws:iam::aws:policy/AmazonSSMManagedInstanceCore",
            "role": "useast1d-role-ec2-linuxjump"
          },
          "private": "bnVsbA==",
          "dependencies": [
            "aws_iam_role.role-ec2-linuxjump"
          ]
        }
      ]
    },
    {
      "mode": "managed",
      "type": "aws_key_pair",
      "name": "keypair-linuxjump",
      "provider": "provider.aws",
      "instances": [
        {
          "schema_version": 1,
          "attributes": {
            "fingerprint": "96:ba:ac:5c:df:c6:1c:b6:dd:82:6a:cf:01:ee:d6:00",
            "id": "linuxjump",
            "key_name": "linuxjump",
            "key_name_prefix": null,
            "key_pair_id": "key-0570e244b3e640732",
            "public_key": "ssh-rsa AAAAB3NzaC1yc2EAAAADAQABAAACAQDY8q+gmo6silx1M0HPK3skBkK64UZXK9zEH8eE7i3MkVZDNa0xl84xC/OMikjYOEc+99wlNERr5FsakLxmIL6H+RmYlENKrTnE6E+qeqQ/yCa4zwer23rXghjgmRVORYsOuH2sLo/EDdu/vy/Cxxjv740pFLeEBHrX94T6uIzMsBL25E9dyPDYOkF99kGLzPlLMsEYhu0Jsvtp5wNjJPSeG9YYuuDeTlE+JDZZmgYZBbWxTbNxRevoocDUxEx63RIJM8YWtGcvO9w2YZs1lr+QrAukpyQgHOPuXTDarypAZ3109kUiwxEpIiWWeM+nPqmEb8/mLI+lnAqu+soosEkHFY6KGJvm3ScR4EdkxfoNAgXQERMSSRu0y4ODlTs+T4lc6UNkCFBmEdd7q3zJazuVOF2WfcuWXZTQouk7g/00EOx+4A8GF1mn+Oz2wLMOyzf55vRHm+tlq8CrWLINeVUk/gyMFA7XpLulEDlkzzqWwBv9l+ehv634/V5Pqpddtz57kkOcmVU7j9VKsb1/3pjLDj/6lxFSL2h3HXNFzVwhIa8QvgEQ6jIQTW1JEMWtlI0GpYZ9h2MkEub+gnlQqvyVtPbNR/tMt2RF8ymhTXiNSaV1Jjb9st39+WdHItE5qIZA5lWXE2uJ1eaxBKDZdqfH2Rq94cmV0gG4ALWnDyvgMw== mlynch1985@gmail.com",
            "tags": null
          },
          "private": "eyJzY2hlbWFfdmVyc2lvbiI6IjEifQ=="
        }
      ]
    },
    {
      "mode": "managed",
      "type": "aws_launch_template",
      "name": "launchtemplate-linuxjump",
      "provider": "provider.aws",
      "instances": [
        {
          "schema_version": 0,
          "attributes": {
            "arn": "arn:aws:ec2:us-east-1:411395035331:launch-template/lt-080b6fc9398dce9c1",
            "block_device_mappings": [],
            "capacity_reservation_specification": [],
            "cpu_options": [],
            "credit_specification": [],
            "default_version": 1,
            "description": "",
            "disable_api_termination": false,
            "ebs_optimized": "",
            "elastic_gpu_specifications": [],
            "elastic_inference_accelerator": [],
            "hibernation_options": [],
            "iam_instance_profile": [
              {
                "arn": "",
                "name": "useast1d-ec2-linuxjump"
              }
            ],
            "id": "lt-080b6fc9398dce9c1",
            "image_id": "ami-0323c3dd2da7fb37d",
            "instance_initiated_shutdown_behavior": "",
            "instance_market_options": [],
            "instance_type": "t2.medium",
            "kernel_id": "",
            "key_name": "linuxjump",
            "latest_version": 1,
            "license_specification": [],
            "metadata_options": [],
            "monitoring": [],
            "name": "useast1d-linuxjump",
            "name_prefix": null,
            "network_interfaces": [],
            "placement": [],
            "ram_disk_id": "",
            "security_group_names": null,
            "tag_specifications": [],
            "tags": null,
            "user_data": "IyEvYmluL2Jhc2gNCg0KIyMgUGVyZm9ybSBzeXN0ZW0gdXBkYXRlcyBmaXJzdCBhbmQgaW5zdGFsbCBzb21lIGJhc2ljIGNvbXBvbmVudHMNCnl1bSB1cGRhdGUgLXkNCnl1bSBpbnN0YWxsIHRtdXggLXkNCnl1bSBpbnN0YWxsIHRlbG5ldCAteQ0KeXVtIGluc3RhbGwganEgLXkNCg0KIyMgQ2FwdHVyZSBjdXJyZW50IEluc3RhbmNlIElEIGFuZCBSZWdpb24NCklOU1RBTkNFX0lEPSQoY3VybCAtcyAnaHR0cDovLzE2OS4yNTQuMTY5LjI1NC9sYXRlc3QvbWV0YS1kYXRhL2luc3RhbmNlLWlkJykNCklOU1RBTkNFX1JFR0lPTj0kKGN1cmwgLXMgJ2h0dHA6Ly8xNjkuMjU0LjE2OS4yNTQvbGF0ZXN0L2R5bmFtaWMvaW5zdGFuY2UtaWRlbnRpdHkvZG9jdW1lbnQnIHwgcHl0aG9uIC1jICJpbXBvcnQgc3lzLCBqc29uOyBwcmludCBqc29uLmxvYWQoc3lzLnN0ZGluKVsncmVnaW9uJ10iKQ0KDQojIyBJbnN0YWxsIHRoZSBDbG91ZHdhdGNoQWdlbnQgaWYgbm90IGFscmVhZHkgcHJlc2VudA0KaWYgWyAhIC1kICIvb3B0L2F3cy9hbWF6b24tY2xvdWR3YXRjaC1hZ2VudCIgXQ0KdGhlbg0KICAgIHdnZXQgaHR0cHM6Ly9zMy4ke0lOU1RBTkNFX1JFR0lPTn0uYW1hem9uYXdzLmNvbS9hbWF6b25jbG91ZHdhdGNoLWFnZW50LSR7SU5TVEFOQ0VfUkVHSU9OfS9hbWF6b25fbGludXgvYW1kNjQvbGF0ZXN0L2FtYXpvbi1jbG91ZHdhdGNoLWFnZW50LnJwbQ0KICAgIHJwbSAtVSAuL2FtYXpvbi1jbG91ZHdhdGNoLWFnZW50LnJwbQ0KICAgIHJtIC1yZiBhbWF6b24tY2xvdWR3YXRjaC1hZ2VudC5ycG0NCmZpDQoNCiMjIFVwZGF0ZSBvdXIgc2hlbGwgc2Vzc2lvbiBhbmQgc2V0IHRoZSBjdXJyZW50IHJlZ2lvbg0KZXhwb3J0IEFXU19ERUZBVUxUX1JFR0lPTj0kSU5TVEFOQ0VfUkVHSU9ODQoNCiMjIFF1ZXJ5IEVDMiBBUEkgZm9yIG5hbWVzcGFjZSBpbnN0YW5jZSB0YWcNCk5BTUVTUEFDRT0kKGF3cyBlYzIgZGVzY3JpYmUtdGFncyAtLWZpbHRlcnMgIk5hbWU9cmVzb3VyY2UtaWQsVmFsdWVzPSRJTlNUQU5DRV9JRCIgIk5hbWU9a2V5LFZhbHVlcz1uYW1lc3BhY2UiIC0tcXVlcnkgJ1RhZ3NbMF0uVmFsdWUnIC0tb3V0cHV0IHRleHQpDQoNCiMjIERlZmluZSB3aGVyZSB0byBkb3dubG9hZCB0aGUgQ2xvdWR3YXRjaEFnZW50IGNvbmZpZyBmcm9tIGFuZCB3aGVyZSB0byBzYXZlIGl0DQpDV0FfU09VUkNFPSIkTkFNRVNQQUNFLW1sdGVtcC9DbG91ZFdhdGNoQ29uZmlncy9saW51eC1hbWF6b24tY2xvdWR3YXRjaC1hZ2VudC5qc29uIg0KQ1dBX0RFU1RJTkFUSU9OPSIvb3B0L2F3cy9hbWF6b24tY2xvdWR3YXRjaC1hZ2VudC9ldGMvYW1hem9uLWNsb3Vkd2F0Y2gtYWdlbnQuanNvbiINCg0KIyMgRGVmaW5lIHdoZXJlIHRoZSBDbG91ZHdhdGNoQWdlbnQgYmluYXJ5IGxpdmVzDQpDV0FfQklOQVJZPSIvb3B0L2F3cy9hbWF6b24tY2xvdWR3YXRjaC1hZ2VudC9iaW4vYW1hem9uLWNsb3Vkd2F0Y2gtYWdlbnQtY3RsIg0KDQojIyBDb3B5IGRvd24gdGhlIENsdW9kV2F0Y2hBZ2VudCBjb25maWcgZmlsZQ0KYXdzIHMzIGNwICJzMzovLyRDV0FfU09VUkNFIiAkQ1dBX0RFU1RJTkFUSU9ODQoNCiMjIENvbmZpZ3VyZSBhbmQgc3RhcnQgdGhlIENsb3Vkd2F0Y2hBZ2VudA0KJENXQV9CSU5BUlkgLWEgZmV0Y2gtY29uZmlnIC1tIGVjMiAtYyBmaWxlOiRDV0FfREVTVElOQVRJT04gLXMNCg==",
            "vpc_security_group_ids": [
              "sg-04c3f38d2c90474f6",
              "sg-05596297ba7ae4f31"
            ]
          },
          "private": "bnVsbA==",
          "dependencies": [
            "aws_iam_instance_profile.ec2-linuxjump-instance-profile",
            "aws_iam_role.role-ec2-linuxjump",
            "aws_key_pair.keypair-linuxjump",
            "aws_security_group.allow-remote-ssh"
          ]
        }
      ]
    },
    {
      "mode": "managed",
      "type": "aws_lb",
      "name": "nlb-linuxjump",
      "provider": "provider.aws",
      "instances": [
        {
          "schema_version": 0,
          "attributes": {
            "access_logs": [
              {
                "bucket": "",
                "enabled": false,
                "prefix": ""
              }
            ],
            "arn": "arn:aws:elasticloadbalancing:us-east-1:411395035331:loadbalancer/net/useast1d-nlb-linuxjump/07ab061c3dec1fd5",
            "arn_suffix": "net/useast1d-nlb-linuxjump/07ab061c3dec1fd5",
            "dns_name": "useast1d-nlb-linuxjump-07ab061c3dec1fd5.elb.us-east-1.amazonaws.com",
            "drop_invalid_header_fields": null,
            "enable_cross_zone_load_balancing": false,
            "enable_deletion_protection": false,
            "enable_http2": null,
            "id": "arn:aws:elasticloadbalancing:us-east-1:411395035331:loadbalancer/net/useast1d-nlb-linuxjump/07ab061c3dec1fd5",
            "idle_timeout": null,
            "internal": false,
            "ip_address_type": "ipv4",
            "load_balancer_type": "network",
            "name": "useast1d-nlb-linuxjump",
            "name_prefix": null,
            "security_groups": [],
            "subnet_mapping": [
              {
                "allocation_id": "",
                "subnet_id": "subnet-051d934e40d2b293c"
              },
              {
                "allocation_id": "",
                "subnet_id": "subnet-0665be9e48fab06d9"
              },
              {
                "allocation_id": "",
                "subnet_id": "subnet-07b0e1eae13522a7c"
              }
            ],
            "subnets": [
              "subnet-051d934e40d2b293c",
              "subnet-0665be9e48fab06d9",
              "subnet-07b0e1eae13522a7c"
            ],
            "tags": {
              "Environment": "dev",
              "Name": "useast1d-nlb-linuxjump",
              "Namespace": "useast1d"
            },
            "timeouts": null,
            "vpc_id": "vpc-0042c053ab1e7a598",
            "zone_id": "Z26RNL4JYFTOTI"
          },
          "private": "eyJlMmJmYjczMC1lY2FhLTExZTYtOGY4OC0zNDM2M2JjN2M0YzAiOnsiY3JlYXRlIjo2MDAwMDAwMDAwMDAsImRlbGV0ZSI6NjAwMDAwMDAwMDAwLCJ1cGRhdGUiOjYwMDAwMDAwMDAwMH19"
        }
      ]
    },
    {
      "mode": "managed",
      "type": "aws_lb_listener",
      "name": "listener-linuxjump",
      "provider": "provider.aws",
      "instances": [
        {
          "schema_version": 0,
          "attributes": {
            "arn": "arn:aws:elasticloadbalancing:us-east-1:411395035331:listener/net/useast1d-nlb-linuxjump/07ab061c3dec1fd5/83ed81454826a687",
            "certificate_arn": null,
            "default_action": [
              {
                "authenticate_cognito": [],
                "authenticate_oidc": [],
                "fixed_response": [],
                "order": 1,
                "redirect": [],
                "target_group_arn": "arn:aws:elasticloadbalancing:us-east-1:411395035331:targetgroup/useast1d-targetgroup-linuxjump/be4f245488e32466",
                "type": "forward"
              }
            ],
            "id": "arn:aws:elasticloadbalancing:us-east-1:411395035331:listener/net/useast1d-nlb-linuxjump/07ab061c3dec1fd5/83ed81454826a687",
            "load_balancer_arn": "arn:aws:elasticloadbalancing:us-east-1:411395035331:loadbalancer/net/useast1d-nlb-linuxjump/07ab061c3dec1fd5",
            "port": 22,
            "protocol": "TCP",
            "ssl_policy": "",
            "timeouts": null
          },
          "private": "eyJlMmJmYjczMC1lY2FhLTExZTYtOGY4OC0zNDM2M2JjN2M0YzAiOnsicmVhZCI6NjAwMDAwMDAwMDAwfX0=",
          "dependencies": [
            "aws_lb.nlb-linuxjump",
            "aws_lb_target_group.targetgroup-linuxjump"
          ]
        }
      ]
    },
    {
      "mode": "managed",
      "type": "aws_lb_target_group",
      "name": "targetgroup-linuxjump",
      "provider": "provider.aws",
      "instances": [
        {
          "schema_version": 0,
          "attributes": {
            "arn": "arn:aws:elasticloadbalancing:us-east-1:411395035331:targetgroup/useast1d-targetgroup-linuxjump/be4f245488e32466",
            "arn_suffix": "targetgroup/useast1d-targetgroup-linuxjump/be4f245488e32466",
            "deregistration_delay": 300,
            "health_check": [
              {
                "enabled": true,
                "healthy_threshold": 3,
                "interval": 30,
                "matcher": "",
                "path": "",
                "port": "traffic-port",
                "protocol": "TCP",
                "timeout": 10,
                "unhealthy_threshold": 3
              }
            ],
            "id": "arn:aws:elasticloadbalancing:us-east-1:411395035331:targetgroup/useast1d-targetgroup-linuxjump/be4f245488e32466",
            "lambda_multi_value_headers_enabled": false,
            "load_balancing_algorithm_type": null,
            "name": "useast1d-targetgroup-linuxjump",
            "name_prefix": null,
            "port": 22,
            "protocol": "TCP",
            "proxy_protocol_v2": false,
            "slow_start": 0,
            "stickiness": [],
            "tags": {
              "Environment": "dev",
              "Name": "useast1d-targetgroup-linuxjump",
              "Namespace": "useast1d"
            },
            "target_type": "instance",
            "vpc_id": "vpc-0042c053ab1e7a598"
          },
          "private": "bnVsbA=="
        }
      ]
    },
    {
      "mode": "managed",
      "type": "aws_security_group",
      "name": "allow-remote-ssh",
      "provider": "provider.aws",
      "instances": [
        {
          "schema_version": 1,
          "attributes": {
            "arn": "arn:aws:ec2:us-east-1:411395035331:security-group/sg-05596297ba7ae4f31",
            "description": "Allow SSH inbound traffic from Home Office",
            "egress": [
              {
                "cidr_blocks": [
                  "0.0.0.0/0"
                ],
                "description": "",
                "from_port": 0,
                "ipv6_cidr_blocks": [],
                "prefix_list_ids": [],
                "protocol": "-1",
                "security_groups": [],
                "self": false,
                "to_port": 0
              }
            ],
            "id": "sg-05596297ba7ae4f31",
            "ingress": [
              {
                "cidr_blocks": [
                  "100.11.0.0/16"
                ],
                "description": "Allow SSH inbound traffic from Home Office",
                "from_port": 22,
                "ipv6_cidr_blocks": [],
                "prefix_list_ids": [],
                "protocol": "tcp",
                "security_groups": [],
                "self": false,
                "to_port": 22
              }
            ],
            "name": "allow-remote-ssh",
            "name_prefix": null,
            "owner_id": "411395035331",
            "revoke_rules_on_delete": false,
            "tags": {
              "Environment": "dev",
              "Name": "useast1d-allow-remote-ssh",
              "Namespace": "useast1d"
            },
            "timeouts": null,
            "vpc_id": "vpc-0042c053ab1e7a598"
          },
          "private": "eyJlMmJmYjczMC1lY2FhLTExZTYtOGY4OC0zNDM2M2JjN2M0YzAiOnsiY3JlYXRlIjo2MDAwMDAwMDAwMDAsImRlbGV0ZSI6NjAwMDAwMDAwMDAwfSwic2NoZW1hX3ZlcnNpb24iOiIxIn0="
        }
      ]
    }
  ]
}
