{
  "version": 4,
  "terraform_version": "0.12.25",
  "serial": 186,
  "lineage": "6618b69e-ad14-3980-ba13-bd98a95c088a",
  "outputs": {},
  "resources": [
    {
      "mode": "data",
      "type": "aws_ami",
      "name": "amazon_linux_2",
      "provider": "provider.aws",
      "instances": [
        {
          "schema_version": 0,
          "attributes": {
            "architecture": "x86_64",
            "block_device_mappings": [
              {
                "device_name": "/dev/xvda",
                "ebs": {
                  "delete_on_termination": "true",
                  "encrypted": "false",
                  "iops": "0",
                  "snapshot_id": "snap-0e1167baa50e9c0ff",
                  "volume_size": "8",
                  "volume_type": "gp2"
                },
                "no_device": "",
                "virtual_name": ""
              }
            ],
            "creation_date": "2020-04-07T17:30:33.000Z",
            "description": "Amazon Linux 2 AMI 2.0.20200406.0 x86_64 HVM gp2",
            "executable_users": null,
            "filter": [
              {
                "name": "name",
                "values": [
                  "amzn2-ami-hvm-2.0*"
                ]
              }
            ],
            "hypervisor": "xen",
            "id": "ami-0323c3dd2da7fb37d",
            "image_id": "ami-0323c3dd2da7fb37d",
            "image_location": "amazon/amzn2-ami-hvm-2.0.20200406.0-x86_64-gp2",
            "image_owner_alias": "amazon",
            "image_type": "machine",
            "kernel_id": null,
            "most_recent": true,
            "name": "amzn2-ami-hvm-2.0.20200406.0-x86_64-gp2",
            "name_regex": null,
            "owner_id": "137112412989",
            "owners": [
              "137112412989"
            ],
            "platform": null,
            "product_codes": [],
            "public": true,
            "ramdisk_id": null,
            "root_device_name": "/dev/xvda",
            "root_device_type": "ebs",
            "root_snapshot_id": "snap-0e1167baa50e9c0ff",
            "sriov_net_support": "simple",
            "state": "available",
            "state_reason": {
              "code": "UNSET",
              "message": "UNSET"
            },
            "tags": {},
            "virtualization_type": "hvm"
          }
        }
      ]
    },
    {
      "mode": "data",
      "type": "aws_caller_identity",
      "name": "current",
      "provider": "provider.aws",
      "instances": [
        {
          "schema_version": 0,
          "attributes": {
            "account_id": "411395035331",
            "arn": "arn:aws:sts::411395035331:assumed-role/Admin/awsml-Isengard",
            "id": "2020-05-22 18:28:11.1647982 +0000 UTC",
            "user_id": "AROAV7SIOCDBXZRGIK22A:awsml-Isengard"
          }
        }
      ]
    },
    {
      "mode": "data",
      "type": "aws_security_group",
      "name": "allow_office_ssh",
      "provider": "provider.aws",
      "instances": [
        {
          "schema_version": 0,
          "attributes": {
            "arn": "arn:aws:ec2:us-east-1:411395035331:security-group/sg-00e4846ac77e3f455",
            "description": "Allow SSH inbound traffic from Office",
            "filter": null,
            "id": "sg-00e4846ac77e3f455",
            "name": "useast1d_allow_office_ssh",
            "tags": {
              "Environment": "dev",
              "Name": "useast1d_allow_office_ssh",
              "Namespace": "useast1d"
            },
            "vpc_id": "vpc-0bf2700a887db25fd"
          }
        }
      ]
    },
    {
      "mode": "data",
      "type": "aws_security_group",
      "name": "allow_vpc_ssh",
      "provider": "provider.aws",
      "instances": [
        {
          "schema_version": 0,
          "attributes": {
            "arn": "arn:aws:ec2:us-east-1:411395035331:security-group/sg-08e036c842971fca0",
            "description": "Allow SSH inbound traffic from VPC",
            "filter": null,
            "id": "sg-08e036c842971fca0",
            "name": "useast1d_allow_vpc_ssh",
            "tags": {
              "Environment": "dev",
              "Name": "useast1d_allow_vpc_ssh",
              "Namespace": "useast1d"
            },
            "vpc_id": "vpc-0bf2700a887db25fd"
          }
        }
      ]
    },
    {
      "mode": "data",
      "type": "aws_subnet_ids",
      "name": "subnets_private",
      "provider": "provider.aws",
      "instances": [
        {
          "schema_version": 0,
          "attributes": {
            "filter": null,
            "id": "vpc-0bf2700a887db25fd",
            "ids": [
              "subnet-0164421d52b4e9b6b",
              "subnet-08f87e877ece823dc",
              "subnet-0d225e0e0f936a33b"
            ],
            "tags": {
              "Environment": "dev",
              "Namespace": "useast1d",
              "Tier": "private"
            },
            "vpc_id": "vpc-0bf2700a887db25fd"
          }
        }
      ]
    },
    {
      "mode": "data",
      "type": "aws_subnet_ids",
      "name": "subnets_public",
      "provider": "provider.aws",
      "instances": [
        {
          "schema_version": 0,
          "attributes": {
            "filter": null,
            "id": "vpc-0bf2700a887db25fd",
            "ids": [
              "subnet-07e76814f1543d4e3",
              "subnet-08274650c7309b6d2",
              "subnet-0aafb89244145f716"
            ],
            "tags": {
              "Environment": "dev",
              "Namespace": "useast1d",
              "Tier": "public"
            },
            "vpc_id": "vpc-0bf2700a887db25fd"
          }
        }
      ]
    },
    {
      "mode": "data",
      "type": "aws_vpc",
      "name": "vpc",
      "provider": "provider.aws",
      "instances": [
        {
          "schema_version": 0,
          "attributes": {
            "arn": "arn:aws:ec2:us-east-1:411395035331:vpc/vpc-0bf2700a887db25fd",
            "cidr_block": "10.0.0.0/16",
            "cidr_block_associations": [
              {
                "association_id": "vpc-cidr-assoc-00c255356b13d38f2",
                "cidr_block": "10.0.0.0/16",
                "state": "associated"
              }
            ],
            "default": false,
            "dhcp_options_id": "dopt-8f56eaf5",
            "enable_dns_hostnames": true,
            "enable_dns_support": true,
            "filter": null,
            "id": "vpc-0bf2700a887db25fd",
            "instance_tenancy": "default",
            "ipv6_association_id": null,
            "ipv6_cidr_block": null,
            "main_route_table_id": "rtb-017ff455094a31f52",
            "owner_id": "411395035331",
            "state": "available",
            "tags": {
              "Environment": "dev",
              "Name": "useast1d_vpc",
              "Namespace": "useast1d"
            }
          }
        }
      ]
    },
    {
      "mode": "managed",
      "type": "aws_autoscaling_group",
      "name": "linuxjump",
      "provider": "provider.aws",
      "instances": [
        {
          "schema_version": 0,
          "attributes": {
            "arn": "arn:aws:autoscaling:us-east-1:411395035331:autoScalingGroup:fb47f719-ddce-4d2f-9a0f-d619c4624533:autoScalingGroupName/useast1d_linuxjump_autoscalinggroup",
            "availability_zones": [
              "us-east-1a",
              "us-east-1b",
              "us-east-1c"
            ],
            "default_cooldown": 300,
            "desired_capacity": 1,
            "enabled_metrics": [],
            "force_delete": true,
            "health_check_grace_period": 300,
            "health_check_type": "EC2",
            "id": "useast1d_linuxjump_autoscalinggroup",
            "initial_lifecycle_hook": [],
            "launch_configuration": "",
            "launch_template": [
              {
                "id": "lt-013ea27e6b359bca2",
                "name": "useast1d_linuxjump_launchtemplate",
                "version": "$Latest"
              }
            ],
            "load_balancers": [],
            "max_instance_lifetime": 0,
            "max_size": 5,
            "metrics_granularity": "1Minute",
            "min_elb_capacity": null,
            "min_size": 1,
            "mixed_instances_policy": [],
            "name": "useast1d_linuxjump_autoscalinggroup",
            "name_prefix": null,
            "placement_group": "",
            "protect_from_scale_in": false,
            "service_linked_role_arn": "arn:aws:iam::411395035331:role/aws-service-role/autoscaling.amazonaws.com/AWSServiceRoleForAutoScaling",
            "suspended_processes": [],
            "tag": [
              {
                "key": "Name",
                "propagate_at_launch": true,
                "value": "useast1d_linuxjump"
              },
              {
                "key": "environment",
                "propagate_at_launch": true,
                "value": "dev"
              },
              {
                "key": "namespace",
                "propagate_at_launch": true,
                "value": "useast1d"
              }
            ],
            "tags": null,
            "target_group_arns": [
              "arn:aws:elasticloadbalancing:us-east-1:411395035331:targetgroup/useast1d-linuxjump/7f61e68363e8a2ab"
            ],
            "termination_policies": [
              "OldestLaunchConfiguration",
              "OldestInstance"
            ],
            "timeouts": {
              "delete": "15m"
            },
            "vpc_zone_identifier": [
              "subnet-0164421d52b4e9b6b",
              "subnet-08f87e877ece823dc",
              "subnet-0d225e0e0f936a33b"
            ],
            "wait_for_capacity_timeout": "10m",
            "wait_for_elb_capacity": null
          },
          "private": "eyJlMmJmYjczMC1lY2FhLTExZTYtOGY4OC0zNDM2M2JjN2M0YzAiOnsiZGVsZXRlIjo5MDAwMDAwMDAwMDB9fQ==",
          "dependencies": [
            "aws_launch_template.linuxjump",
            "aws_lb_target_group.linuxjump"
          ]
        }
      ]
    },
    {
      "mode": "managed",
      "type": "aws_iam_instance_profile",
      "name": "linuxjump",
      "provider": "provider.aws",
      "instances": [
        {
          "schema_version": 0,
          "attributes": {
            "arn": "arn:aws:iam::411395035331:instance-profile/useast1d_ec2_linuxjump",
            "create_date": "2020-05-22T18:14:46Z",
            "id": "useast1d_ec2_linuxjump",
            "name": "useast1d_ec2_linuxjump",
            "name_prefix": null,
            "path": "/",
            "role": "useast1d_ec2_linuxjump",
            "roles": [
              "useast1d_ec2_linuxjump"
            ],
            "unique_id": "AIPAV7SIOCDB2NUTXRKNN"
          },
          "private": "bnVsbA==",
          "dependencies": [
            "aws_iam_role.linuxjump"
          ]
        }
      ]
    },
    {
      "mode": "managed",
      "type": "aws_iam_role",
      "name": "linuxjump",
      "provider": "provider.aws",
      "instances": [
        {
          "schema_version": 0,
          "attributes": {
            "arn": "arn:aws:iam::411395035331:role/app/useast1d_ec2_linuxjump",
            "assume_role_policy": "{\"Version\":\"2012-10-17\",\"Statement\":[{\"Sid\":\"\",\"Effect\":\"Allow\",\"Principal\":{\"Service\":\"ec2.amazonaws.com\"},\"Action\":\"sts:AssumeRole\"}]}",
            "create_date": "2020-05-22T18:14:46Z",
            "description": "",
            "force_detach_policies": true,
            "id": "useast1d_ec2_linuxjump",
            "max_session_duration": 3600,
            "name": "useast1d_ec2_linuxjump",
            "name_prefix": null,
            "path": "/app/",
            "permissions_boundary": null,
            "tags": {},
            "unique_id": "AROAV7SIOCDB4OP4UXMCY"
          },
          "private": "bnVsbA=="
        }
      ]
    },
    {
      "mode": "managed",
      "type": "aws_iam_role_policy",
      "name": "linuxjump_copyobject",
      "provider": "provider.aws",
      "instances": [
        {
          "schema_version": 0,
          "attributes": {
            "id": "useast1d_ec2_linuxjump:GrantS3CopyObject",
            "name": "GrantS3CopyObject",
            "name_prefix": null,
            "policy": "{\r\n  \"Version\": \"2012-10-17\",\r\n  \"Statement\": [\r\n    {\r\n\t\t\t\"Sid\": \"GrantS3CopyObject\",\r\n\t\t\t\"Effect\": \"Allow\",\r\n\t\t\t\"Action\": [\r\n\t\t\t\t\"s3:Get*\",\r\n\t\t\t\t\"s3:List*\",\r\n                \"s3:CopyObject\",\r\n                \"s3:GetBucketLocation\"\r\n\t\t\t],\r\n      \"Resource\": \"*\"\r\n    }\r\n  ]\r\n}\r\n",
            "role": "useast1d_ec2_linuxjump"
          },
          "private": "bnVsbA==",
          "dependencies": [
            "aws_iam_role.linuxjump"
          ]
        }
      ]
    },
    {
      "mode": "managed",
      "type": "aws_iam_role_policy",
      "name": "linuxjump_describetags",
      "provider": "provider.aws",
      "instances": [
        {
          "schema_version": 0,
          "attributes": {
            "id": "useast1d_ec2_linuxjump:GrantEC2DescribeTags",
            "name": "GrantEC2DescribeTags",
            "name_prefix": null,
            "policy": "{\r\n  \"Version\": \"2012-10-17\",\r\n  \"Statement\": [\r\n    {\r\n      \"Sid\": \"GrantEC2DescribeTags\",\r\n      \"Effect\": \"Allow\",\r\n      \"Action\": [\r\n        \"ec2:DescribeTags\"\r\n      ],\r\n      \"Resource\": \"*\"\r\n    }\r\n  ]\r\n}\r\n",
            "role": "useast1d_ec2_linuxjump"
          },
          "private": "bnVsbA==",
          "dependencies": [
            "aws_iam_role.linuxjump"
          ]
        }
      ]
    },
    {
      "mode": "managed",
      "type": "aws_iam_role_policy_attachment",
      "name": "linuxjump_cloudwatch",
      "provider": "provider.aws",
      "instances": [
        {
          "schema_version": 0,
          "attributes": {
            "id": "useast1d_ec2_linuxjump-20200522181446632300000002",
            "policy_arn": "arn:aws:iam::aws:policy/CloudWatchAgentServerPolicy",
            "role": "useast1d_ec2_linuxjump"
          },
          "private": "bnVsbA==",
          "dependencies": [
            "aws_iam_role.linuxjump"
          ]
        }
      ]
    },
    {
      "mode": "managed",
      "type": "aws_iam_role_policy_attachment",
      "name": "linuxjump_ssm",
      "provider": "provider.aws",
      "instances": [
        {
          "schema_version": 0,
          "attributes": {
            "id": "useast1d_ec2_linuxjump-20200522181446602000000001",
            "policy_arn": "arn:aws:iam::aws:policy/AmazonSSMManagedInstanceCore",
            "role": "useast1d_ec2_linuxjump"
          },
          "private": "bnVsbA==",
          "dependencies": [
            "aws_iam_role.linuxjump"
          ]
        }
      ]
    },
    {
      "mode": "managed",
      "type": "aws_key_pair",
      "name": "linuxjump",
      "provider": "provider.aws",
      "instances": [
        {
          "schema_version": 1,
          "attributes": {
            "fingerprint": "96:ba:ac:5c:df:c6:1c:b6:dd:82:6a:cf:01:ee:d6:00",
            "id": "useast1d_linuxjump_keypair",
            "key_name": "useast1d_linuxjump_keypair",
            "key_name_prefix": null,
            "key_pair_id": "key-0bef256c463e8a5c9",
            "public_key": "ssh-rsa AAAAB3NzaC1yc2EAAAADAQABAAACAQDY8q+gmo6silx1M0HPK3skBkK64UZXK9zEH8eE7i3MkVZDNa0xl84xC/OMikjYOEc+99wlNERr5FsakLxmIL6H+RmYlENKrTnE6E+qeqQ/yCa4zwer23rXghjgmRVORYsOuH2sLo/EDdu/vy/Cxxjv740pFLeEBHrX94T6uIzMsBL25E9dyPDYOkF99kGLzPlLMsEYhu0Jsvtp5wNjJPSeG9YYuuDeTlE+JDZZmgYZBbWxTbNxRevoocDUxEx63RIJM8YWtGcvO9w2YZs1lr+QrAukpyQgHOPuXTDarypAZ3109kUiwxEpIiWWeM+nPqmEb8/mLI+lnAqu+soosEkHFY6KGJvm3ScR4EdkxfoNAgXQERMSSRu0y4ODlTs+T4lc6UNkCFBmEdd7q3zJazuVOF2WfcuWXZTQouk7g/00EOx+4A8GF1mn+Oz2wLMOyzf55vRHm+tlq8CrWLINeVUk/gyMFA7XpLulEDlkzzqWwBv9l+ehv634/V5Pqpddtz57kkOcmVU7j9VKsb1/3pjLDj/6lxFSL2h3HXNFzVwhIa8QvgEQ6jIQTW1JEMWtlI0GpYZ9h2MkEub+gnlQqvyVtPbNR/tMt2RF8ymhTXiNSaV1Jjb9st39+WdHItE5qIZA5lWXE2uJ1eaxBKDZdqfH2Rq94cmV0gG4ALWnDyvgMw== mlynch1985@gmail.com",
            "tags": {}
          },
          "private": "eyJzY2hlbWFfdmVyc2lvbiI6IjEifQ=="
        }
      ]
    },
    {
      "mode": "managed",
      "type": "aws_launch_template",
      "name": "linuxjump",
      "provider": "provider.aws",
      "instances": [
        {
          "schema_version": 0,
          "attributes": {
            "arn": "arn:aws:ec2:us-east-1:411395035331:launch-template/lt-013ea27e6b359bca2",
            "block_device_mappings": [],
            "capacity_reservation_specification": [],
            "cpu_options": [],
            "credit_specification": [],
            "default_version": 1,
            "description": "",
            "disable_api_termination": false,
            "ebs_optimized": "",
            "elastic_gpu_specifications": [],
            "elastic_inference_accelerator": [],
            "hibernation_options": [],
            "iam_instance_profile": [
              {
                "arn": "",
                "name": "useast1d_ec2_linuxjump"
              }
            ],
            "id": "lt-013ea27e6b359bca2",
            "image_id": "ami-0323c3dd2da7fb37d",
            "instance_initiated_shutdown_behavior": "",
            "instance_market_options": [],
            "instance_type": "t2.medium",
            "kernel_id": "",
            "key_name": "useast1d_linuxjump_keypair",
            "latest_version": 1,
            "license_specification": [],
            "metadata_options": [],
            "monitoring": [],
            "name": "useast1d_linuxjump_launchtemplate",
            "name_prefix": null,
            "network_interfaces": [],
            "placement": [],
            "ram_disk_id": "",
            "security_group_names": [],
            "tag_specifications": [],
            "tags": {},
            "user_data": "IyEvYmluL2Jhc2gNCg0KIyMgUGVyZm9ybSBzeXN0ZW0gdXBkYXRlcyBmaXJzdA0KeXVtIHVwZGF0ZSAteQ0KDQojIyBDYXB0dXJlIGN1cnJlbnQgSW5zdGFuY2UgSUQgYW5kIFJlZ2lvbg0KSU5TVEFOQ0VfSUQ9JChjdXJsIC1zICdodHRwOi8vMTY5LjI1NC4xNjkuMjU0L2xhdGVzdC9tZXRhLWRhdGEvaW5zdGFuY2UtaWQnKQ0KSU5TVEFOQ0VfUkVHSU9OPSQoY3VybCAtcyAnaHR0cDovLzE2OS4yNTQuMTY5LjI1NC9sYXRlc3QvZHluYW1pYy9pbnN0YW5jZS1pZGVudGl0eS9kb2N1bWVudCcgfCBweXRob24gLWMgImltcG9ydCBzeXMsIGpzb247IHByaW50IGpzb24ubG9hZChzeXMuc3RkaW4pWydyZWdpb24nXSIpDQoNCiMjIEluc3RhbGwgdGhlIENsb3Vkd2F0Y2hBZ2VudCBpZiBub3QgYWxyZWFkeSBwcmVzZW50DQppZiBbICEgLWQgIi9vcHQvYXdzL2FtYXpvbi1jbG91ZHdhdGNoLWFnZW50IiBdDQp0aGVuDQogICAgd2dldCBodHRwczovL3MzLiR7SU5TVEFOQ0VfUkVHSU9OfS5hbWF6b25hd3MuY29tL2FtYXpvbmNsb3Vkd2F0Y2gtYWdlbnQtJHtJTlNUQU5DRV9SRUdJT059L2FtYXpvbl9saW51eC9hbWQ2NC9sYXRlc3QvYW1hem9uLWNsb3Vkd2F0Y2gtYWdlbnQucnBtDQogICAgcnBtIC1VIC4vYW1hem9uLWNsb3Vkd2F0Y2gtYWdlbnQucnBtDQogICAgcm0gLXJmIGFtYXpvbi1jbG91ZHdhdGNoLWFnZW50LnJwbQ0KZmkNCg0KIyMgVXBkYXRlIG91ciBzaGVsbCBzZXNzaW9uIGFuZCBzZXQgdGhlIGN1cnJlbnQgcmVnaW9uDQpleHBvcnQgQVdTX0RFRkFVTFRfUkVHSU9OPSRJTlNUQU5DRV9SRUdJT04NCg0KIyMgUXVlcnkgRUMyIEFQSSBmb3IgbmFtZXNwYWNlIGluc3RhbmNlIHRhZw0KTkFNRVNQQUNFPSQoYXdzIGVjMiBkZXNjcmliZS10YWdzIC0tZmlsdGVycyAiTmFtZT1yZXNvdXJjZS1pZCxWYWx1ZXM9JElOU1RBTkNFX0lEIiAiTmFtZT1rZXksVmFsdWVzPW5hbWVzcGFjZSIgLS1xdWVyeSAnVGFnc1swXS5WYWx1ZScgLS1vdXRwdXQgdGV4dCkNCg0KIyMgRGVmaW5lIHdoZXJlIHRvIGRvd25sb2FkIHRoZSBDbG91ZHdhdGNoQWdlbnQgY29uZmlnIGZyb20gYW5kIHdoZXJlIHRvIHNhdmUgaXQNCkNXQV9TT1VSQ0U9IiROQU1FU1BBQ0UtbWx0ZW1wL0Nsb3VkV2F0Y2hDb25maWdzL2xpbnV4LWFtYXpvbi1jbG91ZHdhdGNoLWFnZW50Lmpzb24iDQpDV0FfREVTVElOQVRJT049Ii9vcHQvYXdzL2FtYXpvbi1jbG91ZHdhdGNoLWFnZW50L2V0Yy9hbWF6b24tY2xvdWR3YXRjaC1hZ2VudC5qc29uIg0KDQojIyBEZWZpbmUgd2hlcmUgdGhlIENsb3Vkd2F0Y2hBZ2VudCBiaW5hcnkgbGl2ZXMNCkNXQV9CSU5BUlk9Ii9vcHQvYXdzL2FtYXpvbi1jbG91ZHdhdGNoLWFnZW50L2Jpbi9hbWF6b24tY2xvdWR3YXRjaC1hZ2VudC1jdGwiDQoNCiMjIENvcHkgZG93biB0aGUgQ2x1b2RXYXRjaEFnZW50IGNvbmZpZyBmaWxlDQphd3MgczMgY3AgInMzOi8vJENXQV9TT1VSQ0UiICRDV0FfREVTVElOQVRJT04NCg0KIyMgQ29uZmlndXJlIGFuZCBzdGFydCB0aGUgQ2xvdWR3YXRjaEFnZW50DQokQ1dBX0JJTkFSWSAtYSBmZXRjaC1jb25maWcgLW0gZWMyIC1jIGZpbGU6JENXQV9ERVNUSU5BVElPTiAtcw0K",
            "vpc_security_group_ids": [
              "sg-00e4846ac77e3f455",
              "sg-08e036c842971fca0"
            ]
          },
          "private": "bnVsbA==",
          "dependencies": [
            "aws_iam_instance_profile.linuxjump",
            "aws_key_pair.linuxjump"
          ]
        }
      ]
    },
    {
      "mode": "managed",
      "type": "aws_lb",
      "name": "linuxjump",
      "provider": "provider.aws",
      "instances": [
        {
          "schema_version": 0,
          "attributes": {
            "access_logs": [
              {
                "bucket": "",
                "enabled": false,
                "prefix": ""
              }
            ],
            "arn": "arn:aws:elasticloadbalancing:us-east-1:411395035331:loadbalancer/net/useast1d-linuxjump/24af941fb75662e0",
            "arn_suffix": "net/useast1d-linuxjump/24af941fb75662e0",
            "dns_name": "useast1d-linuxjump-24af941fb75662e0.elb.us-east-1.amazonaws.com",
            "drop_invalid_header_fields": null,
            "enable_cross_zone_load_balancing": false,
            "enable_deletion_protection": false,
            "enable_http2": null,
            "id": "arn:aws:elasticloadbalancing:us-east-1:411395035331:loadbalancer/net/useast1d-linuxjump/24af941fb75662e0",
            "idle_timeout": null,
            "internal": false,
            "ip_address_type": "ipv4",
            "load_balancer_type": "network",
            "name": "useast1d-linuxjump",
            "name_prefix": null,
            "security_groups": [],
            "subnet_mapping": [
              {
                "allocation_id": "",
                "subnet_id": "subnet-07e76814f1543d4e3"
              },
              {
                "allocation_id": "",
                "subnet_id": "subnet-08274650c7309b6d2"
              },
              {
                "allocation_id": "",
                "subnet_id": "subnet-0aafb89244145f716"
              }
            ],
            "subnets": [
              "subnet-07e76814f1543d4e3",
              "subnet-08274650c7309b6d2",
              "subnet-0aafb89244145f716"
            ],
            "tags": {
              "Environment": "dev",
              "Name": "useast1d_linuxjump_nlb",
              "Namespace": "useast1d"
            },
            "timeouts": null,
            "vpc_id": "vpc-0bf2700a887db25fd",
            "zone_id": "Z26RNL4JYFTOTI"
          },
          "private": "eyJlMmJmYjczMC1lY2FhLTExZTYtOGY4OC0zNDM2M2JjN2M0YzAiOnsiY3JlYXRlIjo2MDAwMDAwMDAwMDAsImRlbGV0ZSI6NjAwMDAwMDAwMDAwLCJ1cGRhdGUiOjYwMDAwMDAwMDAwMH19"
        }
      ]
    },
    {
      "mode": "managed",
      "type": "aws_lb_listener",
      "name": "linuxjump",
      "provider": "provider.aws",
      "instances": [
        {
          "schema_version": 0,
          "attributes": {
            "arn": "arn:aws:elasticloadbalancing:us-east-1:411395035331:listener/net/useast1d-linuxjump/24af941fb75662e0/559012b1eb3672a3",
            "certificate_arn": null,
            "default_action": [
              {
                "authenticate_cognito": [],
                "authenticate_oidc": [],
                "fixed_response": [],
                "order": 1,
                "redirect": [],
                "target_group_arn": "arn:aws:elasticloadbalancing:us-east-1:411395035331:targetgroup/useast1d-linuxjump/7f61e68363e8a2ab",
                "type": "forward"
              }
            ],
            "id": "arn:aws:elasticloadbalancing:us-east-1:411395035331:listener/net/useast1d-linuxjump/24af941fb75662e0/559012b1eb3672a3",
            "load_balancer_arn": "arn:aws:elasticloadbalancing:us-east-1:411395035331:loadbalancer/net/useast1d-linuxjump/24af941fb75662e0",
            "port": 22,
            "protocol": "TCP",
            "ssl_policy": "",
            "timeouts": null
          },
          "private": "eyJlMmJmYjczMC1lY2FhLTExZTYtOGY4OC0zNDM2M2JjN2M0YzAiOnsicmVhZCI6NjAwMDAwMDAwMDAwfX0=",
          "dependencies": [
            "aws_lb.linuxjump",
            "aws_lb_target_group.linuxjump"
          ]
        }
      ]
    },
    {
      "mode": "managed",
      "type": "aws_lb_target_group",
      "name": "linuxjump",
      "provider": "provider.aws",
      "instances": [
        {
          "schema_version": 0,
          "attributes": {
            "arn": "arn:aws:elasticloadbalancing:us-east-1:411395035331:targetgroup/useast1d-linuxjump/7f61e68363e8a2ab",
            "arn_suffix": "targetgroup/useast1d-linuxjump/7f61e68363e8a2ab",
            "deregistration_delay": 300,
            "health_check": [
              {
                "enabled": true,
                "healthy_threshold": 3,
                "interval": 30,
                "matcher": "",
                "path": "",
                "port": "traffic-port",
                "protocol": "TCP",
                "timeout": 10,
                "unhealthy_threshold": 3
              }
            ],
            "id": "arn:aws:elasticloadbalancing:us-east-1:411395035331:targetgroup/useast1d-linuxjump/7f61e68363e8a2ab",
            "lambda_multi_value_headers_enabled": false,
            "load_balancing_algorithm_type": null,
            "name": "useast1d-linuxjump",
            "name_prefix": null,
            "port": 22,
            "protocol": "TCP",
            "proxy_protocol_v2": false,
            "slow_start": 0,
            "stickiness": [],
            "tags": {
              "Environment": "dev",
              "Name": "useast1d_linuxjump_targetgroup",
              "Namespace": "useast1d"
            },
            "target_type": "instance",
            "vpc_id": "vpc-0bf2700a887db25fd"
          },
          "private": "bnVsbA=="
        }
      ]
    }
  ]
}
