{
  "version": 4,
  "terraform_version": "0.12.25",
  "serial": 23,
  "lineage": "b860d5e4-1e4a-d32e-b3ed-f9c6bc5b56c9",
  "outputs": {},
  "resources": [
    {
      "mode": "data",
      "type": "aws_ami",
      "name": "windows-server-2019-ami",
      "provider": "provider.aws",
      "instances": [
        {
          "schema_version": 0,
          "attributes": {
            "architecture": "x86_64",
            "block_device_mappings": [
              {
                "device_name": "/dev/sda1",
                "ebs": {
                  "delete_on_termination": "true",
                  "encrypted": "false",
                  "iops": "0",
                  "snapshot_id": "snap-08bbe4dc0bca2dd17",
                  "volume_size": "30",
                  "volume_type": "gp2"
                },
                "no_device": "",
                "virtual_name": ""
              },
              {
                "device_name": "xvdca",
                "ebs": {},
                "no_device": "",
                "virtual_name": "ephemeral0"
              },
              {
                "device_name": "xvdcb",
                "ebs": {},
                "no_device": "",
                "virtual_name": "ephemeral1"
              },
              {
                "device_name": "xvdcc",
                "ebs": {},
                "no_device": "",
                "virtual_name": "ephemeral2"
              },
              {
                "device_name": "xvdcd",
                "ebs": {},
                "no_device": "",
                "virtual_name": "ephemeral3"
              },
              {
                "device_name": "xvdce",
                "ebs": {},
                "no_device": "",
                "virtual_name": "ephemeral4"
              },
              {
                "device_name": "xvdcf",
                "ebs": {},
                "no_device": "",
                "virtual_name": "ephemeral5"
              },
              {
                "device_name": "xvdcg",
                "ebs": {},
                "no_device": "",
                "virtual_name": "ephemeral6"
              },
              {
                "device_name": "xvdch",
                "ebs": {},
                "no_device": "",
                "virtual_name": "ephemeral7"
              },
              {
                "device_name": "xvdci",
                "ebs": {},
                "no_device": "",
                "virtual_name": "ephemeral8"
              },
              {
                "device_name": "xvdcj",
                "ebs": {},
                "no_device": "",
                "virtual_name": "ephemeral9"
              },
              {
                "device_name": "xvdck",
                "ebs": {},
                "no_device": "",
                "virtual_name": "ephemeral10"
              },
              {
                "device_name": "xvdcl",
                "ebs": {},
                "no_device": "",
                "virtual_name": "ephemeral11"
              },
              {
                "device_name": "xvdcm",
                "ebs": {},
                "no_device": "",
                "virtual_name": "ephemeral12"
              },
              {
                "device_name": "xvdcn",
                "ebs": {},
                "no_device": "",
                "virtual_name": "ephemeral13"
              },
              {
                "device_name": "xvdco",
                "ebs": {},
                "no_device": "",
                "virtual_name": "ephemeral14"
              },
              {
                "device_name": "xvdcp",
                "ebs": {},
                "no_device": "",
                "virtual_name": "ephemeral15"
              },
              {
                "device_name": "xvdcq",
                "ebs": {},
                "no_device": "",
                "virtual_name": "ephemeral16"
              },
              {
                "device_name": "xvdcr",
                "ebs": {},
                "no_device": "",
                "virtual_name": "ephemeral17"
              },
              {
                "device_name": "xvdcs",
                "ebs": {},
                "no_device": "",
                "virtual_name": "ephemeral18"
              },
              {
                "device_name": "xvdct",
                "ebs": {},
                "no_device": "",
                "virtual_name": "ephemeral19"
              },
              {
                "device_name": "xvdcu",
                "ebs": {},
                "no_device": "",
                "virtual_name": "ephemeral20"
              },
              {
                "device_name": "xvdcv",
                "ebs": {},
                "no_device": "",
                "virtual_name": "ephemeral21"
              },
              {
                "device_name": "xvdcw",
                "ebs": {},
                "no_device": "",
                "virtual_name": "ephemeral22"
              },
              {
                "device_name": "xvdcx",
                "ebs": {},
                "no_device": "",
                "virtual_name": "ephemeral23"
              },
              {
                "device_name": "xvdcy",
                "ebs": {},
                "no_device": "",
                "virtual_name": "ephemeral24"
              },
              {
                "device_name": "xvdcz",
                "ebs": {},
                "no_device": "",
                "virtual_name": "ephemeral25"
              }
            ],
            "creation_date": "2020-05-13T19:00:51.000Z",
            "description": "Microsoft Windows Server 2019 with Desktop Experience Locale English AMI provided by Amazon",
            "executable_users": null,
            "filter": [
              {
                "name": "name",
                "values": [
                  "Windows_Server-2019-English-Full-Base*"
                ]
              }
            ],
            "hypervisor": "xen",
            "id": "ami-04a0ee204b44cc91a",
            "image_id": "ami-04a0ee204b44cc91a",
            "image_location": "amazon/Windows_Server-2019-English-Full-Base-2020.05.13",
            "image_owner_alias": "amazon",
            "image_type": "machine",
            "kernel_id": null,
            "most_recent": true,
            "name": "Windows_Server-2019-English-Full-Base-2020.05.13",
            "name_regex": null,
            "owner_id": "801119661308",
            "owners": [
              "801119661308"
            ],
            "platform": "windows",
            "product_codes": [],
            "public": true,
            "ramdisk_id": null,
            "root_device_name": "/dev/sda1",
            "root_device_type": "ebs",
            "root_snapshot_id": "snap-08bbe4dc0bca2dd17",
            "sriov_net_support": "simple",
            "state": "available",
            "state_reason": {
              "code": "UNSET",
              "message": "UNSET"
            },
            "tags": {},
            "virtualization_type": "hvm"
          }
        }
      ]
    },
    {
      "mode": "data",
      "type": "aws_caller_identity",
      "name": "current",
      "provider": "provider.aws",
      "instances": [
        {
          "schema_version": 0,
          "attributes": {
            "account_id": "411395035331",
            "arn": "arn:aws:sts::411395035331:assumed-role/Admin/awsml-Isengard",
            "id": "2020-05-16 21:57:48.6867085 +0000 UTC",
            "user_id": "AROAV7SIOCDBXZRGIK22A:awsml-Isengard"
          }
        }
      ]
    },
    {
      "mode": "data",
      "type": "aws_security_group",
      "name": "sg-allow-rdp",
      "provider": "provider.aws",
      "instances": [
        {
          "schema_version": 0,
          "attributes": {
            "arn": "arn:aws:ec2:us-east-1:411395035331:security-group/sg-0dd24ea5b0c69bb98",
            "description": "Allow RDP inbound traffic from VPC",
            "filter": null,
            "id": "sg-0dd24ea5b0c69bb98",
            "name": "allow-rdp",
            "tags": {
              "Environment": "dev",
              "Name": "useast1d-allow-rdp",
              "Namespace": "useast1d"
            },
            "vpc_id": "vpc-0694f7b943c579f3d"
          }
        }
      ]
    },
    {
      "mode": "data",
      "type": "aws_subnet_ids",
      "name": "private-subnets",
      "provider": "provider.aws",
      "instances": [
        {
          "schema_version": 0,
          "attributes": {
            "filter": null,
            "id": "vpc-0694f7b943c579f3d",
            "ids": [
              "subnet-005458844f7427ad0",
              "subnet-025c120a68930836c",
              "subnet-09dfbd9cfdf5f70a6"
            ],
            "tags": {
              "Environment": "dev",
              "Namespace": "useast1d",
              "Tier": "private"
            },
            "vpc_id": "vpc-0694f7b943c579f3d"
          }
        }
      ]
    },
    {
      "mode": "data",
      "type": "aws_subnet_ids",
      "name": "public-subnets",
      "provider": "provider.aws",
      "instances": [
        {
          "schema_version": 0,
          "attributes": {
            "filter": null,
            "id": "vpc-0694f7b943c579f3d",
            "ids": [
              "subnet-00562ab8e52792f56",
              "subnet-01f7b35e1ef797035",
              "subnet-08c0fc4b3818b1204"
            ],
            "tags": {
              "Environment": "dev",
              "Namespace": "useast1d",
              "Tier": "public"
            },
            "vpc_id": "vpc-0694f7b943c579f3d"
          }
        }
      ]
    },
    {
      "mode": "data",
      "type": "aws_vpc",
      "name": "vpc",
      "provider": "provider.aws",
      "instances": [
        {
          "schema_version": 0,
          "attributes": {
            "arn": "arn:aws:ec2:us-east-1:411395035331:vpc/vpc-0694f7b943c579f3d",
            "cidr_block": "10.0.0.0/16",
            "cidr_block_associations": [
              {
                "association_id": "vpc-cidr-assoc-0b8cfb194d0a30b39",
                "cidr_block": "10.0.0.0/16",
                "state": "associated"
              }
            ],
            "default": false,
            "dhcp_options_id": "dopt-8f56eaf5",
            "enable_dns_hostnames": true,
            "enable_dns_support": true,
            "filter": null,
            "id": "vpc-0694f7b943c579f3d",
            "instance_tenancy": "default",
            "ipv6_association_id": null,
            "ipv6_cidr_block": null,
            "main_route_table_id": "rtb-03f44379cce8f608d",
            "owner_id": "411395035331",
            "state": "available",
            "tags": {
              "Environment": "dev",
              "Name": "useast1d-vpc",
              "Namespace": "useast1d"
            }
          }
        }
      ]
    },
    {
      "mode": "managed",
      "type": "aws_autoscaling_group",
      "name": "asg-windowsjump",
      "provider": "provider.aws",
      "instances": [
        {
          "schema_version": 0,
          "attributes": {
            "arn": "arn:aws:autoscaling:us-east-1:411395035331:autoScalingGroup:f0aa4279-38c5-4f7b-a230-14dd2064db43:autoScalingGroupName/useast1d-windowsjump",
            "availability_zones": [
              "us-east-1a",
              "us-east-1b",
              "us-east-1c"
            ],
            "default_cooldown": 300,
            "desired_capacity": 1,
            "enabled_metrics": [],
            "force_delete": true,
            "health_check_grace_period": 300,
            "health_check_type": "EC2",
            "id": "useast1d-windowsjump",
            "initial_lifecycle_hook": [],
            "launch_configuration": "",
            "launch_template": [
              {
                "id": "lt-0a9c0a3cafa8508d6",
                "name": "useast1d-windowsjump",
                "version": "$Latest"
              }
            ],
            "load_balancers": [],
            "max_instance_lifetime": 0,
            "max_size": 5,
            "metrics_granularity": "1Minute",
            "min_elb_capacity": null,
            "min_size": 1,
            "mixed_instances_policy": [],
            "name": "useast1d-windowsjump",
            "name_prefix": null,
            "placement_group": "",
            "protect_from_scale_in": false,
            "service_linked_role_arn": "arn:aws:iam::411395035331:role/aws-service-role/autoscaling.amazonaws.com/AWSServiceRoleForAutoScaling",
            "suspended_processes": [],
            "tag": [
              {
                "key": "Name",
                "propagate_at_launch": true,
                "value": "useast1d-windowsJump"
              },
              {
                "key": "environment",
                "propagate_at_launch": true,
                "value": "dev"
              },
              {
                "key": "namespace",
                "propagate_at_launch": true,
                "value": "useast1d"
              }
            ],
            "tags": null,
            "target_group_arns": [
              "arn:aws:elasticloadbalancing:us-east-1:411395035331:targetgroup/useast1d-targetgroup-windowsjump/ce358ee1aff1fde7"
            ],
            "termination_policies": [
              "OldestLaunchConfiguration",
              "OldestInstance"
            ],
            "timeouts": {
              "delete": "15m"
            },
            "vpc_zone_identifier": [
              "subnet-005458844f7427ad0",
              "subnet-025c120a68930836c",
              "subnet-09dfbd9cfdf5f70a6"
            ],
            "wait_for_capacity_timeout": "10m",
            "wait_for_elb_capacity": null
          },
          "private": "eyJlMmJmYjczMC1lY2FhLTExZTYtOGY4OC0zNDM2M2JjN2M0YzAiOnsiZGVsZXRlIjo5MDAwMDAwMDAwMDB9fQ==",
          "dependencies": [
            "aws_iam_instance_profile.ec2-windowsjump-instance-profile",
            "aws_iam_role.role-ec2-windowsjump",
            "aws_key_pair.keypair-windowsjump",
            "aws_launch_template.launchtemplate-windows-jump",
            "aws_lb_target_group.targetgroup-windowsjump"
          ]
        }
      ]
    },
    {
      "mode": "managed",
      "type": "aws_iam_instance_profile",
      "name": "ec2-windowsjump-instance-profile",
      "provider": "provider.aws",
      "instances": [
        {
          "schema_version": 0,
          "attributes": {
            "arn": "arn:aws:iam::411395035331:instance-profile/useast1d-ec2-windowsjump",
            "create_date": "2020-05-16T21:14:59Z",
            "id": "useast1d-ec2-windowsjump",
            "name": "useast1d-ec2-windowsjump",
            "name_prefix": null,
            "path": "/",
            "role": "useast1d-role-ec2-windowsjump",
            "roles": [
              "useast1d-role-ec2-windowsjump"
            ],
            "unique_id": "AIPAV7SIOCDBX22WVNLQE"
          },
          "private": "bnVsbA==",
          "dependencies": [
            "aws_iam_role.role-ec2-windowsjump"
          ]
        }
      ]
    },
    {
      "mode": "managed",
      "type": "aws_iam_role",
      "name": "role-ec2-windowsjump",
      "provider": "provider.aws",
      "instances": [
        {
          "schema_version": 0,
          "attributes": {
            "arn": "arn:aws:iam::411395035331:role/app/useast1d-role-ec2-windowsjump",
            "assume_role_policy": "{\"Version\":\"2012-10-17\",\"Statement\":[{\"Sid\":\"\",\"Effect\":\"Allow\",\"Principal\":{\"Service\":\"ec2.amazonaws.com\"},\"Action\":\"sts:AssumeRole\"}]}",
            "create_date": "2020-05-16T21:14:59Z",
            "description": "",
            "force_detach_policies": true,
            "id": "useast1d-role-ec2-windowsjump",
            "max_session_duration": 3600,
            "name": "useast1d-role-ec2-windowsjump",
            "name_prefix": null,
            "path": "/app/",
            "permissions_boundary": null,
            "tags": {},
            "unique_id": "AROAV7SIOCDB34PKWIZIS"
          },
          "private": "bnVsbA=="
        }
      ]
    },
    {
      "mode": "managed",
      "type": "aws_iam_role_policy",
      "name": "inline-ec2-windowsjump-describetags",
      "provider": "provider.aws",
      "instances": [
        {
          "schema_version": 0,
          "attributes": {
            "id": "useast1d-role-ec2-windowsjump:GrantEC2DescribeTags",
            "name": "GrantEC2DescribeTags",
            "name_prefix": null,
            "policy": "{\r\n  \"Version\": \"2012-10-17\",\r\n  \"Statement\": [\r\n    {\r\n      \"Sid\": \"GrantEC2DescribeTags\",\r\n      \"Effect\": \"Allow\",\r\n      \"Action\": [\r\n        \"ec2:DescribeTags\"\r\n      ],\r\n      \"Resource\": \"*\"\r\n    }\r\n  ]\r\n}\r\n",
            "role": "useast1d-role-ec2-windowsjump"
          },
          "private": "bnVsbA==",
          "dependencies": [
            "aws_iam_role.role-ec2-windowsjump"
          ]
        }
      ]
    },
    {
      "mode": "managed",
      "type": "aws_iam_role_policy",
      "name": "inline-ec2-windowsjump-s3copyobject",
      "provider": "provider.aws",
      "instances": [
        {
          "schema_version": 0,
          "attributes": {
            "id": "useast1d-role-ec2-windowsjump:GrantS3CopyObject",
            "name": "GrantS3CopyObject",
            "name_prefix": null,
            "policy": "{\r\n  \"Version\": \"2012-10-17\",\r\n  \"Statement\": [\r\n    {\r\n\t\t\t\"Sid\": \"GrantS3CopyObject\",\r\n\t\t\t\"Effect\": \"Allow\",\r\n\t\t\t\"Action\": [\r\n\t\t\t\t\"s3:Get*\",\r\n\t\t\t\t\"s3:List*\",\r\n                \"s3:CopyObject\",\r\n                \"s3:GetBucketLocation\"\r\n\t\t\t],\r\n      \"Resource\": \"*\"\r\n    }\r\n  ]\r\n}\r\n",
            "role": "useast1d-role-ec2-windowsjump"
          },
          "private": "bnVsbA==",
          "dependencies": [
            "aws_iam_role.role-ec2-windowsjump"
          ]
        }
      ]
    },
    {
      "mode": "managed",
      "type": "aws_iam_role_policy_attachment",
      "name": "attach-ec2-windowsjump-cloudwatch",
      "provider": "provider.aws",
      "instances": [
        {
          "schema_version": 0,
          "attributes": {
            "id": "useast1d-role-ec2-windowsjump-20200516211459112800000002",
            "policy_arn": "arn:aws:iam::aws:policy/CloudWatchAgentServerPolicy",
            "role": "useast1d-role-ec2-windowsjump"
          },
          "private": "bnVsbA==",
          "dependencies": [
            "aws_iam_role.role-ec2-windowsjump"
          ]
        }
      ]
    },
    {
      "mode": "managed",
      "type": "aws_iam_role_policy_attachment",
      "name": "attach-ec2-windowsjump-ssm",
      "provider": "provider.aws",
      "instances": [
        {
          "schema_version": 0,
          "attributes": {
            "id": "useast1d-role-ec2-windowsjump-20200516211459107800000001",
            "policy_arn": "arn:aws:iam::aws:policy/AmazonSSMManagedInstanceCore",
            "role": "useast1d-role-ec2-windowsjump"
          },
          "private": "bnVsbA==",
          "dependencies": [
            "aws_iam_role.role-ec2-windowsjump"
          ]
        }
      ]
    },
    {
      "mode": "managed",
      "type": "aws_key_pair",
      "name": "keypair-windowsjump",
      "provider": "provider.aws",
      "instances": [
        {
          "schema_version": 1,
          "attributes": {
            "fingerprint": "96:ba:ac:5c:df:c6:1c:b6:dd:82:6a:cf:01:ee:d6:00",
            "id": "windowsjump",
            "key_name": "windowsjump",
            "key_name_prefix": null,
            "key_pair_id": "key-09d4360afa57b92a8",
            "public_key": "ssh-rsa AAAAB3NzaC1yc2EAAAADAQABAAACAQDY8q+gmo6silx1M0HPK3skBkK64UZXK9zEH8eE7i3MkVZDNa0xl84xC/OMikjYOEc+99wlNERr5FsakLxmIL6H+RmYlENKrTnE6E+qeqQ/yCa4zwer23rXghjgmRVORYsOuH2sLo/EDdu/vy/Cxxjv740pFLeEBHrX94T6uIzMsBL25E9dyPDYOkF99kGLzPlLMsEYhu0Jsvtp5wNjJPSeG9YYuuDeTlE+JDZZmgYZBbWxTbNxRevoocDUxEx63RIJM8YWtGcvO9w2YZs1lr+QrAukpyQgHOPuXTDarypAZ3109kUiwxEpIiWWeM+nPqmEb8/mLI+lnAqu+soosEkHFY6KGJvm3ScR4EdkxfoNAgXQERMSSRu0y4ODlTs+T4lc6UNkCFBmEdd7q3zJazuVOF2WfcuWXZTQouk7g/00EOx+4A8GF1mn+Oz2wLMOyzf55vRHm+tlq8CrWLINeVUk/gyMFA7XpLulEDlkzzqWwBv9l+ehv634/V5Pqpddtz57kkOcmVU7j9VKsb1/3pjLDj/6lxFSL2h3HXNFzVwhIa8QvgEQ6jIQTW1JEMWtlI0GpYZ9h2MkEub+gnlQqvyVtPbNR/tMt2RF8ymhTXiNSaV1Jjb9st39+WdHItE5qIZA5lWXE2uJ1eaxBKDZdqfH2Rq94cmV0gG4ALWnDyvgMw== mlynch1985@gmail.com",
            "tags": {}
          },
          "private": "eyJzY2hlbWFfdmVyc2lvbiI6IjEifQ=="
        }
      ]
    },
    {
      "mode": "managed",
      "type": "aws_launch_template",
      "name": "launchtemplate-windows-jump",
      "provider": "provider.aws",
      "instances": [
        {
          "schema_version": 0,
          "attributes": {
            "arn": "arn:aws:ec2:us-east-1:411395035331:launch-template/lt-0a9c0a3cafa8508d6",
            "block_device_mappings": [],
            "capacity_reservation_specification": [],
            "cpu_options": [],
            "credit_specification": [],
            "default_version": 1,
            "description": "",
            "disable_api_termination": false,
            "ebs_optimized": "",
            "elastic_gpu_specifications": [],
            "elastic_inference_accelerator": [],
            "hibernation_options": [],
            "iam_instance_profile": [
              {
                "arn": "",
                "name": "useast1d-ec2-windowsjump"
              }
            ],
            "id": "lt-0a9c0a3cafa8508d6",
            "image_id": "ami-04a0ee204b44cc91a",
            "instance_initiated_shutdown_behavior": "",
            "instance_market_options": [],
            "instance_type": "t2.medium",
            "kernel_id": "",
            "key_name": "windowsjump",
            "latest_version": 5,
            "license_specification": [],
            "metadata_options": [],
            "monitoring": [],
            "name": "useast1d-windowsjump",
            "name_prefix": null,
            "network_interfaces": [],
            "placement": [],
            "ram_disk_id": "",
            "security_group_names": [],
            "tag_specifications": [],
            "tags": {},
            "user_data": "PHBvd2Vyc2hlbGw+DQp0cnkgew0KCU5ldy1FdmVudExvZyAtU291cmNlICJVc2VyRGF0YSIgLUxvZ25hbWUgQXBwbGljYXRpb24NCg0KCSRJbnN0YW5jZU1ldGFEYXRhID0gR2V0LUVDMkluc3RhbmNlTWV0YWRhdGEgLUNhdGVnb3J5IElkZW50aXR5RG9jdW1lbnQgfCBDb252ZXJ0RnJvbS1Kc29uDQoJJEluc3RhbmNlSUQgPSAkSW5zdGFuY2VNZXRhRGF0YS5pbnN0YW5jZUlkDQoJJFJlZ2lvbiA9ICRJbnN0YW5jZU1ldGFEYXRhLnJlZ2lvbg0KCSRJbnN0YW5jZVRhZ3MgPSBHZXQtRUMyVGFnIC1SZWdpb24gJFJlZ2lvbiAtRmlsdGVyIEB7IE5hbWU9InJlc291cmNlLWlkIjsgVmFsdWVzPSIkSW5zdGFuY2VJRCIgfQ0KCWZvcmVhY2ggKCR0YWcgaW4gJEluc3RhbmNlVGFncykgeyBTZXQtVmFyaWFibGUgLU5hbWUgJHRhZy5LZXkgLVZhbHVlICR0YWcuVmFsdWU7IH0gIyMgbmFtZXNwYWNlDQogICAgJE1zaUV4ZWNQYXRoID0gIkM6XFdpbmRvd3NcU3lzdGVtMzJcbXNpZXhlYy5leGUiDQoJJEFnZW50U291cmNlwqA9wqAiaHR0cHM6Ly9zMy4kKCRSZWdpb24pLmFtYXpvbmF3cy5jb20vYW1hem9uY2xvdWR3YXRjaC1hZ2VudC0kKCRSZWdpb24pL3dpbmRvd3MvYW1kNjQvbGF0ZXN0L2FtYXpvbi1jbG91ZHdhdGNoLWFnZW50Lm1zaSINCiAgICAkQWdlbnREZXN0aW5hdGlvbsKgPcKgIkM6XGFtYXpvbi1jbG91ZHdhdGNoLWFnZW50Lm1zaSINCgkkQnVja2V0TmFtZSA9ICIkbmFtZXNwYWNlLW1sdGVtcCINCgkkQ29uZmlnU291cmNlID3CoCJDbG91ZFdhdGNoQ29uZmlncy93aW5kb3dzLWFtYXpvbi1jbG91ZHdhdGNoLWFnZW50Lmpzb24iDQoJJENvbmZpZ0Rlc3RpbmF0aW9uwqA9wqAiQzpcUHJvZ3JhbURhdGFcQW1hem9uXEFtYXpvbkNsb3VkV2F0Y2hBZ2VudFxhbWF6b24tY2xvdWR3YXRjaC1hZ2VudC5qc29uIg0KDQoJU2V0LURlZmF1bHRBV1NSZWdpb24gLVJlZ2lvbiAkUmVnaW9uDQoNCiAgICAoTmV3LU9iamVjdCBTeXN0ZW0uTmV0LldlYkNsaWVudCkuRG93bmxvYWRGaWxlKCRBZ2VudFNvdXJjZcKgLCAkQWdlbnREZXN0aW5hdGlvbikNCiAgICBTdGFydC1Qcm9jZXNzIC1GaWxlUGF0aCAkTXNpRXhlY1BhdGggLUFyZ3VtZW50TGlzdCAiL2kgJEFnZW50RGVzdGluYXRpb24gL3FuIC9MKlYgQzpcY2xvdWR3YXRjaGFnZW50LWxvZy50eHQiIC1XYWl0IC1Ob05ld1dpbmRvdw0KCUNvcHktUzNPYmplY3QgLUJ1Y2tldE5hbWUgJEJ1Y2tldE5hbWUgLUtleSAkQ29uZmlnU291cmNlIC1Mb2NhbEZpbGUgJENvbmZpZ0Rlc3RpbmF0aW9uDQoJJsKgIkM6XFByb2dyYW0gRmlsZXNcQW1hem9uXEFtYXpvbkNsb3VkV2F0Y2hBZ2VudFxhbWF6b24tY2xvdWR3YXRjaC1hZ2VudC1jdGwucHMxIsKgLUFjdGlvbsKgZmV0Y2gtY29uZmlnwqAtTW9kZcKgZWMywqAtQ29uZmlnTG9jYXRpb24gZmlsZTokQ29uZmlnRGVzdGluYXRpb27CoC1TdGFydA0KfQ0KY2F0Y2ggew0KCSRzdGFja3RyYWNlID0gJF8uU2NyaXB0U3RhY2tUcmFjZQ0KCUFkZC1Db250ZW50IC1QYXRoIEM6XHVzZXJkYXRhLmxvZyAtVmFsdWUgIkVSUk9SIGluIHVzZXIgZGF0YSBzY3JpcHQiDQoJQWRkLUNvbnRlbnQgLVBhdGggQzpcdXNlcmRhdGEubG9nIC1WYWx1ZSAkc3RhY2t0cmFjZQ0KCVdyaXRlLUV2ZW50TG9nIC1Mb2dOYW1lICJBcHBsaWNhdGlvbiIgLVNvdXJjZSAiVXNlckRhdGEiIC1FdmVudElEIDUwMCAtRW50cnlUeXBlIEVycm9yIC1NZXNzYWdlICJVbmhhbmRsZWQgRXJyb3IgaW4gdXNlciBkYXRhLiBgbnN0YWNrX3RyYWNlPSR7c3RhY2t0cmFjZX0iDQp9DQoNCjwvcG93ZXJzaGVsbD4NCjxwZXJzaXN0PmZhbHNlPC9wZXJzaXN0Pg0K",
            "vpc_security_group_ids": [
              "sg-0502c94e390800504",
              "sg-0dd24ea5b0c69bb98"
            ]
          },
          "private": "bnVsbA==",
          "dependencies": [
            "aws_iam_instance_profile.ec2-windowsjump-instance-profile",
            "aws_key_pair.keypair-windowsjump",
            "aws_security_group.allow-remote-rdp"
          ]
        }
      ]
    },
    {
      "mode": "managed",
      "type": "aws_lb",
      "name": "nlb-windows-jump",
      "provider": "provider.aws",
      "instances": [
        {
          "schema_version": 0,
          "attributes": {
            "access_logs": [
              {
                "bucket": "",
                "enabled": false,
                "prefix": ""
              }
            ],
            "arn": "arn:aws:elasticloadbalancing:us-east-1:411395035331:loadbalancer/net/useast1d-nlb-windowsjump/e04ece12f419f0bd",
            "arn_suffix": "net/useast1d-nlb-windowsjump/e04ece12f419f0bd",
            "dns_name": "useast1d-nlb-windowsjump-e04ece12f419f0bd.elb.us-east-1.amazonaws.com",
            "drop_invalid_header_fields": null,
            "enable_cross_zone_load_balancing": false,
            "enable_deletion_protection": false,
            "enable_http2": null,
            "id": "arn:aws:elasticloadbalancing:us-east-1:411395035331:loadbalancer/net/useast1d-nlb-windowsjump/e04ece12f419f0bd",
            "idle_timeout": null,
            "internal": false,
            "ip_address_type": "ipv4",
            "load_balancer_type": "network",
            "name": "useast1d-nlb-windowsjump",
            "name_prefix": null,
            "security_groups": [],
            "subnet_mapping": [
              {
                "allocation_id": "",
                "subnet_id": "subnet-00562ab8e52792f56"
              },
              {
                "allocation_id": "",
                "subnet_id": "subnet-01f7b35e1ef797035"
              },
              {
                "allocation_id": "",
                "subnet_id": "subnet-08c0fc4b3818b1204"
              }
            ],
            "subnets": [
              "subnet-00562ab8e52792f56",
              "subnet-01f7b35e1ef797035",
              "subnet-08c0fc4b3818b1204"
            ],
            "tags": {
              "Environment": "dev",
              "Name": "useast1d-nlb-windowsjump",
              "Namespace": "useast1d"
            },
            "timeouts": null,
            "vpc_id": "vpc-0694f7b943c579f3d",
            "zone_id": "Z26RNL4JYFTOTI"
          },
          "private": "eyJlMmJmYjczMC1lY2FhLTExZTYtOGY4OC0zNDM2M2JjN2M0YzAiOnsiY3JlYXRlIjo2MDAwMDAwMDAwMDAsImRlbGV0ZSI6NjAwMDAwMDAwMDAwLCJ1cGRhdGUiOjYwMDAwMDAwMDAwMH19"
        }
      ]
    },
    {
      "mode": "managed",
      "type": "aws_lb_listener",
      "name": "listener-windowsjump",
      "provider": "provider.aws",
      "instances": [
        {
          "schema_version": 0,
          "attributes": {
            "arn": "arn:aws:elasticloadbalancing:us-east-1:411395035331:listener/net/useast1d-nlb-windowsjump/e04ece12f419f0bd/820c8f50782c9ceb",
            "certificate_arn": null,
            "default_action": [
              {
                "authenticate_cognito": [],
                "authenticate_oidc": [],
                "fixed_response": [],
                "order": 1,
                "redirect": [],
                "target_group_arn": "arn:aws:elasticloadbalancing:us-east-1:411395035331:targetgroup/useast1d-targetgroup-windowsjump/ce358ee1aff1fde7",
                "type": "forward"
              }
            ],
            "id": "arn:aws:elasticloadbalancing:us-east-1:411395035331:listener/net/useast1d-nlb-windowsjump/e04ece12f419f0bd/820c8f50782c9ceb",
            "load_balancer_arn": "arn:aws:elasticloadbalancing:us-east-1:411395035331:loadbalancer/net/useast1d-nlb-windowsjump/e04ece12f419f0bd",
            "port": 3389,
            "protocol": "TCP",
            "ssl_policy": "",
            "timeouts": null
          },
          "private": "eyJlMmJmYjczMC1lY2FhLTExZTYtOGY4OC0zNDM2M2JjN2M0YzAiOnsicmVhZCI6NjAwMDAwMDAwMDAwfX0=",
          "dependencies": [
            "aws_lb.nlb-windows-jump",
            "aws_lb_target_group.targetgroup-windowsjump"
          ]
        }
      ]
    },
    {
      "mode": "managed",
      "type": "aws_lb_target_group",
      "name": "targetgroup-windowsjump",
      "provider": "provider.aws",
      "instances": [
        {
          "schema_version": 0,
          "attributes": {
            "arn": "arn:aws:elasticloadbalancing:us-east-1:411395035331:targetgroup/useast1d-targetgroup-windowsjump/ce358ee1aff1fde7",
            "arn_suffix": "targetgroup/useast1d-targetgroup-windowsjump/ce358ee1aff1fde7",
            "deregistration_delay": 300,
            "health_check": [
              {
                "enabled": true,
                "healthy_threshold": 3,
                "interval": 30,
                "matcher": "",
                "path": "",
                "port": "traffic-port",
                "protocol": "TCP",
                "timeout": 10,
                "unhealthy_threshold": 3
              }
            ],
            "id": "arn:aws:elasticloadbalancing:us-east-1:411395035331:targetgroup/useast1d-targetgroup-windowsjump/ce358ee1aff1fde7",
            "lambda_multi_value_headers_enabled": false,
            "load_balancing_algorithm_type": null,
            "name": "useast1d-targetgroup-windowsjump",
            "name_prefix": null,
            "port": 3389,
            "protocol": "TCP",
            "proxy_protocol_v2": false,
            "slow_start": 0,
            "stickiness": [],
            "tags": {
              "Environment": "dev",
              "Name": "useast1d-targetgroup-windowsjump",
              "Namespace": "useast1d"
            },
            "target_type": "instance",
            "vpc_id": "vpc-0694f7b943c579f3d"
          },
          "private": "bnVsbA=="
        }
      ]
    },
    {
      "mode": "managed",
      "type": "aws_security_group",
      "name": "allow-remote-rdp",
      "provider": "provider.aws",
      "instances": [
        {
          "schema_version": 1,
          "attributes": {
            "arn": "arn:aws:ec2:us-east-1:411395035331:security-group/sg-0502c94e390800504",
            "description": "Allow RDP inbound traffic from Home Office",
            "egress": [
              {
                "cidr_blocks": [
                  "0.0.0.0/0"
                ],
                "description": "",
                "from_port": 0,
                "ipv6_cidr_blocks": [],
                "prefix_list_ids": [],
                "protocol": "-1",
                "security_groups": [],
                "self": false,
                "to_port": 0
              }
            ],
            "id": "sg-0502c94e390800504",
            "ingress": [
              {
                "cidr_blocks": [
                  "100.11.168.0/24"
                ],
                "description": "Allow RDP inbound traffic from Home Office",
                "from_port": 3389,
                "ipv6_cidr_blocks": [],
                "prefix_list_ids": [],
                "protocol": "tcp",
                "security_groups": [],
                "self": false,
                "to_port": 3389
              }
            ],
            "name": "allow-remote-rdp",
            "name_prefix": null,
            "owner_id": "411395035331",
            "revoke_rules_on_delete": false,
            "tags": {
              "Environment": "dev",
              "Name": "useast1d-allow-remote-rdp",
              "Namespace": "useast1d"
            },
            "timeouts": null,
            "vpc_id": "vpc-0694f7b943c579f3d"
          },
          "private": "eyJlMmJmYjczMC1lY2FhLTExZTYtOGY4OC0zNDM2M2JjN2M0YzAiOnsiY3JlYXRlIjo2MDAwMDAwMDAwMDAsImRlbGV0ZSI6NjAwMDAwMDAwMDAwfSwic2NoZW1hX3ZlcnNpb24iOiIxIn0="
        }
      ]
    }
  ]
}
