{
  "version": 4,
  "terraform_version": "0.12.25",
  "serial": 184,
  "lineage": "b860d5e4-1e4a-d32e-b3ed-f9c6bc5b56c9",
  "outputs": {},
  "resources": [
    {
      "mode": "data",
      "type": "aws_ami",
      "name": "windows_server_2019_ami",
      "provider": "provider.aws",
      "instances": [
        {
          "schema_version": 0,
          "attributes": {
            "architecture": "x86_64",
            "block_device_mappings": [
              {
                "device_name": "/dev/sda1",
                "ebs": {
                  "delete_on_termination": "true",
                  "encrypted": "false",
                  "iops": "0",
                  "snapshot_id": "snap-08bbe4dc0bca2dd17",
                  "volume_size": "30",
                  "volume_type": "gp2"
                },
                "no_device": "",
                "virtual_name": ""
              },
              {
                "device_name": "xvdca",
                "ebs": {},
                "no_device": "",
                "virtual_name": "ephemeral0"
              },
              {
                "device_name": "xvdcb",
                "ebs": {},
                "no_device": "",
                "virtual_name": "ephemeral1"
              },
              {
                "device_name": "xvdcc",
                "ebs": {},
                "no_device": "",
                "virtual_name": "ephemeral2"
              },
              {
                "device_name": "xvdcd",
                "ebs": {},
                "no_device": "",
                "virtual_name": "ephemeral3"
              },
              {
                "device_name": "xvdce",
                "ebs": {},
                "no_device": "",
                "virtual_name": "ephemeral4"
              },
              {
                "device_name": "xvdcf",
                "ebs": {},
                "no_device": "",
                "virtual_name": "ephemeral5"
              },
              {
                "device_name": "xvdcg",
                "ebs": {},
                "no_device": "",
                "virtual_name": "ephemeral6"
              },
              {
                "device_name": "xvdch",
                "ebs": {},
                "no_device": "",
                "virtual_name": "ephemeral7"
              },
              {
                "device_name": "xvdci",
                "ebs": {},
                "no_device": "",
                "virtual_name": "ephemeral8"
              },
              {
                "device_name": "xvdcj",
                "ebs": {},
                "no_device": "",
                "virtual_name": "ephemeral9"
              },
              {
                "device_name": "xvdck",
                "ebs": {},
                "no_device": "",
                "virtual_name": "ephemeral10"
              },
              {
                "device_name": "xvdcl",
                "ebs": {},
                "no_device": "",
                "virtual_name": "ephemeral11"
              },
              {
                "device_name": "xvdcm",
                "ebs": {},
                "no_device": "",
                "virtual_name": "ephemeral12"
              },
              {
                "device_name": "xvdcn",
                "ebs": {},
                "no_device": "",
                "virtual_name": "ephemeral13"
              },
              {
                "device_name": "xvdco",
                "ebs": {},
                "no_device": "",
                "virtual_name": "ephemeral14"
              },
              {
                "device_name": "xvdcp",
                "ebs": {},
                "no_device": "",
                "virtual_name": "ephemeral15"
              },
              {
                "device_name": "xvdcq",
                "ebs": {},
                "no_device": "",
                "virtual_name": "ephemeral16"
              },
              {
                "device_name": "xvdcr",
                "ebs": {},
                "no_device": "",
                "virtual_name": "ephemeral17"
              },
              {
                "device_name": "xvdcs",
                "ebs": {},
                "no_device": "",
                "virtual_name": "ephemeral18"
              },
              {
                "device_name": "xvdct",
                "ebs": {},
                "no_device": "",
                "virtual_name": "ephemeral19"
              },
              {
                "device_name": "xvdcu",
                "ebs": {},
                "no_device": "",
                "virtual_name": "ephemeral20"
              },
              {
                "device_name": "xvdcv",
                "ebs": {},
                "no_device": "",
                "virtual_name": "ephemeral21"
              },
              {
                "device_name": "xvdcw",
                "ebs": {},
                "no_device": "",
                "virtual_name": "ephemeral22"
              },
              {
                "device_name": "xvdcx",
                "ebs": {},
                "no_device": "",
                "virtual_name": "ephemeral23"
              },
              {
                "device_name": "xvdcy",
                "ebs": {},
                "no_device": "",
                "virtual_name": "ephemeral24"
              },
              {
                "device_name": "xvdcz",
                "ebs": {},
                "no_device": "",
                "virtual_name": "ephemeral25"
              }
            ],
            "creation_date": "2020-05-13T19:00:51.000Z",
            "description": "Microsoft Windows Server 2019 with Desktop Experience Locale English AMI provided by Amazon",
            "executable_users": null,
            "filter": [
              {
                "name": "name",
                "values": [
                  "Windows_Server-2019-English-Full-Base*"
                ]
              }
            ],
            "hypervisor": "xen",
            "id": "ami-04a0ee204b44cc91a",
            "image_id": "ami-04a0ee204b44cc91a",
            "image_location": "amazon/Windows_Server-2019-English-Full-Base-2020.05.13",
            "image_owner_alias": "amazon",
            "image_type": "machine",
            "kernel_id": null,
            "most_recent": true,
            "name": "Windows_Server-2019-English-Full-Base-2020.05.13",
            "name_regex": null,
            "owner_id": "801119661308",
            "owners": [
              "801119661308"
            ],
            "platform": "windows",
            "product_codes": [],
            "public": true,
            "ramdisk_id": null,
            "root_device_name": "/dev/sda1",
            "root_device_type": "ebs",
            "root_snapshot_id": "snap-08bbe4dc0bca2dd17",
            "sriov_net_support": "simple",
            "state": "available",
            "state_reason": {
              "code": "UNSET",
              "message": "UNSET"
            },
            "tags": {},
            "virtualization_type": "hvm"
          }
        }
      ]
    },
    {
      "mode": "data",
      "type": "aws_caller_identity",
      "name": "current",
      "provider": "provider.aws",
      "instances": [
        {
          "schema_version": 0,
          "attributes": {
            "account_id": "411395035331",
            "arn": "arn:aws:sts::411395035331:assumed-role/Admin/awsml-Isengard",
            "id": "2020-05-22 18:27:52.9807285 +0000 UTC",
            "user_id": "AROAV7SIOCDBXZRGIK22A:awsml-Isengard"
          }
        }
      ]
    },
    {
      "mode": "data",
      "type": "aws_secretsmanager_secret",
      "name": "windowsjump",
      "provider": "provider.aws",
      "instances": [
        {
          "schema_version": 0,
          "attributes": {
            "arn": "arn:aws:secretsmanager:us-east-1:411395035331:secret:useast1d-windowsjump-xeydZD",
            "description": "Windows Jump Secret",
            "id": "arn:aws:secretsmanager:us-east-1:411395035331:secret:useast1d-windowsjump-xeydZD",
            "kms_key_id": "54003900-8193-4dda-9f11-b11aeb36e15b",
            "name": "useast1d-windowsjump",
            "policy": "",
            "rotation_enabled": false,
            "rotation_lambda_arn": "",
            "rotation_rules": [],
            "tags": {
              "environment": "dev",
              "namespace": "useast1d"
            }
          }
        }
      ]
    },
    {
      "mode": "data",
      "type": "aws_security_group",
      "name": "allow_office_rdp",
      "provider": "provider.aws",
      "instances": [
        {
          "schema_version": 0,
          "attributes": {
            "arn": "arn:aws:ec2:us-east-1:411395035331:security-group/sg-0decf9202c70befa1",
            "description": "Allow RDP inbound traffic from Office",
            "filter": null,
            "id": "sg-0decf9202c70befa1",
            "name": "useast1d_allow_office_rdp",
            "tags": {
              "Environment": "dev",
              "Name": "useast1d_allow_office_rdp",
              "Namespace": "useast1d"
            },
            "vpc_id": "vpc-0bf2700a887db25fd"
          }
        }
      ]
    },
    {
      "mode": "data",
      "type": "aws_security_group",
      "name": "allow_vpc_rdp",
      "provider": "provider.aws",
      "instances": [
        {
          "schema_version": 0,
          "attributes": {
            "arn": "arn:aws:ec2:us-east-1:411395035331:security-group/sg-047b75ae08110b18e",
            "description": "Allow RDP inbound traffic from VPC",
            "filter": null,
            "id": "sg-047b75ae08110b18e",
            "name": "useast1d_allow_vpc_rdp",
            "tags": {
              "Environment": "dev",
              "Name": "useast1d_allow_vpc_rdp",
              "Namespace": "useast1d"
            },
            "vpc_id": "vpc-0bf2700a887db25fd"
          }
        }
      ]
    },
    {
      "mode": "data",
      "type": "aws_subnet_ids",
      "name": "subnets_private",
      "provider": "provider.aws",
      "instances": [
        {
          "schema_version": 0,
          "attributes": {
            "filter": null,
            "id": "vpc-0bf2700a887db25fd",
            "ids": [
              "subnet-0164421d52b4e9b6b",
              "subnet-08f87e877ece823dc",
              "subnet-0d225e0e0f936a33b"
            ],
            "tags": {
              "Environment": "dev",
              "Namespace": "useast1d",
              "Tier": "private"
            },
            "vpc_id": "vpc-0bf2700a887db25fd"
          }
        }
      ]
    },
    {
      "mode": "data",
      "type": "aws_subnet_ids",
      "name": "subnets_public",
      "provider": "provider.aws",
      "instances": [
        {
          "schema_version": 0,
          "attributes": {
            "filter": null,
            "id": "vpc-0bf2700a887db25fd",
            "ids": [
              "subnet-07e76814f1543d4e3",
              "subnet-08274650c7309b6d2",
              "subnet-0aafb89244145f716"
            ],
            "tags": {
              "Environment": "dev",
              "Namespace": "useast1d",
              "Tier": "public"
            },
            "vpc_id": "vpc-0bf2700a887db25fd"
          }
        }
      ]
    },
    {
      "mode": "data",
      "type": "aws_vpc",
      "name": "vpc",
      "provider": "provider.aws",
      "instances": [
        {
          "schema_version": 0,
          "attributes": {
            "arn": "arn:aws:ec2:us-east-1:411395035331:vpc/vpc-0bf2700a887db25fd",
            "cidr_block": "10.0.0.0/16",
            "cidr_block_associations": [
              {
                "association_id": "vpc-cidr-assoc-00c255356b13d38f2",
                "cidr_block": "10.0.0.0/16",
                "state": "associated"
              }
            ],
            "default": false,
            "dhcp_options_id": "dopt-8f56eaf5",
            "enable_dns_hostnames": true,
            "enable_dns_support": true,
            "filter": null,
            "id": "vpc-0bf2700a887db25fd",
            "instance_tenancy": "default",
            "ipv6_association_id": null,
            "ipv6_cidr_block": null,
            "main_route_table_id": "rtb-017ff455094a31f52",
            "owner_id": "411395035331",
            "state": "available",
            "tags": {
              "Environment": "dev",
              "Name": "useast1d_vpc",
              "Namespace": "useast1d"
            }
          }
        }
      ]
    },
    {
      "mode": "managed",
      "type": "aws_autoscaling_group",
      "name": "windowsjump",
      "provider": "provider.aws",
      "instances": [
        {
          "schema_version": 0,
          "attributes": {
            "arn": "arn:aws:autoscaling:us-east-1:411395035331:autoScalingGroup:f5fe6cd9-1ba4-4818-91f5-955be61c71c7:autoScalingGroupName/useast1d_windowsjump_autoscalinggroup",
            "availability_zones": [
              "us-east-1a",
              "us-east-1b",
              "us-east-1c"
            ],
            "default_cooldown": 300,
            "desired_capacity": 1,
            "enabled_metrics": [],
            "force_delete": true,
            "health_check_grace_period": 300,
            "health_check_type": "EC2",
            "id": "useast1d_windowsjump_autoscalinggroup",
            "initial_lifecycle_hook": [],
            "launch_configuration": "",
            "launch_template": [
              {
                "id": "lt-0250e966f42f0f6a4",
                "name": "useast1d_windowsjump_launchtemplate",
                "version": "$Latest"
              }
            ],
            "load_balancers": [],
            "max_instance_lifetime": 0,
            "max_size": 5,
            "metrics_granularity": "1Minute",
            "min_elb_capacity": null,
            "min_size": 1,
            "mixed_instances_policy": [],
            "name": "useast1d_windowsjump_autoscalinggroup",
            "name_prefix": null,
            "placement_group": "",
            "protect_from_scale_in": false,
            "service_linked_role_arn": "arn:aws:iam::411395035331:role/aws-service-role/autoscaling.amazonaws.com/AWSServiceRoleForAutoScaling",
            "suspended_processes": [],
            "tag": [
              {
                "key": "Name",
                "propagate_at_launch": true,
                "value": "useast1d_windowsJump"
              },
              {
                "key": "environment",
                "propagate_at_launch": true,
                "value": "dev"
              },
              {
                "key": "namespace",
                "propagate_at_launch": true,
                "value": "useast1d"
              }
            ],
            "tags": null,
            "target_group_arns": [
              "arn:aws:elasticloadbalancing:us-east-1:411395035331:targetgroup/useast1d-windowsjump/a76531df8430e1d4"
            ],
            "termination_policies": [
              "OldestLaunchConfiguration",
              "OldestInstance"
            ],
            "timeouts": {
              "delete": "15m"
            },
            "vpc_zone_identifier": [
              "subnet-0164421d52b4e9b6b",
              "subnet-08f87e877ece823dc",
              "subnet-0d225e0e0f936a33b"
            ],
            "wait_for_capacity_timeout": "10m",
            "wait_for_elb_capacity": null
          },
          "private": "eyJlMmJmYjczMC1lY2FhLTExZTYtOGY4OC0zNDM2M2JjN2M0YzAiOnsiZGVsZXRlIjo5MDAwMDAwMDAwMDB9fQ==",
          "dependencies": [
            "aws_launch_template.windowsjump",
            "aws_lb_target_group.windowsjump"
          ]
        }
      ]
    },
    {
      "mode": "managed",
      "type": "aws_cloudformation_stack",
      "name": "windowsjump",
      "provider": "provider.aws",
      "instances": [
        {
          "schema_version": 0,
          "attributes": {
            "capabilities": null,
            "disable_rollback": false,
            "iam_role_arn": "",
            "id": "arn:aws:cloudformation:us-east-1:411395035331:stack/useast1d-windowsjump/9efa07f0-9c59-11ea-b779-0ac49251e793",
            "name": "useast1d-windowsjump",
            "notification_arns": null,
            "on_failure": null,
            "outputs": {},
            "parameters": {
              "KmsKey": "54003900-8193-4dda-9f11-b11aeb36e15b",
              "environment": "dev",
              "namespace": "useast1d"
            },
            "policy_body": null,
            "policy_url": null,
            "tags": {},
            "template_body": "---\r\nAWSTemplateFormatVersion: \"2010-09-09\"\r\nDescription: Windows Jump Secret\r\nParameters:\r\n  namespace:\r\n    Type: String\r\n  environment:\r\n    Type: String\r\n  KmsKey:\r\n    Type: String\r\n\r\nResources:\r\n  Secret:\r\n    Type: AWS::SecretsManager::Secret\r\n    Properties:\r\n      Description: \"Windows Jump Secret\"\r\n      Name: !Sub ${namespace}-windowsjump\r\n      KmsKeyId: !Ref KmsKey\r\n      GenerateSecretString:\r\n        SecretStringTemplate:\r\n          Fn::Sub: '{\r\n            \"users\": [\r\n            \"manager\",\r\n            \"mikel\"\r\n            ]\r\n            }'\r\n        GenerateStringKey: \"Secret\"\r\n        PasswordLength: 14\r\n        ExcludeCharacters: \"\"\r\n        ExcludePunctuation: True\r\n      Tags:\r\n        - Key: namespace\r\n          Value: !Ref namespace\r\n        - Key: environment\r\n          Value: !Ref environment\r\n",
            "template_url": null,
            "timeout_in_minutes": null,
            "timeouts": null
          },
          "private": "eyJlMmJmYjczMC1lY2FhLTExZTYtOGY4OC0zNDM2M2JjN2M0YzAiOnsiY3JlYXRlIjoxODAwMDAwMDAwMDAwLCJkZWxldGUiOjE4MDAwMDAwMDAwMDAsInVwZGF0ZSI6MTgwMDAwMDAwMDAwMH19",
          "dependencies": [
            "aws_kms_key.windowsjump"
          ]
        }
      ]
    },
    {
      "mode": "managed",
      "type": "aws_iam_instance_profile",
      "name": "windowsjump",
      "provider": "provider.aws",
      "instances": [
        {
          "schema_version": 0,
          "attributes": {
            "arn": "arn:aws:iam::411395035331:instance-profile/useast1d_ec2_windowsjump",
            "create_date": "2020-05-22T18:19:38Z",
            "id": "useast1d_ec2_windowsjump",
            "name": "useast1d_ec2_windowsjump",
            "name_prefix": null,
            "path": "/",
            "role": "useast1d_ec2_windowsjump",
            "roles": [
              "useast1d_ec2_windowsjump"
            ],
            "unique_id": "AIPAV7SIOCDBQUZ6H3LFV"
          },
          "private": "bnVsbA==",
          "dependencies": [
            "aws_iam_role.windowsjump"
          ]
        }
      ]
    },
    {
      "mode": "managed",
      "type": "aws_iam_role",
      "name": "windowsjump",
      "provider": "provider.aws",
      "instances": [
        {
          "schema_version": 0,
          "attributes": {
            "arn": "arn:aws:iam::411395035331:role/app/useast1d_ec2_windowsjump",
            "assume_role_policy": "{\"Version\":\"2012-10-17\",\"Statement\":[{\"Effect\":\"Allow\",\"Principal\":{\"Service\":\"ec2.amazonaws.com\"},\"Action\":\"sts:AssumeRole\"}]}",
            "create_date": "2020-05-22T18:19:38Z",
            "description": "",
            "force_detach_policies": true,
            "id": "useast1d_ec2_windowsjump",
            "max_session_duration": 3600,
            "name": "useast1d_ec2_windowsjump",
            "name_prefix": null,
            "path": "/app/",
            "permissions_boundary": null,
            "tags": {},
            "unique_id": "AROAV7SIOCDB6IZAQXVW6"
          },
          "private": "bnVsbA=="
        }
      ]
    },
    {
      "mode": "managed",
      "type": "aws_iam_role_policy",
      "name": "windowsjump_copyobject",
      "provider": "provider.aws",
      "instances": [
        {
          "schema_version": 0,
          "attributes": {
            "id": "useast1d_ec2_windowsjump:GrantS3CopyObject",
            "name": "GrantS3CopyObject",
            "name_prefix": null,
            "policy": "{\r\n  \"Version\": \"2012-10-17\",\r\n  \"Statement\": [\r\n    {\r\n\t\t\t\"Sid\": \"GrantS3CopyObject\",\r\n\t\t\t\"Effect\": \"Allow\",\r\n\t\t\t\"Action\": [\r\n\t\t\t\t\"s3:Get*\",\r\n\t\t\t\t\"s3:List*\",\r\n                \"s3:CopyObject\",\r\n                \"s3:GetBucketLocation\"\r\n\t\t\t],\r\n      \"Resource\": \"*\"\r\n    }\r\n  ]\r\n}\r\n",
            "role": "useast1d_ec2_windowsjump"
          },
          "private": "bnVsbA==",
          "dependencies": [
            "aws_iam_role.windowsjump"
          ]
        }
      ]
    },
    {
      "mode": "managed",
      "type": "aws_iam_role_policy",
      "name": "windowsjump_describetags",
      "provider": "provider.aws",
      "instances": [
        {
          "schema_version": 0,
          "attributes": {
            "id": "useast1d_ec2_windowsjump:GrantEC2DescribeTags",
            "name": "GrantEC2DescribeTags",
            "name_prefix": null,
            "policy": "{\r\n  \"Version\": \"2012-10-17\",\r\n  \"Statement\": [\r\n    {\r\n      \"Sid\": \"GrantEC2DescribeTags\",\r\n      \"Effect\": \"Allow\",\r\n      \"Action\": [\r\n        \"ec2:DescribeTags\"\r\n      ],\r\n      \"Resource\": \"*\"\r\n    }\r\n  ]\r\n}\r\n",
            "role": "useast1d_ec2_windowsjump"
          },
          "private": "bnVsbA==",
          "dependencies": [
            "aws_iam_role.windowsjump"
          ]
        }
      ]
    },
    {
      "mode": "managed",
      "type": "aws_iam_role_policy",
      "name": "windowsjump_getsecretvalue",
      "provider": "provider.aws",
      "instances": [
        {
          "schema_version": 0,
          "attributes": {
            "id": "useast1d_ec2_windowsjump:GrantGetSecretValue",
            "name": "GrantGetSecretValue",
            "name_prefix": null,
            "policy": "{\r\n    \"Version\": \"2012-10-17\",\r\n    \"Statement\": [\r\n        {\r\n          \"Sid\": \"GrantGetSecretValue\",\r\n          \"Effect\": \"Allow\",\r\n          \"Action\": [\r\n            \"secretsmanager:GetSecretValue\",\r\n            \"secretsmanager:DescribeSecret\"\r\n          ],\r\n          \"Resource\": \"arn:aws:secretsmanager:us-east-1:411395035331:secret:useast1d-windowsjump-xeydZD\"\r\n        },\r\n        {\r\n          \"Sid\": \"GrantKMSDecrypt\",\r\n          \"Effect\": \"Allow\",\r\n          \"Action\": [\r\n            \"kms:Decrypt\"\r\n          ],\r\n          \"Resource\": \"arn:aws:kms:us-east-1:411395035331:key/54003900-8193-4dda-9f11-b11aeb36e15b\"\r\n        }\r\n    ]\r\n}\r\n",
            "role": "useast1d_ec2_windowsjump"
          },
          "private": "bnVsbA==",
          "dependencies": [
            "aws_cloudformation_stack.windowsjump",
            "aws_iam_role.windowsjump",
            "aws_kms_key.windowsjump"
          ]
        }
      ]
    },
    {
      "mode": "managed",
      "type": "aws_iam_role_policy_attachment",
      "name": "windowsjump_cloudwatch",
      "provider": "provider.aws",
      "instances": [
        {
          "schema_version": 0,
          "attributes": {
            "id": "useast1d_ec2_windowsjump-20200522181939003500000001",
            "policy_arn": "arn:aws:iam::aws:policy/CloudWatchAgentServerPolicy",
            "role": "useast1d_ec2_windowsjump"
          },
          "private": "bnVsbA==",
          "dependencies": [
            "aws_iam_role.windowsjump"
          ]
        }
      ]
    },
    {
      "mode": "managed",
      "type": "aws_iam_role_policy_attachment",
      "name": "windowsjump_ssm",
      "provider": "provider.aws",
      "instances": [
        {
          "schema_version": 0,
          "attributes": {
            "id": "useast1d_ec2_windowsjump-20200522181939010400000002",
            "policy_arn": "arn:aws:iam::aws:policy/AmazonSSMManagedInstanceCore",
            "role": "useast1d_ec2_windowsjump"
          },
          "private": "bnVsbA==",
          "dependencies": [
            "aws_iam_role.windowsjump"
          ]
        }
      ]
    },
    {
      "mode": "managed",
      "type": "aws_key_pair",
      "name": "windowsjump",
      "provider": "provider.aws",
      "instances": [
        {
          "schema_version": 1,
          "attributes": {
            "fingerprint": "96:ba:ac:5c:df:c6:1c:b6:dd:82:6a:cf:01:ee:d6:00",
            "id": "useast1d_windowsjump_keypair",
            "key_name": "useast1d_windowsjump_keypair",
            "key_name_prefix": null,
            "key_pair_id": "key-0301e91a540f34cd9",
            "public_key": "ssh-rsa AAAAB3NzaC1yc2EAAAADAQABAAACAQDY8q+gmo6silx1M0HPK3skBkK64UZXK9zEH8eE7i3MkVZDNa0xl84xC/OMikjYOEc+99wlNERr5FsakLxmIL6H+RmYlENKrTnE6E+qeqQ/yCa4zwer23rXghjgmRVORYsOuH2sLo/EDdu/vy/Cxxjv740pFLeEBHrX94T6uIzMsBL25E9dyPDYOkF99kGLzPlLMsEYhu0Jsvtp5wNjJPSeG9YYuuDeTlE+JDZZmgYZBbWxTbNxRevoocDUxEx63RIJM8YWtGcvO9w2YZs1lr+QrAukpyQgHOPuXTDarypAZ3109kUiwxEpIiWWeM+nPqmEb8/mLI+lnAqu+soosEkHFY6KGJvm3ScR4EdkxfoNAgXQERMSSRu0y4ODlTs+T4lc6UNkCFBmEdd7q3zJazuVOF2WfcuWXZTQouk7g/00EOx+4A8GF1mn+Oz2wLMOyzf55vRHm+tlq8CrWLINeVUk/gyMFA7XpLulEDlkzzqWwBv9l+ehv634/V5Pqpddtz57kkOcmVU7j9VKsb1/3pjLDj/6lxFSL2h3HXNFzVwhIa8QvgEQ6jIQTW1JEMWtlI0GpYZ9h2MkEub+gnlQqvyVtPbNR/tMt2RF8ymhTXiNSaV1Jjb9st39+WdHItE5qIZA5lWXE2uJ1eaxBKDZdqfH2Rq94cmV0gG4ALWnDyvgMw== mlynch1985@gmail.com",
            "tags": {}
          },
          "private": "eyJzY2hlbWFfdmVyc2lvbiI6IjEifQ=="
        }
      ]
    },
    {
      "mode": "managed",
      "type": "aws_kms_alias",
      "name": "windowsjump",
      "provider": "provider.aws",
      "instances": [
        {
          "schema_version": 0,
          "attributes": {
            "arn": "arn:aws:kms:us-east-1:411395035331:alias/useast1d_windowsjump_kms",
            "id": "alias/useast1d_windowsjump_kms",
            "name": "alias/useast1d_windowsjump_kms",
            "name_prefix": null,
            "target_key_arn": "arn:aws:kms:us-east-1:411395035331:key/54003900-8193-4dda-9f11-b11aeb36e15b",
            "target_key_id": "54003900-8193-4dda-9f11-b11aeb36e15b"
          },
          "private": "bnVsbA==",
          "dependencies": [
            "aws_iam_role.windowsjump",
            "aws_kms_key.windowsjump"
          ]
        }
      ]
    },
    {
      "mode": "managed",
      "type": "aws_kms_key",
      "name": "windowsjump",
      "provider": "provider.aws",
      "instances": [
        {
          "schema_version": 0,
          "attributes": {
            "arn": "arn:aws:kms:us-east-1:411395035331:key/54003900-8193-4dda-9f11-b11aeb36e15b",
            "customer_master_key_spec": "SYMMETRIC_DEFAULT",
            "deletion_window_in_days": 7,
            "description": "Windows Jump",
            "enable_key_rotation": false,
            "id": "54003900-8193-4dda-9f11-b11aeb36e15b",
            "is_enabled": true,
            "key_id": "54003900-8193-4dda-9f11-b11aeb36e15b",
            "key_usage": "ENCRYPT_DECRYPT",
            "policy": "{\"Id\":\"useast1d_windowsjump_kms\",\"Statement\":[{\"Action\":\"kms:*\",\"Effect\":\"Allow\",\"Principal\":{\"AWS\":\"arn:aws:iam::411395035331:root\"},\"Resource\":\"*\",\"Sid\":\"Enable IAM User Permissions\"},{\"Action\":[\"kms:Create*\",\"kms:Describe*\",\"kms:Enable*\",\"kms:List*\",\"kms:Put*\",\"kms:Update*\",\"kms:Revoke*\",\"kms:Disable*\",\"kms:Get*\",\"kms:Delete*\",\"kms:TagResource\",\"kms:UntagResource\",\"kms:ScheduleKeyDeletion\",\"kms:CancelKeyDeletion\"],\"Effect\":\"Allow\",\"Principal\":{\"AWS\":\"arn:aws:iam::411395035331:role/Admin\"},\"Resource\":\"*\",\"Sid\":\"Allow access for Key Administrators\"},{\"Action\":[\"kms:Decrypt\",\"kms:DescribeKey\"],\"Effect\":\"Allow\",\"Principal\":{\"AWS\":\"arn:aws:iam::411395035331:role/app/useast1d_ec2_windowsjump\"},\"Resource\":\"*\",\"Sid\":\"Allow use of the key\"},{\"Action\":[\"kms:CreateGrant\",\"kms:ListGrants\",\"kms:RevokeGrant\"],\"Condition\":{\"Bool\":{\"kms:GrantIsForAWSResource\":\"true\"}},\"Effect\":\"Allow\",\"Principal\":{\"AWS\":\"arn:aws:iam::411395035331:role/app/useast1d_ec2_windowsjump\"},\"Resource\":\"*\",\"Sid\":\"Allow attachment of persistent resources\"}],\"Version\":\"2012-10-17\"}",
            "tags": {
              "Environment": "dev",
              "Name": "useast1d_windowsjump_kms",
              "Namespace": "useast1d"
            }
          },
          "private": "bnVsbA==",
          "dependencies": [
            "aws_iam_role.windowsjump"
          ]
        }
      ]
    },
    {
      "mode": "managed",
      "type": "aws_launch_template",
      "name": "windowsjump",
      "provider": "provider.aws",
      "instances": [
        {
          "schema_version": 0,
          "attributes": {
            "arn": "arn:aws:ec2:us-east-1:411395035331:launch-template/lt-0250e966f42f0f6a4",
            "block_device_mappings": [],
            "capacity_reservation_specification": [],
            "cpu_options": [],
            "credit_specification": [],
            "default_version": 1,
            "description": "",
            "disable_api_termination": false,
            "ebs_optimized": "",
            "elastic_gpu_specifications": [],
            "elastic_inference_accelerator": [],
            "hibernation_options": [],
            "iam_instance_profile": [
              {
                "arn": "",
                "name": "useast1d_ec2_windowsjump"
              }
            ],
            "id": "lt-0250e966f42f0f6a4",
            "image_id": "ami-04a0ee204b44cc91a",
            "instance_initiated_shutdown_behavior": "",
            "instance_market_options": [],
            "instance_type": "t2.xlarge",
            "kernel_id": "",
            "key_name": "useast1d_windowsjump_keypair",
            "latest_version": 2,
            "license_specification": [],
            "metadata_options": [],
            "monitoring": [],
            "name": "useast1d_windowsjump_launchtemplate",
            "name_prefix": null,
            "network_interfaces": [],
            "placement": [],
            "ram_disk_id": "",
            "security_group_names": [],
            "tag_specifications": [],
            "tags": {},
            "user_data": "PHBvd2Vyc2hlbGw+DQp0cnkgew0KCU5ldy1FdmVudExvZyAtU291cmNlICJVc2VyRGF0YSIgLUxvZ25hbWUgQXBwbGljYXRpb24NCg0KCSRJbnN0YW5jZU1ldGFEYXRhID0gR2V0LUVDMkluc3RhbmNlTWV0YWRhdGEgLUNhdGVnb3J5IElkZW50aXR5RG9jdW1lbnQgfCBDb252ZXJ0RnJvbS1Kc29uDQoJJEluc3RhbmNlSUQgPSAkSW5zdGFuY2VNZXRhRGF0YS5pbnN0YW5jZUlkDQoJJFJlZ2lvbiA9ICRJbnN0YW5jZU1ldGFEYXRhLnJlZ2lvbg0KCSRJbnN0YW5jZVRhZ3MgPSBHZXQtRUMyVGFnIC1SZWdpb24gJFJlZ2lvbiAtRmlsdGVyIEB7IE5hbWU9InJlc291cmNlLWlkIjsgVmFsdWVzPSIkSW5zdGFuY2VJRCIgfQ0KCWZvcmVhY2ggKCR0YWcgaW4gJEluc3RhbmNlVGFncykgeyBTZXQtVmFyaWFibGUgLU5hbWUgJHRhZy5LZXkgLVZhbHVlICR0YWcuVmFsdWU7IH0gIyMgbmFtZXNwYWNlDQogICAgJE1zaUV4ZWNQYXRoID0gIkM6XFdpbmRvd3NcU3lzdGVtMzJcbXNpZXhlYy5leGUiDQoJJEFnZW50U291cmNlwqA9wqAiaHR0cHM6Ly9zMy4kKCRSZWdpb24pLmFtYXpvbmF3cy5jb20vYW1hem9uY2xvdWR3YXRjaC1hZ2VudC0kKCRSZWdpb24pL3dpbmRvd3MvYW1kNjQvbGF0ZXN0L2FtYXpvbi1jbG91ZHdhdGNoLWFnZW50Lm1zaSINCiAgICAkQWdlbnREZXN0aW5hdGlvbsKgPcKgIkM6XGFtYXpvbi1jbG91ZHdhdGNoLWFnZW50Lm1zaSINCgkkQnVja2V0TmFtZSA9ICIkbmFtZXNwYWNlLW1sdGVtcCINCgkkQ29uZmlnU291cmNlID3CoCJDbG91ZFdhdGNoQ29uZmlncy93aW5kb3dzLWFtYXpvbi1jbG91ZHdhdGNoLWFnZW50Lmpzb24iDQoJJENvbmZpZ0Rlc3RpbmF0aW9uwqA9wqAiQzpcUHJvZ3JhbURhdGFcQW1hem9uXEFtYXpvbkNsb3VkV2F0Y2hBZ2VudFxhbWF6b24tY2xvdWR3YXRjaC1hZ2VudC5qc29uIg0KDQoJU2V0LURlZmF1bHRBV1NSZWdpb24gLVJlZ2lvbiAkUmVnaW9uDQoNCiAgICAoTmV3LU9iamVjdCBTeXN0ZW0uTmV0LldlYkNsaWVudCkuRG93bmxvYWRGaWxlKCRBZ2VudFNvdXJjZcKgLCAkQWdlbnREZXN0aW5hdGlvbikNCiAgICBTdGFydC1Qcm9jZXNzIC1GaWxlUGF0aCAkTXNpRXhlY1BhdGggLUFyZ3VtZW50TGlzdCAiL2kgJEFnZW50RGVzdGluYXRpb24gL3FuIC9MKlYgQzpcY2xvdWR3YXRjaGFnZW50LWxvZy50eHQiIC1XYWl0IC1Ob05ld1dpbmRvdw0KCUNvcHktUzNPYmplY3QgLUJ1Y2tldE5hbWUgJEJ1Y2tldE5hbWUgLUtleSAkQ29uZmlnU291cmNlIC1Mb2NhbEZpbGUgJENvbmZpZ0Rlc3RpbmF0aW9uDQoJKChHZXQtQ29udGVudCAtUGF0aCAkQ29uZmlnRGVzdGluYXRpb24gLVJhdykgLVJlcGxhY2UgIkV2ZW50TG9ncyIsIiQoJG5hbWVzcGFjZSlfd2luZG93c19ldmVudGxvZ3MiKSB8IFNldC1Db250ZW50IC1QYXRoICRDb25maWdEZXN0aW5hdGlvbg0KCSbCoCJDOlxQcm9ncmFtIEZpbGVzXEFtYXpvblxBbWF6b25DbG91ZFdhdGNoQWdlbnRcYW1hem9uLWNsb3Vkd2F0Y2gtYWdlbnQtY3RsLnBzMSLCoC1BY3Rpb27CoGZldGNoLWNvbmZpZ8KgLU1vZGXCoGVjMsKgLUNvbmZpZ0xvY2F0aW9uIGZpbGU6JENvbmZpZ0Rlc3RpbmF0aW9uwqAtU3RhcnQNCg0KCSRTZWN1cmVTdHJpbmcgPSAoR2V0LVNFQ1NlY3JldFZhbHVlIC1TZWNyZXRJZCAiJCgkbmFtZXNwYWNlKS13aW5kb3dzanVtcCIpLlNlY3JldFN0cmluZyB8IENvbnZlcnRGcm9tLUpzb24NCg0KCWZvcmVhY2ggKCR1c2VyIGluICRTZWN1cmVTdHJpbmcudXNlcnMpIHsNCgkJTkVUIFVTRVIgJHVzZXIgJCgkU2VjdXJlU3RyaW5nLlNlY3JldCkgL0FERA0KCQlORVQgTE9DQUxHUk9VUCBhZG1pbmlzdHJhdG9ycyAkdXNlciAvQUREDQoJfQ0KfQ0KY2F0Y2ggew0KCSRzdGFja3RyYWNlID0gJF8uU2NyaXB0U3RhY2tUcmFjZQ0KCUFkZC1Db250ZW50IC1QYXRoIEM6XHVzZXJkYXRhLmxvZyAtVmFsdWUgIkVSUk9SIGluIHVzZXIgZGF0YSBzY3JpcHQiDQoJQWRkLUNvbnRlbnQgLVBhdGggQzpcdXNlcmRhdGEubG9nIC1WYWx1ZSAkc3RhY2t0cmFjZQ0KCVdyaXRlLUV2ZW50TG9nIC1Mb2dOYW1lICJBcHBsaWNhdGlvbiIgLVNvdXJjZSAiVXNlckRhdGEiIC1FdmVudElEIDUwMCAtRW50cnlUeXBlIEVycm9yIC1NZXNzYWdlICJVbmhhbmRsZWQgRXJyb3IgaW4gdXNlciBkYXRhLiBgbnN0YWNrX3RyYWNlPSR7c3RhY2t0cmFjZX0iDQp9DQoNCjwvcG93ZXJzaGVsbD4NCjxwZXJzaXN0PmZhbHNlPC9wZXJzaXN0Pg0K",
            "vpc_security_group_ids": [
              "sg-047b75ae08110b18e",
              "sg-0decf9202c70befa1"
            ]
          },
          "private": "bnVsbA==",
          "dependencies": [
            "aws_iam_instance_profile.windowsjump",
            "aws_key_pair.windowsjump"
          ]
        }
      ]
    },
    {
      "mode": "managed",
      "type": "aws_lb",
      "name": "windowsjump",
      "provider": "provider.aws",
      "instances": [
        {
          "schema_version": 0,
          "attributes": {
            "access_logs": [
              {
                "bucket": "",
                "enabled": false,
                "prefix": ""
              }
            ],
            "arn": "arn:aws:elasticloadbalancing:us-east-1:411395035331:loadbalancer/net/useast1d-windowsjump/7b04289da581b17a",
            "arn_suffix": "net/useast1d-windowsjump/7b04289da581b17a",
            "dns_name": "useast1d-windowsjump-7b04289da581b17a.elb.us-east-1.amazonaws.com",
            "drop_invalid_header_fields": null,
            "enable_cross_zone_load_balancing": false,
            "enable_deletion_protection": false,
            "enable_http2": null,
            "id": "arn:aws:elasticloadbalancing:us-east-1:411395035331:loadbalancer/net/useast1d-windowsjump/7b04289da581b17a",
            "idle_timeout": null,
            "internal": false,
            "ip_address_type": "ipv4",
            "load_balancer_type": "network",
            "name": "useast1d-windowsjump",
            "name_prefix": null,
            "security_groups": [],
            "subnet_mapping": [
              {
                "allocation_id": "",
                "subnet_id": "subnet-07e76814f1543d4e3"
              },
              {
                "allocation_id": "",
                "subnet_id": "subnet-08274650c7309b6d2"
              },
              {
                "allocation_id": "",
                "subnet_id": "subnet-0aafb89244145f716"
              }
            ],
            "subnets": [
              "subnet-07e76814f1543d4e3",
              "subnet-08274650c7309b6d2",
              "subnet-0aafb89244145f716"
            ],
            "tags": {
              "Environment": "dev",
              "Name": "useast1d_windowsjump_nlb",
              "Namespace": "useast1d"
            },
            "timeouts": null,
            "vpc_id": "vpc-0bf2700a887db25fd",
            "zone_id": "Z26RNL4JYFTOTI"
          },
          "private": "eyJlMmJmYjczMC1lY2FhLTExZTYtOGY4OC0zNDM2M2JjN2M0YzAiOnsiY3JlYXRlIjo2MDAwMDAwMDAwMDAsImRlbGV0ZSI6NjAwMDAwMDAwMDAwLCJ1cGRhdGUiOjYwMDAwMDAwMDAwMH19"
        }
      ]
    },
    {
      "mode": "managed",
      "type": "aws_lb_listener",
      "name": "windowsjump",
      "provider": "provider.aws",
      "instances": [
        {
          "schema_version": 0,
          "attributes": {
            "arn": "arn:aws:elasticloadbalancing:us-east-1:411395035331:listener/net/useast1d-windowsjump/7b04289da581b17a/346fdc49f7fcd6da",
            "certificate_arn": null,
            "default_action": [
              {
                "authenticate_cognito": [],
                "authenticate_oidc": [],
                "fixed_response": [],
                "order": 1,
                "redirect": [],
                "target_group_arn": "arn:aws:elasticloadbalancing:us-east-1:411395035331:targetgroup/useast1d-windowsjump/a76531df8430e1d4",
                "type": "forward"
              }
            ],
            "id": "arn:aws:elasticloadbalancing:us-east-1:411395035331:listener/net/useast1d-windowsjump/7b04289da581b17a/346fdc49f7fcd6da",
            "load_balancer_arn": "arn:aws:elasticloadbalancing:us-east-1:411395035331:loadbalancer/net/useast1d-windowsjump/7b04289da581b17a",
            "port": 3389,
            "protocol": "TCP",
            "ssl_policy": "",
            "timeouts": null
          },
          "private": "eyJlMmJmYjczMC1lY2FhLTExZTYtOGY4OC0zNDM2M2JjN2M0YzAiOnsicmVhZCI6NjAwMDAwMDAwMDAwfX0=",
          "dependencies": [
            "aws_lb.windowsjump",
            "aws_lb_target_group.windowsjump"
          ]
        }
      ]
    },
    {
      "mode": "managed",
      "type": "aws_lb_target_group",
      "name": "windowsjump",
      "provider": "provider.aws",
      "instances": [
        {
          "schema_version": 0,
          "attributes": {
            "arn": "arn:aws:elasticloadbalancing:us-east-1:411395035331:targetgroup/useast1d-windowsjump/a76531df8430e1d4",
            "arn_suffix": "targetgroup/useast1d-windowsjump/a76531df8430e1d4",
            "deregistration_delay": 300,
            "health_check": [
              {
                "enabled": true,
                "healthy_threshold": 3,
                "interval": 30,
                "matcher": "",
                "path": "",
                "port": "traffic-port",
                "protocol": "TCP",
                "timeout": 10,
                "unhealthy_threshold": 3
              }
            ],
            "id": "arn:aws:elasticloadbalancing:us-east-1:411395035331:targetgroup/useast1d-windowsjump/a76531df8430e1d4",
            "lambda_multi_value_headers_enabled": false,
            "load_balancing_algorithm_type": null,
            "name": "useast1d-windowsjump",
            "name_prefix": null,
            "port": 3389,
            "protocol": "TCP",
            "proxy_protocol_v2": false,
            "slow_start": 0,
            "stickiness": [],
            "tags": {
              "Environment": "dev",
              "Name": "useast1d_windowsjump_targetgroup",
              "Namespace": "useast1d"
            },
            "target_type": "instance",
            "vpc_id": "vpc-0bf2700a887db25fd"
          },
          "private": "bnVsbA=="
        }
      ]
    }
  ]
}
