{
  "version": 4,
  "terraform_version": "0.13.5",
  "serial": 197,
  "lineage": "abb8d8cc-b644-047d-fbb7-754e24a06cf8",
  "outputs": {},
  "resources": [
    {
      "mode": "data",
      "type": "aws_ami",
      "name": "amazon_linux_2",
      "provider": "provider[\"registry.terraform.io/hashicorp/aws\"]",
      "instances": [
        {
          "schema_version": 0,
          "attributes": {
            "architecture": "x86_64",
            "arn": "arn:aws:ec2:us-east-1::image/ami-0947d2ba12ee1ff75",
            "block_device_mappings": [
              {
                "device_name": "/dev/xvda",
                "ebs": {
                  "delete_on_termination": "true",
                  "encrypted": "false",
                  "iops": "0",
                  "snapshot_id": "snap-0299d083f0ce6cd12",
                  "volume_size": "8",
                  "volume_type": "gp2"
                },
                "no_device": "",
                "virtual_name": ""
              }
            ],
            "creation_date": "2020-09-22T02:10:06.000Z",
            "description": "Amazon Linux 2 AMI 2.0.20200917.0 x86_64 HVM gp2",
            "executable_users": null,
            "filter": [
              {
                "name": "name",
                "values": [
                  "amzn2-ami-hvm*"
                ]
              }
            ],
            "hypervisor": "xen",
            "id": "ami-0947d2ba12ee1ff75",
            "image_id": "ami-0947d2ba12ee1ff75",
            "image_location": "amazon/amzn2-ami-hvm-2.0.20200917.0-x86_64-gp2",
            "image_owner_alias": "amazon",
            "image_type": "machine",
            "kernel_id": null,
            "most_recent": true,
            "name": "amzn2-ami-hvm-2.0.20200917.0-x86_64-gp2",
            "name_regex": null,
            "owner_id": "137112412989",
            "owners": [
              "amazon"
            ],
            "platform": null,
            "product_codes": [],
            "public": true,
            "ramdisk_id": null,
            "root_device_name": "/dev/xvda",
            "root_device_type": "ebs",
            "root_snapshot_id": "snap-0299d083f0ce6cd12",
            "sriov_net_support": "simple",
            "state": "available",
            "state_reason": {
              "code": "UNSET",
              "message": "UNSET"
            },
            "tags": {},
            "virtualization_type": "hvm"
          }
        }
      ]
    },
    {
      "mode": "data",
      "type": "aws_availability_zones",
      "name": "available",
      "provider": "provider[\"registry.terraform.io/hashicorp/aws\"]",
      "instances": [
        {
          "schema_version": 0,
          "attributes": {
            "all_availability_zones": null,
            "exclude_names": null,
            "exclude_zone_ids": null,
            "filter": null,
            "group_names": [
              "us-east-1"
            ],
            "id": "us-east-1",
            "names": [
              "us-east-1a",
              "us-east-1b",
              "us-east-1c",
              "us-east-1d",
              "us-east-1e",
              "us-east-1f"
            ],
            "state": "available",
            "zone_ids": [
              "use1-az2",
              "use1-az4",
              "use1-az6",
              "use1-az1",
              "use1-az3",
              "use1-az5"
            ]
          }
        }
      ]
    },
    {
      "mode": "data",
      "type": "aws_subnet_ids",
      "name": "private",
      "provider": "provider[\"registry.terraform.io/hashicorp/aws\"]",
      "instances": [
        {
          "schema_version": 0,
          "attributes": {
            "filter": null,
            "id": "vpc-0efa7a2d9d29daab8",
            "ids": [
              "subnet-028c7dbe43105938f",
              "subnet-0a8aaec7eabe32241",
              "subnet-0ce7ee4761688d05e"
            ],
            "tags": {
              "tier": "private"
            },
            "vpc_id": "vpc-0efa7a2d9d29daab8"
          }
        }
      ]
    },
    {
      "mode": "data",
      "type": "aws_subnet_ids",
      "name": "public",
      "provider": "provider[\"registry.terraform.io/hashicorp/aws\"]",
      "instances": [
        {
          "schema_version": 0,
          "attributes": {
            "filter": null,
            "id": "vpc-0efa7a2d9d29daab8",
            "ids": [
              "subnet-0838d1015204182d2",
              "subnet-0b796c5a78422e3c8",
              "subnet-0e25cfcfc0727eae0"
            ],
            "tags": {
              "tier": "public"
            },
            "vpc_id": "vpc-0efa7a2d9d29daab8"
          }
        }
      ]
    },
    {
      "mode": "data",
      "type": "aws_vpc",
      "name": "this",
      "provider": "provider[\"registry.terraform.io/hashicorp/aws\"]",
      "instances": [
        {
          "schema_version": 0,
          "attributes": {
            "arn": "arn:aws:ec2:us-east-1:149736139555:vpc/vpc-0efa7a2d9d29daab8",
            "cidr_block": "10.0.0.0/16",
            "cidr_block_associations": [
              {
                "association_id": "vpc-cidr-assoc-0aaf14947eff75b8f",
                "cidr_block": "10.0.0.0/16",
                "state": "associated"
              }
            ],
            "default": false,
            "dhcp_options_id": "dopt-beacc2c4",
            "enable_dns_hostnames": true,
            "enable_dns_support": true,
            "filter": null,
            "id": "vpc-0efa7a2d9d29daab8",
            "instance_tenancy": "default",
            "ipv6_association_id": null,
            "ipv6_cidr_block": null,
            "main_route_table_id": "rtb-0303634da5d7acd7e",
            "owner_id": "149736139555",
            "state": "available",
            "tags": {
              "Name": "useast1d_vpc",
              "environment": "dev",
              "lob": "it_operations",
              "namespace": "useast1d",
              "team": "sysops"
            }
          }
        }
      ]
    },
    {
      "mode": "managed",
      "type": "aws_security_group",
      "name": "alb",
      "provider": "provider[\"registry.terraform.io/hashicorp/aws\"]",
      "instances": [
        {
          "schema_version": 1,
          "attributes": {
            "arn": "arn:aws:ec2:us-east-1:149736139555:security-group/sg-0862d253dee7bdc43",
            "description": "Managed by Terraform",
            "egress": [
              {
                "cidr_blocks": [
                  "0.0.0.0/0"
                ],
                "description": "",
                "from_port": 0,
                "ipv6_cidr_blocks": [],
                "prefix_list_ids": [],
                "protocol": "-1",
                "security_groups": [],
                "self": false,
                "to_port": 0
              }
            ],
            "id": "sg-0862d253dee7bdc43",
            "ingress": [
              {
                "cidr_blocks": [
                  "0.0.0.0/0"
                ],
                "description": "",
                "from_port": 80,
                "ipv6_cidr_blocks": [],
                "prefix_list_ids": [],
                "protocol": "tcp",
                "security_groups": [],
                "self": false,
                "to_port": 80
              }
            ],
            "name": "useast1d_wordpress_alb_20201108034209818100000004",
            "name_prefix": "useast1d_wordpress_alb_",
            "owner_id": "149736139555",
            "revoke_rules_on_delete": false,
            "tags": {
              "Name": "useast1d_wordpress_alb",
              "environment": "dev",
              "lob": "it_operations",
              "name": "wordpress",
              "namespace": "useast1d",
              "team": "sysops"
            },
            "timeouts": null,
            "vpc_id": "vpc-0efa7a2d9d29daab8"
          },
          "private": "eyJlMmJmYjczMC1lY2FhLTExZTYtOGY4OC0zNDM2M2JjN2M0YzAiOnsiY3JlYXRlIjo2MDAwMDAwMDAwMDAsImRlbGV0ZSI6NjAwMDAwMDAwMDAwfSwic2NoZW1hX3ZlcnNpb24iOiIxIn0=",
          "dependencies": [
            "data.aws_vpc.this"
          ]
        }
      ]
    },
    {
      "mode": "managed",
      "type": "aws_security_group",
      "name": "asg",
      "provider": "provider[\"registry.terraform.io/hashicorp/aws\"]",
      "instances": [
        {
          "schema_version": 1,
          "attributes": {
            "arn": "arn:aws:ec2:us-east-1:149736139555:security-group/sg-07ac008dc93d811b1",
            "description": "Managed by Terraform",
            "egress": [
              {
                "cidr_blocks": [
                  "0.0.0.0/0"
                ],
                "description": "",
                "from_port": 0,
                "ipv6_cidr_blocks": [],
                "prefix_list_ids": [],
                "protocol": "-1",
                "security_groups": [],
                "self": false,
                "to_port": 0
              }
            ],
            "id": "sg-07ac008dc93d811b1",
            "ingress": [
              {
                "cidr_blocks": [],
                "description": "",
                "from_port": 80,
                "ipv6_cidr_blocks": [],
                "prefix_list_ids": [],
                "protocol": "tcp",
                "security_groups": [
                  "sg-0862d253dee7bdc43"
                ],
                "self": false,
                "to_port": 80
              }
            ],
            "name": "useast1d_wordpress_asg_2020110803421133400000000d",
            "name_prefix": "useast1d_wordpress_asg_",
            "owner_id": "149736139555",
            "revoke_rules_on_delete": false,
            "tags": {
              "Name": "useast1d_wordpress_asg",
              "environment": "dev",
              "lob": "it_operations",
              "name": "wordpress",
              "namespace": "useast1d",
              "team": "sysops"
            },
            "timeouts": null,
            "vpc_id": "vpc-0efa7a2d9d29daab8"
          },
          "private": "eyJlMmJmYjczMC1lY2FhLTExZTYtOGY4OC0zNDM2M2JjN2M0YzAiOnsiY3JlYXRlIjo2MDAwMDAwMDAwMDAsImRlbGV0ZSI6NjAwMDAwMDAwMDAwfSwic2NoZW1hX3ZlcnNpb24iOiIxIn0=",
          "dependencies": [
            "aws_security_group.alb",
            "data.aws_vpc.this"
          ]
        }
      ]
    },
    {
      "mode": "managed",
      "type": "aws_security_group",
      "name": "efs",
      "provider": "provider[\"registry.terraform.io/hashicorp/aws\"]",
      "instances": [
        {
          "schema_version": 1,
          "attributes": {
            "arn": "arn:aws:ec2:us-east-1:149736139555:security-group/sg-04fa7cfa7a9268fc6",
            "description": "Managed by Terraform",
            "egress": [
              {
                "cidr_blocks": [
                  "0.0.0.0/0"
                ],
                "description": "",
                "from_port": 0,
                "ipv6_cidr_blocks": [],
                "prefix_list_ids": [],
                "protocol": "-1",
                "security_groups": [],
                "self": false,
                "to_port": 0
              }
            ],
            "id": "sg-04fa7cfa7a9268fc6",
            "ingress": [
              {
                "cidr_blocks": [],
                "description": "",
                "from_port": 2049,
                "ipv6_cidr_blocks": [],
                "prefix_list_ids": [],
                "protocol": "tcp",
                "security_groups": [
                  "sg-07ac008dc93d811b1"
                ],
                "self": false,
                "to_port": 2049
              }
            ],
            "name": "useast1d_wordpress_efs_2020110803421282690000000e",
            "name_prefix": "useast1d_wordpress_efs_",
            "owner_id": "149736139555",
            "revoke_rules_on_delete": false,
            "tags": {
              "Name": "useast1d_wordpress_efs",
              "environment": "dev",
              "lob": "it_operations",
              "name": "wordpress",
              "namespace": "useast1d",
              "team": "sysops"
            },
            "timeouts": null,
            "vpc_id": "vpc-0efa7a2d9d29daab8"
          },
          "private": "eyJlMmJmYjczMC1lY2FhLTExZTYtOGY4OC0zNDM2M2JjN2M0YzAiOnsiY3JlYXRlIjo2MDAwMDAwMDAwMDAsImRlbGV0ZSI6NjAwMDAwMDAwMDAwfSwic2NoZW1hX3ZlcnNpb24iOiIxIn0=",
          "dependencies": [
            "aws_security_group.asg",
            "data.aws_vpc.this"
          ]
        }
      ]
    },
    {
      "mode": "managed",
      "type": "aws_security_group",
      "name": "rds",
      "provider": "provider[\"registry.terraform.io/hashicorp/aws\"]",
      "instances": [
        {
          "schema_version": 1,
          "attributes": {
            "arn": "arn:aws:ec2:us-east-1:149736139555:security-group/sg-083bf2cc4ec44f540",
            "description": "Managed by Terraform",
            "egress": [
              {
                "cidr_blocks": [
                  "0.0.0.0/0"
                ],
                "description": "",
                "from_port": 0,
                "ipv6_cidr_blocks": [],
                "prefix_list_ids": [],
                "protocol": "-1",
                "security_groups": [],
                "self": false,
                "to_port": 0
              }
            ],
            "id": "sg-083bf2cc4ec44f540",
            "ingress": [
              {
                "cidr_blocks": [],
                "description": "",
                "from_port": 3306,
                "ipv6_cidr_blocks": [],
                "prefix_list_ids": [],
                "protocol": "tcp",
                "security_groups": [
                  "sg-07ac008dc93d811b1"
                ],
                "self": false,
                "to_port": 3306
              }
            ],
            "name": "useast1d_wordpress_rds_2020110803421282690000000f",
            "name_prefix": "useast1d_wordpress_rds_",
            "owner_id": "149736139555",
            "revoke_rules_on_delete": false,
            "tags": {
              "Name": "useast1d_wordpress_rds",
              "environment": "dev",
              "lob": "it_operations",
              "name": "wordpress",
              "namespace": "useast1d",
              "team": "sysops"
            },
            "timeouts": null,
            "vpc_id": "vpc-0efa7a2d9d29daab8"
          },
          "private": "eyJlMmJmYjczMC1lY2FhLTExZTYtOGY4OC0zNDM2M2JjN2M0YzAiOnsiY3JlYXRlIjo2MDAwMDAwMDAwMDAsImRlbGV0ZSI6NjAwMDAwMDAwMDAwfSwic2NoZW1hX3ZlcnNpb24iOiIxIn0=",
          "dependencies": [
            "aws_security_group.alb",
            "aws_security_group.asg",
            "data.aws_vpc.this"
          ]
        }
      ]
    },
    {
      "module": "module.alb",
      "mode": "managed",
      "type": "aws_lb",
      "name": "this",
      "provider": "provider[\"registry.terraform.io/hashicorp/aws\"]",
      "instances": [
        {
          "schema_version": 0,
          "attributes": {
            "access_logs": [
              {
                "bucket": "",
                "enabled": false,
                "prefix": ""
              }
            ],
            "arn": "arn:aws:elasticloadbalancing:us-east-1:149736139555:loadbalancer/app/tf-lb-2020110803421133400000000c/2781d000390ff74a",
            "arn_suffix": "app/tf-lb-2020110803421133400000000c/2781d000390ff74a",
            "customer_owned_ipv4_pool": "",
            "dns_name": "tf-lb-2020110803421133400000000c-478014836.us-east-1.elb.amazonaws.com",
            "drop_invalid_header_fields": false,
            "enable_cross_zone_load_balancing": null,
            "enable_deletion_protection": false,
            "enable_http2": true,
            "id": "arn:aws:elasticloadbalancing:us-east-1:149736139555:loadbalancer/app/tf-lb-2020110803421133400000000c/2781d000390ff74a",
            "idle_timeout": 60,
            "internal": false,
            "ip_address_type": "ipv4",
            "load_balancer_type": "application",
            "name": "tf-lb-2020110803421133400000000c",
            "name_prefix": null,
            "security_groups": [
              "sg-0862d253dee7bdc43"
            ],
            "subnet_mapping": [
              {
                "allocation_id": "",
                "outpost_id": "",
                "private_ipv4_address": "",
                "subnet_id": "subnet-0838d1015204182d2"
              },
              {
                "allocation_id": "",
                "outpost_id": "",
                "private_ipv4_address": "",
                "subnet_id": "subnet-0b796c5a78422e3c8"
              },
              {
                "allocation_id": "",
                "outpost_id": "",
                "private_ipv4_address": "",
                "subnet_id": "subnet-0e25cfcfc0727eae0"
              }
            ],
            "subnets": [
              "subnet-0838d1015204182d2",
              "subnet-0b796c5a78422e3c8",
              "subnet-0e25cfcfc0727eae0"
            ],
            "tags": {
              "Name": "useast1d_wordpress_alb",
              "environment": "dev",
              "lob": "it_operations",
              "name": "wordpress",
              "namespace": "useast1d",
              "team": "sysops"
            },
            "timeouts": null,
            "vpc_id": "vpc-0efa7a2d9d29daab8",
            "zone_id": "Z35SXDOTRQ7X7K"
          },
          "private": "eyJlMmJmYjczMC1lY2FhLTExZTYtOGY4OC0zNDM2M2JjN2M0YzAiOnsiY3JlYXRlIjo2MDAwMDAwMDAwMDAsImRlbGV0ZSI6NjAwMDAwMDAwMDAwLCJ1cGRhdGUiOjYwMDAwMDAwMDAwMH19",
          "dependencies": [
            "aws_security_group.alb",
            "data.aws_subnet_ids.public",
            "data.aws_vpc.this"
          ]
        }
      ]
    },
    {
      "module": "module.alb",
      "mode": "managed",
      "type": "aws_lb_listener",
      "name": "this",
      "provider": "provider[\"registry.terraform.io/hashicorp/aws\"]",
      "instances": [
        {
          "schema_version": 0,
          "attributes": {
            "arn": "arn:aws:elasticloadbalancing:us-east-1:149736139555:listener/app/tf-lb-2020110803421133400000000c/2781d000390ff74a/fcbfabbd91661db1",
            "certificate_arn": "",
            "default_action": [
              {
                "authenticate_cognito": [],
                "authenticate_oidc": [],
                "fixed_response": [],
                "forward": [],
                "order": 1,
                "redirect": [],
                "target_group_arn": "arn:aws:elasticloadbalancing:us-east-1:149736139555:targetgroup/tf-20201108034209818100000005/4abfcb04ead77e3d",
                "type": "forward"
              }
            ],
            "id": "arn:aws:elasticloadbalancing:us-east-1:149736139555:listener/app/tf-lb-2020110803421133400000000c/2781d000390ff74a/fcbfabbd91661db1",
            "load_balancer_arn": "arn:aws:elasticloadbalancing:us-east-1:149736139555:loadbalancer/app/tf-lb-2020110803421133400000000c/2781d000390ff74a",
            "port": 80,
            "protocol": "HTTP",
            "ssl_policy": "",
            "timeouts": null
          },
          "private": "eyJlMmJmYjczMC1lY2FhLTExZTYtOGY4OC0zNDM2M2JjN2M0YzAiOnsicmVhZCI6NjAwMDAwMDAwMDAwfX0=",
          "dependencies": [
            "aws_security_group.alb",
            "data.aws_subnet_ids.public",
            "data.aws_vpc.this",
            "module.alb.aws_lb.this",
            "module.alb.aws_lb_target_group.this"
          ]
        }
      ]
    },
    {
      "module": "module.alb",
      "mode": "managed",
      "type": "aws_lb_target_group",
      "name": "this",
      "provider": "provider[\"registry.terraform.io/hashicorp/aws\"]",
      "instances": [
        {
          "schema_version": 0,
          "attributes": {
            "arn": "arn:aws:elasticloadbalancing:us-east-1:149736139555:targetgroup/tf-20201108034209818100000005/4abfcb04ead77e3d",
            "arn_suffix": "targetgroup/tf-20201108034209818100000005/4abfcb04ead77e3d",
            "deregistration_delay": 300,
            "health_check": [
              {
                "enabled": true,
                "healthy_threshold": 3,
                "interval": 15,
                "matcher": "200-399",
                "path": "/",
                "port": "traffic-port",
                "protocol": "HTTP",
                "timeout": 5,
                "unhealthy_threshold": 2
              }
            ],
            "id": "arn:aws:elasticloadbalancing:us-east-1:149736139555:targetgroup/tf-20201108034209818100000005/4abfcb04ead77e3d",
            "lambda_multi_value_headers_enabled": false,
            "load_balancing_algorithm_type": "round_robin",
            "name": "tf-20201108034209818100000005",
            "name_prefix": null,
            "port": 80,
            "protocol": "HTTP",
            "proxy_protocol_v2": false,
            "slow_start": 0,
            "stickiness": [
              {
                "cookie_duration": 86400,
                "enabled": true,
                "type": "lb_cookie"
              }
            ],
            "tags": {
              "Name": "useast1d_wordpress_target_group",
              "environment": "dev",
              "lob": "it_operations",
              "name": "wordpress",
              "namespace": "useast1d",
              "team": "sysops"
            },
            "target_type": "instance",
            "vpc_id": "vpc-0efa7a2d9d29daab8"
          },
          "private": "bnVsbA==",
          "dependencies": [
            "data.aws_vpc.this"
          ]
        }
      ]
    },
    {
      "module": "module.asg",
      "mode": "managed",
      "type": "aws_autoscaling_group",
      "name": "this",
      "provider": "provider[\"registry.terraform.io/hashicorp/aws\"]",
      "instances": [
        {
          "schema_version": 0,
          "attributes": {
            "arn": "arn:aws:autoscaling:us-east-1:149736139555:autoScalingGroup:9bb6fea9-0da9-4feb-bc9d-673a2506bdb7:autoScalingGroupName/useast1d_wordpress_asg_20201108034213269600000012",
            "availability_zones": [
              "us-east-1a",
              "us-east-1b",
              "us-east-1c"
            ],
            "default_cooldown": 300,
            "desired_capacity": 3,
            "enabled_metrics": [],
            "force_delete": false,
            "health_check_grace_period": 300,
            "health_check_type": "ELB",
            "id": "useast1d_wordpress_asg_20201108034213269600000012",
            "initial_lifecycle_hook": [],
            "launch_configuration": "",
            "launch_template": [
              {
                "id": "lt-0eecb6803c6a0e01a",
                "name": "terraform-20201108034212829900000010",
                "version": "$Latest"
              }
            ],
            "load_balancers": [],
            "max_instance_lifetime": 0,
            "max_size": 3,
            "metrics_granularity": "1Minute",
            "min_elb_capacity": null,
            "min_size": 3,
            "mixed_instances_policy": [],
            "name": "useast1d_wordpress_asg_20201108034213269600000012",
            "name_prefix": "useast1d_wordpress_asg_",
            "placement_group": "",
            "protect_from_scale_in": false,
            "service_linked_role_arn": "arn:aws:iam::149736139555:role/aws-service-role/autoscaling.amazonaws.com/AWSServiceRoleForAutoScaling",
            "suspended_processes": [],
            "tag": [],
            "tags": null,
            "target_group_arns": [
              "arn:aws:elasticloadbalancing:us-east-1:149736139555:targetgroup/tf-20201108034209818100000005/4abfcb04ead77e3d"
            ],
            "termination_policies": [],
            "timeouts": null,
            "vpc_zone_identifier": [
              "subnet-028c7dbe43105938f",
              "subnet-0a8aaec7eabe32241",
              "subnet-0ce7ee4761688d05e"
            ],
            "wait_for_capacity_timeout": "10m",
            "wait_for_elb_capacity": null
          },
          "private": "eyJlMmJmYjczMC1lY2FhLTExZTYtOGY4OC0zNDM2M2JjN2M0YzAiOnsiZGVsZXRlIjo2MDAwMDAwMDAwMDB9fQ==",
          "dependencies": [
            "aws_security_group.alb",
            "aws_security_group.asg",
            "data.aws_ami.amazon_linux_2",
            "data.aws_subnet_ids.private",
            "data.aws_vpc.this",
            "module.alb.aws_lb_target_group.this",
            "module.asg.aws_launch_template.this",
            "module.ec2_role.aws_iam_instance_profile.this",
            "module.ec2_role.aws_iam_role.this"
          ]
        }
      ]
    },
    {
      "module": "module.asg",
      "mode": "managed",
      "type": "aws_launch_template",
      "name": "this",
      "provider": "provider[\"registry.terraform.io/hashicorp/aws\"]",
      "instances": [
        {
          "schema_version": 0,
          "attributes": {
            "arn": "arn:aws:ec2:us-east-1:149736139555:launch-template/lt-0eecb6803c6a0e01a",
            "block_device_mappings": [],
            "capacity_reservation_specification": [],
            "cpu_options": [],
            "credit_specification": [],
            "default_version": 1,
            "description": "",
            "disable_api_termination": false,
            "ebs_optimized": "true",
            "elastic_gpu_specifications": [],
            "elastic_inference_accelerator": [],
            "hibernation_options": [],
            "iam_instance_profile": [
              {
                "arn": "arn:aws:iam::149736139555:instance-profile/useast1d_wordpress_role_20201108034210248400000006",
                "name": ""
              }
            ],
            "id": "lt-0eecb6803c6a0e01a",
            "image_id": "ami-0947d2ba12ee1ff75",
            "instance_initiated_shutdown_behavior": "",
            "instance_market_options": [],
            "instance_type": "t3.large",
            "kernel_id": "",
            "key_name": "",
            "latest_version": 8,
            "license_specification": [],
            "metadata_options": [],
            "monitoring": [
              {
                "enabled": true
              }
            ],
            "name": "terraform-20201108034212829900000010",
            "name_prefix": null,
            "network_interfaces": [],
            "placement": [],
            "ram_disk_id": "",
            "security_group_names": [],
            "tag_specifications": [
              {
                "resource_type": "instance",
                "tags": {
                  "Name": "useast1d_wordpress",
                  "environment": "dev",
                  "lob": "it_operations",
                  "name": "wordpress",
                  "namespace": "useast1d",
                  "team": "sysops"
                }
              }
            ],
            "tags": {},
            "update_default_version": null,
            "user_data": "IyEvYmluL2Jhc2gNCg0KIyMgQ2FwdHVyZSBvdXIgaW5zdGFuY2UgbWV0YWRhdGEgYW5kIGxvb2t1cCB0aGUgbmFtZXNwYWNlIHRhZw0KSU5TVEFOQ0VfSUQ9JChjdXJsIGh0dHA6Ly8xNjkuMjU0LjE2OS4yNTQvbGF0ZXN0L21ldGEtZGF0YS9pbnN0YW5jZS1pZCkNClJFR0lPTj0kKGN1cmwgaHR0cDovLzE2OS4yNTQuMTY5LjI1NC9sYXRlc3QvbWV0YS1kYXRhL3BsYWNlbWVudC9yZWdpb24pDQpOQU1FU1BBQ0U9JChhd3MgZWMyIGRlc2NyaWJlLXRhZ3MgLS1maWx0ZXJzIFwNCiAgICAiTmFtZT1yZXNvdXJjZS10eXBlLFZhbHVlcz1pbnN0YW5jZSIgXA0KICAgICJOYW1lPXJlc291cmNlLWlkLFZhbHVlcz0ke0lOU1RBTkNFX0lEfSIgXA0KICAgICJOYW1lPWtleSxWYWx1ZXM9bmFtZXNwYWNlIiBcDQogICAgLS1yZWdpb24gJHtSRUdJT059IFwNCiAgICAtLW91dHB1dCB0ZXh0IFwNCiAgICAtLXF1ZXJ5IFRhZ3NbMF0uVmFsdWUpDQoNCkVGU01PVU5UPSQoYXdzIHNzbSBnZXQtcGFyYW1ldGVyIC0tbmFtZSAiLyR7TkFNRVNQQUNFfS93b3JkcHJlc3MvZWZzX21vdW50IiAtLXJlZ2lvbiAkUkVHSU9OIC0tb3V0cHV0IHRleHQgLS1xdWVyeSBQYXJhbWV0ZXIuVmFsdWUpDQoNCg0KIyMgSW5zdGFsbCBBV1MgRUZTIHRvb2xzDQp5dW0gaW5zdGFsbCBodHRwczovL2RsLmZlZG9yYXByb2plY3Qub3JnL3B1Yi9lcGVsL2VwZWwtcmVsZWFzZS1sYXRlc3QtNy5ub2FyY2gucnBtIC15DQp5dW0gaW5zdGFsbCBhbWF6b24tZWZzLXV0aWxzIC15DQoNCiMjIENyZWF0ZSBvdXQgd2Vicm9vdCBmb2xkZXIgYW5kIG1vdW50IHRoZSBFRlMgc2hhcmUgaW50byB0aGlzIGZvbGRlcg0KbWtkaXIgLXAgL3Zhci93d3cvaHRtbA0KZWNobyAiJHtFRlNNT1VOVH06LyAvdmFyL3d3dy9odG1sIGVmcyBfbmV0ZGV2LHRscyxpYW0gMCAwIiA+PiAvZXRjL2ZzdGFiDQptb3VudCAtYQ0KDQojIyBJbnN0YWxsIG91dCBhcHBsaWNhdGlvbiBjb21wb25lbnRzIGFuZCBwZXJmb3JtIGEgZnVsbCBzeXN0ZW0gdXBkYXRlDQp5dW0gaW5zdGFsbCBodHRwZCBteXNxbCBqcSAteQ0KYW1hem9uLWxpbnV4LWV4dHJhcyBpbnN0YWxsIHBocDcuMg0KeXVtIHVwZGF0ZSAteQ0KDQojIyBDaGVjayBpZiBXb3JkcHJlc3MgaGFzIGJlZW4gZG93bmxvYWRlZCBhbmQgY29uZmlndXJlZCBhbHJlYWR5DQppZiBbWyAhIC1mIC92YXIvd3d3L2h0bWwvd3AtY29uZmlnLnBocCBdXQ0KdGhlbg0KICAgICMjIFF1aWNrbHkgY3JlYXRlIHRoZSB3cC1jb25maWcucGhwIGZpbGUgYmVmb3JlIGFueSBvdGhlciBpbnN0YW5jZXMgY2FuDQogICAgdG91Y2ggL3Zhci93d3cvaHRtbC93cC1jb25maWcucGhwDQoNCiAgICBOQU1FPSQoYXdzIGVjMiBkZXNjcmliZS10YWdzIC0tZmlsdGVycyBcDQogICAgICAgICJOYW1lPXJlc291cmNlLXR5cGUsVmFsdWVzPWluc3RhbmNlIiBcDQogICAgICAgICJOYW1lPXJlc291cmNlLWlkLFZhbHVlcz0ke0lOU1RBTkNFX0lEfSIgXA0KICAgICAgICAiTmFtZT1rZXksVmFsdWVzPU5hbWUiIFwNCiAgICAgICAgLS1yZWdpb24gJHtSRUdJT059IFwNCiAgICAgICAgLS1vdXRwdXQgdGV4dCBcDQogICAgICAgIC0tcXVlcnkgVGFnc1swXS5WYWx1ZSkNCg0KICAgICMjIFF1ZXJ5IFNlY3JldHMgTWFuYWdlciBmb3Igb3VyIFJEUyBjcmVkZW50aWFscw0KICAgIFJEU19TRUNSRVQ9JChhd3Mgc2VjcmV0c21hbmFnZXIgZ2V0LXNlY3JldC12YWx1ZSAtLXNlY3JldC1pZCAiJHtOQU1FfV9yZHMiIC0tcmVnaW9uICRSRUdJT04gLS1vdXRwdXQgdGV4dCAtLXF1ZXJ5IFNlY3JldFN0cmluZykNCiAgICBEQk5BTUU9JChlY2hvICRSRFNfU0VDUkVUIHwganEgLXIgLmRhdGFiYXNlX25hbWUpDQogICAgRU5EUE9JTlQ9JChlY2hvICRSRFNfU0VDUkVUIHwganEgLXIgLmVuZHBvaW50KQ0KICAgIFVTRVJOQU1FPSQoZWNobyAkUkRTX1NFQ1JFVCB8IGpxIC1yIC51c2VybmFtZSkNCiAgICBQQVNTV09SRD0kKGVjaG8gJFJEU19TRUNSRVQgfCBqcSAtciAucGFzc3dvcmQpDQogICAgDQogICAgIyMgRG93bmxvYWQgYW5kIGluc3RhbGwgdGhlIGxhdGVzdCB2ZXJzaW9uIG9mIFdvcmRwcmVzcw0KICAgIGNkIC92YXIvd3d3L2h0bWwNCiAgICB3Z2V0IGh0dHBzOi8vd29yZHByZXNzLm9yZy9sYXRlc3QudGFyLmd6DQogICAgdGFyIC16eGYgbGF0ZXN0LnRhci5neiAtLXN0cmlwIDENCiAgICBybSAtZiBsYXRlc3QudGFyLmd6DQogICAgL3Vzci9iaW4vY3AgLWYgd3AtY29uZmlnLXNhbXBsZS5waHAgd3AtY29uZmlnLnBocA0KDQogICAgIyMgVXBkYXRlIHRoZSBXb3JkcHJlc3MgY29uZmlndXJhdGlvbiBmaWxlIHdpdGggb3VyIFJEUyBjb25uZWN0aW9uIGRldGFpbHMNCiAgICBzZWQgLWkgInMvZGF0YWJhc2VfbmFtZV9oZXJlLyR7REJOQU1FfS9nIiB3cC1jb25maWcucGhwDQogICAgc2VkIC1pICJzL2xvY2FsaG9zdC8ke0VORFBPSU5UfS9nIiB3cC1jb25maWcucGhwDQogICAgc2VkIC1pICJzL3VzZXJuYW1lX2hlcmUvJHtVU0VSTkFNRX0vZyIgd3AtY29uZmlnLnBocA0KICAgIHNlZCAtaSAicy9wYXNzd29yZF9oZXJlLyR7UEFTU1dPUkR9L2ciIHdwLWNvbmZpZy5waHANCmZpDQoNCiMjIEVuYWJsZSBhdXRvc3RhcnQgYW5kIHN0YXJ0dXAgdGhlIEhUVFBEIHNlcnZpY2UNCmNoa2NvbmZpZyBodHRwZCBvbg0Kc2VydmljZSBodHRwZCBzdGFydA0K",
            "vpc_security_group_ids": [
              "sg-07ac008dc93d811b1"
            ]
          },
          "private": "bnVsbA==",
          "dependencies": [
            "aws_security_group.asg",
            "data.aws_ami.amazon_linux_2",
            "module.ec2_role.aws_iam_instance_profile.this"
          ]
        }
      ]
    },
    {
      "module": "module.ec2_role",
      "mode": "managed",
      "type": "aws_iam_instance_profile",
      "name": "this",
      "provider": "provider[\"registry.terraform.io/hashicorp/aws\"]",
      "instances": [
        {
          "schema_version": 0,
          "attributes": {
            "arn": "arn:aws:iam::149736139555:instance-profile/useast1d_wordpress_role_20201108034210248400000006",
            "create_date": "2020-11-08T03:42:10Z",
            "id": "useast1d_wordpress_role_20201108034210248400000006",
            "name": "useast1d_wordpress_role_20201108034210248400000006",
            "name_prefix": "useast1d_wordpress_role_",
            "path": "/",
            "role": "useast1d_wordpress_role_20201108034209810100000001",
            "unique_id": "AIPASFXHYFMRR76XMMSTG"
          },
          "private": "bnVsbA==",
          "dependencies": [
            "module.ec2_role.aws_iam_role.this"
          ]
        }
      ]
    },
    {
      "module": "module.ec2_role",
      "mode": "managed",
      "type": "aws_iam_role",
      "name": "this",
      "provider": "provider[\"registry.terraform.io/hashicorp/aws\"]",
      "instances": [
        {
          "schema_version": 0,
          "attributes": {
            "arn": "arn:aws:iam::149736139555:role/useast1d_wordpress_role_20201108034209810100000001",
            "assume_role_policy": "{\"Version\":\"2012-10-17\",\"Statement\":[{\"Effect\":\"Allow\",\"Principal\":{\"Service\":\"ec2.amazonaws.com\"},\"Action\":\"sts:AssumeRole\"}]}",
            "create_date": "2020-11-08T03:42:10Z",
            "description": "EC2 role created by Terraform",
            "force_detach_policies": true,
            "id": "useast1d_wordpress_role_20201108034209810100000001",
            "max_session_duration": 3600,
            "name": "useast1d_wordpress_role_20201108034209810100000001",
            "name_prefix": "useast1d_wordpress_role_",
            "path": "/",
            "permissions_boundary": null,
            "tags": {
              "environment": "dev",
              "lob": "it_operations",
              "name": "wordpress",
              "namespace": "useast1d",
              "team": "sysops"
            },
            "unique_id": "AROASFXHYFMRWRK7PZ6QX"
          },
          "private": "bnVsbA=="
        }
      ]
    },
    {
      "module": "module.ec2_role",
      "mode": "managed",
      "type": "aws_iam_role_policy",
      "name": "parameter_store",
      "provider": "provider[\"registry.terraform.io/hashicorp/aws\"]",
      "instances": [
        {
          "schema_version": 0,
          "attributes": {
            "id": "useast1d_wordpress_role_20201108034209810100000001:GrantParameterStore_2020110803421052450000000b",
            "name": "GrantParameterStore_2020110803421052450000000b",
            "name_prefix": "GrantParameterStore_",
            "policy": "{\r\n    \"Version\": \"2012-10-17\",\r\n    \"Statement\": [\r\n        {\r\n            \"Effect\": \"Allow\",\r\n            \"Action\": [\r\n                \"ssm:DescribeParameter*\",\r\n                \"ssm:GetParameter*\",\r\n                \"ssm:PutParameter*\",\r\n                \"ssm:DeleteParameter*\"\r\n            ],\r\n            \"Resource\": \"arn:aws:ssm:*:*:parameter/useast1d/wordpress/*\"\r\n        }\r\n    ]\r\n}\r\n",
            "role": "useast1d_wordpress_role_20201108034209810100000001"
          },
          "private": "bnVsbA==",
          "dependencies": [
            "module.ec2_role.aws_iam_role.this"
          ]
        }
      ]
    },
    {
      "module": "module.ec2_role",
      "mode": "managed",
      "type": "aws_iam_role_policy",
      "name": "s3",
      "provider": "provider[\"registry.terraform.io/hashicorp/aws\"]",
      "instances": [
        {
          "schema_version": 0,
          "attributes": {
            "id": "useast1d_wordpress_role_20201108034209810100000001:GrantS3_20201108034210248400000007",
            "name": "GrantS3_20201108034210248400000007",
            "name_prefix": "GrantS3_",
            "policy": "{\r\n    \"Version\": \"2012-10-17\",\r\n    \"Statement\": [\r\n        {\r\n            \"Effect\": \"Allow\",\r\n            \"Action\": \"s3:*\",\r\n            \"Resource\": [\r\n                \"arn:aws:s3:::useast1d-wordpress-*\",\r\n                \"arn:aws:s3:::useast1d-wordpress-*/*\"\r\n            ]\r\n        }\r\n    ]\r\n}\r\n",
            "role": "useast1d_wordpress_role_20201108034209810100000001"
          },
          "private": "bnVsbA==",
          "dependencies": [
            "module.ec2_role.aws_iam_role.this"
          ]
        }
      ]
    },
    {
      "module": "module.ec2_role",
      "mode": "managed",
      "type": "aws_iam_role_policy",
      "name": "secrets_manager",
      "provider": "provider[\"registry.terraform.io/hashicorp/aws\"]",
      "instances": [
        {
          "schema_version": 0,
          "attributes": {
            "id": "useast1d_wordpress_role_20201108034209810100000001:GrantSecretsManager_20201108034210248400000008",
            "name": "GrantSecretsManager_20201108034210248400000008",
            "name_prefix": "GrantSecretsManager_",
            "policy": "{\r\n    \"Version\": \"2012-10-17\",\r\n    \"Statement\": [\r\n        {\r\n            \"Effect\": \"Allow\",\r\n            \"Action\": [\r\n                \"secretsmanager:ListSecrets\",\r\n                \"secretsmanager:DescribeSecret\",\r\n                \"secretsmanager:GetSecretValue\"\r\n            ],\r\n            \"Resource\": \"arn:aws:secretsmanager:*:*:secret:useast1d_wordpress_*\"\r\n        }\r\n    ]\r\n}\r\n",
            "role": "useast1d_wordpress_role_20201108034209810100000001"
          },
          "private": "bnVsbA==",
          "dependencies": [
            "module.ec2_role.aws_iam_role.this"
          ]
        }
      ]
    },
    {
      "module": "module.ec2_role",
      "mode": "managed",
      "type": "aws_iam_role_policy_attachment",
      "name": "cloudwatch-policy",
      "provider": "provider[\"registry.terraform.io/hashicorp/aws\"]",
      "instances": [
        {
          "schema_version": 0,
          "attributes": {
            "id": "useast1d_wordpress_role_20201108034209810100000001-2020110803421043390000000a",
            "policy_arn": "arn:aws:iam::aws:policy/CloudWatchAgentServerPolicy",
            "role": "useast1d_wordpress_role_20201108034209810100000001"
          },
          "private": "bnVsbA==",
          "dependencies": [
            "module.ec2_role.aws_iam_role.this"
          ]
        }
      ]
    },
    {
      "module": "module.ec2_role",
      "mode": "managed",
      "type": "aws_iam_role_policy_attachment",
      "name": "ssm-policy",
      "provider": "provider[\"registry.terraform.io/hashicorp/aws\"]",
      "instances": [
        {
          "schema_version": 0,
          "attributes": {
            "id": "useast1d_wordpress_role_20201108034209810100000001-20201108034210396000000009",
            "policy_arn": "arn:aws:iam::aws:policy/AmazonSSMManagedInstanceCore",
            "role": "useast1d_wordpress_role_20201108034209810100000001"
          },
          "private": "bnVsbA==",
          "dependencies": [
            "module.ec2_role.aws_iam_role.this"
          ]
        }
      ]
    },
    {
      "module": "module.efs",
      "mode": "managed",
      "type": "aws_efs_file_system",
      "name": "this",
      "provider": "provider[\"registry.terraform.io/hashicorp/aws\"]",
      "instances": [
        {
          "schema_version": 0,
          "attributes": {
            "arn": "arn:aws:elasticfilesystem:us-east-1:149736139555:file-system/fs-e406d711",
            "creation_token": "terraform-20201108034209810100000002",
            "dns_name": "fs-e406d711.efs.us-east-1.amazonaws.com",
            "encrypted": true,
            "id": "fs-e406d711",
            "kms_key_id": "arn:aws:kms:us-east-1:149736139555:key/d8b4f237-5297-4622-8e3b-92299521c158",
            "lifecycle_policy": [
              {
                "transition_to_ia": "AFTER_30_DAYS"
              }
            ],
            "performance_mode": "generalPurpose",
            "provisioned_throughput_in_mibps": 0,
            "tags": {
              "Name": "useast1d_wordpress",
              "environment": "dev",
              "lob": "it_operations",
              "name": "wordpress",
              "namespace": "useast1d",
              "team": "sysops"
            },
            "throughput_mode": "bursting"
          },
          "private": "bnVsbA=="
        }
      ]
    },
    {
      "module": "module.efs",
      "mode": "managed",
      "type": "aws_efs_mount_target",
      "name": "this",
      "provider": "provider[\"registry.terraform.io/hashicorp/aws\"]",
      "instances": [
        {
          "index_key": 0,
          "schema_version": 0,
          "attributes": {
            "availability_zone_id": "use1-az4",
            "availability_zone_name": "us-east-1b",
            "dns_name": "fs-e406d711.efs.us-east-1.amazonaws.com",
            "file_system_arn": "arn:aws:elasticfilesystem:us-east-1:149736139555:file-system/fs-e406d711",
            "file_system_id": "fs-e406d711",
            "id": "fsmt-1a9866ef",
            "ip_address": "10.0.4.226",
            "mount_target_dns_name": "us-east-1b.fs-e406d711.efs.us-east-1.amazonaws.com",
            "network_interface_id": "eni-0dd59fb554d43c153",
            "owner_id": "149736139555",
            "security_groups": [
              "sg-04fa7cfa7a9268fc6"
            ],
            "subnet_id": "subnet-028c7dbe43105938f"
          },
          "private": "bnVsbA==",
          "dependencies": [
            "aws_security_group.alb",
            "aws_security_group.asg",
            "aws_security_group.efs",
            "data.aws_subnet_ids.private",
            "data.aws_vpc.this",
            "module.efs.aws_efs_file_system.this"
          ]
        },
        {
          "index_key": 1,
          "schema_version": 0,
          "attributes": {
            "availability_zone_id": "use1-az2",
            "availability_zone_name": "us-east-1a",
            "dns_name": "fs-e406d711.efs.us-east-1.amazonaws.com",
            "file_system_arn": "arn:aws:elasticfilesystem:us-east-1:149736139555:file-system/fs-e406d711",
            "file_system_id": "fs-e406d711",
            "id": "fsmt-1b9866ee",
            "ip_address": "10.0.3.104",
            "mount_target_dns_name": "us-east-1a.fs-e406d711.efs.us-east-1.amazonaws.com",
            "network_interface_id": "eni-00c66e69b11fe6c9a",
            "owner_id": "149736139555",
            "security_groups": [
              "sg-04fa7cfa7a9268fc6"
            ],
            "subnet_id": "subnet-0a8aaec7eabe32241"
          },
          "private": "bnVsbA==",
          "dependencies": [
            "aws_security_group.alb",
            "aws_security_group.asg",
            "aws_security_group.efs",
            "data.aws_subnet_ids.private",
            "data.aws_vpc.this",
            "module.efs.aws_efs_file_system.this"
          ]
        },
        {
          "index_key": 2,
          "schema_version": 0,
          "attributes": {
            "availability_zone_id": "use1-az6",
            "availability_zone_name": "us-east-1c",
            "dns_name": "fs-e406d711.efs.us-east-1.amazonaws.com",
            "file_system_arn": "arn:aws:elasticfilesystem:us-east-1:149736139555:file-system/fs-e406d711",
            "file_system_id": "fs-e406d711",
            "id": "fsmt-059866f0",
            "ip_address": "10.0.5.243",
            "mount_target_dns_name": "us-east-1c.fs-e406d711.efs.us-east-1.amazonaws.com",
            "network_interface_id": "eni-0966576f5517f5767",
            "owner_id": "149736139555",
            "security_groups": [
              "sg-04fa7cfa7a9268fc6"
            ],
            "subnet_id": "subnet-0ce7ee4761688d05e"
          },
          "private": "bnVsbA==",
          "dependencies": [
            "aws_security_group.alb",
            "aws_security_group.asg",
            "aws_security_group.efs",
            "data.aws_subnet_ids.private",
            "data.aws_vpc.this",
            "module.efs.aws_efs_file_system.this"
          ]
        }
      ]
    },
    {
      "module": "module.efs",
      "mode": "managed",
      "type": "aws_ssm_parameter",
      "name": "this",
      "provider": "provider[\"registry.terraform.io/hashicorp/aws\"]",
      "instances": [
        {
          "schema_version": 0,
          "attributes": {
            "allowed_pattern": "",
            "arn": "arn:aws:ssm:us-east-1:149736139555:parameter/useast1d/wordpress/efs_mount",
            "data_type": "text",
            "description": "",
            "id": "/useast1d/wordpress/efs_mount",
            "key_id": "",
            "name": "/useast1d/wordpress/efs_mount",
            "overwrite": null,
            "tags": {},
            "tier": "Standard",
            "type": "String",
            "value": "fs-e406d711",
            "version": 1
          },
          "private": "bnVsbA==",
          "dependencies": [
            "module.efs.aws_efs_file_system.this"
          ]
        }
      ]
    },
    {
      "module": "module.rds",
      "mode": "managed",
      "type": "aws_db_subnet_group",
      "name": "this",
      "provider": "provider[\"registry.terraform.io/hashicorp/aws\"]",
      "instances": [
        {
          "schema_version": 0,
          "attributes": {
            "arn": "arn:aws:rds:us-east-1:149736139555:subgrp:useast1d_wordpress_subnet_group_20201108034209813100000003",
            "description": "Managed by Terraform",
            "id": "useast1d_wordpress_subnet_group_20201108034209813100000003",
            "name": "useast1d_wordpress_subnet_group_20201108034209813100000003",
            "name_prefix": "useast1d_wordpress_subnet_group_",
            "subnet_ids": [
              "subnet-028c7dbe43105938f",
              "subnet-0a8aaec7eabe32241",
              "subnet-0ce7ee4761688d05e"
            ],
            "tags": {
              "Name": "useast1d_wordpress_subnet_group",
              "environment": "dev",
              "lob": "it_operations",
              "name": "wordpress",
              "namespace": "useast1d",
              "team": "sysops"
            }
          },
          "private": "bnVsbA==",
          "dependencies": [
            "data.aws_subnet_ids.private"
          ]
        }
      ]
    },
    {
      "module": "module.rds",
      "mode": "managed",
      "type": "aws_rds_cluster",
      "name": "this",
      "provider": "provider[\"registry.terraform.io/hashicorp/aws\"]",
      "instances": [
        {
          "schema_version": 0,
          "attributes": {
            "allow_major_version_upgrade": null,
            "apply_immediately": null,
            "arn": "arn:aws:rds:us-east-1:149736139555:cluster:useast1d-wordpress-20201108034214404200000013",
            "availability_zones": [
              "us-east-1a",
              "us-east-1b",
              "us-east-1c"
            ],
            "backtrack_window": 0,
            "backup_retention_period": 1,
            "cluster_identifier": "useast1d-wordpress-20201108034214404200000013",
            "cluster_identifier_prefix": "useast1d-wordpress-",
            "cluster_members": [],
            "cluster_resource_id": "cluster-2T77QICHHUWDPW7QEYSEEQWKSE",
            "copy_tags_to_snapshot": false,
            "database_name": "wordpressDB",
            "db_cluster_parameter_group_name": "default.aurora5.6",
            "db_subnet_group_name": "useast1d_wordpress_subnet_group_20201108034209813100000003",
            "deletion_protection": false,
            "enable_http_endpoint": false,
            "enabled_cloudwatch_logs_exports": [],
            "endpoint": "useast1d-wordpress-20201108034214404200000013.cluster-cazugpbb48rh.us-east-1.rds.amazonaws.com",
            "engine": "aurora",
            "engine_mode": "serverless",
            "engine_version": "5.6.10a",
            "final_snapshot_identifier": null,
            "global_cluster_identifier": "",
            "hosted_zone_id": "Z2R2ITUGPM61AM",
            "iam_database_authentication_enabled": false,
            "iam_roles": [],
            "id": "useast1d-wordpress-20201108034214404200000013",
            "kms_key_id": "arn:aws:kms:us-east-1:149736139555:key/44c508f5-55d6-4053-ba09-e9953cf72cac",
            "master_password": "x1QpeXqI6sb4dyX1Xk",
            "master_username": "Lx3gLHym",
            "port": 3306,
            "preferred_backup_window": "08:16-08:46",
            "preferred_maintenance_window": "sun:05:27-sun:05:57",
            "reader_endpoint": "",
            "replication_source_identifier": "",
            "s3_import": [],
            "scaling_configuration": [
              {
                "auto_pause": true,
                "max_capacity": 256,
                "min_capacity": 2,
                "seconds_until_auto_pause": 300,
                "timeout_action": "RollbackCapacityChange"
              }
            ],
            "skip_final_snapshot": true,
            "snapshot_identifier": null,
            "source_region": null,
            "storage_encrypted": true,
            "tags": {
              "Name": "useast1d_wordpress_rds_cluster",
              "environment": "dev",
              "lob": "it_operations",
              "name": "wordpress",
              "namespace": "useast1d",
              "team": "sysops"
            },
            "timeouts": null,
            "vpc_security_group_ids": [
              "sg-083bf2cc4ec44f540"
            ]
          },
          "private": "eyJlMmJmYjczMC1lY2FhLTExZTYtOGY4OC0zNDM2M2JjN2M0YzAiOnsiY3JlYXRlIjo3MjAwMDAwMDAwMDAwLCJkZWxldGUiOjcyMDAwMDAwMDAwMDAsInVwZGF0ZSI6NzIwMDAwMDAwMDAwMH19",
          "dependencies": [
            "aws_security_group.alb",
            "aws_security_group.asg",
            "aws_security_group.rds",
            "data.aws_availability_zones.available",
            "data.aws_subnet_ids.private",
            "data.aws_vpc.this",
            "module.rds.aws_db_subnet_group.this",
            "module.rds.random_password.password",
            "module.rds.random_password.username"
          ]
        }
      ]
    },
    {
      "module": "module.rds",
      "mode": "managed",
      "type": "aws_secretsmanager_secret",
      "name": "this",
      "provider": "provider[\"registry.terraform.io/hashicorp/aws\"]",
      "instances": [
        {
          "schema_version": 0,
          "attributes": {
            "arn": "arn:aws:secretsmanager:us-east-1:149736139555:secret:useast1d_wordpress_rds-iyDrcD",
            "description": "",
            "id": "arn:aws:secretsmanager:us-east-1:149736139555:secret:useast1d_wordpress_rds-iyDrcD",
            "kms_key_id": "",
            "name": "useast1d_wordpress_rds",
            "name_prefix": null,
            "policy": null,
            "recovery_window_in_days": 30,
            "rotation_enabled": false,
            "rotation_lambda_arn": "",
            "rotation_rules": [],
            "tags": {
              "Name": "useast1d_wordpress_rds",
              "environment": "dev",
              "lob": "it_operations",
              "name": "wordpress",
              "namespace": "useast1d",
              "team": "sysops"
            }
          },
          "private": "bnVsbA=="
        }
      ]
    },
    {
      "module": "module.rds",
      "mode": "managed",
      "type": "aws_secretsmanager_secret_version",
      "name": "this",
      "provider": "provider[\"registry.terraform.io/hashicorp/aws\"]",
      "instances": [
        {
          "schema_version": 0,
          "attributes": {
            "arn": "arn:aws:secretsmanager:us-east-1:149736139555:secret:useast1d_wordpress_rds-iyDrcD",
            "id": "arn:aws:secretsmanager:us-east-1:149736139555:secret:useast1d_wordpress_rds-iyDrcD|B0B88ADA-6DC2-46BB-8BC3-208026745A0F",
            "secret_binary": "",
            "secret_id": "arn:aws:secretsmanager:us-east-1:149736139555:secret:useast1d_wordpress_rds-iyDrcD",
            "secret_string": "{\r\n  \"username\": \"Lx3gLHym\",\r\n  \"password\": \"x1QpeXqI6sb4dyX1Xk\",\r\n  \"cluster_identifier\": \"useast1d-wordpress-20201108034214404200000013\",\r\n  \"endpoint\": \"useast1d-wordpress-20201108034214404200000013.cluster-cazugpbb48rh.us-east-1.rds.amazonaws.com\",\r\n  \"database_name\": \"wordpressDB\"\r\n}\r\n",
            "version_id": "B0B88ADA-6DC2-46BB-8BC3-208026745A0F",
            "version_stages": [
              "AWSCURRENT"
            ]
          },
          "private": "bnVsbA==",
          "dependencies": [
            "module.rds.aws_rds_cluster.this",
            "module.rds.aws_secretsmanager_secret.this",
            "module.rds.random_password.password",
            "module.rds.random_password.username"
          ]
        }
      ]
    },
    {
      "module": "module.rds",
      "mode": "managed",
      "type": "random_password",
      "name": "password",
      "provider": "provider[\"registry.terraform.io/hashicorp/random\"]",
      "instances": [
        {
          "schema_version": 0,
          "attributes": {
            "id": "none",
            "keepers": null,
            "length": 18,
            "lower": true,
            "min_lower": 0,
            "min_numeric": 0,
            "min_special": 0,
            "min_upper": 0,
            "number": true,
            "override_special": "/@",
            "result": "x1QpeXqI6sb4dyX1Xk",
            "special": true,
            "upper": true
          },
          "private": "bnVsbA=="
        }
      ]
    },
    {
      "module": "module.rds",
      "mode": "managed",
      "type": "random_password",
      "name": "username",
      "provider": "provider[\"registry.terraform.io/hashicorp/random\"]",
      "instances": [
        {
          "schema_version": 0,
          "attributes": {
            "id": "none",
            "keepers": null,
            "length": 8,
            "lower": true,
            "min_lower": 0,
            "min_numeric": 0,
            "min_special": 0,
            "min_upper": 0,
            "number": true,
            "override_special": null,
            "result": "Lx3gLHym",
            "special": false,
            "upper": true
          },
          "private": "bnVsbA=="
        }
      ]
    }
  ]
}
