{
  "version": 4,
  "terraform_version": "0.13.5",
  "serial": 47,
  "lineage": "9d39374a-37b4-89b7-7a5b-c4f8936cb8d2",
  "outputs": {},
  "resources": [
    {
      "mode": "data",
      "type": "aws_ami",
      "name": "amazon_linux_2",
      "provider": "provider[\"registry.terraform.io/hashicorp/aws\"]",
      "instances": [
        {
          "schema_version": 0,
          "attributes": {
            "architecture": "x86_64",
            "arn": "arn:aws:ec2:us-east-1::image/ami-0947d2ba12ee1ff75",
            "block_device_mappings": [
              {
                "device_name": "/dev/xvda",
                "ebs": {
                  "delete_on_termination": "true",
                  "encrypted": "false",
                  "iops": "0",
                  "snapshot_id": "snap-0299d083f0ce6cd12",
                  "volume_size": "8",
                  "volume_type": "gp2"
                },
                "no_device": "",
                "virtual_name": ""
              }
            ],
            "creation_date": "2020-09-22T02:10:06.000Z",
            "description": "Amazon Linux 2 AMI 2.0.20200917.0 x86_64 HVM gp2",
            "executable_users": null,
            "filter": [
              {
                "name": "name",
                "values": [
                  "amzn2-ami-hvm*"
                ]
              }
            ],
            "hypervisor": "xen",
            "id": "ami-0947d2ba12ee1ff75",
            "image_id": "ami-0947d2ba12ee1ff75",
            "image_location": "amazon/amzn2-ami-hvm-2.0.20200917.0-x86_64-gp2",
            "image_owner_alias": "amazon",
            "image_type": "machine",
            "kernel_id": null,
            "most_recent": true,
            "name": "amzn2-ami-hvm-2.0.20200917.0-x86_64-gp2",
            "name_regex": null,
            "owner_id": "137112412989",
            "owners": [
              "amazon"
            ],
            "platform": null,
            "product_codes": [],
            "public": true,
            "ramdisk_id": null,
            "root_device_name": "/dev/xvda",
            "root_device_type": "ebs",
            "root_snapshot_id": "snap-0299d083f0ce6cd12",
            "sriov_net_support": "simple",
            "state": "available",
            "state_reason": {
              "code": "UNSET",
              "message": "UNSET"
            },
            "tags": {},
            "virtualization_type": "hvm"
          }
        }
      ]
    },
    {
      "mode": "data",
      "type": "aws_availability_zones",
      "name": "available",
      "provider": "provider[\"registry.terraform.io/hashicorp/aws\"]",
      "instances": [
        {
          "schema_version": 0,
          "attributes": {
            "all_availability_zones": null,
            "exclude_names": null,
            "exclude_zone_ids": null,
            "filter": null,
            "group_names": [
              "us-east-1"
            ],
            "id": "us-east-1",
            "names": [
              "us-east-1a",
              "us-east-1b",
              "us-east-1c",
              "us-east-1d",
              "us-east-1e",
              "us-east-1f"
            ],
            "state": "available",
            "zone_ids": [
              "use1-az2",
              "use1-az4",
              "use1-az6",
              "use1-az1",
              "use1-az3",
              "use1-az5"
            ]
          }
        }
      ]
    },
    {
      "mode": "data",
      "type": "aws_subnet_ids",
      "name": "private",
      "provider": "provider[\"registry.terraform.io/hashicorp/aws\"]",
      "instances": [
        {
          "schema_version": 0,
          "attributes": {
            "filter": null,
            "id": "vpc-0305922eaaf698e8a",
            "ids": [
              "subnet-004e2123532abc736",
              "subnet-0a0dcc510ecdcffbc",
              "subnet-0ad96d56fae85cc89"
            ],
            "tags": {
              "tier": "private"
            },
            "vpc_id": "vpc-0305922eaaf698e8a"
          }
        }
      ]
    },
    {
      "mode": "data",
      "type": "aws_subnet_ids",
      "name": "public",
      "provider": "provider[\"registry.terraform.io/hashicorp/aws\"]",
      "instances": [
        {
          "schema_version": 0,
          "attributes": {
            "filter": null,
            "id": "vpc-0305922eaaf698e8a",
            "ids": [
              "subnet-027434dfd49be42b7",
              "subnet-064a24ddef61f4c5b",
              "subnet-0f0204c48063912f4"
            ],
            "tags": {
              "tier": "public"
            },
            "vpc_id": "vpc-0305922eaaf698e8a"
          }
        }
      ]
    },
    {
      "mode": "data",
      "type": "aws_vpc",
      "name": "this",
      "provider": "provider[\"registry.terraform.io/hashicorp/aws\"]",
      "instances": [
        {
          "schema_version": 0,
          "attributes": {
            "arn": "arn:aws:ec2:us-east-1:183504198547:vpc/vpc-0305922eaaf698e8a",
            "cidr_block": "10.0.0.0/16",
            "cidr_block_associations": [
              {
                "association_id": "vpc-cidr-assoc-065c7e51636901190",
                "cidr_block": "10.0.0.0/16",
                "state": "associated"
              }
            ],
            "default": false,
            "dhcp_options_id": "dopt-0d43a077a0a9bfb5d",
            "enable_dns_hostnames": true,
            "enable_dns_support": true,
            "filter": null,
            "id": "vpc-0305922eaaf698e8a",
            "instance_tenancy": "default",
            "ipv6_association_id": null,
            "ipv6_cidr_block": null,
            "main_route_table_id": "rtb-08636fc03ba6e4fca",
            "owner_id": "183504198547",
            "state": "available",
            "tags": {
              "Name": "useast1d_vpc",
              "app_role": "vpc",
              "environment": "development",
              "lob": "it_operations",
              "namespace": "useast1d",
              "team": "web_hosting"
            }
          }
        }
      ]
    },
    {
      "mode": "managed",
      "type": "aws_security_group",
      "name": "alb",
      "provider": "provider[\"registry.terraform.io/hashicorp/aws\"]",
      "instances": [
        {
          "schema_version": 1,
          "attributes": {
            "arn": "arn:aws:ec2:us-east-1:183504198547:security-group/sg-02c5dc61d603adeda",
            "description": "Managed by Terraform",
            "egress": [
              {
                "cidr_blocks": [
                  "0.0.0.0/0"
                ],
                "description": "",
                "from_port": 0,
                "ipv6_cidr_blocks": [],
                "prefix_list_ids": [],
                "protocol": "-1",
                "security_groups": [],
                "self": false,
                "to_port": 0
              }
            ],
            "id": "sg-02c5dc61d603adeda",
            "ingress": [
              {
                "cidr_blocks": [
                  "0.0.0.0/0"
                ],
                "description": "",
                "from_port": 80,
                "ipv6_cidr_blocks": [],
                "prefix_list_ids": [],
                "protocol": "tcp",
                "security_groups": [],
                "self": false,
                "to_port": 80
              }
            ],
            "name": "useast1d_wordpress_alb_20201115043814866500000004",
            "name_prefix": "useast1d_wordpress_alb_",
            "owner_id": "183504198547",
            "revoke_rules_on_delete": false,
            "tags": {
              "Name": "useast1d_wordpress_alb",
              "app_role": "wordpress",
              "environment": "development",
              "lob": "it_operations",
              "namespace": "useast1d",
              "team": "web_hosting"
            },
            "timeouts": null,
            "vpc_id": "vpc-0305922eaaf698e8a"
          },
          "private": "eyJlMmJmYjczMC1lY2FhLTExZTYtOGY4OC0zNDM2M2JjN2M0YzAiOnsiY3JlYXRlIjo2MDAwMDAwMDAwMDAsImRlbGV0ZSI6NjAwMDAwMDAwMDAwfSwic2NoZW1hX3ZlcnNpb24iOiIxIn0=",
          "dependencies": [
            "data.aws_vpc.this"
          ]
        }
      ]
    },
    {
      "mode": "managed",
      "type": "aws_security_group",
      "name": "asg",
      "provider": "provider[\"registry.terraform.io/hashicorp/aws\"]",
      "instances": [
        {
          "schema_version": 1,
          "attributes": {
            "arn": "arn:aws:ec2:us-east-1:183504198547:security-group/sg-000f897cff45e4bd0",
            "description": "Managed by Terraform",
            "egress": [
              {
                "cidr_blocks": [
                  "0.0.0.0/0"
                ],
                "description": "",
                "from_port": 0,
                "ipv6_cidr_blocks": [],
                "prefix_list_ids": [],
                "protocol": "-1",
                "security_groups": [],
                "self": false,
                "to_port": 0
              }
            ],
            "id": "sg-000f897cff45e4bd0",
            "ingress": [
              {
                "cidr_blocks": [],
                "description": "",
                "from_port": 80,
                "ipv6_cidr_blocks": [],
                "prefix_list_ids": [],
                "protocol": "tcp",
                "security_groups": [
                  "sg-02c5dc61d603adeda"
                ],
                "self": false,
                "to_port": 80
              }
            ],
            "name": "useast1d_wordpress_asg_20201115043816432700000009",
            "name_prefix": "useast1d_wordpress_asg_",
            "owner_id": "183504198547",
            "revoke_rules_on_delete": false,
            "tags": {
              "Name": "useast1d_wordpress_asg",
              "app_role": "wordpress",
              "environment": "development",
              "lob": "it_operations",
              "namespace": "useast1d",
              "team": "web_hosting"
            },
            "timeouts": null,
            "vpc_id": "vpc-0305922eaaf698e8a"
          },
          "private": "eyJlMmJmYjczMC1lY2FhLTExZTYtOGY4OC0zNDM2M2JjN2M0YzAiOnsiY3JlYXRlIjo2MDAwMDAwMDAwMDAsImRlbGV0ZSI6NjAwMDAwMDAwMDAwfSwic2NoZW1hX3ZlcnNpb24iOiIxIn0=",
          "dependencies": [
            "aws_security_group.alb",
            "data.aws_vpc.this"
          ]
        }
      ]
    },
    {
      "mode": "managed",
      "type": "aws_security_group",
      "name": "efs",
      "provider": "provider[\"registry.terraform.io/hashicorp/aws\"]",
      "instances": [
        {
          "schema_version": 1,
          "attributes": {
            "arn": "arn:aws:ec2:us-east-1:183504198547:security-group/sg-0ec0341252855fb67",
            "description": "Managed by Terraform",
            "egress": [
              {
                "cidr_blocks": [
                  "0.0.0.0/0"
                ],
                "description": "",
                "from_port": 0,
                "ipv6_cidr_blocks": [],
                "prefix_list_ids": [],
                "protocol": "-1",
                "security_groups": [],
                "self": false,
                "to_port": 0
              }
            ],
            "id": "sg-0ec0341252855fb67",
            "ingress": [
              {
                "cidr_blocks": [],
                "description": "",
                "from_port": 2049,
                "ipv6_cidr_blocks": [],
                "prefix_list_ids": [],
                "protocol": "tcp",
                "security_groups": [
                  "sg-000f897cff45e4bd0"
                ],
                "self": false,
                "to_port": 2049
              }
            ],
            "name": "useast1d_wordpress_efs_2020111504381811750000000a",
            "name_prefix": "useast1d_wordpress_efs_",
            "owner_id": "183504198547",
            "revoke_rules_on_delete": false,
            "tags": {
              "Name": "useast1d_wordpress_efs",
              "app_role": "wordpress",
              "environment": "development",
              "lob": "it_operations",
              "namespace": "useast1d",
              "team": "web_hosting"
            },
            "timeouts": null,
            "vpc_id": "vpc-0305922eaaf698e8a"
          },
          "private": "eyJlMmJmYjczMC1lY2FhLTExZTYtOGY4OC0zNDM2M2JjN2M0YzAiOnsiY3JlYXRlIjo2MDAwMDAwMDAwMDAsImRlbGV0ZSI6NjAwMDAwMDAwMDAwfSwic2NoZW1hX3ZlcnNpb24iOiIxIn0=",
          "dependencies": [
            "aws_security_group.alb",
            "aws_security_group.asg",
            "data.aws_vpc.this"
          ]
        }
      ]
    },
    {
      "mode": "managed",
      "type": "aws_security_group",
      "name": "rds",
      "provider": "provider[\"registry.terraform.io/hashicorp/aws\"]",
      "instances": [
        {
          "schema_version": 1,
          "attributes": {
            "arn": "arn:aws:ec2:us-east-1:183504198547:security-group/sg-06cf1359db3e383c6",
            "description": "Managed by Terraform",
            "egress": [
              {
                "cidr_blocks": [
                  "0.0.0.0/0"
                ],
                "description": "",
                "from_port": 0,
                "ipv6_cidr_blocks": [],
                "prefix_list_ids": [],
                "protocol": "-1",
                "security_groups": [],
                "self": false,
                "to_port": 0
              }
            ],
            "id": "sg-06cf1359db3e383c6",
            "ingress": [
              {
                "cidr_blocks": [],
                "description": "",
                "from_port": 3306,
                "ipv6_cidr_blocks": [],
                "prefix_list_ids": [],
                "protocol": "tcp",
                "security_groups": [
                  "sg-000f897cff45e4bd0"
                ],
                "self": false,
                "to_port": 3306
              }
            ],
            "name": "useast1d_wordpress_rds_2020111504381811750000000b",
            "name_prefix": "useast1d_wordpress_rds_",
            "owner_id": "183504198547",
            "revoke_rules_on_delete": false,
            "tags": {
              "Name": "useast1d_wordpress_rds",
              "app_role": "wordpress",
              "environment": "development",
              "lob": "it_operations",
              "namespace": "useast1d",
              "team": "web_hosting"
            },
            "timeouts": null,
            "vpc_id": "vpc-0305922eaaf698e8a"
          },
          "private": "eyJlMmJmYjczMC1lY2FhLTExZTYtOGY4OC0zNDM2M2JjN2M0YzAiOnsiY3JlYXRlIjo2MDAwMDAwMDAwMDAsImRlbGV0ZSI6NjAwMDAwMDAwMDAwfSwic2NoZW1hX3ZlcnNpb24iOiIxIn0=",
          "dependencies": [
            "aws_security_group.alb",
            "aws_security_group.asg",
            "data.aws_vpc.this"
          ]
        }
      ]
    },
    {
      "module": "module.alb",
      "mode": "managed",
      "type": "aws_lb",
      "name": "this",
      "provider": "provider[\"registry.terraform.io/hashicorp/aws\"]",
      "instances": [
        {
          "schema_version": 0,
          "attributes": {
            "access_logs": [
              {
                "bucket": "",
                "enabled": false,
                "prefix": ""
              }
            ],
            "arn": "arn:aws:elasticloadbalancing:us-east-1:183504198547:loadbalancer/app/useast1d-wordpress/78cfddac6225b830",
            "arn_suffix": "app/useast1d-wordpress/78cfddac6225b830",
            "customer_owned_ipv4_pool": "",
            "dns_name": "useast1d-wordpress-944101016.us-east-1.elb.amazonaws.com",
            "drop_invalid_header_fields": false,
            "enable_cross_zone_load_balancing": null,
            "enable_deletion_protection": false,
            "enable_http2": true,
            "id": "arn:aws:elasticloadbalancing:us-east-1:183504198547:loadbalancer/app/useast1d-wordpress/78cfddac6225b830",
            "idle_timeout": 60,
            "internal": false,
            "ip_address_type": "ipv4",
            "load_balancer_type": "application",
            "name": "useast1d-wordpress",
            "name_prefix": null,
            "security_groups": [
              "sg-02c5dc61d603adeda"
            ],
            "subnet_mapping": [
              {
                "allocation_id": "",
                "outpost_id": "",
                "private_ipv4_address": "",
                "subnet_id": "subnet-027434dfd49be42b7"
              },
              {
                "allocation_id": "",
                "outpost_id": "",
                "private_ipv4_address": "",
                "subnet_id": "subnet-064a24ddef61f4c5b"
              },
              {
                "allocation_id": "",
                "outpost_id": "",
                "private_ipv4_address": "",
                "subnet_id": "subnet-0f0204c48063912f4"
              }
            ],
            "subnets": [
              "subnet-027434dfd49be42b7",
              "subnet-064a24ddef61f4c5b",
              "subnet-0f0204c48063912f4"
            ],
            "tags": {
              "Name": "useast1d/wordpress/alb",
              "app_role": "wordpress",
              "environment": "development",
              "lob": "it_operations",
              "namespace": "useast1d",
              "team": "web_hosting"
            },
            "timeouts": null,
            "vpc_id": "vpc-0305922eaaf698e8a",
            "zone_id": "Z35SXDOTRQ7X7K"
          },
          "private": "eyJlMmJmYjczMC1lY2FhLTExZTYtOGY4OC0zNDM2M2JjN2M0YzAiOnsiY3JlYXRlIjo2MDAwMDAwMDAwMDAsImRlbGV0ZSI6NjAwMDAwMDAwMDAwLCJ1cGRhdGUiOjYwMDAwMDAwMDAwMH19",
          "dependencies": [
            "aws_security_group.alb",
            "data.aws_subnet_ids.public",
            "data.aws_vpc.this"
          ]
        }
      ]
    },
    {
      "module": "module.alb",
      "mode": "managed",
      "type": "aws_lb_listener",
      "name": "this",
      "provider": "provider[\"registry.terraform.io/hashicorp/aws\"]",
      "instances": [
        {
          "schema_version": 0,
          "attributes": {
            "arn": "arn:aws:elasticloadbalancing:us-east-1:183504198547:listener/app/useast1d-wordpress/78cfddac6225b830/52a738b0a57a9a04",
            "certificate_arn": "",
            "default_action": [
              {
                "authenticate_cognito": [],
                "authenticate_oidc": [],
                "fixed_response": [],
                "forward": [],
                "order": 1,
                "redirect": [],
                "target_group_arn": "arn:aws:elasticloadbalancing:us-east-1:183504198547:targetgroup/useast1d-wordpress/9ae2e09760a257b7",
                "type": "forward"
              }
            ],
            "id": "arn:aws:elasticloadbalancing:us-east-1:183504198547:listener/app/useast1d-wordpress/78cfddac6225b830/52a738b0a57a9a04",
            "load_balancer_arn": "arn:aws:elasticloadbalancing:us-east-1:183504198547:loadbalancer/app/useast1d-wordpress/78cfddac6225b830",
            "port": 80,
            "protocol": "HTTP",
            "ssl_policy": "",
            "timeouts": null
          },
          "private": "eyJlMmJmYjczMC1lY2FhLTExZTYtOGY4OC0zNDM2M2JjN2M0YzAiOnsicmVhZCI6NjAwMDAwMDAwMDAwfX0=",
          "dependencies": [
            "aws_security_group.alb",
            "data.aws_subnet_ids.public",
            "data.aws_vpc.this",
            "module.alb.aws_lb.this",
            "module.alb.aws_lb_target_group.this"
          ]
        }
      ]
    },
    {
      "module": "module.alb",
      "mode": "managed",
      "type": "aws_lb_target_group",
      "name": "this",
      "provider": "provider[\"registry.terraform.io/hashicorp/aws\"]",
      "instances": [
        {
          "schema_version": 0,
          "attributes": {
            "arn": "arn:aws:elasticloadbalancing:us-east-1:183504198547:targetgroup/useast1d-wordpress/9ae2e09760a257b7",
            "arn_suffix": "targetgroup/useast1d-wordpress/9ae2e09760a257b7",
            "deregistration_delay": 60,
            "health_check": [
              {
                "enabled": true,
                "healthy_threshold": 3,
                "interval": 15,
                "matcher": "200-399",
                "path": "/",
                "port": "traffic-port",
                "protocol": "HTTP",
                "timeout": 5,
                "unhealthy_threshold": 2
              }
            ],
            "id": "arn:aws:elasticloadbalancing:us-east-1:183504198547:targetgroup/useast1d-wordpress/9ae2e09760a257b7",
            "lambda_multi_value_headers_enabled": false,
            "load_balancing_algorithm_type": "round_robin",
            "name": "useast1d-wordpress",
            "name_prefix": null,
            "port": 80,
            "protocol": "HTTP",
            "proxy_protocol_v2": false,
            "slow_start": 0,
            "stickiness": [
              {
                "cookie_duration": 86400,
                "enabled": true,
                "type": "lb_cookie"
              }
            ],
            "tags": {
              "Name": "useast1d/wordpress/target_group",
              "app_role": "wordpress",
              "environment": "development",
              "lob": "it_operations",
              "namespace": "useast1d",
              "team": "web_hosting"
            },
            "target_type": "instance",
            "vpc_id": "vpc-0305922eaaf698e8a"
          },
          "private": "bnVsbA==",
          "dependencies": [
            "data.aws_vpc.this"
          ]
        }
      ]
    },
    {
      "module": "module.alb",
      "mode": "managed",
      "type": "aws_ssm_parameter",
      "name": "this",
      "provider": "provider[\"registry.terraform.io/hashicorp/aws\"]",
      "instances": [
        {
          "schema_version": 0,
          "attributes": {
            "allowed_pattern": "",
            "arn": "arn:aws:ssm:us-east-1:183504198547:parameter/useast1d/wordpress/alb_dns",
            "data_type": "text",
            "description": "",
            "id": "/useast1d/wordpress/alb_dns",
            "key_id": "",
            "name": "/useast1d/wordpress/alb_dns",
            "overwrite": true,
            "tags": {},
            "tier": "Standard",
            "type": "String",
            "value": "useast1d-wordpress-944101016.us-east-1.elb.amazonaws.com",
            "version": 1
          },
          "private": "bnVsbA==",
          "dependencies": [
            "aws_security_group.alb",
            "data.aws_subnet_ids.public",
            "data.aws_vpc.this",
            "module.alb.aws_lb.this"
          ]
        }
      ]
    },
    {
      "module": "module.asg",
      "mode": "managed",
      "type": "aws_autoscaling_group",
      "name": "this",
      "provider": "provider[\"registry.terraform.io/hashicorp/aws\"]",
      "instances": [
        {
          "schema_version": 0,
          "attributes": {
            "arn": "arn:aws:autoscaling:us-east-1:183504198547:autoScalingGroup:0ad87eec-2207-4023-869e-d0a1450a7965:autoScalingGroupName/useast1d/wordpress/2020111504381863550000000e",
            "availability_zones": [
              "us-east-1a",
              "us-east-1b",
              "us-east-1c"
            ],
            "default_cooldown": 300,
            "desired_capacity": 1,
            "enabled_metrics": [],
            "force_delete": false,
            "health_check_grace_period": 300,
            "health_check_type": "ELB",
            "id": "useast1d/wordpress/2020111504381863550000000e",
            "initial_lifecycle_hook": [],
            "launch_configuration": "",
            "launch_template": [
              {
                "id": "lt-0006646fa451a2986",
                "name": "useast1d/wordpress/2020111504381812150000000c",
                "version": "$Latest"
              }
            ],
            "load_balancers": [],
            "max_instance_lifetime": 0,
            "max_size": 1,
            "metrics_granularity": "1Minute",
            "min_elb_capacity": null,
            "min_size": 1,
            "mixed_instances_policy": [],
            "name": "useast1d/wordpress/2020111504381863550000000e",
            "name_prefix": "useast1d/wordpress/",
            "placement_group": "",
            "protect_from_scale_in": false,
            "service_linked_role_arn": "arn:aws:iam::183504198547:role/aws-service-role/autoscaling.amazonaws.com/AWSServiceRoleForAutoScaling",
            "suspended_processes": [],
            "tag": [],
            "tags": null,
            "target_group_arns": [
              "arn:aws:elasticloadbalancing:us-east-1:183504198547:targetgroup/useast1d-wordpress/9ae2e09760a257b7"
            ],
            "termination_policies": [],
            "timeouts": null,
            "vpc_zone_identifier": [
              "subnet-004e2123532abc736",
              "subnet-0a0dcc510ecdcffbc",
              "subnet-0ad96d56fae85cc89"
            ],
            "wait_for_capacity_timeout": "10m",
            "wait_for_elb_capacity": null
          },
          "private": "eyJlMmJmYjczMC1lY2FhLTExZTYtOGY4OC0zNDM2M2JjN2M0YzAiOnsiZGVsZXRlIjo2MDAwMDAwMDAwMDB9fQ==",
          "dependencies": [
            "aws_security_group.alb",
            "aws_security_group.asg",
            "data.aws_ami.amazon_linux_2",
            "data.aws_subnet_ids.private",
            "data.aws_vpc.this",
            "module.alb.aws_lb_target_group.this",
            "module.asg.aws_launch_template.this",
            "module.ec2_role.aws_iam_instance_profile.this",
            "module.ec2_role.aws_iam_role.this"
          ]
        }
      ]
    },
    {
      "module": "module.asg",
      "mode": "managed",
      "type": "aws_launch_template",
      "name": "this",
      "provider": "provider[\"registry.terraform.io/hashicorp/aws\"]",
      "instances": [
        {
          "schema_version": 0,
          "attributes": {
            "arn": "arn:aws:ec2:us-east-1:183504198547:launch-template/lt-0006646fa451a2986",
            "block_device_mappings": [
              {
                "device_name": "/dev/xvda",
                "ebs": [
                  {
                    "delete_on_termination": "true",
                    "encrypted": "true",
                    "iops": 0,
                    "kms_key_id": "",
                    "snapshot_id": "",
                    "volume_size": 30,
                    "volume_type": "gp2"
                  }
                ],
                "no_device": "",
                "virtual_name": ""
              }
            ],
            "capacity_reservation_specification": [],
            "cpu_options": [],
            "credit_specification": [],
            "default_version": 1,
            "description": "",
            "disable_api_termination": false,
            "ebs_optimized": "",
            "elastic_gpu_specifications": [],
            "elastic_inference_accelerator": [],
            "hibernation_options": [],
            "iam_instance_profile": [
              {
                "arn": "arn:aws:iam::183504198547:instance-profile/useast1d_wordpress_role_20201115043815486600000006",
                "name": ""
              }
            ],
            "id": "lt-0006646fa451a2986",
            "image_id": "ami-0947d2ba12ee1ff75",
            "instance_initiated_shutdown_behavior": "",
            "instance_market_options": [],
            "instance_type": "t3.large",
            "kernel_id": "",
            "key_name": "",
            "latest_version": 2,
            "license_specification": [],
            "metadata_options": [],
            "monitoring": [
              {
                "enabled": true
              }
            ],
            "name": "useast1d/wordpress/2020111504381812150000000c",
            "name_prefix": "useast1d/wordpress/",
            "network_interfaces": [],
            "placement": [],
            "ram_disk_id": "",
            "security_group_names": [],
            "tag_specifications": [
              {
                "resource_type": "instance",
                "tags": {
                  "Name": "useast1d_wordpress",
                  "app_role": "wordpress",
                  "enable_patching": "true",
                  "environment": "development",
                  "lob": "it_operations",
                  "namespace": "useast1d",
                  "team": "web_hosting"
                }
              }
            ],
            "tags": {},
            "update_default_version": null,
            "user_data": "IyEvYmluL2Jhc2gNCg0KIyMgQ2FwdHVyZSBvdXIgaW5zdGFuY2UgbWV0YWRhdGEgYW5kIGxvb2t1cCB0aGUgbmFtZXNwYWNlIHRhZw0KSU5TVEFOQ0VfSUQ9JChjdXJsIGh0dHA6Ly8xNjkuMjU0LjE2OS4yNTQvbGF0ZXN0L21ldGEtZGF0YS9pbnN0YW5jZS1pZCkNClJFR0lPTj0kKGN1cmwgaHR0cDovLzE2OS4yNTQuMTY5LjI1NC9sYXRlc3QvbWV0YS1kYXRhL3BsYWNlbWVudC9yZWdpb24pDQpOQU1FU1BBQ0U9JChhd3MgZWMyIGRlc2NyaWJlLXRhZ3MgLS1maWx0ZXJzIFwNCiAgICAiTmFtZT1yZXNvdXJjZS10eXBlLFZhbHVlcz1pbnN0YW5jZSIgXA0KICAgICJOYW1lPXJlc291cmNlLWlkLFZhbHVlcz0ke0lOU1RBTkNFX0lEfSIgXA0KICAgICJOYW1lPWtleSxWYWx1ZXM9bmFtZXNwYWNlIiBcDQogICAgLS1yZWdpb24gJHtSRUdJT059IFwNCiAgICAtLW91dHB1dCB0ZXh0IFwNCiAgICAtLXF1ZXJ5IFRhZ3NbMF0uVmFsdWUpDQoNCkFQUFJPTEU9JChhd3MgZWMyIGRlc2NyaWJlLXRhZ3MgLS1maWx0ZXJzIFwNCiAgICAiTmFtZT1yZXNvdXJjZS10eXBlLFZhbHVlcz1pbnN0YW5jZSIgXA0KICAgICJOYW1lPXJlc291cmNlLWlkLFZhbHVlcz0ke0lOU1RBTkNFX0lEfSIgXA0KICAgICJOYW1lPWtleSxWYWx1ZXM9YXBwX3JvbGUiIFwNCiAgICAtLXJlZ2lvbiAke1JFR0lPTn0gXA0KICAgIC0tb3V0cHV0IHRleHQgXA0KICAgIC0tcXVlcnkgVGFnc1swXS5WYWx1ZSkNCg0KRUZTTU9VTlQ9JChhd3Mgc3NtIGdldC1wYXJhbWV0ZXIgLS1uYW1lICIvJHtOQU1FU1BBQ0V9LyR7QVBQUk9MRX0vZWZzX21vdW50IiAtLXJlZ2lvbiAkUkVHSU9OIC0tb3V0cHV0IHRleHQgLS1xdWVyeSBQYXJhbWV0ZXIuVmFsdWUpDQoNCg0KIyMgSW5zdGFsbCBBV1MgRUZTIHRvb2xzDQp5dW0gaW5zdGFsbCBodHRwczovL2RsLmZlZG9yYXByb2plY3Qub3JnL3B1Yi9lcGVsL2VwZWwtcmVsZWFzZS1sYXRlc3QtNy5ub2FyY2gucnBtIC15DQp5dW0gaW5zdGFsbCBhbWF6b24tZWZzLXV0aWxzIC15DQoNCiMjIENyZWF0ZSBvdXQgd2Vicm9vdCBmb2xkZXIgYW5kIG1vdW50IHRoZSBFRlMgc2hhcmUgaW50byB0aGlzIGZvbGRlcg0KbWtkaXIgLXAgL3Zhci93d3cvaHRtbA0KZWNobyAiJHtFRlNNT1VOVH06LyAvdmFyL3d3dy9odG1sIGVmcyBfbmV0ZGV2LHRscyxpYW0gMCAwIiA+PiAvZXRjL2ZzdGFiDQptb3VudCAtYQ0KDQojIyBJbnN0YWxsIG91dCBhcHBsaWNhdGlvbiBjb21wb25lbnRzDQp5dW0gaW5zdGFsbCBodHRwZCBteXNxbCBqcSAteQ0KYW1hem9uLWxpbnV4LWV4dHJhcyBpbnN0YWxsIHBocDcuMg0KDQojIyBDaGVjayBpZiBXb3JkcHJlc3MgaGFzIGJlZW4gZG93bmxvYWRlZCBhbmQgY29uZmlndXJlZCBhbHJlYWR5DQppZiBbWyAhIC1mIC92YXIvd3d3L2h0bWwvd3AtY29uZmlnLnBocCBdXQ0KdGhlbg0KICAgICMjIFF1aWNrbHkgY3JlYXRlIHRoZSB3cC1jb25maWcucGhwIGZpbGUgYmVmb3JlIGFueSBvdGhlciBpbnN0YW5jZXMgY2FuDQogICAgdG91Y2ggL3Zhci93d3cvaHRtbC93cC1jb25maWcucGhwDQoNCiAgICAjIyBRdWVyeSBTZWNyZXRzIE1hbmFnZXIgZm9yIG91ciBSRFMgY3JlZGVudGlhbHMNCiAgICBSRFNfU0VDUkVUPSQoYXdzIHNlY3JldHNtYW5hZ2VyIGdldC1zZWNyZXQtdmFsdWUgLS1zZWNyZXQtaWQgIiR7TkFNRVNQQUNFfV8ke0FQUFJPTEV9X3JkcyIgLS1yZWdpb24gJFJFR0lPTiAtLW91dHB1dCB0ZXh0IC0tcXVlcnkgU2VjcmV0U3RyaW5nKQ0KICAgIERCTkFNRT0kKGVjaG8gJFJEU19TRUNSRVQgfCBqcSAtciAuZGF0YWJhc2VfbmFtZSkNCiAgICBFTkRQT0lOVD0kKGVjaG8gJFJEU19TRUNSRVQgfCBqcSAtciAuZW5kcG9pbnQpDQogICAgVVNFUk5BTUU9JChlY2hvICRSRFNfU0VDUkVUIHwganEgLXIgLnVzZXJuYW1lKQ0KICAgIFBBU1NXT1JEPSQoZWNobyAkUkRTX1NFQ1JFVCB8IGpxIC1yIC5wYXNzd29yZCkNCg0KICAgICMjIFF1ZXJ5IFNTTSBQYXJhbWV0ZXIgU3RvcmUgZm9yIHRoZSBBTEIgRE5TDQogICAgaT0wDQogICAgdW50aWwgWyAhIC16ICRBTEJETlMgXQ0KICAgIGRvDQogICAgICAgIEFMQkROUz0kKGF3cyBzc20gZ2V0LXBhcmFtZXRlciAtLW5hbWUgIi8ke05BTUVTUEFDRX0vJHtBUFBST0xFfS9hbGJfZG5zIiAtLXJlZ2lvbiAkUkVHSU9OIC0tb3V0cHV0IHRleHQgLS1xdWVyeSBQYXJhbWV0ZXIuVmFsdWUpDQogICAgICAgICgoaT1pKzEpKQ0KICAgICAgICBzbGVlcCAzMA0KDQogICAgICAgIGlmIFsgJGkgLWd0IDUgXQ0KICAgICAgICB0aGVuDQogICAgICAgICAgICBBTEJETlM9IiINCiAgICAgICAgICAgIGJyZWFrDQogICAgICAgIGZpDQogICAgZG9uZQ0KDQogICAgIyMgRG93bmxvYWQgYW5kIGluc3RhbGwgdGhlIGxhdGVzdCB2ZXJzaW9uIG9mIFdvcmRwcmVzcw0KICAgIGNkIC92YXIvd3d3L2h0bWwNCiAgICB3Z2V0IGh0dHBzOi8vd29yZHByZXNzLm9yZy9sYXRlc3QudGFyLmd6DQogICAgdGFyIC16eGYgbGF0ZXN0LnRhci5neiAtLXN0cmlwIDENCiAgICBybSAtZiBsYXRlc3QudGFyLmd6DQogICAgL3Vzci9iaW4vY3AgLWYgd3AtY29uZmlnLXNhbXBsZS5waHAgd3AtY29uZmlnLnBocA0KDQogICAgIyMgVXBkYXRlIHRoZSBXb3JkcHJlc3MgY29uZmlndXJhdGlvbiBmaWxlIHdpdGggb3VyIFJEUyBjb25uZWN0aW9uIGRldGFpbHMNCiAgICBzZWQgLWkgInMvZGF0YWJhc2VfbmFtZV9oZXJlLyR7REJOQU1FfS9nIiB3cC1jb25maWcucGhwDQogICAgc2VkIC1pICJzL2xvY2FsaG9zdC8ke0VORFBPSU5UfS9nIiB3cC1jb25maWcucGhwDQogICAgc2VkIC1pICJzL3VzZXJuYW1lX2hlcmUvJHtVU0VSTkFNRX0vZyIgd3AtY29uZmlnLnBocA0KICAgIHNlZCAtaSAicy9wYXNzd29yZF9oZXJlLyR7UEFTU1dPUkR9L2ciIHdwLWNvbmZpZy5waHANCiAgICBzZWQgLWkgInMjPD9waHAjPD9waHBcbmRlZmluZSggJ1dQX0hPTUUnLCAnaHR0cDovLyRBTEJETlMnICk7XG5kZWZpbmUoICdXUF9TSVRFVVJMJywgJ2h0dHA6Ly8kQUxCRE5TJyApOyNnIiB3cC1jb25maWcucGhwDQoNCiAgICAjIyBHZW5lcmF0ZSBuZXcgQ29va2llIFNlZWQgS2V5cyBhbmQgdXBkYXRlIHRoZSBXUCBDb25maWcgZmlsZQ0KICAgIGVjaG8gIiIgPj4gd3AtY29uZmlnLnBocA0KICAgIGN1cmwgLXMgJ2h0dHBzOi8vYXBpLndvcmRwcmVzcy5vcmcvc2VjcmV0LWtleS8xLjEvc2FsdC8nID4+IHdwLWNvbmZpZy5waHANCmZpDQoNCiMjIFJlc2V0IHBlcm1pc3Npb25zIG9uIHRoZSBIVFRQRCBXZWJSb290DQpjaG93biAtUiBhcGFjaGU6YXBhY2hlIC92YXIvd3d3DQpjaG1vZCAyNzc1IC92YXIvd3d3DQpmaW5kIC92YXIvd3d3IC10eXBlIGQgLWV4ZWMgY2htb2QgMjc3NSB7fSBcOw0KZmluZCAvdmFyL3d3dyAtdHlwZSBmIC1leGVjIGNobW9kIDA2NjQge30gXDsNCg0KIyMgRW5hYmxlIGF1dG9zdGFydCBhbmQgc3RhcnR1cCB0aGUgSFRUUEQgc2VydmljZQ0KY2hrY29uZmlnIGh0dHBkIG9uDQpzZXJ2aWNlIGh0dHBkIHN0YXJ0DQoNCiMjIEluc3RhbGwgdGhlIENsb3Vkd2F0Y2hBZ2VudCBpZiBub3QgYWxyZWFkeSBwcmVzZW50DQppZiBbICEgLWQgIi9vcHQvYXdzL2FtYXpvbi1jbG91ZHdhdGNoLWFnZW50IiBdDQp0aGVuDQogICAgd2dldCBodHRwczovL3MzLiR7UkVHSU9OfS5hbWF6b25hd3MuY29tL2FtYXpvbmNsb3Vkd2F0Y2gtYWdlbnQtJHtSRUdJT059L2FtYXpvbl9saW51eC9hbWQ2NC9sYXRlc3QvYW1hem9uLWNsb3Vkd2F0Y2gtYWdlbnQucnBtDQogICAgcnBtIC1VIC4vYW1hem9uLWNsb3Vkd2F0Y2gtYWdlbnQucnBtDQogICAgcm0gLXJmIGFtYXpvbi1jbG91ZHdhdGNoLWFnZW50LnJwbQ0KZmkNCg0KIyMgRGVmaW5lIENsb3VkV2F0Y2hBZ2VudCB2YXJpYWJsZXMNCkNXQV9TT1VSQ0U9JChhd3Mgc3NtIGdldC1wYXJhbWV0ZXIgLS1uYW1lICIvJHtOQU1FU1BBQ0V9LyR7QVBQUk9MRX0vY3dhX2xpbnV4X2NvbmZpZyIgLS1yZWdpb24gJFJFR0lPTiAtLW91dHB1dCB0ZXh0IC0tcXVlcnkgUGFyYW1ldGVyLlZhbHVlKQ0KQ1dBX0NPTkZJRz0iL29wdC9hd3MvYW1hem9uLWNsb3Vkd2F0Y2gtYWdlbnQvZXRjL2FtYXpvbi1jbG91ZHdhdGNoLWFnZW50Lmpzb24iDQpDV0FfQklOQVJZPSIvb3B0L2F3cy9hbWF6b24tY2xvdWR3YXRjaC1hZ2VudC9iaW4vYW1hem9uLWNsb3Vkd2F0Y2gtYWdlbnQtY3RsIg0KDQojIyBTZXR1cCB0aGUgQ2xvdWRXYXRjaEFnbmV0IGNvbmZpZ3VyYXRpb24NCmVjaG8gJENXQV9TT1VSQ0UgPiAkQ1dBX0NPTkZJRw0Kc2VkIC1pICJzL05BTUVfU1BBQ0UvJHtOQU1FU1BBQ0V9XyR7QVBQUk9MRX0vZyIgJENXQV9DT05GSUcNCg0KIyMgU3RhcnQgdGhlIENsb3VkV2F0Y2hBZ2VudA0KJENXQV9CSU5BUlkgLWEgZmV0Y2gtY29uZmlnIC1tIGVjMiAtYyBmaWxlOiRDV0FfQ09ORklHIC1zDQoNCiMjIFBlcmZvcm0gYSBmdWxsIHN5c3RlbSB1cGRhdGUNCnl1bSB1cGRhdGUgLXkNCg==",
            "vpc_security_group_ids": [
              "sg-000f897cff45e4bd0"
            ]
          },
          "private": "bnVsbA==",
          "dependencies": [
            "aws_security_group.asg",
            "data.aws_ami.amazon_linux_2",
            "module.ec2_role.aws_iam_instance_profile.this"
          ]
        }
      ]
    },
    {
      "module": "module.cwa",
      "mode": "managed",
      "type": "aws_cloudwatch_event_rule",
      "name": "ec2_state_alarm",
      "provider": "provider[\"registry.terraform.io/hashicorp/aws\"]",
      "instances": [
        {
          "schema_version": 0,
          "attributes": {
            "arn": "arn:aws:events:us-east-1:183504198547:rule/useast1d_wordpress_ec2_state_alarm_20201115043910997800000010",
            "description": "Triggers the EC2 State Changed Alarm Lambda function when an EC2 instance is launched or terminated",
            "event_bus_name": "default",
            "event_pattern": "{\"detail\":{\"AutoScalingGroupName\":[\"useast1d/wordpress/2020111504381863550000000e\"]},\"detail-type\":[\"EC2 Instance Launch Successful\",\"EC2 Instance Terminate Successful\"],\"source\":[\"aws.autoscaling\"]}",
            "id": "useast1d_wordpress_ec2_state_alarm_20201115043910997800000010",
            "is_enabled": true,
            "name": "useast1d_wordpress_ec2_state_alarm_20201115043910997800000010",
            "name_prefix": "useast1d_wordpress_ec2_state_alarm_",
            "role_arn": "",
            "schedule_expression": "",
            "tags": {
              "Name": "useast1d/wordpress/ec2_state_alarm",
              "app_role": "wordpress",
              "environment": "development",
              "lob": "it_operations",
              "namespace": "useast1d",
              "team": "web_hosting"
            }
          },
          "private": "bnVsbA==",
          "dependencies": [
            "aws_security_group.alb",
            "aws_security_group.asg",
            "data.aws_ami.amazon_linux_2",
            "data.aws_subnet_ids.private",
            "data.aws_vpc.this",
            "module.alb.aws_lb_target_group.this",
            "module.asg.aws_autoscaling_group.this",
            "module.asg.aws_launch_template.this",
            "module.ec2_role.aws_iam_instance_profile.this",
            "module.ec2_role.aws_iam_role.this"
          ]
        }
      ]
    },
    {
      "module": "module.cwa",
      "mode": "managed",
      "type": "aws_cloudwatch_event_target",
      "name": "ec2_state_alarm",
      "provider": "provider[\"registry.terraform.io/hashicorp/aws\"]",
      "instances": [
        {
          "schema_version": 1,
          "attributes": {
            "arn": "arn:aws:lambda:us-east-1:183504198547:function:useast1d_wordpress_ec2_state_alarm",
            "batch_target": [],
            "ecs_target": [],
            "event_bus_name": "default",
            "id": "useast1d_wordpress_ec2_state_alarm_20201115043910997800000010-terraform-20201115043911350600000012",
            "input": "",
            "input_path": "",
            "input_transformer": [
              {
                "input_paths": {
                  "auto_scaling_group_name": "$.detail.AutoScalingGroupName",
                  "detail_type": "$.detail-type",
                  "instance": "$.detail.EC2InstanceId"
                },
                "input_template": "{\r\n    \"instance_id\": \u003cinstance\u003e,\r\n    \"detail_type\": \u003cdetail_type\u003e,\r\n    \"auto_scaling_group_name\": \u003cauto_scaling_group_name\u003e\r\n}\r\n"
              }
            ],
            "kinesis_target": [],
            "role_arn": "",
            "rule": "useast1d_wordpress_ec2_state_alarm_20201115043910997800000010",
            "run_command_targets": [],
            "sqs_target": [],
            "target_id": "terraform-20201115043911350600000012"
          },
          "private": "eyJzY2hlbWFfdmVyc2lvbiI6IjEifQ==",
          "dependencies": [
            "aws_security_group.alb",
            "aws_security_group.asg",
            "data.aws_ami.amazon_linux_2",
            "data.aws_subnet_ids.private",
            "data.aws_vpc.this",
            "module.alb.aws_lb_target_group.this",
            "module.asg.aws_autoscaling_group.this",
            "module.asg.aws_launch_template.this",
            "module.cwa.aws_cloudwatch_event_rule.ec2_state_alarm",
            "module.cwa.aws_iam_role.this",
            "module.cwa.aws_lambda_function.ec2_state_alarm",
            "module.ec2_role.aws_iam_instance_profile.this",
            "module.ec2_role.aws_iam_role.this"
          ]
        }
      ]
    },
    {
      "module": "module.cwa",
      "mode": "managed",
      "type": "aws_cloudwatch_log_group",
      "name": "ec2_state_alarm",
      "provider": "provider[\"registry.terraform.io/hashicorp/aws\"]",
      "instances": [
        {
          "schema_version": 0,
          "attributes": {
            "arn": "arn:aws:logs:us-east-1:183504198547:log-group:/aws/lambda/useast1d_wordpress_ec2_state_alarm",
            "id": "/aws/lambda/useast1d_wordpress_ec2_state_alarm",
            "kms_key_id": "",
            "name": "/aws/lambda/useast1d_wordpress_ec2_state_alarm",
            "name_prefix": null,
            "retention_in_days": 7,
            "tags": {
              "Name": "useast1d/wordpress/ec2_state_alarm",
              "app_role": "wordpress",
              "environment": "development",
              "lob": "it_operations",
              "namespace": "useast1d",
              "team": "web_hosting"
            }
          },
          "private": "bnVsbA=="
        }
      ]
    },
    {
      "module": "module.cwa",
      "mode": "managed",
      "type": "aws_iam_role",
      "name": "this",
      "provider": "provider[\"registry.terraform.io/hashicorp/aws\"]",
      "instances": [
        {
          "schema_version": 0,
          "attributes": {
            "arn": "arn:aws:iam::183504198547:role/useast1d_wordpress_lambda_20201115043814864500000002",
            "assume_role_policy": "{\"Version\":\"2012-10-17\",\"Statement\":[{\"Effect\":\"Allow\",\"Principal\":{\"Service\":\"lambda.amazonaws.com\"},\"Action\":\"sts:AssumeRole\"}]}",
            "create_date": "2020-11-15T04:38:16Z",
            "description": "",
            "force_detach_policies": true,
            "id": "useast1d_wordpress_lambda_20201115043814864500000002",
            "max_session_duration": 3600,
            "name": "useast1d_wordpress_lambda_20201115043814864500000002",
            "name_prefix": "useast1d_wordpress_lambda_",
            "path": "/",
            "permissions_boundary": null,
            "tags": {
              "Name": "useast1d_wordpress_lambda",
              "app_role": "wordpress",
              "environment": "development",
              "lob": "it_operations",
              "namespace": "useast1d",
              "team": "web_hosting"
            },
            "unique_id": "AROASVONT3OJ6JWVDR2WS"
          },
          "private": "bnVsbA=="
        }
      ]
    },
    {
      "module": "module.cwa",
      "mode": "managed",
      "type": "aws_iam_role_policy",
      "name": "cloudwatch_alarms",
      "provider": "provider[\"registry.terraform.io/hashicorp/aws\"]",
      "instances": [
        {
          "schema_version": 0,
          "attributes": {
            "id": "useast1d_wordpress_lambda_20201115043814864500000002:GrantCloudwatchAlarms",
            "name": "GrantCloudwatchAlarms",
            "name_prefix": null,
            "policy": "{\r\n    \"Version\": \"2012-10-17\",\r\n    \"Statement\": [\r\n        {\r\n            \"Effect\": \"Allow\",\r\n            \"Action\": [\r\n                \"cloudwatch:DescribeAlarms\",\r\n                \"cloudwatch:PutMetricAlarm\",\r\n                \"cloudwatch:DeleteAlarms\",\r\n                \"ec2:DescribeInstances\"\r\n            ],\r\n            \"Resource\": [\"*\"]\r\n        }\r\n    ]\r\n}\r\n",
            "role": "useast1d_wordpress_lambda_20201115043814864500000002"
          },
          "private": "bnVsbA==",
          "dependencies": [
            "module.cwa.aws_iam_role.this"
          ]
        }
      ]
    },
    {
      "module": "module.cwa",
      "mode": "managed",
      "type": "aws_iam_role_policy",
      "name": "cloudwatch_logs",
      "provider": "provider[\"registry.terraform.io/hashicorp/aws\"]",
      "instances": [
        {
          "schema_version": 0,
          "attributes": {
            "id": "useast1d_wordpress_lambda_20201115043814864500000002:GrantCloudwatchLogs",
            "name": "GrantCloudwatchLogs",
            "name_prefix": null,
            "policy": "{\r\n    \"Version\": \"2012-10-17\",\r\n    \"Statement\": [\r\n        {\r\n            \"Effect\": \"Allow\",\r\n            \"Action\": [\r\n                \"logs:CreateLogGroup\",\r\n                \"logs:CreateLogStream\",\r\n                \"logs:PutLogEvents\"\r\n            ],\r\n            \"Resource\": [\"*\"]\r\n        }\r\n    ]\r\n}\r\n",
            "role": "useast1d_wordpress_lambda_20201115043814864500000002"
          },
          "private": "bnVsbA==",
          "dependencies": [
            "module.cwa.aws_iam_role.this"
          ]
        }
      ]
    },
    {
      "module": "module.cwa",
      "mode": "managed",
      "type": "aws_lambda_function",
      "name": "ec2_state_alarm",
      "provider": "provider[\"registry.terraform.io/hashicorp/aws\"]",
      "instances": [
        {
          "schema_version": 0,
          "attributes": {
            "arn": "arn:aws:lambda:us-east-1:183504198547:function:useast1d_wordpress_ec2_state_alarm",
            "dead_letter_config": [],
            "description": "Creates Cloudwatch Metric Alarms when a new EC2 instance is launched or deletes them when terminated",
            "environment": [],
            "file_system_config": [],
            "filename": "../modules/cwa/lambda/lambda.zip",
            "function_name": "useast1d_wordpress_ec2_state_alarm",
            "handler": "lambda.lambda_handler",
            "id": "useast1d_wordpress_ec2_state_alarm",
            "invoke_arn": "arn:aws:apigateway:us-east-1:lambda:path/2015-03-31/functions/arn:aws:lambda:us-east-1:183504198547:function:useast1d_wordpress_ec2_state_alarm/invocations",
            "kms_key_arn": "",
            "last_modified": "2020-11-15T04:39:12.989+0000",
            "layers": [],
            "memory_size": 128,
            "publish": false,
            "qualified_arn": "arn:aws:lambda:us-east-1:183504198547:function:useast1d_wordpress_ec2_state_alarm:$LATEST",
            "reserved_concurrent_executions": -1,
            "role": "arn:aws:iam::183504198547:role/useast1d_wordpress_lambda_20201115043814864500000002",
            "runtime": "python3.7",
            "s3_bucket": null,
            "s3_key": null,
            "s3_object_version": null,
            "source_code_hash": "F2UzPJoBX+skZ3gynGWIc3966abZ94SWKqoMlvX/hAY=",
            "source_code_size": 2535,
            "tags": {
              "Name": "useast1d_wordpress_ec2_state_alarm",
              "app_role": "wordpress",
              "environment": "development",
              "lob": "it_operations",
              "namespace": "useast1d",
              "team": "web_hosting"
            },
            "timeout": 30,
            "timeouts": null,
            "tracing_config": [
              {
                "mode": "PassThrough"
              }
            ],
            "version": "$LATEST",
            "vpc_config": []
          },
          "private": "eyJlMmJmYjczMC1lY2FhLTExZTYtOGY4OC0zNDM2M2JjN2M0YzAiOnsiY3JlYXRlIjo2MDAwMDAwMDAwMDB9fQ==",
          "dependencies": [
            "module.cwa.aws_iam_role.this"
          ]
        }
      ]
    },
    {
      "module": "module.cwa",
      "mode": "managed",
      "type": "aws_lambda_permission",
      "name": "ec2_state_alarm",
      "provider": "provider[\"registry.terraform.io/hashicorp/aws\"]",
      "instances": [
        {
          "schema_version": 0,
          "attributes": {
            "action": "lambda:InvokeFunction",
            "event_source_token": null,
            "function_name": "useast1d_wordpress_ec2_state_alarm",
            "id": "terraform-20201115043911347600000011",
            "principal": "events.amazonaws.com",
            "qualifier": "",
            "source_account": null,
            "source_arn": "arn:aws:events:us-east-1:183504198547:rule/useast1d_wordpress_ec2_state_alarm_20201115043910997800000010",
            "statement_id": "terraform-20201115043911347600000011",
            "statement_id_prefix": null
          },
          "private": "bnVsbA==",
          "dependencies": [
            "aws_security_group.alb",
            "aws_security_group.asg",
            "data.aws_ami.amazon_linux_2",
            "data.aws_subnet_ids.private",
            "data.aws_vpc.this",
            "module.alb.aws_lb_target_group.this",
            "module.asg.aws_autoscaling_group.this",
            "module.asg.aws_launch_template.this",
            "module.cwa.aws_cloudwatch_event_rule.ec2_state_alarm",
            "module.cwa.aws_iam_role.this",
            "module.cwa.aws_lambda_function.ec2_state_alarm",
            "module.ec2_role.aws_iam_instance_profile.this",
            "module.ec2_role.aws_iam_role.this"
          ]
        }
      ]
    },
    {
      "module": "module.cwa",
      "mode": "managed",
      "type": "aws_ssm_parameter",
      "name": "linux_parameter",
      "provider": "provider[\"registry.terraform.io/hashicorp/aws\"]",
      "instances": [
        {
          "index_key": 0,
          "schema_version": 0,
          "attributes": {
            "allowed_pattern": "",
            "arn": "arn:aws:ssm:us-east-1:183504198547:parameter/useast1d/wordpress/cwa/linux",
            "data_type": "text",
            "description": "CloudWatch Agent configuration file for Linux servers",
            "id": "/useast1d/wordpress/cwa/linux",
            "key_id": "",
            "name": "/useast1d/wordpress/cwa/linux",
            "overwrite": true,
            "tags": {
              "Name": "useast1d/wordpress/cwa/linux",
              "app_role": "wordpress",
              "environment": "development",
              "lob": "it_operations",
              "namespace": "useast1d",
              "team": "web_hosting"
            },
            "tier": "Standard",
            "type": "String",
            "value": "{\r\n  \"agent\": {\r\n    \"metrics_collection_interval\": 60,\r\n    \"logfile\": \"/opt/aws/amazon-cloudwatch-agent/logs/amazon-cloudwatch-agent.log\"\r\n  },\r\n  \"metrics\": {\r\n    \"namespace\": \"NAME_SPACE\",\r\n    \"metrics_collected\": {\r\n      \"cpu\": {\r\n        \"resources\": [\r\n          \"*\"\r\n        ],\r\n        \"totalcpu\": true,\r\n        \"measurement\": [\r\n          \"time_active\",\r\n          \"time_idle\",\r\n          \"time_iowait\",\r\n          \"usage_active\",\r\n          \"usage_idle\",\r\n          \"usage_iowait\"\r\n        ]\r\n      },\r\n      \"disk\": {\r\n        \"resources\": [\r\n          \"*\"\r\n        ],\r\n        \"ignore_file_system_types\": [\r\n          \"sysfs\",\r\n          \"devtmpfs\"\r\n        ],\r\n        \"measurement\": [\r\n          \"free\",\r\n          \"used\",\r\n          \"total\",\r\n          \"used_percent\"\r\n        ]\r\n      },\r\n      \"diskio\": {\r\n        \"resources\": [\r\n          \"*\"\r\n        ],\r\n        \"measurement\": [\r\n          \"reads\",\r\n          \"writes\",\r\n          \"read_bytes\",\r\n          \"write_bytes\",\r\n          \"read_time\",\r\n          \"write_time\",\r\n          \"io_time\",\r\n          \"iops_in_progress\"\r\n        ]\r\n      },\r\n      \"swap\": {\r\n        \"resources\": [\r\n          \"*\"\r\n        ],\r\n        \"measurement\": [\r\n          \"free\",\r\n          \"used\",\r\n          \"used_percent\"\r\n        ]\r\n      },\r\n      \"mem\": {\r\n        \"measurement\": [\r\n          \"available\",\r\n          \"available_percent\",\r\n          \"buffered\",\r\n          \"cached\",\r\n          \"free\",\r\n          \"used\",\r\n          \"used_percent\",\r\n          \"total\"\r\n        ]\r\n      }\r\n    },\r\n    \"append_dimensions\": {\r\n      \"InstanceId\": \"${aws:InstanceId}\",\r\n      \"IntanceType\": \"${aws:Instancetype}\",\r\n      \"ImageID\": \"${aws:ImageId}\",\r\n      \"AutoScalingGroupName\": \"${aws:AutoScalingGroupName}\"\r\n    }\r\n  }\r\n}\r\n",
            "version": 1
          },
          "private": "bnVsbA=="
        }
      ]
    },
    {
      "module": "module.ec2_role",
      "mode": "managed",
      "type": "aws_iam_instance_profile",
      "name": "this",
      "provider": "provider[\"registry.terraform.io/hashicorp/aws\"]",
      "instances": [
        {
          "schema_version": 0,
          "attributes": {
            "arn": "arn:aws:iam::183504198547:instance-profile/useast1d_wordpress_role_20201115043815486600000006",
            "create_date": "2020-11-15T04:38:17Z",
            "id": "useast1d_wordpress_role_20201115043815486600000006",
            "name": "useast1d_wordpress_role_20201115043815486600000006",
            "name_prefix": "useast1d_wordpress_role_",
            "path": "/",
            "role": "useast1d_wordpress_ec2_20201115043814864500000001",
            "unique_id": "AIPASVONT3OJYELP7OQH4"
          },
          "private": "bnVsbA==",
          "dependencies": [
            "module.ec2_role.aws_iam_role.this"
          ]
        }
      ]
    },
    {
      "module": "module.ec2_role",
      "mode": "managed",
      "type": "aws_iam_role",
      "name": "this",
      "provider": "provider[\"registry.terraform.io/hashicorp/aws\"]",
      "instances": [
        {
          "schema_version": 0,
          "attributes": {
            "arn": "arn:aws:iam::183504198547:role/useast1d_wordpress_ec2_20201115043814864500000001",
            "assume_role_policy": "{\"Version\":\"2012-10-17\",\"Statement\":[{\"Effect\":\"Allow\",\"Principal\":{\"Service\":\"ec2.amazonaws.com\"},\"Action\":\"sts:AssumeRole\"}]}",
            "create_date": "2020-11-15T04:38:16Z",
            "description": "EC2 role created by Terraform",
            "force_detach_policies": true,
            "id": "useast1d_wordpress_ec2_20201115043814864500000001",
            "max_session_duration": 3600,
            "name": "useast1d_wordpress_ec2_20201115043814864500000001",
            "name_prefix": "useast1d_wordpress_ec2_",
            "path": "/",
            "permissions_boundary": null,
            "tags": {
              "app_role": "wordpress",
              "environment": "development",
              "lob": "it_operations",
              "namespace": "useast1d",
              "team": "web_hosting"
            },
            "unique_id": "AROASVONT3OJ2VE52UZ7V"
          },
          "private": "bnVsbA=="
        }
      ]
    },
    {
      "module": "module.ec2_role",
      "mode": "managed",
      "type": "aws_iam_role_policy",
      "name": "parameter_store",
      "provider": "provider[\"registry.terraform.io/hashicorp/aws\"]",
      "instances": [
        {
          "schema_version": 0,
          "attributes": {
            "id": "useast1d_wordpress_ec2_20201115043814864500000001:GrantParameterStore",
            "name": "GrantParameterStore",
            "name_prefix": null,
            "policy": "{\r\n    \"Version\": \"2012-10-17\",\r\n    \"Statement\": [\r\n        {\r\n            \"Effect\": \"Allow\",\r\n            \"Action\": [\r\n                \"ssm:DescribeParameter*\",\r\n                \"ssm:GetParameter*\",\r\n                \"ssm:PutParameter*\",\r\n                \"ssm:DeleteParameter*\"\r\n            ],\r\n            \"Resource\": \"arn:aws:ssm:*:*:parameter/useast1d/wordpress/*\"\r\n        }\r\n    ]\r\n}\r\n",
            "role": "useast1d_wordpress_ec2_20201115043814864500000001"
          },
          "private": "bnVsbA==",
          "dependencies": [
            "module.ec2_role.aws_iam_role.this"
          ]
        }
      ]
    },
    {
      "module": "module.ec2_role",
      "mode": "managed",
      "type": "aws_iam_role_policy",
      "name": "s3",
      "provider": "provider[\"registry.terraform.io/hashicorp/aws\"]",
      "instances": [
        {
          "schema_version": 0,
          "attributes": {
            "id": "useast1d_wordpress_ec2_20201115043814864500000001:GrantS3",
            "name": "GrantS3",
            "name_prefix": null,
            "policy": "{\r\n    \"Version\": \"2012-10-17\",\r\n    \"Statement\": [\r\n        {\r\n            \"Effect\": \"Allow\",\r\n            \"Action\": \"s3:*\",\r\n            \"Resource\": [\r\n                \"arn:aws:s3:::useast1d-wordpress-*\",\r\n                \"arn:aws:s3:::useast1d-wordpress-*/*\"\r\n            ]\r\n        }\r\n    ]\r\n}\r\n",
            "role": "useast1d_wordpress_ec2_20201115043814864500000001"
          },
          "private": "bnVsbA==",
          "dependencies": [
            "module.ec2_role.aws_iam_role.this"
          ]
        }
      ]
    },
    {
      "module": "module.ec2_role",
      "mode": "managed",
      "type": "aws_iam_role_policy",
      "name": "secrets_manager",
      "provider": "provider[\"registry.terraform.io/hashicorp/aws\"]",
      "instances": [
        {
          "schema_version": 0,
          "attributes": {
            "id": "useast1d_wordpress_ec2_20201115043814864500000001:GrantSecretsManager",
            "name": "GrantSecretsManager",
            "name_prefix": null,
            "policy": "{\r\n    \"Version\": \"2012-10-17\",\r\n    \"Statement\": [\r\n        {\r\n            \"Effect\": \"Allow\",\r\n            \"Action\": [\r\n                \"secretsmanager:ListSecrets\",\r\n                \"secretsmanager:DescribeSecret\",\r\n                \"secretsmanager:GetSecretValue\"\r\n            ],\r\n            \"Resource\": \"arn:aws:secretsmanager:*:*:secret:/useast1d/wordpress/*\"\r\n        }\r\n    ]\r\n}\r\n",
            "role": "useast1d_wordpress_ec2_20201115043814864500000001"
          },
          "private": "bnVsbA==",
          "dependencies": [
            "module.ec2_role.aws_iam_role.this"
          ]
        }
      ]
    },
    {
      "module": "module.ec2_role",
      "mode": "managed",
      "type": "aws_iam_role_policy_attachment",
      "name": "cloudwatch-policy",
      "provider": "provider[\"registry.terraform.io/hashicorp/aws\"]",
      "instances": [
        {
          "schema_version": 0,
          "attributes": {
            "id": "useast1d_wordpress_ec2_20201115043814864500000001-20201115043816212700000007",
            "policy_arn": "arn:aws:iam::aws:policy/CloudWatchAgentServerPolicy",
            "role": "useast1d_wordpress_ec2_20201115043814864500000001"
          },
          "private": "bnVsbA==",
          "dependencies": [
            "module.ec2_role.aws_iam_role.this"
          ]
        }
      ]
    },
    {
      "module": "module.ec2_role",
      "mode": "managed",
      "type": "aws_iam_role_policy_attachment",
      "name": "ssm-policy",
      "provider": "provider[\"registry.terraform.io/hashicorp/aws\"]",
      "instances": [
        {
          "schema_version": 0,
          "attributes": {
            "id": "useast1d_wordpress_ec2_20201115043814864500000001-20201115043816217700000008",
            "policy_arn": "arn:aws:iam::aws:policy/AmazonSSMManagedInstanceCore",
            "role": "useast1d_wordpress_ec2_20201115043814864500000001"
          },
          "private": "bnVsbA==",
          "dependencies": [
            "module.ec2_role.aws_iam_role.this"
          ]
        }
      ]
    },
    {
      "module": "module.efs",
      "mode": "managed",
      "type": "aws_efs_file_system",
      "name": "this",
      "provider": "provider[\"registry.terraform.io/hashicorp/aws\"]",
      "instances": [
        {
          "schema_version": 0,
          "attributes": {
            "arn": "arn:aws:elasticfilesystem:us-east-1:183504198547:file-system/fs-cf19ba3a",
            "creation_token": "terraform-20201115043814864500000003",
            "dns_name": "fs-cf19ba3a.efs.us-east-1.amazonaws.com",
            "encrypted": true,
            "id": "fs-cf19ba3a",
            "kms_key_id": "arn:aws:kms:us-east-1:183504198547:key/9c26c812-bf1c-4074-b3f9-d3dd5ed52af9",
            "lifecycle_policy": [
              {
                "transition_to_ia": "AFTER_30_DAYS"
              }
            ],
            "performance_mode": "generalPurpose",
            "provisioned_throughput_in_mibps": 0,
            "tags": {
              "Name": "useast1d/wordpress",
              "app_role": "wordpress",
              "environment": "development",
              "lob": "it_operations",
              "namespace": "useast1d",
              "team": "web_hosting"
            },
            "throughput_mode": "bursting"
          },
          "private": "bnVsbA=="
        }
      ]
    },
    {
      "module": "module.efs",
      "mode": "managed",
      "type": "aws_efs_mount_target",
      "name": "this",
      "provider": "provider[\"registry.terraform.io/hashicorp/aws\"]",
      "instances": [
        {
          "index_key": 0,
          "schema_version": 0,
          "attributes": {
            "availability_zone_id": "use1-az4",
            "availability_zone_name": "us-east-1b",
            "dns_name": "fs-cf19ba3a.efs.us-east-1.amazonaws.com",
            "file_system_arn": "arn:aws:elasticfilesystem:us-east-1:183504198547:file-system/fs-cf19ba3a",
            "file_system_id": "fs-cf19ba3a",
            "id": "fsmt-192beaec",
            "ip_address": "10.0.4.57",
            "mount_target_dns_name": "us-east-1b.fs-cf19ba3a.efs.us-east-1.amazonaws.com",
            "network_interface_id": "eni-053ae8be359c031ee",
            "owner_id": "183504198547",
            "security_groups": [
              "sg-0ec0341252855fb67"
            ],
            "subnet_id": "subnet-004e2123532abc736"
          },
          "private": "bnVsbA==",
          "dependencies": [
            "aws_security_group.alb",
            "aws_security_group.asg",
            "aws_security_group.efs",
            "data.aws_subnet_ids.private",
            "data.aws_vpc.this",
            "module.efs.aws_efs_file_system.this"
          ]
        },
        {
          "index_key": 1,
          "schema_version": 0,
          "attributes": {
            "availability_zone_id": "use1-az2",
            "availability_zone_name": "us-east-1a",
            "dns_name": "fs-cf19ba3a.efs.us-east-1.amazonaws.com",
            "file_system_arn": "arn:aws:elasticfilesystem:us-east-1:183504198547:file-system/fs-cf19ba3a",
            "file_system_id": "fs-cf19ba3a",
            "id": "fsmt-1b2beaee",
            "ip_address": "10.0.3.254",
            "mount_target_dns_name": "us-east-1a.fs-cf19ba3a.efs.us-east-1.amazonaws.com",
            "network_interface_id": "eni-04e43cceed3126ad3",
            "owner_id": "183504198547",
            "security_groups": [
              "sg-0ec0341252855fb67"
            ],
            "subnet_id": "subnet-0a0dcc510ecdcffbc"
          },
          "private": "bnVsbA==",
          "dependencies": [
            "aws_security_group.alb",
            "aws_security_group.asg",
            "aws_security_group.efs",
            "data.aws_subnet_ids.private",
            "data.aws_vpc.this",
            "module.efs.aws_efs_file_system.this"
          ]
        },
        {
          "index_key": 2,
          "schema_version": 0,
          "attributes": {
            "availability_zone_id": "use1-az6",
            "availability_zone_name": "us-east-1c",
            "dns_name": "fs-cf19ba3a.efs.us-east-1.amazonaws.com",
            "file_system_arn": "arn:aws:elasticfilesystem:us-east-1:183504198547:file-system/fs-cf19ba3a",
            "file_system_id": "fs-cf19ba3a",
            "id": "fsmt-052beaf0",
            "ip_address": "10.0.5.210",
            "mount_target_dns_name": "us-east-1c.fs-cf19ba3a.efs.us-east-1.amazonaws.com",
            "network_interface_id": "eni-0a8925eae55bf9665",
            "owner_id": "183504198547",
            "security_groups": [
              "sg-0ec0341252855fb67"
            ],
            "subnet_id": "subnet-0ad96d56fae85cc89"
          },
          "private": "bnVsbA==",
          "dependencies": [
            "aws_security_group.alb",
            "aws_security_group.asg",
            "aws_security_group.efs",
            "data.aws_subnet_ids.private",
            "data.aws_vpc.this",
            "module.efs.aws_efs_file_system.this"
          ]
        }
      ]
    },
    {
      "module": "module.efs",
      "mode": "managed",
      "type": "aws_ssm_parameter",
      "name": "this",
      "provider": "provider[\"registry.terraform.io/hashicorp/aws\"]",
      "instances": [
        {
          "schema_version": 0,
          "attributes": {
            "allowed_pattern": "",
            "arn": "arn:aws:ssm:us-east-1:183504198547:parameter/useast1d/wordpress/efs_mount",
            "data_type": "text",
            "description": "",
            "id": "/useast1d/wordpress/efs_mount",
            "key_id": "",
            "name": "/useast1d/wordpress/efs_mount",
            "overwrite": true,
            "tags": {},
            "tier": "Standard",
            "type": "String",
            "value": "fs-cf19ba3a",
            "version": 1
          },
          "private": "bnVsbA==",
          "dependencies": [
            "module.efs.aws_efs_file_system.this"
          ]
        }
      ]
    },
    {
      "module": "module.patching",
      "mode": "data",
      "type": "aws_caller_identity",
      "name": "current",
      "provider": "provider[\"registry.terraform.io/hashicorp/aws\"]",
      "instances": [
        {
          "schema_version": 0,
          "attributes": {
            "account_id": "183504198547",
            "arn": "arn:aws:sts::183504198547:assumed-role/AWSReservedSSO_AdministratorAccess_1ec737372b869e16/super-user@example.com",
            "id": "183504198547",
            "user_id": "AROASVONT3OJ6NZXS3A4W:super-user@example.com"
          }
        }
      ]
    },
    {
      "module": "module.patching",
      "mode": "managed",
      "type": "aws_ssm_maintenance_window",
      "name": "this",
      "provider": "provider[\"registry.terraform.io/hashicorp/aws\"]",
      "instances": [
        {
          "schema_version": 0,
          "attributes": {
            "allow_unassociated_targets": false,
            "cutoff": 0,
            "description": "",
            "duration": 4,
            "enabled": true,
            "end_date": "",
            "id": "mw-0b8bbf8200d89dd77",
            "name": "useast1d_wordpress_daily_patching",
            "schedule": "cron(0 0 ? * * *)",
            "schedule_timezone": "America/New_York",
            "start_date": "",
            "tags": {
              "Name": "useast1d_wordpress_daily_patching",
              "app_role": "wordpress",
              "environment": "development",
              "lob": "it_operations",
              "namespace": "useast1d",
              "team": "web_hosting"
            }
          },
          "private": "bnVsbA=="
        }
      ]
    },
    {
      "module": "module.patching",
      "mode": "managed",
      "type": "aws_ssm_maintenance_window_target",
      "name": "this",
      "provider": "provider[\"registry.terraform.io/hashicorp/aws\"]",
      "instances": [
        {
          "schema_version": 0,
          "attributes": {
            "description": "",
            "id": "66481e16-f5d4-436e-b18c-0246fdbf68d3",
            "name": "useast1d_wordpress_daily_patching",
            "owner_information": "",
            "resource_type": "INSTANCE",
            "targets": [
              {
                "key": "tag:enable_patching",
                "values": [
                  "true"
                ]
              }
            ],
            "window_id": "mw-0b8bbf8200d89dd77"
          },
          "private": "bnVsbA==",
          "dependencies": [
            "module.patching.aws_ssm_maintenance_window.this"
          ]
        }
      ]
    },
    {
      "module": "module.patching",
      "mode": "managed",
      "type": "aws_ssm_maintenance_window_task",
      "name": "this",
      "provider": "provider[\"registry.terraform.io/hashicorp/aws\"]",
      "instances": [
        {
          "schema_version": 0,
          "attributes": {
            "description": "",
            "id": "894b6883-079c-4ec9-9afc-61e831d261ac",
            "max_concurrency": "5",
            "max_errors": "3",
            "name": "useast1d_wordpress_daily_patching",
            "priority": 0,
            "service_role_arn": "arn:aws:iam::183504198547:role/aws-service-role/ssm.amazonaws.com/AWSServiceRoleForAmazonSSM",
            "targets": [
              {
                "key": "WindowTargetIds",
                "values": [
                  "mw-0b8bbf8200d89dd77"
                ]
              }
            ],
            "task_arn": "AWS-RunPatchBaseline",
            "task_invocation_parameters": [],
            "task_type": "RUN_COMMAND",
            "window_id": "mw-0b8bbf8200d89dd77"
          },
          "private": "bnVsbA==",
          "dependencies": [
            "module.patching.aws_ssm_maintenance_window.this",
            "module.patching.data.aws_caller_identity.current"
          ]
        }
      ]
    },
    {
      "module": "module.rds",
      "mode": "managed",
      "type": "aws_db_subnet_group",
      "name": "this",
      "provider": "provider[\"registry.terraform.io/hashicorp/aws\"]",
      "instances": [
        {
          "schema_version": 0,
          "attributes": {
            "arn": "arn:aws:rds:us-east-1:183504198547:subgrp:useast1d_wordpress_subnet_group_20201115043815073600000005",
            "description": "Managed by Terraform",
            "id": "useast1d_wordpress_subnet_group_20201115043815073600000005",
            "name": "useast1d_wordpress_subnet_group_20201115043815073600000005",
            "name_prefix": "useast1d_wordpress_subnet_group_",
            "subnet_ids": [
              "subnet-004e2123532abc736",
              "subnet-0a0dcc510ecdcffbc",
              "subnet-0ad96d56fae85cc89"
            ],
            "tags": {
              "Name": "useast1d/wordpress/subnet_group",
              "app_role": "wordpress",
              "environment": "development",
              "lob": "it_operations",
              "namespace": "useast1d",
              "team": "web_hosting"
            }
          },
          "private": "bnVsbA==",
          "dependencies": [
            "data.aws_subnet_ids.private"
          ]
        }
      ]
    },
    {
      "module": "module.rds",
      "mode": "managed",
      "type": "aws_rds_cluster",
      "name": "this",
      "provider": "provider[\"registry.terraform.io/hashicorp/aws\"]",
      "instances": [
        {
          "schema_version": 0,
          "attributes": {
            "allow_major_version_upgrade": null,
            "apply_immediately": null,
            "arn": "arn:aws:rds:us-east-1:183504198547:cluster:useast1d-wordpress-2020111504381974390000000f",
            "availability_zones": [
              "us-east-1a",
              "us-east-1b",
              "us-east-1c"
            ],
            "backtrack_window": 0,
            "backup_retention_period": 1,
            "cluster_identifier": "useast1d-wordpress-2020111504381974390000000f",
            "cluster_identifier_prefix": "useast1d-wordpress-",
            "cluster_members": [],
            "cluster_resource_id": "cluster-CZ6L53M5467F5X66B6BCBB6RKE",
            "copy_tags_to_snapshot": false,
            "database_name": "wordpressDB",
            "db_cluster_parameter_group_name": "default.aurora5.6",
            "db_subnet_group_name": "useast1d_wordpress_subnet_group_20201115043815073600000005",
            "deletion_protection": false,
            "enable_http_endpoint": false,
            "enabled_cloudwatch_logs_exports": [],
            "endpoint": "useast1d-wordpress-2020111504381974390000000f.cluster-cqbzbrrw2mch.us-east-1.rds.amazonaws.com",
            "engine": "aurora",
            "engine_mode": "serverless",
            "engine_version": "5.6.10a",
            "final_snapshot_identifier": null,
            "global_cluster_identifier": "",
            "hosted_zone_id": "Z2R2ITUGPM61AM",
            "iam_database_authentication_enabled": false,
            "iam_roles": [],
            "id": "useast1d-wordpress-2020111504381974390000000f",
            "kms_key_id": "arn:aws:kms:us-east-1:183504198547:key/1dfceeaf-3b5f-48ce-8a90-5af8af4303f1",
            "master_password": "P6Wh3vOQ8rrDmhgoVL",
            "master_username": "cBlJlBZQ",
            "port": 3306,
            "preferred_backup_window": "07:12-07:42",
            "preferred_maintenance_window": "tue:03:12-tue:03:42",
            "reader_endpoint": "",
            "replication_source_identifier": "",
            "restore_to_point_in_time": [],
            "s3_import": [],
            "scaling_configuration": [
              {
                "auto_pause": true,
                "max_capacity": 256,
                "min_capacity": 2,
                "seconds_until_auto_pause": 300,
                "timeout_action": "RollbackCapacityChange"
              }
            ],
            "skip_final_snapshot": true,
            "snapshot_identifier": null,
            "source_region": null,
            "storage_encrypted": true,
            "tags": {
              "Name": "useast1d/wordpress/rds_cluster",
              "app_role": "wordpress",
              "environment": "development",
              "lob": "it_operations",
              "namespace": "useast1d",
              "team": "web_hosting"
            },
            "timeouts": null,
            "vpc_security_group_ids": [
              "sg-06cf1359db3e383c6"
            ]
          },
          "private": "eyJlMmJmYjczMC1lY2FhLTExZTYtOGY4OC0zNDM2M2JjN2M0YzAiOnsiY3JlYXRlIjo3MjAwMDAwMDAwMDAwLCJkZWxldGUiOjcyMDAwMDAwMDAwMDAsInVwZGF0ZSI6NzIwMDAwMDAwMDAwMH19",
          "dependencies": [
            "aws_security_group.alb",
            "aws_security_group.asg",
            "aws_security_group.rds",
            "data.aws_availability_zones.available",
            "data.aws_subnet_ids.private",
            "data.aws_vpc.this",
            "module.rds.aws_db_subnet_group.this",
            "module.rds.random_password.password",
            "module.rds.random_password.username"
          ]
        }
      ]
    },
    {
      "module": "module.rds",
      "mode": "managed",
      "type": "aws_secretsmanager_secret",
      "name": "this",
      "provider": "provider[\"registry.terraform.io/hashicorp/aws\"]",
      "instances": [
        {
          "schema_version": 0,
          "attributes": {
            "arn": "arn:aws:secretsmanager:us-east-1:183504198547:secret:/useast1d/wordpress/rds-cU8Ek3",
            "description": "",
            "id": "arn:aws:secretsmanager:us-east-1:183504198547:secret:/useast1d/wordpress/rds-cU8Ek3",
            "kms_key_id": "",
            "name": "/useast1d/wordpress/rds",
            "name_prefix": null,
            "policy": null,
            "recovery_window_in_days": 0,
            "rotation_enabled": false,
            "rotation_lambda_arn": "",
            "rotation_rules": [],
            "tags": {
              "Name": "useast1d/wordpress/rds",
              "app_role": "wordpress",
              "environment": "development",
              "lob": "it_operations",
              "namespace": "useast1d",
              "team": "web_hosting"
            }
          },
          "private": "bnVsbA=="
        }
      ]
    },
    {
      "module": "module.rds",
      "mode": "managed",
      "type": "aws_secretsmanager_secret_version",
      "name": "this",
      "provider": "provider[\"registry.terraform.io/hashicorp/aws\"]",
      "instances": [
        {
          "schema_version": 0,
          "attributes": {
            "arn": "arn:aws:secretsmanager:us-east-1:183504198547:secret:/useast1d/wordpress/rds-cU8Ek3",
            "id": "arn:aws:secretsmanager:us-east-1:183504198547:secret:/useast1d/wordpress/rds-cU8Ek3|AEA1A49B-CDBC-42C6-9483-8D457DBF105A",
            "secret_binary": "",
            "secret_id": "arn:aws:secretsmanager:us-east-1:183504198547:secret:/useast1d/wordpress/rds-cU8Ek3",
            "secret_string": "{\r\n  \"username\": \"cBlJlBZQ\",\r\n  \"password\": \"P6Wh3vOQ8rrDmhgoVL\",\r\n  \"cluster_identifier\": \"useast1d-wordpress-2020111504381974390000000f\",\r\n  \"endpoint\": \"useast1d-wordpress-2020111504381974390000000f.cluster-cqbzbrrw2mch.us-east-1.rds.amazonaws.com\",\r\n  \"database_name\": \"wordpressDB\"\r\n}\r\n",
            "version_id": "AEA1A49B-CDBC-42C6-9483-8D457DBF105A",
            "version_stages": [
              "AWSCURRENT"
            ]
          },
          "private": "bnVsbA==",
          "dependencies": [
            "aws_security_group.alb",
            "aws_security_group.asg",
            "aws_security_group.rds",
            "data.aws_availability_zones.available",
            "data.aws_subnet_ids.private",
            "data.aws_vpc.this",
            "module.rds.aws_db_subnet_group.this",
            "module.rds.aws_rds_cluster.this",
            "module.rds.aws_secretsmanager_secret.this",
            "module.rds.random_password.password",
            "module.rds.random_password.username"
          ]
        }
      ]
    },
    {
      "module": "module.rds",
      "mode": "managed",
      "type": "random_password",
      "name": "password",
      "provider": "provider[\"registry.terraform.io/hashicorp/random\"]",
      "instances": [
        {
          "schema_version": 0,
          "attributes": {
            "id": "none",
            "keepers": null,
            "length": 18,
            "lower": true,
            "min_lower": 0,
            "min_numeric": 0,
            "min_special": 0,
            "min_upper": 0,
            "number": true,
            "override_special": "/@",
            "result": "P6Wh3vOQ8rrDmhgoVL",
            "special": false,
            "upper": true
          },
          "private": "bnVsbA=="
        }
      ]
    },
    {
      "module": "module.rds",
      "mode": "managed",
      "type": "random_password",
      "name": "username",
      "provider": "provider[\"registry.terraform.io/hashicorp/random\"]",
      "instances": [
        {
          "schema_version": 0,
          "attributes": {
            "id": "none",
            "keepers": null,
            "length": 8,
            "lower": true,
            "min_lower": 0,
            "min_numeric": 0,
            "min_special": 0,
            "min_upper": 0,
            "number": true,
            "override_special": null,
            "result": "cBlJlBZQ",
            "special": false,
            "upper": true
          },
          "private": "bnVsbA=="
        }
      ]
    }
  ]
}
