{
  "version": 4,
  "terraform_version": "0.12.25",
  "serial": 292,
  "lineage": "b40da120-f079-ab2c-0c61-d81c340d4731",
  "outputs": {},
  "resources": [
    {
      "mode": "managed",
      "type": "aws_s3_bucket",
      "name": "s3-configfiles",
      "provider": "provider.aws",
      "instances": [
        {
          "schema_version": 0,
          "attributes": {
            "acceleration_status": "",
            "acl": "private",
            "arn": "arn:aws:s3:::useast1d-mltemp",
            "bucket": "useast1d-mltemp",
            "bucket_domain_name": "useast1d-mltemp.s3.amazonaws.com",
            "bucket_prefix": null,
            "bucket_regional_domain_name": "useast1d-mltemp.s3.amazonaws.com",
            "cors_rule": [],
            "force_destroy": false,
            "grant": [],
            "hosted_zone_id": "Z3AQBSTGFYJSTF",
            "id": "useast1d-mltemp",
            "lifecycle_rule": [],
            "logging": [],
            "object_lock_configuration": [],
            "policy": null,
            "region": "us-east-1",
            "replication_configuration": [],
            "request_payer": "BucketOwner",
            "server_side_encryption_configuration": [],
            "tags": {
              "Environment": "dev",
              "Name": "useast1d-mltemp",
              "Namespace": "useast1d"
            },
            "versioning": [
              {
                "enabled": false,
                "mfa_delete": false
              }
            ],
            "website": [],
            "website_domain": null,
            "website_endpoint": null
          }
        }
      ]
    }
  ]
}
