{
  "version": 4,
  "terraform_version": "0.12.25",
  "serial": 261,
  "lineage": "b40da120-f079-ab2c-0c61-d81c340d4731",
  "outputs": {},
  "resources": [
    {
      "mode": "data",
      "type": "aws_availability_zones",
      "name": "azs",
      "provider": "provider.aws",
      "instances": [
        {
          "schema_version": 0,
          "attributes": {
            "all_availability_zones": null,
            "blacklisted_names": null,
            "blacklisted_zone_ids": null,
            "filter": null,
            "group_names": [
              "us-east-1"
            ],
            "id": "2020-05-18 21:22:02.5839391 +0000 UTC",
            "names": [
              "us-east-1a",
              "us-east-1b",
              "us-east-1c",
              "us-east-1d",
              "us-east-1e",
              "us-east-1f"
            ],
            "state": "available",
            "zone_ids": [
              "use1-az2",
              "use1-az4",
              "use1-az6",
              "use1-az1",
              "use1-az3",
              "use1-az5"
            ]
          }
        }
      ]
    },
    {
      "mode": "data",
      "type": "aws_caller_identity",
      "name": "current",
      "provider": "provider.aws",
      "instances": [
        {
          "schema_version": 0,
          "attributes": {
            "account_id": "411395035331",
            "arn": "arn:aws:sts::411395035331:assumed-role/Admin/awsml-Isengard",
            "id": "2020-05-18 21:22:02.6397975 +0000 UTC",
            "user_id": "AROAV7SIOCDBXZRGIK22A:awsml-Isengard"
          }
        }
      ]
    },
    {
      "mode": "managed",
      "type": "aws_eip",
      "name": "eip-nat-a",
      "provider": "provider.aws",
      "instances": [
        {
          "schema_version": 0,
          "attributes": {
            "allocation_id": null,
            "associate_with_private_ip": null,
            "association_id": "",
            "customer_owned_ip": "",
            "customer_owned_ipv4_pool": "",
            "domain": "vpc",
            "id": "eipalloc-0003cc1d570a5161d",
            "instance": "",
            "network_interface": "",
            "private_dns": null,
            "private_ip": "",
            "public_dns": "ec2-54-163-175-69.compute-1.amazonaws.com",
            "public_ip": "54.163.175.69",
            "public_ipv4_pool": "amazon",
            "tags": {
              "Environment": "dev",
              "Name": "useast1d-eip-ngw-a",
              "Namespace": "useast1d"
            },
            "timeouts": null,
            "vpc": true
          },
          "private": "eyJlMmJmYjczMC1lY2FhLTExZTYtOGY4OC0zNDM2M2JjN2M0YzAiOnsiZGVsZXRlIjoxODAwMDAwMDAwMDAsInJlYWQiOjkwMDAwMDAwMDAwMCwidXBkYXRlIjozMDAwMDAwMDAwMDB9fQ==",
          "dependencies": [
            "aws_internet_gateway.igw",
            "aws_vpc.vpc"
          ]
        }
      ]
    },
    {
      "mode": "managed",
      "type": "aws_eip",
      "name": "eip-nat-b",
      "provider": "provider.aws",
      "instances": [
        {
          "schema_version": 0,
          "attributes": {
            "allocation_id": null,
            "associate_with_private_ip": null,
            "association_id": "",
            "customer_owned_ip": "",
            "customer_owned_ipv4_pool": "",
            "domain": "vpc",
            "id": "eipalloc-04262b9f30a3e37e4",
            "instance": "",
            "network_interface": "",
            "private_dns": null,
            "private_ip": "",
            "public_dns": "ec2-54-211-37-240.compute-1.amazonaws.com",
            "public_ip": "54.211.37.240",
            "public_ipv4_pool": "amazon",
            "tags": {
              "Environment": "dev",
              "Name": "useast1d-eip-ngw-b",
              "Namespace": "useast1d"
            },
            "timeouts": null,
            "vpc": true
          },
          "private": "eyJlMmJmYjczMC1lY2FhLTExZTYtOGY4OC0zNDM2M2JjN2M0YzAiOnsiZGVsZXRlIjoxODAwMDAwMDAwMDAsInJlYWQiOjkwMDAwMDAwMDAwMCwidXBkYXRlIjozMDAwMDAwMDAwMDB9fQ==",
          "dependencies": [
            "aws_internet_gateway.igw",
            "aws_vpc.vpc"
          ]
        }
      ]
    },
    {
      "mode": "managed",
      "type": "aws_eip",
      "name": "eip-nat-c",
      "provider": "provider.aws",
      "instances": [
        {
          "schema_version": 0,
          "attributes": {
            "allocation_id": null,
            "associate_with_private_ip": null,
            "association_id": "",
            "customer_owned_ip": "",
            "customer_owned_ipv4_pool": "",
            "domain": "vpc",
            "id": "eipalloc-040dd91cc062c8a30",
            "instance": "",
            "network_interface": "",
            "private_dns": null,
            "private_ip": "",
            "public_dns": "ec2-54-92-227-60.compute-1.amazonaws.com",
            "public_ip": "54.92.227.60",
            "public_ipv4_pool": "amazon",
            "tags": {
              "Environment": "dev",
              "Name": "useast1d-eip-ngw-c",
              "Namespace": "useast1d"
            },
            "timeouts": null,
            "vpc": true
          },
          "private": "eyJlMmJmYjczMC1lY2FhLTExZTYtOGY4OC0zNDM2M2JjN2M0YzAiOnsiZGVsZXRlIjoxODAwMDAwMDAwMDAsInJlYWQiOjkwMDAwMDAwMDAwMCwidXBkYXRlIjozMDAwMDAwMDAwMDB9fQ==",
          "dependencies": [
            "aws_internet_gateway.igw",
            "aws_vpc.vpc"
          ]
        }
      ]
    },
    {
      "mode": "managed",
      "type": "aws_internet_gateway",
      "name": "igw",
      "provider": "provider.aws",
      "instances": [
        {
          "schema_version": 0,
          "attributes": {
            "id": "igw-0fc597992f1c51bed",
            "owner_id": "411395035331",
            "tags": {
              "Environment": "dev",
              "Name": "useast1d-igw",
              "Namespace": "useast1d"
            },
            "vpc_id": "vpc-01442b319a4afaf7d"
          },
          "private": "bnVsbA==",
          "dependencies": [
            "aws_vpc.vpc"
          ]
        }
      ]
    },
    {
      "mode": "managed",
      "type": "aws_nat_gateway",
      "name": "ngw-private-a",
      "provider": "provider.aws",
      "instances": [
        {
          "schema_version": 0,
          "attributes": {
            "allocation_id": "eipalloc-0003cc1d570a5161d",
            "id": "nat-0dcbdada91b318b26",
            "network_interface_id": "eni-07d4e39c2af5f13da",
            "private_ip": "10.0.1.156",
            "public_ip": "54.163.175.69",
            "subnet_id": "subnet-0c74901ecb2f9bbf0",
            "tags": {
              "Environment": "dev",
              "Name": "useast1d-ngw-public-a",
              "Namespace": "useast1d"
            }
          },
          "private": "bnVsbA==",
          "dependencies": [
            "aws_eip.eip-nat-a",
            "aws_internet_gateway.igw",
            "aws_subnet.public-a",
            "aws_vpc.vpc"
          ]
        }
      ]
    },
    {
      "mode": "managed",
      "type": "aws_nat_gateway",
      "name": "ngw-private-b",
      "provider": "provider.aws",
      "instances": [
        {
          "schema_version": 0,
          "attributes": {
            "allocation_id": "eipalloc-04262b9f30a3e37e4",
            "id": "nat-078d9e5b0ae4dc36c",
            "network_interface_id": "eni-00da8d663334b0f98",
            "private_ip": "10.0.2.226",
            "public_ip": "54.211.37.240",
            "subnet_id": "subnet-0ede4bd635738fa26",
            "tags": {
              "Environment": "dev",
              "Name": "useast1d-ngw-public-b",
              "Namespace": "useast1d"
            }
          },
          "private": "bnVsbA==",
          "dependencies": [
            "aws_eip.eip-nat-b",
            "aws_internet_gateway.igw",
            "aws_subnet.public-b",
            "aws_vpc.vpc"
          ]
        }
      ]
    },
    {
      "mode": "managed",
      "type": "aws_nat_gateway",
      "name": "ngw-private-c",
      "provider": "provider.aws",
      "instances": [
        {
          "schema_version": 0,
          "attributes": {
            "allocation_id": "eipalloc-040dd91cc062c8a30",
            "id": "nat-0349a54f81e7d3e6f",
            "network_interface_id": "eni-04b57aa6a1c0c7bc9",
            "private_ip": "10.0.3.234",
            "public_ip": "54.92.227.60",
            "subnet_id": "subnet-0296e948ab5e8ba36",
            "tags": {
              "Environment": "dev",
              "Name": "useast1d-ngw-public-c",
              "Namespace": "useast1d"
            }
          },
          "private": "bnVsbA==",
          "dependencies": [
            "aws_eip.eip-nat-c",
            "aws_internet_gateway.igw",
            "aws_subnet.public-c",
            "aws_vpc.vpc"
          ]
        }
      ]
    },
    {
      "mode": "managed",
      "type": "aws_route_table",
      "name": "rtb-private-a",
      "provider": "provider.aws",
      "instances": [
        {
          "schema_version": 0,
          "attributes": {
            "id": "rtb-0a7ded5bb1c8bc6eb",
            "owner_id": "411395035331",
            "propagating_vgws": [],
            "route": [
              {
                "cidr_block": "0.0.0.0/0",
                "egress_only_gateway_id": "",
                "gateway_id": "",
                "instance_id": "",
                "ipv6_cidr_block": "",
                "nat_gateway_id": "nat-0dcbdada91b318b26",
                "network_interface_id": "",
                "transit_gateway_id": "",
                "vpc_peering_connection_id": ""
              }
            ],
            "tags": {
              "Environment": "dev",
              "Name": "useast1d-rtb-private-a",
              "Namespace": "useast1d"
            },
            "vpc_id": "vpc-01442b319a4afaf7d"
          },
          "private": "bnVsbA==",
          "dependencies": [
            "aws_eip.eip-nat-a",
            "aws_internet_gateway.igw",
            "aws_nat_gateway.ngw-private-a",
            "aws_subnet.public-a",
            "aws_vpc.vpc"
          ]
        }
      ]
    },
    {
      "mode": "managed",
      "type": "aws_route_table",
      "name": "rtb-private-b",
      "provider": "provider.aws",
      "instances": [
        {
          "schema_version": 0,
          "attributes": {
            "id": "rtb-0adf94a828f601754",
            "owner_id": "411395035331",
            "propagating_vgws": [],
            "route": [
              {
                "cidr_block": "0.0.0.0/0",
                "egress_only_gateway_id": "",
                "gateway_id": "",
                "instance_id": "",
                "ipv6_cidr_block": "",
                "nat_gateway_id": "nat-078d9e5b0ae4dc36c",
                "network_interface_id": "",
                "transit_gateway_id": "",
                "vpc_peering_connection_id": ""
              }
            ],
            "tags": {
              "Environment": "dev",
              "Name": "useast1d-rtb-private-b",
              "Namespace": "useast1d"
            },
            "vpc_id": "vpc-01442b319a4afaf7d"
          },
          "private": "bnVsbA==",
          "dependencies": [
            "aws_eip.eip-nat-b",
            "aws_internet_gateway.igw",
            "aws_nat_gateway.ngw-private-b",
            "aws_subnet.public-b",
            "aws_vpc.vpc"
          ]
        }
      ]
    },
    {
      "mode": "managed",
      "type": "aws_route_table",
      "name": "rtb-private-c",
      "provider": "provider.aws",
      "instances": [
        {
          "schema_version": 0,
          "attributes": {
            "id": "rtb-03fe57460e0b41f82",
            "owner_id": "411395035331",
            "propagating_vgws": [],
            "route": [
              {
                "cidr_block": "0.0.0.0/0",
                "egress_only_gateway_id": "",
                "gateway_id": "",
                "instance_id": "",
                "ipv6_cidr_block": "",
                "nat_gateway_id": "nat-0349a54f81e7d3e6f",
                "network_interface_id": "",
                "transit_gateway_id": "",
                "vpc_peering_connection_id": ""
              }
            ],
            "tags": {
              "Environment": "dev",
              "Name": "useast1d-rtb-private-c",
              "Namespace": "useast1d"
            },
            "vpc_id": "vpc-01442b319a4afaf7d"
          },
          "private": "bnVsbA==",
          "dependencies": [
            "aws_eip.eip-nat-c",
            "aws_internet_gateway.igw",
            "aws_nat_gateway.ngw-private-c",
            "aws_subnet.public-c",
            "aws_vpc.vpc"
          ]
        }
      ]
    },
    {
      "mode": "managed",
      "type": "aws_route_table",
      "name": "rtb-public",
      "provider": "provider.aws",
      "instances": [
        {
          "schema_version": 0,
          "attributes": {
            "id": "rtb-0761ffdfada42c100",
            "owner_id": "411395035331",
            "propagating_vgws": [],
            "route": [
              {
                "cidr_block": "0.0.0.0/0",
                "egress_only_gateway_id": "",
                "gateway_id": "igw-0fc597992f1c51bed",
                "instance_id": "",
                "ipv6_cidr_block": "",
                "nat_gateway_id": "",
                "network_interface_id": "",
                "transit_gateway_id": "",
                "vpc_peering_connection_id": ""
              }
            ],
            "tags": {
              "Environment": "dev",
              "Name": "useast1d-rtb-public",
              "Namespace": "useast1d"
            },
            "vpc_id": "vpc-01442b319a4afaf7d"
          },
          "private": "bnVsbA==",
          "dependencies": [
            "aws_internet_gateway.igw",
            "aws_vpc.vpc"
          ]
        }
      ]
    },
    {
      "mode": "managed",
      "type": "aws_route_table_association",
      "name": "private-a",
      "provider": "provider.aws",
      "instances": [
        {
          "schema_version": 0,
          "attributes": {
            "gateway_id": null,
            "id": "rtbassoc-0c1ea65f4161dec97",
            "route_table_id": "rtb-0a7ded5bb1c8bc6eb",
            "subnet_id": "subnet-0c7979373cffdd8dc"
          },
          "private": "bnVsbA==",
          "dependencies": [
            "aws_eip.eip-nat-a",
            "aws_internet_gateway.igw",
            "aws_nat_gateway.ngw-private-a",
            "aws_route_table.rtb-private-a",
            "aws_subnet.private-a",
            "aws_subnet.public-a",
            "aws_vpc.vpc"
          ]
        }
      ]
    },
    {
      "mode": "managed",
      "type": "aws_route_table_association",
      "name": "private-b",
      "provider": "provider.aws",
      "instances": [
        {
          "schema_version": 0,
          "attributes": {
            "gateway_id": null,
            "id": "rtbassoc-0d5818c5f4c1429f1",
            "route_table_id": "rtb-0adf94a828f601754",
            "subnet_id": "subnet-0b86cedba1283090c"
          },
          "private": "bnVsbA==",
          "dependencies": [
            "aws_eip.eip-nat-b",
            "aws_internet_gateway.igw",
            "aws_nat_gateway.ngw-private-b",
            "aws_route_table.rtb-private-b",
            "aws_subnet.private-b",
            "aws_subnet.public-b",
            "aws_vpc.vpc"
          ]
        }
      ]
    },
    {
      "mode": "managed",
      "type": "aws_route_table_association",
      "name": "private-c",
      "provider": "provider.aws",
      "instances": [
        {
          "schema_version": 0,
          "attributes": {
            "gateway_id": null,
            "id": "rtbassoc-059af38b8f0a907f0",
            "route_table_id": "rtb-03fe57460e0b41f82",
            "subnet_id": "subnet-0cf774f60f0537e0a"
          },
          "private": "bnVsbA==",
          "dependencies": [
            "aws_eip.eip-nat-c",
            "aws_internet_gateway.igw",
            "aws_nat_gateway.ngw-private-c",
            "aws_route_table.rtb-private-c",
            "aws_subnet.private-c",
            "aws_subnet.public-c",
            "aws_vpc.vpc"
          ]
        }
      ]
    },
    {
      "mode": "managed",
      "type": "aws_route_table_association",
      "name": "public-a",
      "provider": "provider.aws",
      "instances": [
        {
          "schema_version": 0,
          "attributes": {
            "gateway_id": null,
            "id": "rtbassoc-0abc61ebc5ce9ca3b",
            "route_table_id": "rtb-0761ffdfada42c100",
            "subnet_id": "subnet-0c74901ecb2f9bbf0"
          },
          "private": "bnVsbA==",
          "dependencies": [
            "aws_internet_gateway.igw",
            "aws_route_table.rtb-public",
            "aws_subnet.public-a",
            "aws_vpc.vpc"
          ]
        }
      ]
    },
    {
      "mode": "managed",
      "type": "aws_route_table_association",
      "name": "public-b",
      "provider": "provider.aws",
      "instances": [
        {
          "schema_version": 0,
          "attributes": {
            "gateway_id": null,
            "id": "rtbassoc-07c2e975da990388f",
            "route_table_id": "rtb-0761ffdfada42c100",
            "subnet_id": "subnet-0ede4bd635738fa26"
          },
          "private": "bnVsbA==",
          "dependencies": [
            "aws_internet_gateway.igw",
            "aws_route_table.rtb-public",
            "aws_subnet.public-b",
            "aws_vpc.vpc"
          ]
        }
      ]
    },
    {
      "mode": "managed",
      "type": "aws_route_table_association",
      "name": "public-c",
      "provider": "provider.aws",
      "instances": [
        {
          "schema_version": 0,
          "attributes": {
            "gateway_id": null,
            "id": "rtbassoc-0002a1078b8e0156c",
            "route_table_id": "rtb-0761ffdfada42c100",
            "subnet_id": "subnet-0296e948ab5e8ba36"
          },
          "private": "bnVsbA==",
          "dependencies": [
            "aws_internet_gateway.igw",
            "aws_route_table.rtb-public",
            "aws_subnet.public-c",
            "aws_vpc.vpc"
          ]
        }
      ]
    },
    {
      "mode": "managed",
      "type": "aws_s3_bucket",
      "name": "s3-configfiles",
      "provider": "provider.aws",
      "instances": [
        {
          "schema_version": 0,
          "attributes": {
            "acceleration_status": "",
            "acl": "private",
            "arn": "arn:aws:s3:::useast1d-mltemp",
            "bucket": "useast1d-mltemp",
            "bucket_domain_name": "useast1d-mltemp.s3.amazonaws.com",
            "bucket_prefix": null,
            "bucket_regional_domain_name": "useast1d-mltemp.s3.amazonaws.com",
            "cors_rule": [],
            "force_destroy": false,
            "grant": [],
            "hosted_zone_id": "Z3AQBSTGFYJSTF",
            "id": "useast1d-mltemp",
            "lifecycle_rule": [],
            "logging": [],
            "object_lock_configuration": [],
            "policy": null,
            "region": "us-east-1",
            "replication_configuration": [],
            "request_payer": "BucketOwner",
            "server_side_encryption_configuration": [],
            "tags": {
              "Environment": "dev",
              "Name": "useast1d-mltemp",
              "Namespace": "useast1d"
            },
            "versioning": [
              {
                "enabled": false,
                "mfa_delete": false
              }
            ],
            "website": [],
            "website_domain": null,
            "website_endpoint": null
          }
        }
      ]
    },
    {
      "mode": "managed",
      "type": "aws_security_group",
      "name": "allow-http",
      "provider": "provider.aws",
      "instances": [
        {
          "schema_version": 1,
          "attributes": {
            "arn": "arn:aws:ec2:us-east-1:411395035331:security-group/sg-07513fb424af34de5",
            "description": "Allow HTTP inbound traffic from VPC",
            "egress": [
              {
                "cidr_blocks": [
                  "0.0.0.0/0"
                ],
                "description": "",
                "from_port": 0,
                "ipv6_cidr_blocks": [],
                "prefix_list_ids": [],
                "protocol": "-1",
                "security_groups": [],
                "self": false,
                "to_port": 0
              }
            ],
            "id": "sg-07513fb424af34de5",
            "ingress": [
              {
                "cidr_blocks": [
                  "10.0.0.0/16"
                ],
                "description": "Allow HTTP inbound traffic from VPC",
                "from_port": 80,
                "ipv6_cidr_blocks": [],
                "prefix_list_ids": [],
                "protocol": "tcp",
                "security_groups": [],
                "self": false,
                "to_port": 80
              }
            ],
            "name": "allow-http",
            "name_prefix": null,
            "owner_id": "411395035331",
            "revoke_rules_on_delete": false,
            "tags": {
              "Environment": "dev",
              "Name": "useast1d-allow-http",
              "Namespace": "useast1d"
            },
            "timeouts": null,
            "vpc_id": "vpc-01442b319a4afaf7d"
          },
          "private": "eyJlMmJmYjczMC1lY2FhLTExZTYtOGY4OC0zNDM2M2JjN2M0YzAiOnsiY3JlYXRlIjo2MDAwMDAwMDAwMDAsImRlbGV0ZSI6NjAwMDAwMDAwMDAwfSwic2NoZW1hX3ZlcnNpb24iOiIxIn0=",
          "dependencies": [
            "aws_vpc.vpc"
          ]
        }
      ]
    },
    {
      "mode": "managed",
      "type": "aws_security_group",
      "name": "allow-https",
      "provider": "provider.aws",
      "instances": [
        {
          "schema_version": 1,
          "attributes": {
            "arn": "arn:aws:ec2:us-east-1:411395035331:security-group/sg-0a019f311c9b786aa",
            "description": "Allow HTTPS inbound traffic from VPC",
            "egress": [
              {
                "cidr_blocks": [
                  "0.0.0.0/0"
                ],
                "description": "",
                "from_port": 0,
                "ipv6_cidr_blocks": [],
                "prefix_list_ids": [],
                "protocol": "-1",
                "security_groups": [],
                "self": false,
                "to_port": 0
              }
            ],
            "id": "sg-0a019f311c9b786aa",
            "ingress": [
              {
                "cidr_blocks": [
                  "10.0.0.0/16"
                ],
                "description": "Allow HTTPS inbound traffic from VPC",
                "from_port": 443,
                "ipv6_cidr_blocks": [],
                "prefix_list_ids": [],
                "protocol": "tcp",
                "security_groups": [],
                "self": false,
                "to_port": 443
              }
            ],
            "name": "allow-https",
            "name_prefix": null,
            "owner_id": "411395035331",
            "revoke_rules_on_delete": false,
            "tags": {
              "Environment": "dev",
              "Name": "useast1d-allow-https",
              "Namespace": "useast1d"
            },
            "timeouts": null,
            "vpc_id": "vpc-01442b319a4afaf7d"
          },
          "private": "eyJlMmJmYjczMC1lY2FhLTExZTYtOGY4OC0zNDM2M2JjN2M0YzAiOnsiY3JlYXRlIjo2MDAwMDAwMDAwMDAsImRlbGV0ZSI6NjAwMDAwMDAwMDAwfSwic2NoZW1hX3ZlcnNpb24iOiIxIn0=",
          "dependencies": [
            "aws_vpc.vpc"
          ]
        }
      ]
    },
    {
      "mode": "managed",
      "type": "aws_security_group",
      "name": "allow-rdp",
      "provider": "provider.aws",
      "instances": [
        {
          "schema_version": 1,
          "attributes": {
            "arn": "arn:aws:ec2:us-east-1:411395035331:security-group/sg-0f966bd357d75c91a",
            "description": "Allow RDP inbound traffic from VPC",
            "egress": [
              {
                "cidr_blocks": [
                  "0.0.0.0/0"
                ],
                "description": "",
                "from_port": 0,
                "ipv6_cidr_blocks": [],
                "prefix_list_ids": [],
                "protocol": "-1",
                "security_groups": [],
                "self": false,
                "to_port": 0
              }
            ],
            "id": "sg-0f966bd357d75c91a",
            "ingress": [
              {
                "cidr_blocks": [
                  "10.0.0.0/16"
                ],
                "description": "Allow RDP inbound traffic from VPC",
                "from_port": 3389,
                "ipv6_cidr_blocks": [],
                "prefix_list_ids": [],
                "protocol": "tcp",
                "security_groups": [],
                "self": false,
                "to_port": 3389
              }
            ],
            "name": "allow-rdp",
            "name_prefix": null,
            "owner_id": "411395035331",
            "revoke_rules_on_delete": false,
            "tags": {
              "Environment": "dev",
              "Name": "useast1d-allow-rdp",
              "Namespace": "useast1d"
            },
            "timeouts": null,
            "vpc_id": "vpc-01442b319a4afaf7d"
          },
          "private": "eyJlMmJmYjczMC1lY2FhLTExZTYtOGY4OC0zNDM2M2JjN2M0YzAiOnsiY3JlYXRlIjo2MDAwMDAwMDAwMDAsImRlbGV0ZSI6NjAwMDAwMDAwMDAwfSwic2NoZW1hX3ZlcnNpb24iOiIxIn0=",
          "dependencies": [
            "aws_vpc.vpc"
          ]
        }
      ]
    },
    {
      "mode": "managed",
      "type": "aws_security_group",
      "name": "allow-ssh",
      "provider": "provider.aws",
      "instances": [
        {
          "schema_version": 1,
          "attributes": {
            "arn": "arn:aws:ec2:us-east-1:411395035331:security-group/sg-06b96af31b7774635",
            "description": "Allow SSH inbound traffic from VPC",
            "egress": [
              {
                "cidr_blocks": [
                  "0.0.0.0/0"
                ],
                "description": "",
                "from_port": 0,
                "ipv6_cidr_blocks": [],
                "prefix_list_ids": [],
                "protocol": "-1",
                "security_groups": [],
                "self": false,
                "to_port": 0
              }
            ],
            "id": "sg-06b96af31b7774635",
            "ingress": [
              {
                "cidr_blocks": [
                  "10.0.0.0/16"
                ],
                "description": "Allow SSH inbound traffic from VPC",
                "from_port": 22,
                "ipv6_cidr_blocks": [],
                "prefix_list_ids": [],
                "protocol": "tcp",
                "security_groups": [],
                "self": false,
                "to_port": 22
              }
            ],
            "name": "allow-ssh",
            "name_prefix": null,
            "owner_id": "411395035331",
            "revoke_rules_on_delete": false,
            "tags": {
              "Environment": "dev",
              "Name": "useast1d-allow-ssh",
              "Namespace": "useast1d"
            },
            "timeouts": null,
            "vpc_id": "vpc-01442b319a4afaf7d"
          },
          "private": "eyJlMmJmYjczMC1lY2FhLTExZTYtOGY4OC0zNDM2M2JjN2M0YzAiOnsiY3JlYXRlIjo2MDAwMDAwMDAwMDAsImRlbGV0ZSI6NjAwMDAwMDAwMDAwfSwic2NoZW1hX3ZlcnNpb24iOiIxIn0=",
          "dependencies": [
            "aws_vpc.vpc"
          ]
        }
      ]
    },
    {
      "mode": "managed",
      "type": "aws_subnet",
      "name": "private-a",
      "provider": "provider.aws",
      "instances": [
        {
          "schema_version": 1,
          "attributes": {
            "arn": "arn:aws:ec2:us-east-1:411395035331:subnet/subnet-0c7979373cffdd8dc",
            "assign_ipv6_address_on_creation": false,
            "availability_zone": "us-east-1a",
            "availability_zone_id": "use1-az2",
            "cidr_block": "10.0.11.0/24",
            "id": "subnet-0c7979373cffdd8dc",
            "ipv6_cidr_block": "",
            "ipv6_cidr_block_association_id": "",
            "map_public_ip_on_launch": false,
            "outpost_arn": "",
            "owner_id": "411395035331",
            "tags": {
              "Environment": "dev",
              "Name": "useast1d-private-a",
              "Namespace": "useast1d",
              "Tier": "private"
            },
            "timeouts": null,
            "vpc_id": "vpc-01442b319a4afaf7d"
          },
          "private": "eyJlMmJmYjczMC1lY2FhLTExZTYtOGY4OC0zNDM2M2JjN2M0YzAiOnsiY3JlYXRlIjo2MDAwMDAwMDAwMDAsImRlbGV0ZSI6MTIwMDAwMDAwMDAwMH0sInNjaGVtYV92ZXJzaW9uIjoiMSJ9",
          "dependencies": [
            "aws_vpc.vpc"
          ]
        }
      ]
    },
    {
      "mode": "managed",
      "type": "aws_subnet",
      "name": "private-b",
      "provider": "provider.aws",
      "instances": [
        {
          "schema_version": 1,
          "attributes": {
            "arn": "arn:aws:ec2:us-east-1:411395035331:subnet/subnet-0b86cedba1283090c",
            "assign_ipv6_address_on_creation": false,
            "availability_zone": "us-east-1b",
            "availability_zone_id": "use1-az4",
            "cidr_block": "10.0.12.0/24",
            "id": "subnet-0b86cedba1283090c",
            "ipv6_cidr_block": "",
            "ipv6_cidr_block_association_id": "",
            "map_public_ip_on_launch": false,
            "outpost_arn": "",
            "owner_id": "411395035331",
            "tags": {
              "Environment": "dev",
              "Name": "useast1d-private-b",
              "Namespace": "useast1d",
              "Tier": "private"
            },
            "timeouts": null,
            "vpc_id": "vpc-01442b319a4afaf7d"
          },
          "private": "eyJlMmJmYjczMC1lY2FhLTExZTYtOGY4OC0zNDM2M2JjN2M0YzAiOnsiY3JlYXRlIjo2MDAwMDAwMDAwMDAsImRlbGV0ZSI6MTIwMDAwMDAwMDAwMH0sInNjaGVtYV92ZXJzaW9uIjoiMSJ9",
          "dependencies": [
            "aws_vpc.vpc"
          ]
        }
      ]
    },
    {
      "mode": "managed",
      "type": "aws_subnet",
      "name": "private-c",
      "provider": "provider.aws",
      "instances": [
        {
          "schema_version": 1,
          "attributes": {
            "arn": "arn:aws:ec2:us-east-1:411395035331:subnet/subnet-0cf774f60f0537e0a",
            "assign_ipv6_address_on_creation": false,
            "availability_zone": "us-east-1c",
            "availability_zone_id": "use1-az6",
            "cidr_block": "10.0.13.0/24",
            "id": "subnet-0cf774f60f0537e0a",
            "ipv6_cidr_block": "",
            "ipv6_cidr_block_association_id": "",
            "map_public_ip_on_launch": false,
            "outpost_arn": "",
            "owner_id": "411395035331",
            "tags": {
              "Environment": "dev",
              "Name": "useast1d-private-c",
              "Namespace": "useast1d",
              "Tier": "private"
            },
            "timeouts": null,
            "vpc_id": "vpc-01442b319a4afaf7d"
          },
          "private": "eyJlMmJmYjczMC1lY2FhLTExZTYtOGY4OC0zNDM2M2JjN2M0YzAiOnsiY3JlYXRlIjo2MDAwMDAwMDAwMDAsImRlbGV0ZSI6MTIwMDAwMDAwMDAwMH0sInNjaGVtYV92ZXJzaW9uIjoiMSJ9",
          "dependencies": [
            "aws_vpc.vpc"
          ]
        }
      ]
    },
    {
      "mode": "managed",
      "type": "aws_subnet",
      "name": "public-a",
      "provider": "provider.aws",
      "instances": [
        {
          "schema_version": 1,
          "attributes": {
            "arn": "arn:aws:ec2:us-east-1:411395035331:subnet/subnet-0c74901ecb2f9bbf0",
            "assign_ipv6_address_on_creation": false,
            "availability_zone": "us-east-1a",
            "availability_zone_id": "use1-az2",
            "cidr_block": "10.0.1.0/24",
            "id": "subnet-0c74901ecb2f9bbf0",
            "ipv6_cidr_block": "",
            "ipv6_cidr_block_association_id": "",
            "map_public_ip_on_launch": true,
            "outpost_arn": "",
            "owner_id": "411395035331",
            "tags": {
              "Environment": "dev",
              "Name": "useast1d-public-a",
              "Namespace": "useast1d",
              "Tier": "public"
            },
            "timeouts": null,
            "vpc_id": "vpc-01442b319a4afaf7d"
          },
          "private": "eyJlMmJmYjczMC1lY2FhLTExZTYtOGY4OC0zNDM2M2JjN2M0YzAiOnsiY3JlYXRlIjo2MDAwMDAwMDAwMDAsImRlbGV0ZSI6MTIwMDAwMDAwMDAwMH0sInNjaGVtYV92ZXJzaW9uIjoiMSJ9",
          "dependencies": [
            "aws_vpc.vpc"
          ]
        }
      ]
    },
    {
      "mode": "managed",
      "type": "aws_subnet",
      "name": "public-b",
      "provider": "provider.aws",
      "instances": [
        {
          "schema_version": 1,
          "attributes": {
            "arn": "arn:aws:ec2:us-east-1:411395035331:subnet/subnet-0ede4bd635738fa26",
            "assign_ipv6_address_on_creation": false,
            "availability_zone": "us-east-1b",
            "availability_zone_id": "use1-az4",
            "cidr_block": "10.0.2.0/24",
            "id": "subnet-0ede4bd635738fa26",
            "ipv6_cidr_block": "",
            "ipv6_cidr_block_association_id": "",
            "map_public_ip_on_launch": true,
            "outpost_arn": "",
            "owner_id": "411395035331",
            "tags": {
              "Environment": "dev",
              "Name": "useast1d-public-b",
              "Namespace": "useast1d",
              "Tier": "public"
            },
            "timeouts": null,
            "vpc_id": "vpc-01442b319a4afaf7d"
          },
          "private": "eyJlMmJmYjczMC1lY2FhLTExZTYtOGY4OC0zNDM2M2JjN2M0YzAiOnsiY3JlYXRlIjo2MDAwMDAwMDAwMDAsImRlbGV0ZSI6MTIwMDAwMDAwMDAwMH0sInNjaGVtYV92ZXJzaW9uIjoiMSJ9",
          "dependencies": [
            "aws_vpc.vpc"
          ]
        }
      ]
    },
    {
      "mode": "managed",
      "type": "aws_subnet",
      "name": "public-c",
      "provider": "provider.aws",
      "instances": [
        {
          "schema_version": 1,
          "attributes": {
            "arn": "arn:aws:ec2:us-east-1:411395035331:subnet/subnet-0296e948ab5e8ba36",
            "assign_ipv6_address_on_creation": false,
            "availability_zone": "us-east-1c",
            "availability_zone_id": "use1-az6",
            "cidr_block": "10.0.3.0/24",
            "id": "subnet-0296e948ab5e8ba36",
            "ipv6_cidr_block": "",
            "ipv6_cidr_block_association_id": "",
            "map_public_ip_on_launch": true,
            "outpost_arn": "",
            "owner_id": "411395035331",
            "tags": {
              "Environment": "dev",
              "Name": "useast1d-public-c",
              "Namespace": "useast1d",
              "Tier": "public"
            },
            "timeouts": null,
            "vpc_id": "vpc-01442b319a4afaf7d"
          },
          "private": "eyJlMmJmYjczMC1lY2FhLTExZTYtOGY4OC0zNDM2M2JjN2M0YzAiOnsiY3JlYXRlIjo2MDAwMDAwMDAwMDAsImRlbGV0ZSI6MTIwMDAwMDAwMDAwMH0sInNjaGVtYV92ZXJzaW9uIjoiMSJ9",
          "dependencies": [
            "aws_vpc.vpc"
          ]
        }
      ]
    },
    {
      "mode": "managed",
      "type": "aws_vpc",
      "name": "vpc",
      "provider": "provider.aws",
      "instances": [
        {
          "schema_version": 1,
          "attributes": {
            "arn": "arn:aws:ec2:us-east-1:411395035331:vpc/vpc-01442b319a4afaf7d",
            "assign_generated_ipv6_cidr_block": false,
            "cidr_block": "10.0.0.0/16",
            "default_network_acl_id": "acl-039ce20d1b8a04e78",
            "default_route_table_id": "rtb-0d9a23caf0f1e004d",
            "default_security_group_id": "sg-0040bd767606e0c60",
            "dhcp_options_id": "dopt-8f56eaf5",
            "enable_classiclink": false,
            "enable_classiclink_dns_support": false,
            "enable_dns_hostnames": true,
            "enable_dns_support": true,
            "id": "vpc-01442b319a4afaf7d",
            "instance_tenancy": "default",
            "ipv6_association_id": "",
            "ipv6_cidr_block": "",
            "main_route_table_id": "rtb-0d9a23caf0f1e004d",
            "owner_id": "411395035331",
            "tags": {
              "Environment": "dev",
              "Name": "useast1d-vpc",
              "Namespace": "useast1d"
            }
          },
          "private": "eyJzY2hlbWFfdmVyc2lvbiI6IjEifQ=="
        }
      ]
    }
  ]
}
